{
  "version": 4,
  "terraform_version": "1.14.8",
  "serial": 111,
  "lineage": "78010662-0f93-2bbd-713a-56d999c02ee7",
  "outputs": {
    "aurora_cluster_endpoints": {
      "value": {
        "lawyered-database": "lawyered-database.cluster-cj446ammul0i.ap-south-1.rds.amazonaws.com"
      },
      "type": [
        "object",
        {
          "lawyered-database": "string"
        }
      ]
    },
    "aurora_cluster_reader_endpoints": {
      "value": {
        "lawyered-database": "lawyered-database.cluster-ro-cj446ammul0i.ap-south-1.rds.amazonaws.com"
      },
      "type": [
        "object",
        {
          "lawyered-database": "string"
        }
      ]
    },
    "aurora_master_secret_arns": {
      "value": {
        "lawyered-database": "arn:aws:secretsmanager:ap-south-1:344367180480:secret:rds!cluster-cd376512-7454-4dc7-97f8-42419b8669eb-nyLzoN"
      },
      "type": [
        "object",
        {
          "lawyered-database": "string"
        }
      ]
    },
    "ec2_iam_role_arns": {
      "value": {
        "eks-bastion-jumpbox": "arn:aws:iam::344367180480:role/eks-bastion-jumpbox-role"
      },
      "type": [
        "object",
        {
          "eks-bastion-jumpbox": "string"
        }
      ]
    },
    "ec2_iam_role_names": {
      "value": {
        "eks-bastion-jumpbox": "eks-bastion-jumpbox-role"
      },
      "type": [
        "object",
        {
          "eks-bastion-jumpbox": "string"
        }
      ]
    },
    "ec2_instance_ids": {
      "value": {
        "eks-bastion-jumpbox": "i-0bdd7be4291bab7bb"
      },
      "type": [
        "object",
        {
          "eks-bastion-jumpbox": "string"
        }
      ]
    },
    "ec2_private_ips": {
      "value": {
        "eks-bastion-jumpbox": "10.100.49.215"
      },
      "type": [
        "object",
        {
          "eks-bastion-jumpbox": "string"
        }
      ]
    },
    "ec2_public_ips": {
      "value": {
        "eks-bastion-jumpbox": ""
      },
      "type": [
        "object",
        {
          "eks-bastion-jumpbox": "string"
        }
      ]
    },
    "ecr_repository_arns": {
      "value": {
        "admin-lawyered": "arn:aws:ecr:ap-south-1:344367180480:repository/admin-lawyered",
        "admin-lawyered-fe": "arn:aws:ecr:ap-south-1:344367180480:repository/admin-lawyered-fe",
        "api-challans": "arn:aws:ecr:ap-south-1:344367180480:repository/api-challans",
        "challanpay-fe-next": "arn:aws:ecr:ap-south-1:344367180480:repository/challanpay-fe-next",
        "core-platform-be": "arn:aws:ecr:ap-south-1:344367180480:repository/core-platform-be",
        "core-platform-fe": "arn:aws:ecr:ap-south-1:344367180480:repository/core-platform-fe",
        "coworking-platform-be": "arn:aws:ecr:ap-south-1:344367180480:repository/coworking-platform-be",
        "coworking-platform-fe": "arn:aws:ecr:ap-south-1:344367180480:repository/coworking-platform-fe",
        "lawyered-in-website": "arn:aws:ecr:ap-south-1:344367180480:repository/lawyered-in-website",
        "partners-portal-fe": "arn:aws:ecr:ap-south-1:344367180480:repository/partners-portal-fe",
        "prosper-be": "arn:aws:ecr:ap-south-1:344367180480:repository/prosper-be",
        "prosper-fe": "arn:aws:ecr:ap-south-1:344367180480:repository/prosper-fe",
        "qr-api": "arn:aws:ecr:ap-south-1:344367180480:repository/qr-api"
      },
      "type": [
        "object",
        {
          "admin-lawyered": "string",
          "admin-lawyered-fe": "string",
          "api-challans": "string",
          "challanpay-fe-next": "string",
          "core-platform-be": "string",
          "core-platform-fe": "string",
          "coworking-platform-be": "string",
          "coworking-platform-fe": "string",
          "lawyered-in-website": "string",
          "partners-portal-fe": "string",
          "prosper-be": "string",
          "prosper-fe": "string",
          "qr-api": "string"
        }
      ]
    },
    "ecr_repository_urls": {
      "value": {
        "admin-lawyered": "344367180480.dkr.ecr.ap-south-1.amazonaws.com/admin-lawyered",
        "admin-lawyered-fe": "344367180480.dkr.ecr.ap-south-1.amazonaws.com/admin-lawyered-fe",
        "api-challans": "344367180480.dkr.ecr.ap-south-1.amazonaws.com/api-challans",
        "challanpay-fe-next": "344367180480.dkr.ecr.ap-south-1.amazonaws.com/challanpay-fe-next",
        "core-platform-be": "344367180480.dkr.ecr.ap-south-1.amazonaws.com/core-platform-be",
        "core-platform-fe": "344367180480.dkr.ecr.ap-south-1.amazonaws.com/core-platform-fe",
        "coworking-platform-be": "344367180480.dkr.ecr.ap-south-1.amazonaws.com/coworking-platform-be",
        "coworking-platform-fe": "344367180480.dkr.ecr.ap-south-1.amazonaws.com/coworking-platform-fe",
        "lawyered-in-website": "344367180480.dkr.ecr.ap-south-1.amazonaws.com/lawyered-in-website",
        "partners-portal-fe": "344367180480.dkr.ecr.ap-south-1.amazonaws.com/partners-portal-fe",
        "prosper-be": "344367180480.dkr.ecr.ap-south-1.amazonaws.com/prosper-be",
        "prosper-fe": "344367180480.dkr.ecr.ap-south-1.amazonaws.com/prosper-fe",
        "qr-api": "344367180480.dkr.ecr.ap-south-1.amazonaws.com/qr-api"
      },
      "type": [
        "object",
        {
          "admin-lawyered": "string",
          "admin-lawyered-fe": "string",
          "api-challans": "string",
          "challanpay-fe-next": "string",
          "core-platform-be": "string",
          "core-platform-fe": "string",
          "coworking-platform-be": "string",
          "coworking-platform-fe": "string",
          "lawyered-in-website": "string",
          "partners-portal-fe": "string",
          "prosper-be": "string",
          "prosper-fe": "string",
          "qr-api": "string"
        }
      ]
    },
    "eks_cluster_arns": {
      "value": {
        "eks-cluster-np": "arn:aws:eks:ap-south-1:344367180480:cluster/eks-cluster-np"
      },
      "type": [
        "object",
        {
          "eks-cluster-np": "string"
        }
      ]
    },
    "eks_cluster_endpoints": {
      "value": {
        "eks-cluster-np": "https://77586BABBD937DB9B577603121ED53F0.gr7.ap-south-1.eks.amazonaws.com"
      },
      "type": [
        "object",
        {
          "eks-cluster-np": "string"
        }
      ]
    },
    "eks_cluster_versions": {
      "value": {
        "eks-cluster-np": "1.35"
      },
      "type": [
        "object",
        {
          "eks-cluster-np": "string"
        }
      ]
    },
    "eks_node_group_arns": {
      "value": {
        "eks-cluster-np": {
          "eks-nodegroup-np": "arn:aws:eks:ap-south-1:344367180480:nodegroup/eks-cluster-np/eks-nodegroup-np/c0ceca98-0da3-f8b3-8dc8-036abd038795"
        }
      },
      "type": [
        "object",
        {
          "eks-cluster-np": [
            "object",
            {
              "eks-nodegroup-np": "string"
            }
          ]
        }
      ]
    },
    "eks_node_group_statuses": {
      "value": {
        "eks-cluster-np": {
          "eks-nodegroup-np": "ACTIVE"
        }
      },
      "type": [
        "object",
        {
          "eks-cluster-np": [
            "object",
            {
              "eks-nodegroup-np": "string"
            }
          ]
        }
      ]
    },
    "igw_ids": {
      "value": {
        "stg-mb-vpc01": "igw-09cfad1ead32e3301"
      },
      "type": [
        "object",
        {
          "stg-mb-vpc01": "string"
        }
      ]
    },
    "kms_alias_arns": {
      "value": {},
      "type": [
        "object",
        {}
      ]
    },
    "kms_key_arns": {
      "value": {},
      "type": [
        "object",
        {}
      ]
    },
    "nat_gateway_ids": {
      "value": {
        "stg-mb-vpc01": "nat-09ffc2658ba3bcb84"
      },
      "type": [
        "object",
        {
          "stg-mb-vpc01": "string"
        }
      ]
    },
    "private_keys_pem": {
      "value": {
        "stg-mb-eks-bastion": "-----BEGIN RSA PRIVATE KEY-----\nMIIJKQIBAAKCAgEArqssEH52z3jTzcuEzYzyQkjXzj1RHc4hlSfiXM4LBF83ko+C\nMi7AChaOnCzFtYuZXg9TrVCaHtZo3PBP+F62ddbiNRKtnJ/QYEAnbGaTviZ7QRVH\nwKD68ULHxbe1Xl/SMDlteLlCXr65VrkC+5TnOB5RYvDYPsBie1N1CzDu8/kxW1iw\nGkdiZv62eUA8mpv/G8WdjB5bAOV6Gws2rhGQTstYxWIFocXAuZQTbdIcSxdPLs5l\nuORaAaTkpkPIIjNKIwvJRac6h1QpBHo1GFsLHJTP0N+xGfE9I4+Db2Fhpn23yqIu\nPo5SSi4JENuJEH3nISnTyuLurts1KbnyN2v6KOSFTSOyYDTZ8LEz1J68HGWr2uMK\nDKmHBKVASKqunLNwhpyzGO9HXLY4D4zg+x237uciZ8GU6ZHeQi6dU5KKijHThM5x\n6Or32Fq/dF8J4s3LlcSnCOP/EAf6u/MK3tzrVtff3pNxPRkIyxxoL24XvSno7MFh\n9ILCoMW+cuXSUUdXGF8uxjLnbr972eOr1G0mrnRlP7lZi0l/ZCsH9PLu3LBzZVHj\nOoPCAxtFcLHLiTkpxeRex7bzkIpIPSro3eMHYREKQ/vUYXGG942a2djNELNJ+m6X\neuXax1LYJJRRyYH76OK5USf5TZyDeBS6Lv/zvqXZDndX4ufbmDZtV1x3K9cCAwEA\nAQKCAgA59bz6gCyGrg6ChJ095B5jlm5eFoS7QjJsnz6DEzAetEXpkUtfwZmh/1g1\nRLoagwdSaf2XTl7GCtnjLq8quKsNMVAA0oDfrzxjJAaw9tzhxT0zHI+hwQlkU4ec\n+VfqyBskO3ozDC6U5+7ycxQlTYToX08caNUpBYfoaoo1O3ifZrpVGHnfTn69tJny\nZDl4CHm/ynR8EXqbMoqxPKhZXKSpMNr1LJC33LoWGqfT0lvnIwX4fy7MCqI/V2s0\nLNvVVXWtaXTRcyt9ypSN0suZmGR4iHzpT8Eh3aYvDalMpWDU8XSyfdygj3OI//us\nJ101JsIyhAGuml0fksfyX6ybbW4l5UU8HBr/X9jXzuIxqKyR2Zv24hgjd0JAPvxF\noXEYQPj7hdl5CtkJirwwBNTKgwtc55FUVg2ehJY5SpCs6JTTA1S3GZV+RjD16v1/\nvY6UYz5iwu1+oPvortMD+mhsbrd+JHgK2PAKQRbDmsX5McjJkkXyl0dou9Qusgga\nf1JEcMmdeqAB49zt7fHit478tfHR5FVcqCjvUuIP0IiQcQfE2lpQAFW2XDqcmLc3\nSl8oZy+HWlwQBv33MfwRC4Tz7q8p0UVsrJl/p/0jll1KZrXhzzQ8Xj6UZsFzu6xi\nTxWBEYOJvmU/8qJlm9Droex3KAUwRUjEB5b5zEfdO94Zm7XfwQKCAQEA2LmFIad/\nWKux6BIG5eLKxP/gX0/LziW16VWmvsjPLq4mjZluHDmsFyxNyNsGxc9nUB8vGpYq\n00nutxTl9jePjJDdf9td/ooHCj20KPfbTaCnktU6EweMWwRp1l7xQZ42RbOYpmRN\nqSoALPSvFRNq6jT/7u2VVXOH0OCTV7CYhyDg3gxGDDSdmRbcgLkE4HSAX4VCXlCJ\nAzKtWZxhp0tQKpbDnfpo/W++cCOg7yaUSQAeYPJ1rLOigDCBFITgrG2RNBW6TWmY\nxTyZYGBv6ZGCdUS5epYHYnna/Baa3m3btxWLmaqvabPI3svbIUas2JJcCXQzYOzZ\nEag+2ahFQwDb4QKCAQEAzlKNKzgBbCuErX3yRl21nVq2ZAyvKk0Z711dSKmF+BuW\nYDIhVqkbi/GOT6xzLI3yXEHQEVRpwATCZP4p3Hu2zZ35PxzuNcmlzoS1bXnqYSPb\nBsp0rKgPHXHYC702AE29s1r0xZfN4tIzWCdrxgkAk2fSiHsg7NwU2HzGE38cFIIw\nQA4MCUh2NvupBmcNsYMDOAW639xLS/4eJ7bhJZELjOA3xeZoqakTOSwNixOUFocR\nivC8d7obRFwXxUiIN979Er/NEwEtNa5Nm5/+saa+MwZynMoazCQ16Sjk3YcqcLuk\nSBGDCDq1jlRrTLQQTbqKeeoDlwY4fzMbilWTMMm+twKCAQEAiEmaRACuH5fRSAxW\nFCjbtKjoc2ed1aR3UiXPtzhWuZdAnVk4Gj3WT7hHriC2kJyN7p+9om1+vuJGYRGe\nT4i/F/ldoXLVGCW6qaEF86FyYs29s6OtYpwjknUjDXElLEuO+6QmQbTf9Zp5A8xX\ncdyFJoVv0NPNTjBZ32vqnIFsWcW+Q0TapABOfyAWSEiRnYkF1Yvaoa7pin5K7whd\njLPa1P18RJNdhMrJqoFtShcrtwCBGhw/DfzlGtHlyn6JP0Wjw2pKfzYBoT8rgKUE\nm5Aqxw4RydohCLdyk4avm2LggbDl2huxNbqefiUaR0HHnmXjxPoy+SfYlbcE1yFv\ndORMYQKCAQEApePuKa/QRP8AoNZBdJ5oJmsHd45TUPnJPpKdLI1RcFoOIK5t69Xw\nlibUu+72c/51vgQUnbp3hLLO8pEBa4v1QYIhI8PJLGpD7Lb7gVijQROpSd6CzUgb\nTxt4EIhD4R6gxpL9d9pE6nkEW37mwsX+Nocl2iLWKFwUTrSUNpzfIQZEcVxaBSTE\nGBVkpAc8FVw3vFWvGctwp1tdN6Vthd0Hom+tqGtIABI3qKJpCUfmq+5SBprljoaO\n4foCCtf03qdmaCrbYspxZVYOhHCyQnjFORWYFcTSow0CY8RDsHK7hwT4ZBHgfz9l\nN1ldJMEq0rSIHtovpMCVsICRRjrkLDgqJQKCAQAk3g6uTYbti+yNPJN6Xj2yoydk\nSD//dOJfSq8QHvkFEop5c8zv7RPWn2uVOp0GW7Vu6HiQIxLhbZoYIjUyo+I3YYW5\n+Ho6X+INV0HRRm2p/qd9idGC8ks5Elt0rktaycMT67BNjZM1+tB4ShH1IH0aQLBQ\nYHRwdA9jxbRUHo73D1G4+V2KZDHqiLNd4IKvCanbqwGHxveCeJfzIro69Daic5s8\nLj597fQIPVLNBBCklHBJHCcGOIrNAGNii9g3QFxH7eCQll4y7lFkoht3X/gZJBlL\nYqjnZWxXQZWhoWlOvgoWMjbxm0p5s1yM/czg6wJOUZ0SZkL0YNh55NLP28Yr\n-----END RSA PRIVATE KEY-----\n"
      },
      "type": [
        "object",
        {
          "stg-mb-eks-bastion": "string"
        }
      ],
      "sensitive": true
    },
    "private_subnet_ids": {
      "value": {
        "stg-mb-vpc01": {
          "stg-mb-app-subnet01": "subnet-0f7fbc61426069409",
          "stg-mb-app-subnet02": "subnet-07c2d8ed75e016bce",
          "stg-mb-app-subnet03": "subnet-0e0a91564b4e98ecb"
        }
      },
      "type": [
        "object",
        {
          "stg-mb-vpc01": [
            "object",
            {
              "stg-mb-app-subnet01": "string",
              "stg-mb-app-subnet02": "string",
              "stg-mb-app-subnet03": "string"
            }
          ]
        }
      ]
    },
    "public_subnet_ids": {
      "value": {
        "stg-mb-vpc01": {
          "stg-mb-public-subnet01": "subnet-09a9b60f41f14a028",
          "stg-mb-public-subnet02": "subnet-0c43b5b02fcc44a09",
          "stg-mb-public-subnet03": "subnet-023031563998ff394"
        }
      },
      "type": [
        "object",
        {
          "stg-mb-vpc01": [
            "object",
            {
              "stg-mb-public-subnet01": "string",
              "stg-mb-public-subnet02": "string",
              "stg-mb-public-subnet03": "string"
            }
          ]
        }
      ]
    },
    "rds_addresses": {
      "value": {
        "core-uat-db": "core-uat-db.cj446ammul0i.ap-south-1.rds.amazonaws.com"
      },
      "type": [
        "object",
        {
          "core-uat-db": "string"
        }
      ]
    },
    "rds_arns": {
      "value": {
        "core-uat-db": "arn:aws:rds:ap-south-1:344367180480:db:core-uat-db"
      },
      "type": [
        "object",
        {
          "core-uat-db": "string"
        }
      ]
    },
    "rds_endpoints": {
      "value": {
        "core-uat-db": "core-uat-db.cj446ammul0i.ap-south-1.rds.amazonaws.com:5432"
      },
      "type": [
        "object",
        {
          "core-uat-db": "string"
        }
      ]
    },
    "rds_ports": {
      "value": {
        "core-uat-db": 5432
      },
      "type": [
        "object",
        {
          "core-uat-db": "number"
        }
      ]
    },
    "s3_bucket_arns": {
      "value": {
        "stg-mb-vpc01-flow-logs": "arn:aws:s3:::stg-mb-vpc01-flow-logs"
      },
      "type": [
        "object",
        {
          "stg-mb-vpc01-flow-logs": "string"
        }
      ]
    },
    "s3_bucket_domain_names": {
      "value": {
        "stg-mb-vpc01-flow-logs": "stg-mb-vpc01-flow-logs.s3.amazonaws.com"
      },
      "type": [
        "object",
        {
          "stg-mb-vpc01-flow-logs": "string"
        }
      ]
    },
    "s3_bucket_ids": {
      "value": {
        "stg-mb-vpc01-flow-logs": "stg-mb-vpc01-flow-logs"
      },
      "type": [
        "object",
        {
          "stg-mb-vpc01-flow-logs": "string"
        }
      ]
    },
    "vpc_arns": {
      "value": {
        "stg-mb-vpc01": "arn:aws:ec2:ap-south-1:344367180480:vpc/vpc-0658def16d58b8876"
      },
      "type": [
        "object",
        {
          "stg-mb-vpc01": "string"
        }
      ]
    },
    "vpc_ids": {
      "value": {
        "stg-mb-vpc01": "vpc-0658def16d58b8876"
      },
      "type": [
        "object",
        {
          "stg-mb-vpc01": "string"
        }
      ]
    }
  },
  "resources": [
    {
      "mode": "managed",
      "type": "aws_codeconnections_connection",
      "name": "github",
      "provider": "provider[\"registry.terraform.io/hashicorp/aws\"]",
      "instances": [
        {
          "schema_version": 0,
          "attributes": {
            "arn": "arn:aws:codeconnections:ap-south-1:344367180480:connection/57bb41a6-94e5-4be9-9364-73bc9da899d3",
            "connection_status": "AVAILABLE",
            "host_arn": null,
            "id": "arn:aws:codeconnections:ap-south-1:344367180480:connection/57bb41a6-94e5-4be9-9364-73bc9da899d3",
            "name": "lawyered-github-repository",
            "owner_account_id": "344367180480",
            "provider_type": "GitHub",
            "region": "ap-south-1",
            "tags": null,
            "tags_all": {},
            "timeouts": null
          },
          "sensitive_attributes": [],
          "identity_schema_version": 0,
          "identity": {
            "arn": "arn:aws:codeconnections:ap-south-1:344367180480:connection/57bb41a6-94e5-4be9-9364-73bc9da899d3"
          }
        }
      ]
    },
    {
      "mode": "managed",
      "type": "aws_ec2_instance_connect_endpoint",
      "name": "this",
      "provider": "provider[\"registry.terraform.io/hashicorp/aws\"]",
      "instances": [
        {
          "schema_version": 0,
          "attributes": {
            "arn": "arn:aws:ec2:ap-south-1:344367180480:instance-connect-endpoint/eice-04217b9cc12f858d1",
            "availability_zone": "ap-south-1a",
            "dns_name": "eice-04217b9cc12f858d1.a6ff1047.ec2-instance-connect-endpoint.ap-south-1.amazonaws.com",
            "fips_dns_name": "",
            "id": "eice-04217b9cc12f858d1",
            "ip_address_type": "ipv4",
            "network_interface_ids": [
              "eni-09f7bf1085aab8a16"
            ],
            "owner_id": "344367180480",
            "preserve_client_ip": true,
            "region": "ap-south-1",
            "security_group_ids": [
              "sg-04adbb48456a5bf50"
            ],
            "subnet_id": "subnet-0f7fbc61426069409",
            "tags": {
              "Name": "eks-bastion-box-eice",
              "Project": "lawyered"
            },
            "tags_all": {
              "Name": "eks-bastion-box-eice",
              "Project": "lawyered"
            },
            "timeouts": null,
            "vpc_id": "vpc-0658def16d58b8876"
          },
          "sensitive_attributes": [],
          "identity_schema_version": 0,
          "dependencies": [
            "aws_security_group.eice_sg",
            "module.vpc.aws_subnet.private",
            "module.vpc.aws_vpc.this"
          ]
        }
      ]
    },
    {
      "mode": "managed",
      "type": "aws_flow_log",
      "name": "stg_mb_vpc01_logs",
      "provider": "provider[\"registry.terraform.io/hashicorp/aws\"]",
      "instances": [
        {
          "schema_version": 1,
          "attributes": {
            "arn": "arn:aws:ec2:ap-south-1:344367180480:vpc-flow-log/fl-0fdb5c1c5eda28ff0",
            "deliver_cross_account_role": "",
            "destination_options": [
              {
                "file_format": "plain-text",
                "hive_compatible_partitions": false,
                "per_hour_partition": false
              }
            ],
            "eni_id": null,
            "iam_role_arn": "",
            "id": "fl-0fdb5c1c5eda28ff0",
            "log_destination": "arn:aws:s3:::stg-mb-vpc01-flow-logs",
            "log_destination_type": "s3",
            "log_format": "${version} ${account-id} ${interface-id} ${srcaddr} ${dstaddr} ${srcport} ${dstport} ${protocol} ${packets} ${bytes} ${start} ${end} ${action} ${log-status}",
            "max_aggregation_interval": 600,
            "region": "ap-south-1",
            "regional_nat_gateway_id": null,
            "subnet_id": null,
            "tags": {
              "Environment": "stage",
              "Name": "stg-mb-vpc01-flow-logs",
              "Project": "lawyered"
            },
            "tags_all": {
              "Environment": "stage",
              "Name": "stg-mb-vpc01-flow-logs",
              "Project": "lawyered"
            },
            "traffic_type": "ALL",
            "transit_gateway_attachment_id": null,
            "transit_gateway_id": null,
            "vpc_id": "vpc-0658def16d58b8876"
          },
          "sensitive_attributes": [],
          "identity_schema_version": 0,
          "private": "eyJzY2hlbWFfdmVyc2lvbiI6IjEifQ==",
          "dependencies": [
            "module.kms.aws_kms_alias.this",
            "module.kms.aws_kms_key.this",
            "module.s3.aws_s3_bucket.this",
            "module.vpc.aws_vpc.this"
          ]
        }
      ]
    },
    {
      "mode": "managed",
      "type": "aws_iam_role",
      "name": "vpc_flow_logs",
      "provider": "provider[\"registry.terraform.io/hashicorp/aws\"]",
      "instances": [
        {
          "schema_version": 0,
          "attributes": {
            "arn": "arn:aws:iam::344367180480:role/stg-mb-vpc01-flow-logs-role",
            "assume_role_policy": "{\"Statement\":[{\"Action\":\"sts:AssumeRole\",\"Effect\":\"Allow\",\"Principal\":{\"Service\":\"vpc-flow-logs.amazonaws.com\"}}],\"Version\":\"2012-10-17\"}",
            "create_date": "2026-04-15T09:10:20Z",
            "description": "",
            "force_detach_policies": false,
            "id": "stg-mb-vpc01-flow-logs-role",
            "inline_policy": [
              {
                "name": "stg-mb-vpc01-flow-logs-policy",
                "policy": "{\"Version\":\"2012-10-17\",\"Statement\":[{\"Action\":[\"logs:CreateLogGroup\",\"logs:CreateLogStream\",\"logs:PutLogEvents\",\"logs:DescribeLogGroups\",\"logs:DescribeLogStreams\",\"s3:PutObject\"],\"Effect\":\"Allow\",\"Resource\":\"*\"}]}"
              }
            ],
            "managed_policy_arns": [],
            "max_session_duration": 3600,
            "name": "stg-mb-vpc01-flow-logs-role",
            "name_prefix": "",
            "path": "/",
            "permissions_boundary": "",
            "tags": {},
            "tags_all": {},
            "unique_id": "AROAVALPCFLAOILAVXE3G"
          },
          "sensitive_attributes": [],
          "identity_schema_version": 0,
          "identity": {
            "account_id": "344367180480",
            "name": "stg-mb-vpc01-flow-logs-role"
          },
          "private": "bnVsbA=="
        }
      ]
    },
    {
      "mode": "managed",
      "type": "aws_iam_role_policy",
      "name": "vpc_flow_logs_policy",
      "provider": "provider[\"registry.terraform.io/hashicorp/aws\"]",
      "instances": [
        {
          "schema_version": 0,
          "attributes": {
            "id": "stg-mb-vpc01-flow-logs-role:stg-mb-vpc01-flow-logs-policy",
            "name": "stg-mb-vpc01-flow-logs-policy",
            "name_prefix": "",
            "policy": "{\"Version\":\"2012-10-17\",\"Statement\":[{\"Action\":[\"logs:CreateLogGroup\",\"logs:CreateLogStream\",\"logs:PutLogEvents\",\"logs:DescribeLogGroups\",\"logs:DescribeLogStreams\",\"s3:PutObject\"],\"Effect\":\"Allow\",\"Resource\":\"*\"}]}",
            "role": "stg-mb-vpc01-flow-logs-role"
          },
          "sensitive_attributes": [],
          "identity_schema_version": 0,
          "identity": {
            "account_id": "344367180480",
            "name": "stg-mb-vpc01-flow-logs-policy",
            "role": "stg-mb-vpc01-flow-logs-role"
          },
          "private": "bnVsbA==",
          "dependencies": [
            "aws_iam_role.vpc_flow_logs"
          ]
        }
      ]
    },
    {
      "mode": "managed",
      "type": "aws_key_pair",
      "name": "keys",
      "provider": "provider[\"registry.terraform.io/hashicorp/aws\"]",
      "instances": [
        {
          "index_key": "stg-mb-eks-bastion",
          "schema_version": 1,
          "attributes": {
            "arn": "arn:aws:ec2:ap-south-1:344367180480:key-pair/stg-mb-eks-bastion",
            "fingerprint": "54:c5:cc:08:95:b1:97:07:bc:3e:9a:e8:ba:b8:e8:ee",
            "id": "stg-mb-eks-bastion",
            "key_name": "stg-mb-eks-bastion",
            "key_name_prefix": "",
            "key_pair_id": "key-0369496d87b103aff",
            "key_type": "rsa",
            "public_key": "ssh-rsa AAAAB3NzaC1yc2EAAAADAQABAAACAQCuqywQfnbPeNPNy4TNjPJCSNfOPVEdziGVJ+JczgsEXzeSj4IyLsAKFo6cLMW1i5leD1OtUJoe1mjc8E/4XrZ11uI1Eq2cn9BgQCdsZpO+JntBFUfAoPrxQsfFt7VeX9IwOW14uUJevrlWuQL7lOc4HlFi8Ng+wGJ7U3ULMO7z+TFbWLAaR2Jm/rZ5QDyam/8bxZ2MHlsA5XobCzauEZBOy1jFYgWhxcC5lBNt0hxLF08uzmW45FoBpOSmQ8giM0ojC8lFpzqHVCkEejUYWwsclM/Q37EZ8T0jj4NvYWGmfbfKoi4+jlJKLgkQ24kQfechKdPK4u6u2zUpufI3a/oo5IVNI7JgNNnwsTPUnrwcZava4woMqYcEpUBIqq6cs3CGnLMY70dctjgPjOD7Hbfu5yJnwZTpkd5CLp1TkoqKMdOEznHo6vfYWr90XwnizcuVxKcI4/8QB/q78wre3OtW19/ek3E9GQjLHGgvbhe9KejswWH0gsKgxb5y5dJRR1cYXy7GMuduv3vZ46vUbSaudGU/uVmLSX9kKwf08u7csHNlUeM6g8IDG0VwscuJOSnF5F7HtvOQikg9Kujd4wdhEQpD+9RhcYb3jZrZ2M0Qs0n6bpd65drHUtgklFHJgfvo4rlRJ/lNnIN4FLou//O+pdkOd1fi59uYNm1XXHcr1w==",
            "region": "ap-south-1",
            "tags": {},
            "tags_all": {}
          },
          "sensitive_attributes": [],
          "identity_schema_version": 0,
          "private": "eyJzY2hlbWFfdmVyc2lvbiI6IjEifQ==",
          "dependencies": [
            "tls_private_key.keys"
          ]
        }
      ]
    },
    {
      "mode": "managed",
      "type": "aws_secretsmanager_secret",
      "name": "github_ssh_key",
      "provider": "provider[\"registry.terraform.io/hashicorp/aws\"]",
      "instances": [
        {
          "schema_version": 0,
          "attributes": {
            "arn": "arn:aws:secretsmanager:ap-south-1:344367180480:secret:github-connection-key-qnHaww",
            "description": "SSH private key for CodeBuild to push to Lawyered-in/k8s-manifest repo",
            "force_overwrite_replica_secret": false,
            "id": "arn:aws:secretsmanager:ap-south-1:344367180480:secret:github-connection-key-qnHaww",
            "kms_key_id": "",
            "name": "github-connection-key",
            "name_prefix": "",
            "policy": "",
            "recovery_window_in_days": 0,
            "region": "ap-south-1",
            "replica": [],
            "tags": {
              "Environment": "stage",
              "Project": "lawyered",
              "Purpose": "codebuild-github-push"
            },
            "tags_all": {
              "Environment": "stage",
              "Project": "lawyered",
              "Purpose": "codebuild-github-push"
            }
          },
          "sensitive_attributes": [],
          "identity_schema_version": 0,
          "identity": {
            "arn": "arn:aws:secretsmanager:ap-south-1:344367180480:secret:github-connection-key-qnHaww"
          },
          "private": "bnVsbA=="
        }
      ]
    },
    {
      "mode": "managed",
      "type": "aws_secretsmanager_secret_version",
      "name": "github_ssh_key",
      "provider": "provider[\"registry.terraform.io/hashicorp/aws\"]",
      "instances": [
        {
          "schema_version": 0,
          "attributes": {
            "arn": "arn:aws:secretsmanager:ap-south-1:344367180480:secret:github-connection-key-qnHaww",
            "has_secret_string_wo": null,
            "id": "arn:aws:secretsmanager:ap-south-1:344367180480:secret:github-connection-key-qnHaww|terraform-20260427081121369400000003",
            "region": "ap-south-1",
            "secret_binary": "",
            "secret_id": "arn:aws:secretsmanager:ap-south-1:344367180480:secret:github-connection-key-qnHaww",
            "secret_string": "PLACEHOLDER — replace this with your actual SSH private key in AWS Console",
            "secret_string_wo": null,
            "secret_string_wo_version": null,
            "version_id": "terraform-20260427081121369400000003",
            "version_stages": []
          },
          "sensitive_attributes": [
            [
              {
                "type": "get_attr",
                "value": "secret_binary"
              }
            ],
            [
              {
                "type": "get_attr",
                "value": "secret_string"
              }
            ],
            [
              {
                "type": "get_attr",
                "value": "secret_string_wo"
              }
            ]
          ],
          "identity_schema_version": 0,
          "identity": {
            "account_id": "344367180480",
            "region": "ap-south-1",
            "secret_id": "arn:aws:secretsmanager:ap-south-1:344367180480:secret:github-connection-key-qnHaww",
            "version_id": "terraform-20260427081121369400000003"
          },
          "private": "bnVsbA==",
          "dependencies": [
            "aws_secretsmanager_secret.github_ssh_key"
          ]
        }
      ]
    },
    {
      "mode": "managed",
      "type": "aws_security_group",
      "name": "eice_sg",
      "provider": "provider[\"registry.terraform.io/hashicorp/aws\"]",
      "instances": [
        {
          "schema_version": 1,
          "attributes": {
            "arn": "arn:aws:ec2:ap-south-1:344367180480:security-group/sg-04adbb48456a5bf50",
            "description": "Security group for EC2 Instance Connect Endpoint",
            "egress": [
              {
                "cidr_blocks": [
                  "0.0.0.0/0"
                ],
                "description": "",
                "from_port": 0,
                "ipv6_cidr_blocks": [],
                "prefix_list_ids": [],
                "protocol": "-1",
                "security_groups": [],
                "self": false,
                "to_port": 0
              }
            ],
            "id": "sg-04adbb48456a5bf50",
            "ingress": [
              {
                "cidr_blocks": [
                  "10.100.0.0/16"
                ],
                "description": "vpc_cidr",
                "from_port": 0,
                "ipv6_cidr_blocks": [],
                "prefix_list_ids": [],
                "protocol": "-1",
                "security_groups": [],
                "self": false,
                "to_port": 0
              }
            ],
            "name": "eks-bastion-box-eice-sg2",
            "name_prefix": "",
            "owner_id": "344367180480",
            "region": "ap-south-1",
            "revoke_rules_on_delete": false,
            "tags": {
              "Name": "eks-bastion-box-eice-sg2",
              "Project": "lawyered"
            },
            "tags_all": {
              "Name": "eks-bastion-box-eice-sg2",
              "Project": "lawyered"
            },
            "timeouts": null,
            "vpc_id": "vpc-0658def16d58b8876"
          },
          "sensitive_attributes": [],
          "identity_schema_version": 0,
          "identity": {
            "account_id": "344367180480",
            "id": "sg-04adbb48456a5bf50",
            "region": "ap-south-1"
          },
          "private": "eyJlMmJmYjczMC1lY2FhLTExZTYtOGY4OC0zNDM2M2JjN2M0YzAiOnsiY3JlYXRlIjo2MDAwMDAwMDAwMDAsImRlbGV0ZSI6OTAwMDAwMDAwMDAwfSwic2NoZW1hX3ZlcnNpb24iOiIxIn0=",
          "dependencies": [
            "module.vpc.aws_vpc.this"
          ]
        }
      ]
    },
    {
      "mode": "managed",
      "type": "aws_security_group_rule",
      "name": "allow_bastion_to_eks",
      "provider": "provider[\"registry.terraform.io/hashicorp/aws\"]",
      "instances": [
        {
          "schema_version": 2,
          "attributes": {
            "cidr_blocks": null,
            "description": "Allow Bastion to communicate with EKS API",
            "from_port": 443,
            "id": "sgrule-437554550",
            "ipv6_cidr_blocks": null,
            "prefix_list_ids": null,
            "protocol": "tcp",
            "region": "ap-south-1",
            "security_group_id": "sg-0152074f63a943cd6",
            "security_group_rule_id": "sgr-0c659e0fd04327ad9",
            "self": false,
            "source_security_group_id": "sg-0882b5cdbc9f05688",
            "timeouts": null,
            "to_port": 443,
            "type": "ingress"
          },
          "sensitive_attributes": [],
          "identity_schema_version": 0,
          "private": "eyJlMmJmYjczMC1lY2FhLTExZTYtOGY4OC0zNDM2M2JjN2M0YzAiOnsiY3JlYXRlIjozMDAwMDAwMDAwMDB9LCJzY2hlbWFfdmVyc2lvbiI6IjIifQ==",
          "dependencies": [
            "aws_key_pair.keys",
            "module.ec2.aws_security_group.this",
            "module.eks.aws_eks_cluster.this",
            "module.eks.aws_iam_role.cluster",
            "module.eks.aws_iam_role_policy_attachment.cluster_policy",
            "module.eks.aws_iam_role_policy_attachment.cluster_vpc_resource_controller",
            "module.vpc.aws_eip.nat",
            "module.vpc.aws_internet_gateway.this",
            "module.vpc.aws_nat_gateway.this",
            "module.vpc.aws_route_table.database",
            "module.vpc.aws_route_table.private",
            "module.vpc.aws_route_table.public",
            "module.vpc.aws_route_table_association.database",
            "module.vpc.aws_route_table_association.private",
            "module.vpc.aws_route_table_association.public",
            "module.vpc.aws_subnet.database",
            "module.vpc.aws_subnet.private",
            "module.vpc.aws_subnet.public",
            "module.vpc.aws_vpc.this",
            "tls_private_key.keys"
          ]
        }
      ]
    },
    {
      "mode": "managed",
      "type": "aws_security_group_rule",
      "name": "allow_ssh_from_eice",
      "provider": "provider[\"registry.terraform.io/hashicorp/aws\"]",
      "instances": [
        {
          "schema_version": 2,
          "attributes": {
            "cidr_blocks": null,
            "description": "Allow SSH from EICE",
            "from_port": 22,
            "id": "sgrule-3245370981",
            "ipv6_cidr_blocks": null,
            "prefix_list_ids": null,
            "protocol": "tcp",
            "region": "ap-south-1",
            "security_group_id": "sg-0882b5cdbc9f05688",
            "security_group_rule_id": "sgr-0efd47842a2b449d2",
            "self": false,
            "source_security_group_id": "sg-04adbb48456a5bf50",
            "timeouts": null,
            "to_port": 22,
            "type": "ingress"
          },
          "sensitive_attributes": [],
          "identity_schema_version": 0,
          "private": "eyJlMmJmYjczMC1lY2FhLTExZTYtOGY4OC0zNDM2M2JjN2M0YzAiOnsiY3JlYXRlIjozMDAwMDAwMDAwMDB9LCJzY2hlbWFfdmVyc2lvbiI6IjIifQ==",
          "dependencies": [
            "aws_key_pair.keys",
            "aws_security_group.eice_sg",
            "module.ec2.aws_security_group.this",
            "module.vpc.aws_eip.nat",
            "module.vpc.aws_internet_gateway.this",
            "module.vpc.aws_nat_gateway.this",
            "module.vpc.aws_route_table.database",
            "module.vpc.aws_route_table.private",
            "module.vpc.aws_route_table.public",
            "module.vpc.aws_route_table_association.database",
            "module.vpc.aws_route_table_association.private",
            "module.vpc.aws_route_table_association.public",
            "module.vpc.aws_subnet.database",
            "module.vpc.aws_subnet.private",
            "module.vpc.aws_subnet.public",
            "module.vpc.aws_vpc.this",
            "tls_private_key.keys"
          ]
        }
      ]
    },
    {
      "mode": "managed",
      "type": "kubectl_manifest",
      "name": "argocd_bootstrap",
      "provider": "provider[\"registry.terraform.io/gavinbunney/kubectl\"]",
      "instances": [
        {
          "index_key": "admin-lawyered-fe.yaml",
          "schema_version": 1,
          "attributes": {
            "api_version": "argoproj.io/v1alpha1",
            "apply_only": false,
            "force_conflicts": false,
            "force_new": false,
            "id": "/apis/argoproj.io/v1alpha1/namespaces/argo-cd/applications/stg-admin-lawyered-fe",
            "ignore_fields": null,
            "kind": "Application",
            "live_manifest_incluster": "61d0b361266cde4ec4ed095823367866b996db1088a81216291a6e9843b75916",
            "live_uid": "45256f67-34f8-4dfc-a86d-1b70299103b5",
            "name": "stg-admin-lawyered-fe",
            "namespace": "argo-cd",
            "override_namespace": null,
            "sensitive_fields": null,
            "server_side_apply": false,
            "timeouts": null,
            "uid": "45256f67-34f8-4dfc-a86d-1b70299103b5",
            "validate_schema": true,
            "wait": null,
            "wait_for_rollout": true,
            "yaml_body": "﻿apiVersion: argoproj.io/v1alpha1\r\nkind: Application\r\nmetadata:\r\n  name: stg-admin-lawyered-fe\r\n  namespace: argo-cd\r\n  labels:\r\n    app: stg-admin-lawyered-fe\r\n    tier: application\r\n    environment: stg\r\nspec:\r\n  project: default\r\n  source:\r\n    repoURL: git@github.com:Lawyered-in/k8s-manifest.git\r\n    targetRevision: staging\r\n    path: deployments/stg-admin-lawyered-fe\r\n  destination:\r\n    server: https://kubernetes.default.svc\r\n    namespace: stg\r\n  syncPolicy:\r\n    automated:\r\n      prune: true\r\n      selfHeal: true\r\n    syncOptions:\r\n      - CreateNamespace=true\r\n      - PrunePropagationPolicy=foreground\r\n      - PruneLast=true\r\n      - Replace=true\r\n  revisionHistoryLimit: 3\r\n",
            "yaml_body_parsed": "apiVersion: argoproj.io/v1alpha1\nkind: Application\nmetadata:\n  labels:\n    app: stg-admin-lawyered-fe\n    environment: stg\n    tier: application\n  name: stg-admin-lawyered-fe\n  namespace: argo-cd\nspec:\n  destination:\n    namespace: stg\n    server: https://kubernetes.default.svc\n  project: default\n  revisionHistoryLimit: 3\n  source:\n    path: deployments/stg-admin-lawyered-fe\n    repoURL: git@github.com:Lawyered-in/k8s-manifest.git\n    targetRevision: staging\n  syncPolicy:\n    automated:\n      prune: true\n      selfHeal: true\n    syncOptions:\n    - CreateNamespace=true\n    - PrunePropagationPolicy=foreground\n    - PruneLast=true\n    - Replace=true\n",
            "yaml_incluster": "61d0b361266cde4ec4ed095823367866b996db1088a81216291a6e9843b75916"
          },
          "sensitive_attributes": [
            [
              {
                "type": "get_attr",
                "value": "live_manifest_incluster"
              }
            ],
            [
              {
                "type": "get_attr",
                "value": "yaml_body"
              }
            ],
            [
              {
                "type": "get_attr",
                "value": "yaml_incluster"
              }
            ]
          ],
          "identity_schema_version": 0,
          "private": "eyJlMmJmYjczMC1lY2FhLTExZTYtOGY4OC0zNDM2M2JjN2M0YzAiOnsiY3JlYXRlIjo2MDAwMDAwMDAwMDB9LCJzY2hlbWFfdmVyc2lvbiI6IjEifQ==",
          "dependencies": [
            "module.eks.aws_eks_cluster.this",
            "module.eks.aws_eks_node_group.this",
            "module.eks.aws_iam_openid_connect_provider.this",
            "module.eks.aws_iam_policy.cluster_autoscaler",
            "module.eks.aws_iam_role.cluster",
            "module.eks.aws_iam_role.cluster_autoscaler",
            "module.eks.aws_iam_role.node",
            "module.eks.aws_iam_role_policy_attachment.cluster_autoscaler_attach",
            "module.eks.aws_iam_role_policy_attachment.cluster_policy",
            "module.eks.aws_iam_role_policy_attachment.cluster_vpc_resource_controller",
            "module.eks.aws_iam_role_policy_attachment.node_cni_policy",
            "module.eks.aws_iam_role_policy_attachment.node_ecr_readonly",
            "module.eks.aws_iam_role_policy_attachment.node_worker_policy",
            "module.eks.aws_launch_template.node_group",
            "module.eks.data.tls_certificate.this",
            "module.eks_addons.aws_eks_addon.coredns",
            "module.eks_addons.aws_eks_addon.ebs_csi",
            "module.eks_addons.aws_eks_addon.kube_proxy",
            "module.eks_addons.aws_eks_addon.metrics_server",
            "module.eks_addons.aws_eks_addon.vpc_cni",
            "module.eks_addons.aws_iam_role.ebs_csi",
            "module.eks_addons.aws_iam_role.vpc_cni",
            "module.eks_addons.aws_iam_role_policy_attachment.ebs_csi_policy",
            "module.eks_addons.aws_iam_role_policy_attachment.vpc_cni_policy",
            "module.vpc.aws_eip.nat",
            "module.vpc.aws_internet_gateway.this",
            "module.vpc.aws_nat_gateway.this",
            "module.vpc.aws_route_table.database",
            "module.vpc.aws_route_table.private",
            "module.vpc.aws_route_table.public",
            "module.vpc.aws_route_table_association.database",
            "module.vpc.aws_route_table_association.private",
            "module.vpc.aws_route_table_association.public",
            "module.vpc.aws_subnet.database",
            "module.vpc.aws_subnet.private",
            "module.vpc.aws_subnet.public",
            "module.vpc.aws_vpc.this"
          ]
        },
        {
          "index_key": "admin-lawyered.yaml",
          "schema_version": 1,
          "attributes": {
            "api_version": "argoproj.io/v1alpha1",
            "apply_only": false,
            "force_conflicts": false,
            "force_new": false,
            "id": "/apis/argoproj.io/v1alpha1/namespaces/argo-cd/applications/stg-admin-lawyered",
            "ignore_fields": null,
            "kind": "Application",
            "live_manifest_incluster": "240a7764ab6ff5e483b65b81950d5ff20c49b8b98e719bbe26c1a228a502d4c2",
            "live_uid": "b8f740f3-44b6-4360-8d72-db1d6083f71d",
            "name": "stg-admin-lawyered",
            "namespace": "argo-cd",
            "override_namespace": null,
            "sensitive_fields": null,
            "server_side_apply": false,
            "timeouts": null,
            "uid": "b8f740f3-44b6-4360-8d72-db1d6083f71d",
            "validate_schema": true,
            "wait": null,
            "wait_for_rollout": true,
            "yaml_body": "﻿apiVersion: argoproj.io/v1alpha1\r\nkind: Application\r\nmetadata:\r\n  name: stg-admin-lawyered\r\n  namespace: argo-cd\r\n  labels:\r\n    app: stg-admin-lawyered\r\n    tier: application\r\n    environment: stg\r\nspec:\r\n  project: default\r\n  source:\r\n    repoURL: git@github.com:Lawyered-in/k8s-manifest.git\r\n    targetRevision: staging\r\n    path: deployments/stg-admin-lawyered\r\n  destination:\r\n    server: https://kubernetes.default.svc\r\n    namespace: stg\r\n  ignoreDifferences:\r\n    - group: \"\"\r\n      kind: PersistentVolumeClaim\r\n      jsonPointers:\r\n        - /spec/volumeName\r\n  syncPolicy:\r\n    automated:\r\n      prune: true\r\n      selfHeal: true\r\n    syncOptions:\r\n      - CreateNamespace=true\r\n      - PrunePropagationPolicy=foreground\r\n      - PruneLast=true\r\n      - ServerSideApply=true\r\n  revisionHistoryLimit: 3\r\n",
            "yaml_body_parsed": "apiVersion: argoproj.io/v1alpha1\nkind: Application\nmetadata:\n  labels:\n    app: stg-admin-lawyered\n    environment: stg\n    tier: application\n  name: stg-admin-lawyered\n  namespace: argo-cd\nspec:\n  destination:\n    namespace: stg\n    server: https://kubernetes.default.svc\n  ignoreDifferences:\n  - group: \"\"\n    jsonPointers:\n    - /spec/volumeName\n    kind: PersistentVolumeClaim\n  project: default\n  revisionHistoryLimit: 3\n  source:\n    path: deployments/stg-admin-lawyered\n    repoURL: git@github.com:Lawyered-in/k8s-manifest.git\n    targetRevision: staging\n  syncPolicy:\n    automated:\n      prune: true\n      selfHeal: true\n    syncOptions:\n    - CreateNamespace=true\n    - PrunePropagationPolicy=foreground\n    - PruneLast=true\n    - ServerSideApply=true\n",
            "yaml_incluster": "240a7764ab6ff5e483b65b81950d5ff20c49b8b98e719bbe26c1a228a502d4c2"
          },
          "sensitive_attributes": [
            [
              {
                "type": "get_attr",
                "value": "live_manifest_incluster"
              }
            ],
            [
              {
                "type": "get_attr",
                "value": "yaml_body"
              }
            ],
            [
              {
                "type": "get_attr",
                "value": "yaml_incluster"
              }
            ]
          ],
          "identity_schema_version": 0,
          "private": "eyJlMmJmYjczMC1lY2FhLTExZTYtOGY4OC0zNDM2M2JjN2M0YzAiOnsiY3JlYXRlIjo2MDAwMDAwMDAwMDB9LCJzY2hlbWFfdmVyc2lvbiI6IjEifQ==",
          "dependencies": [
            "module.eks.aws_eks_cluster.this",
            "module.eks.aws_eks_node_group.this",
            "module.eks.aws_iam_openid_connect_provider.this",
            "module.eks.aws_iam_policy.cluster_autoscaler",
            "module.eks.aws_iam_role.cluster",
            "module.eks.aws_iam_role.cluster_autoscaler",
            "module.eks.aws_iam_role.node",
            "module.eks.aws_iam_role_policy_attachment.cluster_autoscaler_attach",
            "module.eks.aws_iam_role_policy_attachment.cluster_policy",
            "module.eks.aws_iam_role_policy_attachment.cluster_vpc_resource_controller",
            "module.eks.aws_iam_role_policy_attachment.node_cni_policy",
            "module.eks.aws_iam_role_policy_attachment.node_ecr_readonly",
            "module.eks.aws_iam_role_policy_attachment.node_worker_policy",
            "module.eks.aws_launch_template.node_group",
            "module.eks.data.tls_certificate.this",
            "module.eks_addons.aws_eks_addon.coredns",
            "module.eks_addons.aws_eks_addon.ebs_csi",
            "module.eks_addons.aws_eks_addon.kube_proxy",
            "module.eks_addons.aws_eks_addon.metrics_server",
            "module.eks_addons.aws_eks_addon.vpc_cni",
            "module.eks_addons.aws_iam_role.ebs_csi",
            "module.eks_addons.aws_iam_role.vpc_cni",
            "module.eks_addons.aws_iam_role_policy_attachment.ebs_csi_policy",
            "module.eks_addons.aws_iam_role_policy_attachment.vpc_cni_policy",
            "module.vpc.aws_eip.nat",
            "module.vpc.aws_internet_gateway.this",
            "module.vpc.aws_nat_gateway.this",
            "module.vpc.aws_route_table.database",
            "module.vpc.aws_route_table.private",
            "module.vpc.aws_route_table.public",
            "module.vpc.aws_route_table_association.database",
            "module.vpc.aws_route_table_association.private",
            "module.vpc.aws_route_table_association.public",
            "module.vpc.aws_subnet.database",
            "module.vpc.aws_subnet.private",
            "module.vpc.aws_subnet.public",
            "module.vpc.aws_vpc.this"
          ]
        },
        {
          "index_key": "api-challans.yaml",
          "schema_version": 1,
          "attributes": {
            "api_version": "argoproj.io/v1alpha1",
            "apply_only": false,
            "force_conflicts": false,
            "force_new": false,
            "id": "/apis/argoproj.io/v1alpha1/namespaces/argo-cd/applications/stg-api-challans",
            "ignore_fields": null,
            "kind": "Application",
            "live_manifest_incluster": "a1656e0dbce400c2f2792049c4dd13d77eba515a715834fdd0f5bffa0f36b0ae",
            "live_uid": "b8c956e2-a679-4d4c-ba10-0b9d26d562fa",
            "name": "stg-api-challans",
            "namespace": "argo-cd",
            "override_namespace": null,
            "sensitive_fields": null,
            "server_side_apply": false,
            "timeouts": null,
            "uid": "b8c956e2-a679-4d4c-ba10-0b9d26d562fa",
            "validate_schema": true,
            "wait": null,
            "wait_for_rollout": true,
            "yaml_body": "﻿apiVersion: argoproj.io/v1alpha1\r\nkind: Application\r\nmetadata:\r\n  name: stg-api-challans\r\n  namespace: argo-cd\r\n  labels:\r\n    app: stg-api-challans\r\n    tier: application\r\n    environment: stg\r\nspec:\r\n  project: default\r\n  source:\r\n    repoURL: git@github.com:Lawyered-in/k8s-manifest.git\r\n    targetRevision: staging\r\n    path: deployments/stg-api-challans\r\n  destination:\r\n    server: https://kubernetes.default.svc\r\n    namespace: stg\r\n  syncPolicy:\r\n    automated:\r\n      prune: true\r\n      selfHeal: true\r\n    syncOptions:\r\n      - CreateNamespace=true\r\n      - PrunePropagationPolicy=foreground\r\n      - PruneLast=true\r\n      - Replace=true\r\n  revisionHistoryLimit: 3\r\n",
            "yaml_body_parsed": "apiVersion: argoproj.io/v1alpha1\nkind: Application\nmetadata:\n  labels:\n    app: stg-api-challans\n    environment: stg\n    tier: application\n  name: stg-api-challans\n  namespace: argo-cd\nspec:\n  destination:\n    namespace: stg\n    server: https://kubernetes.default.svc\n  project: default\n  revisionHistoryLimit: 3\n  source:\n    path: deployments/stg-api-challans\n    repoURL: git@github.com:Lawyered-in/k8s-manifest.git\n    targetRevision: staging\n  syncPolicy:\n    automated:\n      prune: true\n      selfHeal: true\n    syncOptions:\n    - CreateNamespace=true\n    - PrunePropagationPolicy=foreground\n    - PruneLast=true\n    - Replace=true\n",
            "yaml_incluster": "a1656e0dbce400c2f2792049c4dd13d77eba515a715834fdd0f5bffa0f36b0ae"
          },
          "sensitive_attributes": [
            [
              {
                "type": "get_attr",
                "value": "live_manifest_incluster"
              }
            ],
            [
              {
                "type": "get_attr",
                "value": "yaml_body"
              }
            ],
            [
              {
                "type": "get_attr",
                "value": "yaml_incluster"
              }
            ]
          ],
          "identity_schema_version": 0,
          "private": "eyJlMmJmYjczMC1lY2FhLTExZTYtOGY4OC0zNDM2M2JjN2M0YzAiOnsiY3JlYXRlIjo2MDAwMDAwMDAwMDB9LCJzY2hlbWFfdmVyc2lvbiI6IjEifQ==",
          "dependencies": [
            "module.eks.aws_eks_cluster.this",
            "module.eks.aws_eks_node_group.this",
            "module.eks.aws_iam_openid_connect_provider.this",
            "module.eks.aws_iam_policy.cluster_autoscaler",
            "module.eks.aws_iam_role.cluster",
            "module.eks.aws_iam_role.cluster_autoscaler",
            "module.eks.aws_iam_role.node",
            "module.eks.aws_iam_role_policy_attachment.cluster_autoscaler_attach",
            "module.eks.aws_iam_role_policy_attachment.cluster_policy",
            "module.eks.aws_iam_role_policy_attachment.cluster_vpc_resource_controller",
            "module.eks.aws_iam_role_policy_attachment.node_cni_policy",
            "module.eks.aws_iam_role_policy_attachment.node_ecr_readonly",
            "module.eks.aws_iam_role_policy_attachment.node_worker_policy",
            "module.eks.aws_launch_template.node_group",
            "module.eks.data.tls_certificate.this",
            "module.eks_addons.aws_eks_addon.coredns",
            "module.eks_addons.aws_eks_addon.ebs_csi",
            "module.eks_addons.aws_eks_addon.kube_proxy",
            "module.eks_addons.aws_eks_addon.metrics_server",
            "module.eks_addons.aws_eks_addon.vpc_cni",
            "module.eks_addons.aws_iam_role.ebs_csi",
            "module.eks_addons.aws_iam_role.vpc_cni",
            "module.eks_addons.aws_iam_role_policy_attachment.ebs_csi_policy",
            "module.eks_addons.aws_iam_role_policy_attachment.vpc_cni_policy",
            "module.vpc.aws_eip.nat",
            "module.vpc.aws_internet_gateway.this",
            "module.vpc.aws_nat_gateway.this",
            "module.vpc.aws_route_table.database",
            "module.vpc.aws_route_table.private",
            "module.vpc.aws_route_table.public",
            "module.vpc.aws_route_table_association.database",
            "module.vpc.aws_route_table_association.private",
            "module.vpc.aws_route_table_association.public",
            "module.vpc.aws_subnet.database",
            "module.vpc.aws_subnet.private",
            "module.vpc.aws_subnet.public",
            "module.vpc.aws_vpc.this"
          ]
        },
        {
          "index_key": "challanpay-fe-next.yaml",
          "schema_version": 1,
          "attributes": {
            "api_version": "argoproj.io/v1alpha1",
            "apply_only": false,
            "force_conflicts": false,
            "force_new": false,
            "id": "/apis/argoproj.io/v1alpha1/namespaces/argo-cd/applications/stg-challanpay-fe-next",
            "ignore_fields": null,
            "kind": "Application",
            "live_manifest_incluster": "4c17d2003e377290c0e3e63274771cc8877fef6b88e15c6801b8d11d20de9cfd",
            "live_uid": "7ac09c83-6778-46cc-90af-5c7fcab1db19",
            "name": "stg-challanpay-fe-next",
            "namespace": "argo-cd",
            "override_namespace": null,
            "sensitive_fields": null,
            "server_side_apply": false,
            "timeouts": null,
            "uid": "7ac09c83-6778-46cc-90af-5c7fcab1db19",
            "validate_schema": true,
            "wait": null,
            "wait_for_rollout": true,
            "yaml_body": "﻿# Argo CD Application for challanpay-fe-next\r\napiVersion: argoproj.io/v1alpha1\r\nkind: Application\r\nmetadata:\r\n  name: stg-challanpay-fe-next\r\n  namespace: argo-cd\r\n  labels:\r\n    app: stg-challanpay-fe-next\r\n    tier: application\r\n    environment: stg\r\nspec:\r\n  project: default\r\n  source:\r\n    repoURL: git@github.com:Lawyered-in/k8s-manifest.git\r\n    targetRevision: staging\r\n    path: deployments/stg-challanpay-fe-next\r\n  destination:\r\n    server: https://kubernetes.default.svc\r\n    namespace: stg\r\n  syncPolicy:\r\n    automated:\r\n      prune: true\r\n      selfHeal: true\r\n    syncOptions:\r\n      - CreateNamespace=true\r\n      - PrunePropagationPolicy=foreground\r\n      - PruneLast=true\r\n      - Replace=true\r\n  revisionHistoryLimit: 3\r\n",
            "yaml_body_parsed": "apiVersion: argoproj.io/v1alpha1\nkind: Application\nmetadata:\n  labels:\n    app: stg-challanpay-fe-next\n    environment: stg\n    tier: application\n  name: stg-challanpay-fe-next\n  namespace: argo-cd\nspec:\n  destination:\n    namespace: stg\n    server: https://kubernetes.default.svc\n  project: default\n  revisionHistoryLimit: 3\n  source:\n    path: deployments/stg-challanpay-fe-next\n    repoURL: git@github.com:Lawyered-in/k8s-manifest.git\n    targetRevision: staging\n  syncPolicy:\n    automated:\n      prune: true\n      selfHeal: true\n    syncOptions:\n    - CreateNamespace=true\n    - PrunePropagationPolicy=foreground\n    - PruneLast=true\n    - Replace=true\n",
            "yaml_incluster": "4c17d2003e377290c0e3e63274771cc8877fef6b88e15c6801b8d11d20de9cfd"
          },
          "sensitive_attributes": [
            [
              {
                "type": "get_attr",
                "value": "live_manifest_incluster"
              }
            ],
            [
              {
                "type": "get_attr",
                "value": "yaml_body"
              }
            ],
            [
              {
                "type": "get_attr",
                "value": "yaml_incluster"
              }
            ]
          ],
          "identity_schema_version": 0,
          "private": "eyJlMmJmYjczMC1lY2FhLTExZTYtOGY4OC0zNDM2M2JjN2M0YzAiOnsiY3JlYXRlIjo2MDAwMDAwMDAwMDB9LCJzY2hlbWFfdmVyc2lvbiI6IjEifQ==",
          "dependencies": [
            "module.eks.aws_eks_cluster.this",
            "module.eks.aws_eks_node_group.this",
            "module.eks.aws_iam_openid_connect_provider.this",
            "module.eks.aws_iam_policy.cluster_autoscaler",
            "module.eks.aws_iam_role.cluster",
            "module.eks.aws_iam_role.cluster_autoscaler",
            "module.eks.aws_iam_role.node",
            "module.eks.aws_iam_role_policy_attachment.cluster_autoscaler_attach",
            "module.eks.aws_iam_role_policy_attachment.cluster_policy",
            "module.eks.aws_iam_role_policy_attachment.cluster_vpc_resource_controller",
            "module.eks.aws_iam_role_policy_attachment.node_cni_policy",
            "module.eks.aws_iam_role_policy_attachment.node_ecr_readonly",
            "module.eks.aws_iam_role_policy_attachment.node_worker_policy",
            "module.eks.aws_launch_template.node_group",
            "module.eks.data.tls_certificate.this",
            "module.eks_addons.aws_eks_addon.coredns",
            "module.eks_addons.aws_eks_addon.ebs_csi",
            "module.eks_addons.aws_eks_addon.kube_proxy",
            "module.eks_addons.aws_eks_addon.metrics_server",
            "module.eks_addons.aws_eks_addon.vpc_cni",
            "module.eks_addons.aws_iam_role.ebs_csi",
            "module.eks_addons.aws_iam_role.vpc_cni",
            "module.eks_addons.aws_iam_role_policy_attachment.ebs_csi_policy",
            "module.eks_addons.aws_iam_role_policy_attachment.vpc_cni_policy",
            "module.vpc.aws_eip.nat",
            "module.vpc.aws_internet_gateway.this",
            "module.vpc.aws_nat_gateway.this",
            "module.vpc.aws_route_table.database",
            "module.vpc.aws_route_table.private",
            "module.vpc.aws_route_table.public",
            "module.vpc.aws_route_table_association.database",
            "module.vpc.aws_route_table_association.private",
            "module.vpc.aws_route_table_association.public",
            "module.vpc.aws_subnet.database",
            "module.vpc.aws_subnet.private",
            "module.vpc.aws_subnet.public",
            "module.vpc.aws_vpc.this"
          ]
        },
        {
          "index_key": "core-platform-be.yaml",
          "schema_version": 1,
          "attributes": {
            "api_version": "argoproj.io/v1alpha1",
            "apply_only": false,
            "force_conflicts": false,
            "force_new": false,
            "id": "/apis/argoproj.io/v1alpha1/namespaces/argo-cd/applications/stg-core-platform-be",
            "ignore_fields": null,
            "kind": "Application",
            "live_manifest_incluster": "376ed099df6123405c106ee7063b366c809cfd632d481ab0c44c36015c62443e",
            "live_uid": "8b2bb85a-6ab2-4869-96fd-759a320b1d44",
            "name": "stg-core-platform-be",
            "namespace": "argo-cd",
            "override_namespace": null,
            "sensitive_fields": null,
            "server_side_apply": false,
            "timeouts": null,
            "uid": "8b2bb85a-6ab2-4869-96fd-759a320b1d44",
            "validate_schema": true,
            "wait": null,
            "wait_for_rollout": true,
            "yaml_body": "﻿# ============================================================\r\n# ArgoCD Application Manifest â€” core-platform-be\r\n# ------------------------------------------------------------\r\n# This tells ArgoCD to watch the k8s-manifest GitHub repo\r\n# (staging branch) and automatically deploy whatever is inside\r\n# deployments/stg-core-platform-be/ into the EKS cluster.\r\n#\r\n# Flow:\r\n#   CodePipeline builds image â†’ pushes to ECR\r\n#   â†’ updates deployment.yaml in k8s-manifest (staging branch)\r\n#   â†’ ArgoCD detects the change here â†’ deploys to EKS namespace stg\r\n# ============================================================\r\napiVersion: argoproj.io/v1alpha1\r\nkind: Application\r\nmetadata:\r\n  name: stg-core-platform-be           # ArgoCD app name shown in UI\r\n  namespace: argo-cd                   # ArgoCD lives in the argo-cd namespace\r\n  labels:\r\n    app: stg-core-platform-be\r\n    tier: application\r\n    environment: stg\r\nspec:\r\n  project: default\r\n\r\n  # Source: which Git repo + branch + folder ArgoCD watches\r\n  source:\r\n    repoURL: git@github.com:Lawyered-in/k8s-manifest.git\r\n    targetRevision: staging            # watches the staging branch\r\n    path: deployments/stg-core-platform-be  # folder containing deployment.yaml\r\n\r\n  # Destination: where in EKS to deploy\r\n  destination:\r\n    server: https://kubernetes.default.svc\r\n    namespace: stg                     # deploys into the stg namespace\r\n\r\n  # SyncPolicy: automated â€” ArgoCD will auto-sync on every git change\r\n  syncPolicy:\r\n    automated:\r\n      prune: true                      # removes resources deleted from git\r\n      selfHeal: true                   # re-applies if someone manually changes cluster state\r\n    syncOptions:\r\n      - CreateNamespace=true           # creates stg namespace if it doesn't exist\r\n      - PrunePropagationPolicy=foreground\r\n      - PruneLast=true\r\n      - ServerSideApply=true           # safer apply â€” avoids immutable field errors\r\n\r\n  revisionHistoryLimit: 3             # keep last 3 sync history entries\r\n",
            "yaml_body_parsed": "apiVersion: argoproj.io/v1alpha1\nkind: Application\nmetadata:\n  labels:\n    app: stg-core-platform-be\n    environment: stg\n    tier: application\n  name: stg-core-platform-be\n  namespace: argo-cd\nspec:\n  destination:\n    namespace: stg\n    server: https://kubernetes.default.svc\n  project: default\n  revisionHistoryLimit: 3\n  source:\n    path: deployments/stg-core-platform-be\n    repoURL: git@github.com:Lawyered-in/k8s-manifest.git\n    targetRevision: staging\n  syncPolicy:\n    automated:\n      prune: true\n      selfHeal: true\n    syncOptions:\n    - CreateNamespace=true\n    - PrunePropagationPolicy=foreground\n    - PruneLast=true\n    - ServerSideApply=true\n",
            "yaml_incluster": "376ed099df6123405c106ee7063b366c809cfd632d481ab0c44c36015c62443e"
          },
          "sensitive_attributes": [
            [
              {
                "type": "get_attr",
                "value": "live_manifest_incluster"
              }
            ],
            [
              {
                "type": "get_attr",
                "value": "yaml_body"
              }
            ],
            [
              {
                "type": "get_attr",
                "value": "yaml_incluster"
              }
            ]
          ],
          "identity_schema_version": 0,
          "private": "eyJlMmJmYjczMC1lY2FhLTExZTYtOGY4OC0zNDM2M2JjN2M0YzAiOnsiY3JlYXRlIjo2MDAwMDAwMDAwMDB9LCJzY2hlbWFfdmVyc2lvbiI6IjEifQ==",
          "dependencies": [
            "module.eks.aws_eks_cluster.this",
            "module.eks.aws_eks_node_group.this",
            "module.eks.aws_iam_openid_connect_provider.this",
            "module.eks.aws_iam_policy.cluster_autoscaler",
            "module.eks.aws_iam_role.cluster",
            "module.eks.aws_iam_role.cluster_autoscaler",
            "module.eks.aws_iam_role.node",
            "module.eks.aws_iam_role_policy_attachment.cluster_autoscaler_attach",
            "module.eks.aws_iam_role_policy_attachment.cluster_policy",
            "module.eks.aws_iam_role_policy_attachment.cluster_vpc_resource_controller",
            "module.eks.aws_iam_role_policy_attachment.node_cni_policy",
            "module.eks.aws_iam_role_policy_attachment.node_ecr_readonly",
            "module.eks.aws_iam_role_policy_attachment.node_worker_policy",
            "module.eks.aws_launch_template.node_group",
            "module.eks.data.tls_certificate.this",
            "module.eks_addons.aws_eks_addon.coredns",
            "module.eks_addons.aws_eks_addon.ebs_csi",
            "module.eks_addons.aws_eks_addon.kube_proxy",
            "module.eks_addons.aws_eks_addon.metrics_server",
            "module.eks_addons.aws_eks_addon.vpc_cni",
            "module.eks_addons.aws_iam_role.ebs_csi",
            "module.eks_addons.aws_iam_role.vpc_cni",
            "module.eks_addons.aws_iam_role_policy_attachment.ebs_csi_policy",
            "module.eks_addons.aws_iam_role_policy_attachment.vpc_cni_policy",
            "module.vpc.aws_eip.nat",
            "module.vpc.aws_internet_gateway.this",
            "module.vpc.aws_nat_gateway.this",
            "module.vpc.aws_route_table.database",
            "module.vpc.aws_route_table.private",
            "module.vpc.aws_route_table.public",
            "module.vpc.aws_route_table_association.database",
            "module.vpc.aws_route_table_association.private",
            "module.vpc.aws_route_table_association.public",
            "module.vpc.aws_subnet.database",
            "module.vpc.aws_subnet.private",
            "module.vpc.aws_subnet.public",
            "module.vpc.aws_vpc.this"
          ]
        },
        {
          "index_key": "core-platform-fe.yaml",
          "schema_version": 1,
          "attributes": {
            "api_version": "argoproj.io/v1alpha1",
            "apply_only": false,
            "force_conflicts": false,
            "force_new": false,
            "id": "/apis/argoproj.io/v1alpha1/namespaces/argo-cd/applications/stg-core-platform-fe",
            "ignore_fields": null,
            "kind": "Application",
            "live_manifest_incluster": "dedb39ed32a4e673d0617363f642a8d1e6e2a3de707cec61a600e3655bc20b2d",
            "live_uid": "21d8e50e-69c1-48d5-a95e-671007df04b4",
            "name": "stg-core-platform-fe",
            "namespace": "argo-cd",
            "override_namespace": null,
            "sensitive_fields": null,
            "server_side_apply": false,
            "timeouts": null,
            "uid": "21d8e50e-69c1-48d5-a95e-671007df04b4",
            "validate_schema": true,
            "wait": null,
            "wait_for_rollout": true,
            "yaml_body": "﻿# ============================================================\r\n# ArgoCD Application Manifest â€” core-platform-fe\r\n# ------------------------------------------------------------\r\n# This tells ArgoCD to watch the k8s-manifest GitHub repo\r\n# (staging branch) and automatically deploy whatever is inside\r\n# deployments/stg-core-platform-fe/ into the EKS cluster.\r\n#\r\n# Flow:\r\n#   CodePipeline builds image â†’ pushes to ECR\r\n#   â†’ updates deployment.yaml in k8s-manifest (staging branch)\r\n#   â†’ ArgoCD detects the change here â†’ deploys to EKS namespace stg\r\n# ============================================================\r\napiVersion: argoproj.io/v1alpha1\r\nkind: Application\r\nmetadata:\r\n  name: stg-core-platform-fe           # ArgoCD app name shown in UI\r\n  namespace: argo-cd                   # ArgoCD lives in the argo-cd namespace\r\n  labels:\r\n    app: stg-core-platform-fe\r\n    tier: application\r\n    environment: stg\r\nspec:\r\n  project: default\r\n\r\n  # Source: which Git repo + branch + folder ArgoCD watches\r\n  source:\r\n    repoURL: git@github.com:Lawyered-in/k8s-manifest.git\r\n    targetRevision: staging            # watches the staging branch\r\n    path: deployments/stg-core-platform-fe   # folder containing deployment.yaml\r\n\r\n  # Destination: where in EKS to deploy\r\n  destination:\r\n    server: https://kubernetes.default.svc\r\n    namespace: stg                     # deploys into the stg namespace\r\n\r\n  # SyncPolicy: automated â€” ArgoCD will auto-sync on every git change\r\n  syncPolicy:\r\n    automated:\r\n      prune: true                      # removes resources deleted from git\r\n      selfHeal: true                   # re-applies if someone manually changes cluster state\r\n    syncOptions:\r\n      - CreateNamespace=true           # creates stg namespace if it doesn't exist\r\n      - PrunePropagationPolicy=foreground\r\n      - PruneLast=true\r\n      - ServerSideApply=true           # safer apply â€” avoids immutable field errors\r\n\r\n  revisionHistoryLimit: 3             # keep last 3 sync history entries\r\n",
            "yaml_body_parsed": "apiVersion: argoproj.io/v1alpha1\nkind: Application\nmetadata:\n  labels:\n    app: stg-core-platform-fe\n    environment: stg\n    tier: application\n  name: stg-core-platform-fe\n  namespace: argo-cd\nspec:\n  destination:\n    namespace: stg\n    server: https://kubernetes.default.svc\n  project: default\n  revisionHistoryLimit: 3\n  source:\n    path: deployments/stg-core-platform-fe\n    repoURL: git@github.com:Lawyered-in/k8s-manifest.git\n    targetRevision: staging\n  syncPolicy:\n    automated:\n      prune: true\n      selfHeal: true\n    syncOptions:\n    - CreateNamespace=true\n    - PrunePropagationPolicy=foreground\n    - PruneLast=true\n    - ServerSideApply=true\n",
            "yaml_incluster": "dedb39ed32a4e673d0617363f642a8d1e6e2a3de707cec61a600e3655bc20b2d"
          },
          "sensitive_attributes": [
            [
              {
                "type": "get_attr",
                "value": "live_manifest_incluster"
              }
            ],
            [
              {
                "type": "get_attr",
                "value": "yaml_body"
              }
            ],
            [
              {
                "type": "get_attr",
                "value": "yaml_incluster"
              }
            ]
          ],
          "identity_schema_version": 0,
          "private": "eyJlMmJmYjczMC1lY2FhLTExZTYtOGY4OC0zNDM2M2JjN2M0YzAiOnsiY3JlYXRlIjo2MDAwMDAwMDAwMDB9LCJzY2hlbWFfdmVyc2lvbiI6IjEifQ==",
          "dependencies": [
            "module.eks.aws_eks_cluster.this",
            "module.eks.aws_eks_node_group.this",
            "module.eks.aws_iam_openid_connect_provider.this",
            "module.eks.aws_iam_policy.cluster_autoscaler",
            "module.eks.aws_iam_role.cluster",
            "module.eks.aws_iam_role.cluster_autoscaler",
            "module.eks.aws_iam_role.node",
            "module.eks.aws_iam_role_policy_attachment.cluster_autoscaler_attach",
            "module.eks.aws_iam_role_policy_attachment.cluster_policy",
            "module.eks.aws_iam_role_policy_attachment.cluster_vpc_resource_controller",
            "module.eks.aws_iam_role_policy_attachment.node_cni_policy",
            "module.eks.aws_iam_role_policy_attachment.node_ecr_readonly",
            "module.eks.aws_iam_role_policy_attachment.node_worker_policy",
            "module.eks.aws_launch_template.node_group",
            "module.eks.data.tls_certificate.this",
            "module.eks_addons.aws_eks_addon.coredns",
            "module.eks_addons.aws_eks_addon.ebs_csi",
            "module.eks_addons.aws_eks_addon.kube_proxy",
            "module.eks_addons.aws_eks_addon.metrics_server",
            "module.eks_addons.aws_eks_addon.vpc_cni",
            "module.eks_addons.aws_iam_role.ebs_csi",
            "module.eks_addons.aws_iam_role.vpc_cni",
            "module.eks_addons.aws_iam_role_policy_attachment.ebs_csi_policy",
            "module.eks_addons.aws_iam_role_policy_attachment.vpc_cni_policy",
            "module.vpc.aws_eip.nat",
            "module.vpc.aws_internet_gateway.this",
            "module.vpc.aws_nat_gateway.this",
            "module.vpc.aws_route_table.database",
            "module.vpc.aws_route_table.private",
            "module.vpc.aws_route_table.public",
            "module.vpc.aws_route_table_association.database",
            "module.vpc.aws_route_table_association.private",
            "module.vpc.aws_route_table_association.public",
            "module.vpc.aws_subnet.database",
            "module.vpc.aws_subnet.private",
            "module.vpc.aws_subnet.public",
            "module.vpc.aws_vpc.this"
          ]
        },
        {
          "index_key": "coworking-platform-be.yaml",
          "schema_version": 1,
          "attributes": {
            "api_version": "argoproj.io/v1alpha1",
            "apply_only": false,
            "force_conflicts": false,
            "force_new": false,
            "id": "/apis/argoproj.io/v1alpha1/namespaces/argo-cd/applications/stg-coworking-platform-be",
            "ignore_fields": null,
            "kind": "Application",
            "live_manifest_incluster": "a13636eaf2ba1f69de7716c19fa2630746463d60efc027c56e7bbc5ae6a2577a",
            "live_uid": "b65f39e6-24ce-413e-b166-fb0cdd87ca53",
            "name": "stg-coworking-platform-be",
            "namespace": "argo-cd",
            "override_namespace": null,
            "sensitive_fields": null,
            "server_side_apply": false,
            "timeouts": null,
            "uid": "b65f39e6-24ce-413e-b166-fb0cdd87ca53",
            "validate_schema": true,
            "wait": null,
            "wait_for_rollout": true,
            "yaml_body": "﻿# ============================================================\r\n# ArgoCD Application Manifest â€” coworking-platform-be\r\n# ------------------------------------------------------------\r\n# This tells ArgoCD to watch the k8s-manifest GitHub repo\r\n# (staging branch) and automatically deploy whatever is inside\r\n# deployments/stg-coworking-platform-be/ into the EKS cluster.\r\n#\r\n# Flow:\r\n#   CodePipeline builds image â†’ pushes to ECR\r\n#   â†’ updates deployment.yaml in k8s-manifest (staging branch)\r\n#   â†’ ArgoCD detects the change here â†’ deploys to EKS namespace stg\r\n# ============================================================\r\napiVersion: argoproj.io/v1alpha1\r\nkind: Application\r\nmetadata:\r\n  name: stg-coworking-platform-be      # ArgoCD app name shown in UI\r\n  namespace: argo-cd                   # ArgoCD lives in the argo-cd namespace\r\n  labels:\r\n    app: stg-coworking-platform-be\r\n    tier: application\r\n    environment: stg\r\nspec:\r\n  project: default\r\n\r\n  # Source: which Git repo + branch + folder ArgoCD watches\r\n  source:\r\n    repoURL: git@github.com:Lawyered-in/k8s-manifest.git\r\n    targetRevision: staging            # watches the staging branch\r\n    path: deployments/stg-coworking-platform-be  # folder containing deployment.yaml\r\n\r\n  # Destination: where in EKS to deploy\r\n  destination:\r\n    server: https://kubernetes.default.svc\r\n    namespace: stg                     # deploys into the stg namespace\r\n\r\n  # SyncPolicy: automated â€” ArgoCD will auto-sync on every git change\r\n  syncPolicy:\r\n    automated:\r\n      prune: true                      # removes resources deleted from git\r\n      selfHeal: true                   # re-applies if someone manually changes cluster state\r\n    syncOptions:\r\n      - CreateNamespace=true           # creates stg namespace if it doesn't exist\r\n      - PrunePropagationPolicy=foreground\r\n      - PruneLast=true\r\n      - ServerSideApply=true           # safer apply â€” avoids immutable field errors\r\n\r\n  revisionHistoryLimit: 3             # keep last 3 sync history entries\r\n",
            "yaml_body_parsed": "apiVersion: argoproj.io/v1alpha1\nkind: Application\nmetadata:\n  labels:\n    app: stg-coworking-platform-be\n    environment: stg\n    tier: application\n  name: stg-coworking-platform-be\n  namespace: argo-cd\nspec:\n  destination:\n    namespace: stg\n    server: https://kubernetes.default.svc\n  project: default\n  revisionHistoryLimit: 3\n  source:\n    path: deployments/stg-coworking-platform-be\n    repoURL: git@github.com:Lawyered-in/k8s-manifest.git\n    targetRevision: staging\n  syncPolicy:\n    automated:\n      prune: true\n      selfHeal: true\n    syncOptions:\n    - CreateNamespace=true\n    - PrunePropagationPolicy=foreground\n    - PruneLast=true\n    - ServerSideApply=true\n",
            "yaml_incluster": "a13636eaf2ba1f69de7716c19fa2630746463d60efc027c56e7bbc5ae6a2577a"
          },
          "sensitive_attributes": [
            [
              {
                "type": "get_attr",
                "value": "live_manifest_incluster"
              }
            ],
            [
              {
                "type": "get_attr",
                "value": "yaml_body"
              }
            ],
            [
              {
                "type": "get_attr",
                "value": "yaml_incluster"
              }
            ]
          ],
          "identity_schema_version": 0,
          "private": "eyJlMmJmYjczMC1lY2FhLTExZTYtOGY4OC0zNDM2M2JjN2M0YzAiOnsiY3JlYXRlIjo2MDAwMDAwMDAwMDB9LCJzY2hlbWFfdmVyc2lvbiI6IjEifQ==",
          "dependencies": [
            "module.eks.aws_eks_cluster.this",
            "module.eks.aws_eks_node_group.this",
            "module.eks.aws_iam_openid_connect_provider.this",
            "module.eks.aws_iam_policy.cluster_autoscaler",
            "module.eks.aws_iam_role.cluster",
            "module.eks.aws_iam_role.cluster_autoscaler",
            "module.eks.aws_iam_role.node",
            "module.eks.aws_iam_role_policy_attachment.cluster_autoscaler_attach",
            "module.eks.aws_iam_role_policy_attachment.cluster_policy",
            "module.eks.aws_iam_role_policy_attachment.cluster_vpc_resource_controller",
            "module.eks.aws_iam_role_policy_attachment.node_cni_policy",
            "module.eks.aws_iam_role_policy_attachment.node_ecr_readonly",
            "module.eks.aws_iam_role_policy_attachment.node_worker_policy",
            "module.eks.aws_launch_template.node_group",
            "module.eks.data.tls_certificate.this",
            "module.eks_addons.aws_eks_addon.coredns",
            "module.eks_addons.aws_eks_addon.ebs_csi",
            "module.eks_addons.aws_eks_addon.kube_proxy",
            "module.eks_addons.aws_eks_addon.metrics_server",
            "module.eks_addons.aws_eks_addon.vpc_cni",
            "module.eks_addons.aws_iam_role.ebs_csi",
            "module.eks_addons.aws_iam_role.vpc_cni",
            "module.eks_addons.aws_iam_role_policy_attachment.ebs_csi_policy",
            "module.eks_addons.aws_iam_role_policy_attachment.vpc_cni_policy",
            "module.vpc.aws_eip.nat",
            "module.vpc.aws_internet_gateway.this",
            "module.vpc.aws_nat_gateway.this",
            "module.vpc.aws_route_table.database",
            "module.vpc.aws_route_table.private",
            "module.vpc.aws_route_table.public",
            "module.vpc.aws_route_table_association.database",
            "module.vpc.aws_route_table_association.private",
            "module.vpc.aws_route_table_association.public",
            "module.vpc.aws_subnet.database",
            "module.vpc.aws_subnet.private",
            "module.vpc.aws_subnet.public",
            "module.vpc.aws_vpc.this"
          ]
        },
        {
          "index_key": "coworking-platform-fe.yaml",
          "schema_version": 1,
          "attributes": {
            "api_version": "argoproj.io/v1alpha1",
            "apply_only": false,
            "force_conflicts": false,
            "force_new": false,
            "id": "/apis/argoproj.io/v1alpha1/namespaces/argo-cd/applications/stg-coworking-platform-fe",
            "ignore_fields": null,
            "kind": "Application",
            "live_manifest_incluster": "88f237224a3aefa76092e26b4e3480490f8a165acc2bd2d7f3a3b3dc4a40055f",
            "live_uid": "958e7bfe-b210-4936-b15f-e3563f861e35",
            "name": "stg-coworking-platform-fe",
            "namespace": "argo-cd",
            "override_namespace": null,
            "sensitive_fields": null,
            "server_side_apply": false,
            "timeouts": null,
            "uid": "958e7bfe-b210-4936-b15f-e3563f861e35",
            "validate_schema": true,
            "wait": null,
            "wait_for_rollout": true,
            "yaml_body": "﻿# ============================================================\r\n# ArgoCD Application Manifest â€” coworking-platform-fe\r\n# ------------------------------------------------------------\r\n# This tells ArgoCD to watch the k8s-manifest GitHub repo\r\n# (staging branch) and automatically deploy whatever is inside\r\n# deployments/stg-coworking-platform-fe/ into the EKS cluster.\r\n#\r\n# Flow:\r\n#   CodePipeline builds image â†’ pushes to ECR\r\n#   â†’ updates deployment.yaml in k8s-manifest (staging branch)\r\n#   â†’ ArgoCD detects the change here â†’ deploys to EKS namespace stg\r\n# ============================================================\r\napiVersion: argoproj.io/v1alpha1\r\nkind: Application\r\nmetadata:\r\n  name: stg-coworking-platform-fe      # ArgoCD app name shown in UI\r\n  namespace: argo-cd                   # ArgoCD lives in the argo-cd namespace\r\n  labels:\r\n    app: stg-coworking-platform-fe\r\n    tier: application\r\n    environment: stg\r\nspec:\r\n  project: default\r\n\r\n  # Source: which Git repo + branch + folder ArgoCD watches\r\n  source:\r\n    repoURL: git@github.com:Lawyered-in/k8s-manifest.git\r\n    targetRevision: staging            # watches the staging branch\r\n    path: deployments/stg-coworking-platform-fe  # folder containing deployment.yaml\r\n\r\n  # Destination: where in EKS to deploy\r\n  destination:\r\n    server: https://kubernetes.default.svc\r\n    namespace: stg                     # deploys into the stg namespace\r\n\r\n  # SyncPolicy: automated â€” ArgoCD will auto-sync on every git change\r\n  syncPolicy:\r\n    automated:\r\n      prune: true                      # removes resources deleted from git\r\n      selfHeal: true                   # re-applies if someone manually changes cluster state\r\n    syncOptions:\r\n      - CreateNamespace=true           # creates stg namespace if it doesn't exist\r\n      - PrunePropagationPolicy=foreground\r\n      - PruneLast=true\r\n      - ServerSideApply=true           # safer apply â€” avoids immutable field errors\r\n\r\n  revisionHistoryLimit: 3             # keep last 3 sync history entries\r\n",
            "yaml_body_parsed": "apiVersion: argoproj.io/v1alpha1\nkind: Application\nmetadata:\n  labels:\n    app: stg-coworking-platform-fe\n    environment: stg\n    tier: application\n  name: stg-coworking-platform-fe\n  namespace: argo-cd\nspec:\n  destination:\n    namespace: stg\n    server: https://kubernetes.default.svc\n  project: default\n  revisionHistoryLimit: 3\n  source:\n    path: deployments/stg-coworking-platform-fe\n    repoURL: git@github.com:Lawyered-in/k8s-manifest.git\n    targetRevision: staging\n  syncPolicy:\n    automated:\n      prune: true\n      selfHeal: true\n    syncOptions:\n    - CreateNamespace=true\n    - PrunePropagationPolicy=foreground\n    - PruneLast=true\n    - ServerSideApply=true\n",
            "yaml_incluster": "88f237224a3aefa76092e26b4e3480490f8a165acc2bd2d7f3a3b3dc4a40055f"
          },
          "sensitive_attributes": [
            [
              {
                "type": "get_attr",
                "value": "live_manifest_incluster"
              }
            ],
            [
              {
                "type": "get_attr",
                "value": "yaml_body"
              }
            ],
            [
              {
                "type": "get_attr",
                "value": "yaml_incluster"
              }
            ]
          ],
          "identity_schema_version": 0,
          "private": "eyJlMmJmYjczMC1lY2FhLTExZTYtOGY4OC0zNDM2M2JjN2M0YzAiOnsiY3JlYXRlIjo2MDAwMDAwMDAwMDB9LCJzY2hlbWFfdmVyc2lvbiI6IjEifQ==",
          "dependencies": [
            "module.eks.aws_eks_cluster.this",
            "module.eks.aws_eks_node_group.this",
            "module.eks.aws_iam_openid_connect_provider.this",
            "module.eks.aws_iam_policy.cluster_autoscaler",
            "module.eks.aws_iam_role.cluster",
            "module.eks.aws_iam_role.cluster_autoscaler",
            "module.eks.aws_iam_role.node",
            "module.eks.aws_iam_role_policy_attachment.cluster_autoscaler_attach",
            "module.eks.aws_iam_role_policy_attachment.cluster_policy",
            "module.eks.aws_iam_role_policy_attachment.cluster_vpc_resource_controller",
            "module.eks.aws_iam_role_policy_attachment.node_cni_policy",
            "module.eks.aws_iam_role_policy_attachment.node_ecr_readonly",
            "module.eks.aws_iam_role_policy_attachment.node_worker_policy",
            "module.eks.aws_launch_template.node_group",
            "module.eks.data.tls_certificate.this",
            "module.eks_addons.aws_eks_addon.coredns",
            "module.eks_addons.aws_eks_addon.ebs_csi",
            "module.eks_addons.aws_eks_addon.kube_proxy",
            "module.eks_addons.aws_eks_addon.metrics_server",
            "module.eks_addons.aws_eks_addon.vpc_cni",
            "module.eks_addons.aws_iam_role.ebs_csi",
            "module.eks_addons.aws_iam_role.vpc_cni",
            "module.eks_addons.aws_iam_role_policy_attachment.ebs_csi_policy",
            "module.eks_addons.aws_iam_role_policy_attachment.vpc_cni_policy",
            "module.vpc.aws_eip.nat",
            "module.vpc.aws_internet_gateway.this",
            "module.vpc.aws_nat_gateway.this",
            "module.vpc.aws_route_table.database",
            "module.vpc.aws_route_table.private",
            "module.vpc.aws_route_table.public",
            "module.vpc.aws_route_table_association.database",
            "module.vpc.aws_route_table_association.private",
            "module.vpc.aws_route_table_association.public",
            "module.vpc.aws_subnet.database",
            "module.vpc.aws_subnet.private",
            "module.vpc.aws_subnet.public",
            "module.vpc.aws_vpc.this"
          ]
        },
        {
          "index_key": "infrastructure-storage/storage-class.yaml",
          "schema_version": 1,
          "attributes": {
            "api_version": "storage.k8s.io/v1",
            "apply_only": false,
            "force_conflicts": false,
            "force_new": false,
            "id": "/apis/storage.k8s.io/v1/storageclasses/ebs-sc",
            "ignore_fields": null,
            "kind": "StorageClass",
            "live_manifest_incluster": "bfe530d230ec8ccd1f6b888bc69e51a7f59d3b4b23b6a364f26db016853fd926",
            "live_uid": "6ddd5c79-4b3a-4728-a260-15a682016fdf",
            "name": "ebs-sc",
            "namespace": null,
            "override_namespace": null,
            "sensitive_fields": null,
            "server_side_apply": false,
            "timeouts": null,
            "uid": "6ddd5c79-4b3a-4728-a260-15a682016fdf",
            "validate_schema": true,
            "wait": null,
            "wait_for_rollout": true,
            "yaml_body": "﻿# Cluster Storage Class Profile\r\napiVersion: storage.k8s.io/v1\r\nkind: StorageClass\r\nmetadata:\r\n  name: ebs-sc\r\nprovisioner: ebs.csi.aws.com\r\nvolumeBindingMode: WaitForFirstConsumer\r\nreclaimPolicy: Retain\r\nallowVolumeExpansion: true\r\nparameters:\r\n  type: gp3\r\n  fsType: ext4\r\n  encrypted: \"true\"\r\n",
            "yaml_body_parsed": "allowVolumeExpansion: true\napiVersion: storage.k8s.io/v1\nkind: StorageClass\nmetadata:\n  name: ebs-sc\nparameters:\n  encrypted: \"true\"\n  fsType: ext4\n  type: gp3\nprovisioner: ebs.csi.aws.com\nreclaimPolicy: Retain\nvolumeBindingMode: WaitForFirstConsumer\n",
            "yaml_incluster": "bfe530d230ec8ccd1f6b888bc69e51a7f59d3b4b23b6a364f26db016853fd926"
          },
          "sensitive_attributes": [
            [
              {
                "type": "get_attr",
                "value": "live_manifest_incluster"
              }
            ],
            [
              {
                "type": "get_attr",
                "value": "yaml_body"
              }
            ],
            [
              {
                "type": "get_attr",
                "value": "yaml_incluster"
              }
            ]
          ],
          "identity_schema_version": 0,
          "private": "eyJlMmJmYjczMC1lY2FhLTExZTYtOGY4OC0zNDM2M2JjN2M0YzAiOnsiY3JlYXRlIjo2MDAwMDAwMDAwMDB9LCJzY2hlbWFfdmVyc2lvbiI6IjEifQ==",
          "dependencies": [
            "module.eks.aws_eks_cluster.this",
            "module.eks.aws_eks_node_group.this",
            "module.eks.aws_iam_openid_connect_provider.this",
            "module.eks.aws_iam_policy.cluster_autoscaler",
            "module.eks.aws_iam_role.cluster",
            "module.eks.aws_iam_role.cluster_autoscaler",
            "module.eks.aws_iam_role.node",
            "module.eks.aws_iam_role_policy_attachment.cluster_autoscaler_attach",
            "module.eks.aws_iam_role_policy_attachment.cluster_policy",
            "module.eks.aws_iam_role_policy_attachment.cluster_vpc_resource_controller",
            "module.eks.aws_iam_role_policy_attachment.node_cni_policy",
            "module.eks.aws_iam_role_policy_attachment.node_ecr_readonly",
            "module.eks.aws_iam_role_policy_attachment.node_worker_policy",
            "module.eks.aws_launch_template.node_group",
            "module.eks.data.tls_certificate.this",
            "module.eks_addons.aws_eks_addon.coredns",
            "module.eks_addons.aws_eks_addon.ebs_csi",
            "module.eks_addons.aws_eks_addon.kube_proxy",
            "module.eks_addons.aws_eks_addon.metrics_server",
            "module.eks_addons.aws_eks_addon.vpc_cni",
            "module.eks_addons.aws_iam_role.ebs_csi",
            "module.eks_addons.aws_iam_role.vpc_cni",
            "module.eks_addons.aws_iam_role_policy_attachment.ebs_csi_policy",
            "module.eks_addons.aws_iam_role_policy_attachment.vpc_cni_policy",
            "module.vpc.aws_eip.nat",
            "module.vpc.aws_internet_gateway.this",
            "module.vpc.aws_nat_gateway.this",
            "module.vpc.aws_route_table.database",
            "module.vpc.aws_route_table.private",
            "module.vpc.aws_route_table.public",
            "module.vpc.aws_route_table_association.database",
            "module.vpc.aws_route_table_association.private",
            "module.vpc.aws_route_table_association.public",
            "module.vpc.aws_subnet.database",
            "module.vpc.aws_subnet.private",
            "module.vpc.aws_subnet.public",
            "module.vpc.aws_vpc.this"
          ]
        },
        {
          "index_key": "lawyered-in-website.yaml",
          "schema_version": 1,
          "attributes": {
            "api_version": "argoproj.io/v1alpha1",
            "apply_only": false,
            "force_conflicts": false,
            "force_new": false,
            "id": "/apis/argoproj.io/v1alpha1/namespaces/argo-cd/applications/stg-lawyered-in-website",
            "ignore_fields": null,
            "kind": "Application",
            "live_manifest_incluster": "9a341e0fe00558ec210fff55e8758a0893f37a9ada29c98d952cfc08b94c86c2",
            "live_uid": "182143b4-533a-44f5-9de1-6a8b23a59b68",
            "name": "stg-lawyered-in-website",
            "namespace": "argo-cd",
            "override_namespace": null,
            "sensitive_fields": null,
            "server_side_apply": false,
            "timeouts": null,
            "uid": "182143b4-533a-44f5-9de1-6a8b23a59b68",
            "validate_schema": true,
            "wait": null,
            "wait_for_rollout": true,
            "yaml_body": "﻿# Argo CD Application for lawyered-in-website\r\napiVersion: argoproj.io/v1alpha1\r\nkind: Application\r\nmetadata:\r\n  name: stg-lawyered-in-website\r\n  namespace: argo-cd\r\n  labels:\r\n    app: stg-lawyered-in-website\r\n    tier: application\r\n    environment: stg\r\nspec:\r\n  project: default\r\n  source:\r\n    repoURL: git@github.com:Lawyered-in/k8s-manifest.git\r\n    targetRevision: staging\r\n    path: deployments/stg-lawyered-in-website\r\n  destination:\r\n    server: https://kubernetes.default.svc\r\n    namespace: stg\r\n  syncPolicy:\r\n    automated:\r\n      prune: true\r\n      selfHeal: true\r\n    syncOptions:\r\n      - CreateNamespace=true\r\n      - PrunePropagationPolicy=foreground\r\n      - PruneLast=true\r\n      - Replace=true\r\n  revisionHistoryLimit: 3\r\n",
            "yaml_body_parsed": "apiVersion: argoproj.io/v1alpha1\nkind: Application\nmetadata:\n  labels:\n    app: stg-lawyered-in-website\n    environment: stg\n    tier: application\n  name: stg-lawyered-in-website\n  namespace: argo-cd\nspec:\n  destination:\n    namespace: stg\n    server: https://kubernetes.default.svc\n  project: default\n  revisionHistoryLimit: 3\n  source:\n    path: deployments/stg-lawyered-in-website\n    repoURL: git@github.com:Lawyered-in/k8s-manifest.git\n    targetRevision: staging\n  syncPolicy:\n    automated:\n      prune: true\n      selfHeal: true\n    syncOptions:\n    - CreateNamespace=true\n    - PrunePropagationPolicy=foreground\n    - PruneLast=true\n    - Replace=true\n",
            "yaml_incluster": "9a341e0fe00558ec210fff55e8758a0893f37a9ada29c98d952cfc08b94c86c2"
          },
          "sensitive_attributes": [
            [
              {
                "type": "get_attr",
                "value": "live_manifest_incluster"
              }
            ],
            [
              {
                "type": "get_attr",
                "value": "yaml_body"
              }
            ],
            [
              {
                "type": "get_attr",
                "value": "yaml_incluster"
              }
            ]
          ],
          "identity_schema_version": 0,
          "private": "eyJlMmJmYjczMC1lY2FhLTExZTYtOGY4OC0zNDM2M2JjN2M0YzAiOnsiY3JlYXRlIjo2MDAwMDAwMDAwMDB9LCJzY2hlbWFfdmVyc2lvbiI6IjEifQ==",
          "dependencies": [
            "module.eks.aws_eks_cluster.this",
            "module.eks.aws_eks_node_group.this",
            "module.eks.aws_iam_openid_connect_provider.this",
            "module.eks.aws_iam_policy.cluster_autoscaler",
            "module.eks.aws_iam_role.cluster",
            "module.eks.aws_iam_role.cluster_autoscaler",
            "module.eks.aws_iam_role.node",
            "module.eks.aws_iam_role_policy_attachment.cluster_autoscaler_attach",
            "module.eks.aws_iam_role_policy_attachment.cluster_policy",
            "module.eks.aws_iam_role_policy_attachment.cluster_vpc_resource_controller",
            "module.eks.aws_iam_role_policy_attachment.node_cni_policy",
            "module.eks.aws_iam_role_policy_attachment.node_ecr_readonly",
            "module.eks.aws_iam_role_policy_attachment.node_worker_policy",
            "module.eks.aws_launch_template.node_group",
            "module.eks.data.tls_certificate.this",
            "module.eks_addons.aws_eks_addon.coredns",
            "module.eks_addons.aws_eks_addon.ebs_csi",
            "module.eks_addons.aws_eks_addon.kube_proxy",
            "module.eks_addons.aws_eks_addon.metrics_server",
            "module.eks_addons.aws_eks_addon.vpc_cni",
            "module.eks_addons.aws_iam_role.ebs_csi",
            "module.eks_addons.aws_iam_role.vpc_cni",
            "module.eks_addons.aws_iam_role_policy_attachment.ebs_csi_policy",
            "module.eks_addons.aws_iam_role_policy_attachment.vpc_cni_policy",
            "module.vpc.aws_eip.nat",
            "module.vpc.aws_internet_gateway.this",
            "module.vpc.aws_nat_gateway.this",
            "module.vpc.aws_route_table.database",
            "module.vpc.aws_route_table.private",
            "module.vpc.aws_route_table.public",
            "module.vpc.aws_route_table_association.database",
            "module.vpc.aws_route_table_association.private",
            "module.vpc.aws_route_table_association.public",
            "module.vpc.aws_subnet.database",
            "module.vpc.aws_subnet.private",
            "module.vpc.aws_subnet.public",
            "module.vpc.aws_vpc.this"
          ]
        },
        {
          "index_key": "partners-portal-fe.yaml",
          "schema_version": 1,
          "attributes": {
            "api_version": "argoproj.io/v1alpha1",
            "apply_only": false,
            "force_conflicts": false,
            "force_new": false,
            "id": "/apis/argoproj.io/v1alpha1/namespaces/argo-cd/applications/stg-partners-portal-fe",
            "ignore_fields": null,
            "kind": "Application",
            "live_manifest_incluster": "adc95490c62a24c91a0b5a4a2f2c0830deed2d3ca924d3a2ac1e9b1019686847",
            "live_uid": "0830c0ce-d63a-483c-92af-cd2b5cc89cf8",
            "name": "stg-partners-portal-fe",
            "namespace": "argo-cd",
            "override_namespace": null,
            "sensitive_fields": null,
            "server_side_apply": false,
            "timeouts": null,
            "uid": "0830c0ce-d63a-483c-92af-cd2b5cc89cf8",
            "validate_schema": true,
            "wait": null,
            "wait_for_rollout": true,
            "yaml_body": "﻿apiVersion: argoproj.io/v1alpha1\r\nkind: Application\r\nmetadata:\r\n  name: stg-partners-portal-fe\r\n  namespace: argo-cd\r\n  labels:\r\n    app: stg-partners-portal-fe\r\n    tier: application\r\n    environment: stg\r\nspec:\r\n  project: default\r\n  source:\r\n    repoURL: git@github.com:Lawyered-in/k8s-manifest.git\r\n    targetRevision: staging\r\n    path: deployments/stg-partners-portal-fe\r\n  destination:\r\n    server: https://kubernetes.default.svc\r\n    namespace: stg\r\n  syncPolicy:\r\n    automated:\r\n      prune: true\r\n      selfHeal: true\r\n    syncOptions:\r\n      - CreateNamespace=true\r\n      - PrunePropagationPolicy=foreground\r\n      - PruneLast=true\r\n      - Replace=true\r\n  revisionHistoryLimit: 3\r\n",
            "yaml_body_parsed": "apiVersion: argoproj.io/v1alpha1\nkind: Application\nmetadata:\n  labels:\n    app: stg-partners-portal-fe\n    environment: stg\n    tier: application\n  name: stg-partners-portal-fe\n  namespace: argo-cd\nspec:\n  destination:\n    namespace: stg\n    server: https://kubernetes.default.svc\n  project: default\n  revisionHistoryLimit: 3\n  source:\n    path: deployments/stg-partners-portal-fe\n    repoURL: git@github.com:Lawyered-in/k8s-manifest.git\n    targetRevision: staging\n  syncPolicy:\n    automated:\n      prune: true\n      selfHeal: true\n    syncOptions:\n    - CreateNamespace=true\n    - PrunePropagationPolicy=foreground\n    - PruneLast=true\n    - Replace=true\n",
            "yaml_incluster": "adc95490c62a24c91a0b5a4a2f2c0830deed2d3ca924d3a2ac1e9b1019686847"
          },
          "sensitive_attributes": [
            [
              {
                "type": "get_attr",
                "value": "live_manifest_incluster"
              }
            ],
            [
              {
                "type": "get_attr",
                "value": "yaml_body"
              }
            ],
            [
              {
                "type": "get_attr",
                "value": "yaml_incluster"
              }
            ]
          ],
          "identity_schema_version": 0,
          "private": "eyJlMmJmYjczMC1lY2FhLTExZTYtOGY4OC0zNDM2M2JjN2M0YzAiOnsiY3JlYXRlIjo2MDAwMDAwMDAwMDB9LCJzY2hlbWFfdmVyc2lvbiI6IjEifQ==",
          "dependencies": [
            "module.eks.aws_eks_cluster.this",
            "module.eks.aws_eks_node_group.this",
            "module.eks.aws_iam_openid_connect_provider.this",
            "module.eks.aws_iam_policy.cluster_autoscaler",
            "module.eks.aws_iam_role.cluster",
            "module.eks.aws_iam_role.cluster_autoscaler",
            "module.eks.aws_iam_role.node",
            "module.eks.aws_iam_role_policy_attachment.cluster_autoscaler_attach",
            "module.eks.aws_iam_role_policy_attachment.cluster_policy",
            "module.eks.aws_iam_role_policy_attachment.cluster_vpc_resource_controller",
            "module.eks.aws_iam_role_policy_attachment.node_cni_policy",
            "module.eks.aws_iam_role_policy_attachment.node_ecr_readonly",
            "module.eks.aws_iam_role_policy_attachment.node_worker_policy",
            "module.eks.aws_launch_template.node_group",
            "module.eks.data.tls_certificate.this",
            "module.eks_addons.aws_eks_addon.coredns",
            "module.eks_addons.aws_eks_addon.ebs_csi",
            "module.eks_addons.aws_eks_addon.kube_proxy",
            "module.eks_addons.aws_eks_addon.metrics_server",
            "module.eks_addons.aws_eks_addon.vpc_cni",
            "module.eks_addons.aws_iam_role.ebs_csi",
            "module.eks_addons.aws_iam_role.vpc_cni",
            "module.eks_addons.aws_iam_role_policy_attachment.ebs_csi_policy",
            "module.eks_addons.aws_iam_role_policy_attachment.vpc_cni_policy",
            "module.vpc.aws_eip.nat",
            "module.vpc.aws_internet_gateway.this",
            "module.vpc.aws_nat_gateway.this",
            "module.vpc.aws_route_table.database",
            "module.vpc.aws_route_table.private",
            "module.vpc.aws_route_table.public",
            "module.vpc.aws_route_table_association.database",
            "module.vpc.aws_route_table_association.private",
            "module.vpc.aws_route_table_association.public",
            "module.vpc.aws_subnet.database",
            "module.vpc.aws_subnet.private",
            "module.vpc.aws_subnet.public",
            "module.vpc.aws_vpc.this"
          ]
        },
        {
          "index_key": "prosper-be.yaml",
          "schema_version": 1,
          "attributes": {
            "api_version": "argoproj.io/v1alpha1",
            "apply_only": false,
            "force_conflicts": false,
            "force_new": false,
            "id": "/apis/argoproj.io/v1alpha1/namespaces/argo-cd/applications/stg-prosper-be",
            "ignore_fields": null,
            "kind": "Application",
            "live_manifest_incluster": "e726722589bd92932d31b726dd087fcb509d4444cb1e565370564700ffd10486",
            "live_uid": "b7c71361-1409-40a0-a9eb-477cc8c5563a",
            "name": "stg-prosper-be",
            "namespace": "argo-cd",
            "override_namespace": null,
            "sensitive_fields": null,
            "server_side_apply": false,
            "timeouts": null,
            "uid": "b7c71361-1409-40a0-a9eb-477cc8c5563a",
            "validate_schema": true,
            "wait": null,
            "wait_for_rollout": true,
            "yaml_body": "# ============================================================\n# ArgoCD Application Manifest — prosper-be\n# ------------------------------------------------------------\napiVersion: argoproj.io/v1alpha1\nkind: Application\nmetadata:\n  name: stg-prosper-be\n  namespace: argo-cd\n  labels:\n    app: stg-prosper-be\n    tier: application\n    environment: stg\nspec:\n  project: default\n\n  source:\n    repoURL: git@github.com:Lawyered-in/k8s-manifest.git\n    targetRevision: staging\n    path: deployments/stg-prosper-be\n\n  destination:\n    server: https://kubernetes.default.svc\n    namespace: stg\n\n  syncPolicy:\n    automated:\n      prune: true\n      selfHeal: true\n    syncOptions:\n      - CreateNamespace=true\n      - PrunePropagationPolicy=foreground\n      - PruneLast=true\n      - ServerSideApply=true\n  revisionHistoryLimit: 3\n",
            "yaml_body_parsed": "apiVersion: argoproj.io/v1alpha1\nkind: Application\nmetadata:\n  labels:\n    app: stg-prosper-be\n    environment: stg\n    tier: application\n  name: stg-prosper-be\n  namespace: argo-cd\nspec:\n  destination:\n    namespace: stg\n    server: https://kubernetes.default.svc\n  project: default\n  revisionHistoryLimit: 3\n  source:\n    path: deployments/stg-prosper-be\n    repoURL: git@github.com:Lawyered-in/k8s-manifest.git\n    targetRevision: staging\n  syncPolicy:\n    automated:\n      prune: true\n      selfHeal: true\n    syncOptions:\n    - CreateNamespace=true\n    - PrunePropagationPolicy=foreground\n    - PruneLast=true\n    - ServerSideApply=true\n",
            "yaml_incluster": "e726722589bd92932d31b726dd087fcb509d4444cb1e565370564700ffd10486"
          },
          "sensitive_attributes": [
            [
              {
                "type": "get_attr",
                "value": "live_manifest_incluster"
              }
            ],
            [
              {
                "type": "get_attr",
                "value": "yaml_body"
              }
            ],
            [
              {
                "type": "get_attr",
                "value": "yaml_incluster"
              }
            ]
          ],
          "identity_schema_version": 0,
          "private": "eyJlMmJmYjczMC1lY2FhLTExZTYtOGY4OC0zNDM2M2JjN2M0YzAiOnsiY3JlYXRlIjo2MDAwMDAwMDAwMDB9LCJzY2hlbWFfdmVyc2lvbiI6IjEifQ==",
          "dependencies": [
            "module.eks.aws_eks_cluster.this",
            "module.eks.aws_eks_node_group.this",
            "module.eks.aws_iam_openid_connect_provider.this",
            "module.eks.aws_iam_policy.cluster_autoscaler",
            "module.eks.aws_iam_role.cluster",
            "module.eks.aws_iam_role.cluster_autoscaler",
            "module.eks.aws_iam_role.node",
            "module.eks.aws_iam_role_policy_attachment.cluster_autoscaler_attach",
            "module.eks.aws_iam_role_policy_attachment.cluster_policy",
            "module.eks.aws_iam_role_policy_attachment.cluster_vpc_resource_controller",
            "module.eks.aws_iam_role_policy_attachment.node_cni_policy",
            "module.eks.aws_iam_role_policy_attachment.node_ecr_readonly",
            "module.eks.aws_iam_role_policy_attachment.node_worker_policy",
            "module.eks.aws_launch_template.node_group",
            "module.eks.data.tls_certificate.this",
            "module.eks_addons.aws_eks_addon.coredns",
            "module.eks_addons.aws_eks_addon.ebs_csi",
            "module.eks_addons.aws_eks_addon.kube_proxy",
            "module.eks_addons.aws_eks_addon.metrics_server",
            "module.eks_addons.aws_eks_addon.vpc_cni",
            "module.eks_addons.aws_iam_role.ebs_csi",
            "module.eks_addons.aws_iam_role.vpc_cni",
            "module.eks_addons.aws_iam_role_policy_attachment.ebs_csi_policy",
            "module.eks_addons.aws_iam_role_policy_attachment.vpc_cni_policy",
            "module.vpc.aws_eip.nat",
            "module.vpc.aws_internet_gateway.this",
            "module.vpc.aws_nat_gateway.this",
            "module.vpc.aws_route_table.database",
            "module.vpc.aws_route_table.private",
            "module.vpc.aws_route_table.public",
            "module.vpc.aws_route_table_association.database",
            "module.vpc.aws_route_table_association.private",
            "module.vpc.aws_route_table_association.public",
            "module.vpc.aws_subnet.database",
            "module.vpc.aws_subnet.private",
            "module.vpc.aws_subnet.public",
            "module.vpc.aws_vpc.this"
          ]
        },
        {
          "index_key": "prosper-fe.yaml",
          "schema_version": 1,
          "attributes": {
            "api_version": "argoproj.io/v1alpha1",
            "apply_only": false,
            "force_conflicts": false,
            "force_new": false,
            "id": "/apis/argoproj.io/v1alpha1/namespaces/argo-cd/applications/stg-prosper-fe",
            "ignore_fields": null,
            "kind": "Application",
            "live_manifest_incluster": "0447882f66823f3a69b12a8f52fa1cf98329723e02d5043762de406989d930a0",
            "live_uid": "30c8ea35-9acb-4d16-8a21-685c23c08160",
            "name": "stg-prosper-fe",
            "namespace": "argo-cd",
            "override_namespace": null,
            "sensitive_fields": null,
            "server_side_apply": false,
            "timeouts": null,
            "uid": "30c8ea35-9acb-4d16-8a21-685c23c08160",
            "validate_schema": true,
            "wait": null,
            "wait_for_rollout": true,
            "yaml_body": "# ============================================================\n# ArgoCD Application Manifest — prosper-fe\n# ------------------------------------------------------------\napiVersion: argoproj.io/v1alpha1\nkind: Application\nmetadata:\n  name: stg-prosper-fe\n  namespace: argo-cd\n  labels:\n    app: stg-prosper-fe\n    tier: application\n    environment: stg\nspec:\n  project: default\n\n  source:\n    repoURL: git@github.com:Lawyered-in/k8s-manifest.git\n    targetRevision: staging\n    path: deployments/stg-prosper-fe\n\n  destination:\n    server: https://kubernetes.default.svc\n    namespace: stg\n\n  syncPolicy:\n    automated:\n      prune: true\n      selfHeal: true\n    syncOptions:\n      - CreateNamespace=true\n      - PrunePropagationPolicy=foreground\n      - PruneLast=true\n      - ServerSideApply=true\n  revisionHistoryLimit: 3\n",
            "yaml_body_parsed": "apiVersion: argoproj.io/v1alpha1\nkind: Application\nmetadata:\n  labels:\n    app: stg-prosper-fe\n    environment: stg\n    tier: application\n  name: stg-prosper-fe\n  namespace: argo-cd\nspec:\n  destination:\n    namespace: stg\n    server: https://kubernetes.default.svc\n  project: default\n  revisionHistoryLimit: 3\n  source:\n    path: deployments/stg-prosper-fe\n    repoURL: git@github.com:Lawyered-in/k8s-manifest.git\n    targetRevision: staging\n  syncPolicy:\n    automated:\n      prune: true\n      selfHeal: true\n    syncOptions:\n    - CreateNamespace=true\n    - PrunePropagationPolicy=foreground\n    - PruneLast=true\n    - ServerSideApply=true\n",
            "yaml_incluster": "0447882f66823f3a69b12a8f52fa1cf98329723e02d5043762de406989d930a0"
          },
          "sensitive_attributes": [
            [
              {
                "type": "get_attr",
                "value": "live_manifest_incluster"
              }
            ],
            [
              {
                "type": "get_attr",
                "value": "yaml_body"
              }
            ],
            [
              {
                "type": "get_attr",
                "value": "yaml_incluster"
              }
            ]
          ],
          "identity_schema_version": 0,
          "private": "eyJlMmJmYjczMC1lY2FhLTExZTYtOGY4OC0zNDM2M2JjN2M0YzAiOnsiY3JlYXRlIjo2MDAwMDAwMDAwMDB9LCJzY2hlbWFfdmVyc2lvbiI6IjEifQ==",
          "dependencies": [
            "module.eks.aws_eks_cluster.this",
            "module.eks.aws_eks_node_group.this",
            "module.eks.aws_iam_openid_connect_provider.this",
            "module.eks.aws_iam_policy.cluster_autoscaler",
            "module.eks.aws_iam_role.cluster",
            "module.eks.aws_iam_role.cluster_autoscaler",
            "module.eks.aws_iam_role.node",
            "module.eks.aws_iam_role_policy_attachment.cluster_autoscaler_attach",
            "module.eks.aws_iam_role_policy_attachment.cluster_policy",
            "module.eks.aws_iam_role_policy_attachment.cluster_vpc_resource_controller",
            "module.eks.aws_iam_role_policy_attachment.node_cni_policy",
            "module.eks.aws_iam_role_policy_attachment.node_ecr_readonly",
            "module.eks.aws_iam_role_policy_attachment.node_worker_policy",
            "module.eks.aws_launch_template.node_group",
            "module.eks.data.tls_certificate.this",
            "module.eks_addons.aws_eks_addon.coredns",
            "module.eks_addons.aws_eks_addon.ebs_csi",
            "module.eks_addons.aws_eks_addon.kube_proxy",
            "module.eks_addons.aws_eks_addon.metrics_server",
            "module.eks_addons.aws_eks_addon.vpc_cni",
            "module.eks_addons.aws_iam_role.ebs_csi",
            "module.eks_addons.aws_iam_role.vpc_cni",
            "module.eks_addons.aws_iam_role_policy_attachment.ebs_csi_policy",
            "module.eks_addons.aws_iam_role_policy_attachment.vpc_cni_policy",
            "module.vpc.aws_eip.nat",
            "module.vpc.aws_internet_gateway.this",
            "module.vpc.aws_nat_gateway.this",
            "module.vpc.aws_route_table.database",
            "module.vpc.aws_route_table.private",
            "module.vpc.aws_route_table.public",
            "module.vpc.aws_route_table_association.database",
            "module.vpc.aws_route_table_association.private",
            "module.vpc.aws_route_table_association.public",
            "module.vpc.aws_subnet.database",
            "module.vpc.aws_subnet.private",
            "module.vpc.aws_subnet.public",
            "module.vpc.aws_vpc.this"
          ]
        },
        {
          "index_key": "qr-api.yaml",
          "schema_version": 1,
          "attributes": {
            "api_version": "argoproj.io/v1alpha1",
            "apply_only": false,
            "force_conflicts": false,
            "force_new": false,
            "id": "/apis/argoproj.io/v1alpha1/namespaces/argo-cd/applications/stg-qr-api",
            "ignore_fields": null,
            "kind": "Application",
            "live_manifest_incluster": "0bf0c5e7b56c2d416ec372f05b734fc773c8c4d0438a7d6b328f3f9bfe738fc1",
            "live_uid": "a67c7020-7a5f-415c-b917-d40ba0209b84",
            "name": "stg-qr-api",
            "namespace": "argo-cd",
            "override_namespace": null,
            "sensitive_fields": null,
            "server_side_apply": false,
            "timeouts": null,
            "uid": "a67c7020-7a5f-415c-b917-d40ba0209b84",
            "validate_schema": true,
            "wait": null,
            "wait_for_rollout": true,
            "yaml_body": "﻿apiVersion: argoproj.io/v1alpha1\r\nkind: Application\r\nmetadata:\r\n  name: stg-qr-api\r\n  namespace: argo-cd\r\n  labels:\r\n    app: stg-qr-api\r\n    tier: application\r\n    environment: stg\r\nspec:\r\n  project: default\r\n  source:\r\n    repoURL: git@github.com:Lawyered-in/k8s-manifest.git\r\n    targetRevision: staging\r\n    path: deployments/stg-qr-api\r\n  destination:\r\n    server: https://kubernetes.default.svc\r\n    namespace: stg\r\n  syncPolicy:\r\n    automated:\r\n      prune: true\r\n      selfHeal: true\r\n    syncOptions:\r\n      - CreateNamespace=true\r\n      - PrunePropagationPolicy=foreground\r\n      - PruneLast=true\r\n      - Replace=true\r\n  revisionHistoryLimit: 3\r\n",
            "yaml_body_parsed": "apiVersion: argoproj.io/v1alpha1\nkind: Application\nmetadata:\n  labels:\n    app: stg-qr-api\n    environment: stg\n    tier: application\n  name: stg-qr-api\n  namespace: argo-cd\nspec:\n  destination:\n    namespace: stg\n    server: https://kubernetes.default.svc\n  project: default\n  revisionHistoryLimit: 3\n  source:\n    path: deployments/stg-qr-api\n    repoURL: git@github.com:Lawyered-in/k8s-manifest.git\n    targetRevision: staging\n  syncPolicy:\n    automated:\n      prune: true\n      selfHeal: true\n    syncOptions:\n    - CreateNamespace=true\n    - PrunePropagationPolicy=foreground\n    - PruneLast=true\n    - Replace=true\n",
            "yaml_incluster": "0bf0c5e7b56c2d416ec372f05b734fc773c8c4d0438a7d6b328f3f9bfe738fc1"
          },
          "sensitive_attributes": [
            [
              {
                "type": "get_attr",
                "value": "live_manifest_incluster"
              }
            ],
            [
              {
                "type": "get_attr",
                "value": "yaml_body"
              }
            ],
            [
              {
                "type": "get_attr",
                "value": "yaml_incluster"
              }
            ]
          ],
          "identity_schema_version": 0,
          "private": "eyJlMmJmYjczMC1lY2FhLTExZTYtOGY4OC0zNDM2M2JjN2M0YzAiOnsiY3JlYXRlIjo2MDAwMDAwMDAwMDB9LCJzY2hlbWFfdmVyc2lvbiI6IjEifQ==",
          "dependencies": [
            "module.eks.aws_eks_cluster.this",
            "module.eks.aws_eks_node_group.this",
            "module.eks.aws_iam_openid_connect_provider.this",
            "module.eks.aws_iam_policy.cluster_autoscaler",
            "module.eks.aws_iam_role.cluster",
            "module.eks.aws_iam_role.cluster_autoscaler",
            "module.eks.aws_iam_role.node",
            "module.eks.aws_iam_role_policy_attachment.cluster_autoscaler_attach",
            "module.eks.aws_iam_role_policy_attachment.cluster_policy",
            "module.eks.aws_iam_role_policy_attachment.cluster_vpc_resource_controller",
            "module.eks.aws_iam_role_policy_attachment.node_cni_policy",
            "module.eks.aws_iam_role_policy_attachment.node_ecr_readonly",
            "module.eks.aws_iam_role_policy_attachment.node_worker_policy",
            "module.eks.aws_launch_template.node_group",
            "module.eks.data.tls_certificate.this",
            "module.eks_addons.aws_eks_addon.coredns",
            "module.eks_addons.aws_eks_addon.ebs_csi",
            "module.eks_addons.aws_eks_addon.kube_proxy",
            "module.eks_addons.aws_eks_addon.metrics_server",
            "module.eks_addons.aws_eks_addon.vpc_cni",
            "module.eks_addons.aws_iam_role.ebs_csi",
            "module.eks_addons.aws_iam_role.vpc_cni",
            "module.eks_addons.aws_iam_role_policy_attachment.ebs_csi_policy",
            "module.eks_addons.aws_iam_role_policy_attachment.vpc_cni_policy",
            "module.vpc.aws_eip.nat",
            "module.vpc.aws_internet_gateway.this",
            "module.vpc.aws_nat_gateway.this",
            "module.vpc.aws_route_table.database",
            "module.vpc.aws_route_table.private",
            "module.vpc.aws_route_table.public",
            "module.vpc.aws_route_table_association.database",
            "module.vpc.aws_route_table_association.private",
            "module.vpc.aws_route_table_association.public",
            "module.vpc.aws_subnet.database",
            "module.vpc.aws_subnet.private",
            "module.vpc.aws_subnet.public",
            "module.vpc.aws_vpc.this"
          ]
        },
        {
          "index_key": "redis-volume.yaml",
          "schema_version": 1,
          "attributes": {
            "api_version": "argoproj.io/v1alpha1",
            "apply_only": false,
            "force_conflicts": false,
            "force_new": false,
            "id": "/apis/argoproj.io/v1alpha1/namespaces/argo-cd/applications/stg-redis",
            "ignore_fields": null,
            "kind": "Application",
            "live_manifest_incluster": "d0f526c9e5eaf4424bd75909419bab050bd0d97382b0f3b68b4b0f65fe469904",
            "live_uid": "133ae1b5-317d-41d8-9a94-16369d4cfb01",
            "name": "stg-redis",
            "namespace": "argo-cd",
            "override_namespace": null,
            "sensitive_fields": null,
            "server_side_apply": false,
            "timeouts": null,
            "uid": "133ae1b5-317d-41d8-9a94-16369d4cfb01",
            "validate_schema": true,
            "wait": null,
            "wait_for_rollout": true,
            "yaml_body": "apiVersion: argoproj.io/v1alpha1\nkind: Application\nmetadata:\n  name: stg-redis\n  namespace: argo-cd\n  labels:\n    app: stg-redis\n    tier: infrastructure\n    environment: stg\nspec:\n  project: default\n  sources:\n    - repoURL: https://charts.bitnami.com/bitnami\n      chart: redis\n      targetRevision: \"25.4.1\"\n      helm:\n        releaseName: stg-redis\n        valueFiles:\n          - $values/deployments/stg-redis/values.yaml\n    - repoURL: git@github.com:Lawyered-in/k8s-manifest.git\n      targetRevision: staging\n      ref: values\n  destination:\n    server: https://kubernetes.default.svc\n    namespace: stg\n  syncPolicy:\n    automated:\n      prune: true\n      selfHeal: true\n    syncOptions:\n      - CreateNamespace=true\n      - PrunePropagationPolicy=foreground\n      - PruneLast=true\n  revisionHistoryLimit: 3\n",
            "yaml_body_parsed": "apiVersion: argoproj.io/v1alpha1\nkind: Application\nmetadata:\n  labels:\n    app: stg-redis\n    environment: stg\n    tier: infrastructure\n  name: stg-redis\n  namespace: argo-cd\nspec:\n  destination:\n    namespace: stg\n    server: https://kubernetes.default.svc\n  project: default\n  revisionHistoryLimit: 3\n  sources:\n  - chart: redis\n    helm:\n      releaseName: stg-redis\n      valueFiles:\n      - $values/deployments/stg-redis/values.yaml\n    repoURL: https://charts.bitnami.com/bitnami\n    targetRevision: 25.4.1\n  - ref: values\n    repoURL: git@github.com:Lawyered-in/k8s-manifest.git\n    targetRevision: staging\n  syncPolicy:\n    automated:\n      prune: true\n      selfHeal: true\n    syncOptions:\n    - CreateNamespace=true\n    - PrunePropagationPolicy=foreground\n    - PruneLast=true\n",
            "yaml_incluster": "d0f526c9e5eaf4424bd75909419bab050bd0d97382b0f3b68b4b0f65fe469904"
          },
          "sensitive_attributes": [
            [
              {
                "type": "get_attr",
                "value": "live_manifest_incluster"
              }
            ],
            [
              {
                "type": "get_attr",
                "value": "yaml_body"
              }
            ],
            [
              {
                "type": "get_attr",
                "value": "yaml_incluster"
              }
            ]
          ],
          "identity_schema_version": 0,
          "private": "eyJlMmJmYjczMC1lY2FhLTExZTYtOGY4OC0zNDM2M2JjN2M0YzAiOnsiY3JlYXRlIjo2MDAwMDAwMDAwMDB9LCJzY2hlbWFfdmVyc2lvbiI6IjEifQ==",
          "dependencies": [
            "module.eks.aws_eks_cluster.this",
            "module.eks.aws_eks_node_group.this",
            "module.eks.aws_iam_openid_connect_provider.this",
            "module.eks.aws_iam_policy.cluster_autoscaler",
            "module.eks.aws_iam_role.cluster",
            "module.eks.aws_iam_role.cluster_autoscaler",
            "module.eks.aws_iam_role.node",
            "module.eks.aws_iam_role_policy_attachment.cluster_autoscaler_attach",
            "module.eks.aws_iam_role_policy_attachment.cluster_policy",
            "module.eks.aws_iam_role_policy_attachment.cluster_vpc_resource_controller",
            "module.eks.aws_iam_role_policy_attachment.node_cni_policy",
            "module.eks.aws_iam_role_policy_attachment.node_ecr_readonly",
            "module.eks.aws_iam_role_policy_attachment.node_worker_policy",
            "module.eks.aws_launch_template.node_group",
            "module.eks.data.tls_certificate.this",
            "module.eks_addons.aws_eks_addon.coredns",
            "module.eks_addons.aws_eks_addon.ebs_csi",
            "module.eks_addons.aws_eks_addon.kube_proxy",
            "module.eks_addons.aws_eks_addon.metrics_server",
            "module.eks_addons.aws_eks_addon.vpc_cni",
            "module.eks_addons.aws_iam_role.ebs_csi",
            "module.eks_addons.aws_iam_role.vpc_cni",
            "module.eks_addons.aws_iam_role_policy_attachment.ebs_csi_policy",
            "module.eks_addons.aws_iam_role_policy_attachment.vpc_cni_policy",
            "module.vpc.aws_eip.nat",
            "module.vpc.aws_internet_gateway.this",
            "module.vpc.aws_nat_gateway.this",
            "module.vpc.aws_route_table.database",
            "module.vpc.aws_route_table.private",
            "module.vpc.aws_route_table.public",
            "module.vpc.aws_route_table_association.database",
            "module.vpc.aws_route_table_association.private",
            "module.vpc.aws_route_table_association.public",
            "module.vpc.aws_subnet.database",
            "module.vpc.aws_subnet.private",
            "module.vpc.aws_subnet.public",
            "module.vpc.aws_vpc.this"
          ]
        }
      ]
    },
    {
      "mode": "managed",
      "type": "kubernetes_manifest",
      "name": "argocd_ingress",
      "provider": "provider[\"registry.terraform.io/hashicorp/kubernetes\"]",
      "instances": [
        {
          "index_key": "eks-cluster-np",
          "schema_version": 1,
          "attributes": {
            "computed_fields": null,
            "field_manager": [],
            "manifest": {
              "value": {
                "apiVersion": "networking.k8s.io/v1",
                "kind": "Ingress",
                "metadata": {
                  "annotations": {
                    "alb.ingress.kubernetes.io/certificate-arn": "arn:aws:acm:ap-south-1:344367180480:certificate/98c8d8d0-1e46-4a81-967a-84555529f2c3",
                    "alb.ingress.kubernetes.io/group.name": "laweryerd-np-group",
                    "alb.ingress.kubernetes.io/group.order": "50",
                    "alb.ingress.kubernetes.io/healthcheck-path": "/healthz",
                    "alb.ingress.kubernetes.io/listen-ports": "[{\"HTTP\": 80}, {\"HTTPS\": 443}]",
                    "alb.ingress.kubernetes.io/load-balancer-name": "lawyered-ingress-alb",
                    "alb.ingress.kubernetes.io/scheme": "internet-facing",
                    "alb.ingress.kubernetes.io/ssl-redirect": "443",
                    "alb.ingress.kubernetes.io/subnets": "subnet-09a9b60f41f14a028,subnet-0c43b5b02fcc44a09,subnet-023031563998ff394",
                    "alb.ingress.kubernetes.io/success-codes": "200,301,302,404",
                    "alb.ingress.kubernetes.io/target-type": "ip",
                    "kubernetes.io/ingress.class": "alb"
                  },
                  "name": "argocd-ingress",
                  "namespace": "argo-cd"
                },
                "spec": {
                  "rules": [
                    {
                      "host": "argocd-staging.lawyered.in",
                      "http": {
                        "paths": [
                          {
                            "backend": {
                              "service": {
                                "name": "argo-cd-argocd-server",
                                "port": {
                                  "number": 80
                                }
                              }
                            },
                            "path": "/",
                            "pathType": "Prefix"
                          }
                        ]
                      }
                    }
                  ]
                }
              },
              "type": [
                "object",
                {
                  "apiVersion": "string",
                  "kind": "string",
                  "metadata": [
                    "object",
                    {
                      "annotations": [
                        "object",
                        {
                          "alb.ingress.kubernetes.io/certificate-arn": "string",
                          "alb.ingress.kubernetes.io/group.name": "string",
                          "alb.ingress.kubernetes.io/group.order": "string",
                          "alb.ingress.kubernetes.io/healthcheck-path": "string",
                          "alb.ingress.kubernetes.io/listen-ports": "string",
                          "alb.ingress.kubernetes.io/load-balancer-name": "string",
                          "alb.ingress.kubernetes.io/scheme": "string",
                          "alb.ingress.kubernetes.io/ssl-redirect": "string",
                          "alb.ingress.kubernetes.io/subnets": "string",
                          "alb.ingress.kubernetes.io/success-codes": "string",
                          "alb.ingress.kubernetes.io/target-type": "string",
                          "kubernetes.io/ingress.class": "string"
                        }
                      ],
                      "name": "string",
                      "namespace": "string"
                    }
                  ],
                  "spec": [
                    "object",
                    {
                      "rules": [
                        "tuple",
                        [
                          [
                            "object",
                            {
                              "host": "string",
                              "http": [
                                "object",
                                {
                                  "paths": [
                                    "tuple",
                                    [
                                      [
                                        "object",
                                        {
                                          "backend": [
                                            "object",
                                            {
                                              "service": [
                                                "object",
                                                {
                                                  "name": "string",
                                                  "port": [
                                                    "object",
                                                    {
                                                      "number": "number"
                                                    }
                                                  ]
                                                }
                                              ]
                                            }
                                          ],
                                          "path": "string",
                                          "pathType": "string"
                                        }
                                      ]
                                    ]
                                  ]
                                }
                              ]
                            }
                          ]
                        ]
                      ]
                    }
                  ]
                }
              ]
            },
            "object": {
              "value": {
                "apiVersion": "networking.k8s.io/v1",
                "kind": "Ingress",
                "metadata": {
                  "annotations": {
                    "alb.ingress.kubernetes.io/certificate-arn": "arn:aws:acm:ap-south-1:344367180480:certificate/98c8d8d0-1e46-4a81-967a-84555529f2c3",
                    "alb.ingress.kubernetes.io/group.name": "laweryerd-np-group",
                    "alb.ingress.kubernetes.io/group.order": "50",
                    "alb.ingress.kubernetes.io/healthcheck-path": "/healthz",
                    "alb.ingress.kubernetes.io/listen-ports": "[{\"HTTP\": 80}, {\"HTTPS\": 443}]",
                    "alb.ingress.kubernetes.io/load-balancer-name": "lawyered-ingress-alb",
                    "alb.ingress.kubernetes.io/scheme": "internet-facing",
                    "alb.ingress.kubernetes.io/ssl-redirect": "443",
                    "alb.ingress.kubernetes.io/subnets": "subnet-09a9b60f41f14a028,subnet-0c43b5b02fcc44a09,subnet-023031563998ff394",
                    "alb.ingress.kubernetes.io/success-codes": "200,301,302,404",
                    "alb.ingress.kubernetes.io/target-type": "ip",
                    "kubectl.kubernetes.io/last-applied-configuration": "{\"apiVersion\":\"networking.k8s.io/v1\",\"kind\":\"Ingress\",\"metadata\":{\"annotations\":{\"alb.ingress.kubernetes.io/certificate-arn\":\"arn:aws:acm:ap-south-1:344367180480:certificate/98c8d8d0-1e46-4a81-967a-84555529f2c3\",\"alb.ingress.kubernetes.io/group.name\":\"laweryerd-np-group\",\"alb.ingress.kubernetes.io/group.order\":\"50\",\"alb.ingress.kubernetes.io/listen-ports\":\"[{\\\"HTTP\\\": 80}, {\\\"HTTPS\\\": 443}]\",\"alb.ingress.kubernetes.io/load-balancer-name\":\"lawyered-ingress-alb\",\"alb.ingress.kubernetes.io/scheme\":\"internet-facing\",\"alb.ingress.kubernetes.io/ssl-redirect\":\"443\",\"alb.ingress.kubernetes.io/success-codes\":\"200,301,302,404\",\"alb.ingress.kubernetes.io/target-type\":\"ip\",\"kubernetes.io/ingress.class\":\"alb\"},\"name\":\"argocd-ingress\",\"namespace\":\"argo-cd\"},\"spec\":{\"rules\":[{\"host\":\"argocd-staging.lawyered.in\",\"http\":{\"paths\":[{\"backend\":{\"service\":{\"name\":\"argo-cd-argocd-server\",\"port\":{\"number\":80}}},\"path\":\"/\",\"pathType\":\"Prefix\"}]}}]}}\n",
                    "kubernetes.io/ingress.class": "alb"
                  },
                  "creationTimestamp": null,
                  "deletionGracePeriodSeconds": null,
                  "deletionTimestamp": null,
                  "finalizers": [
                    "group.ingress.k8s.aws/laweryerd-np-group"
                  ],
                  "generateName": null,
                  "generation": null,
                  "labels": null,
                  "managedFields": null,
                  "name": "argocd-ingress",
                  "namespace": "argo-cd",
                  "ownerReferences": null,
                  "resourceVersion": null,
                  "selfLink": null,
                  "uid": null
                },
                "spec": {
                  "defaultBackend": {
                    "resource": {
                      "apiGroup": null,
                      "kind": null,
                      "name": null
                    },
                    "service": {
                      "name": null,
                      "port": {
                        "name": null,
                        "number": null
                      }
                    }
                  },
                  "ingressClassName": null,
                  "rules": [
                    {
                      "host": "argocd-staging.lawyered.in",
                      "http": {
                        "paths": [
                          {
                            "backend": {
                              "resource": {
                                "apiGroup": null,
                                "kind": null,
                                "name": null
                              },
                              "service": {
                                "name": "argo-cd-argocd-server",
                                "port": {
                                  "name": null,
                                  "number": 80
                                }
                              }
                            },
                            "path": "/",
                            "pathType": "Prefix"
                          }
                        ]
                      }
                    }
                  ],
                  "tls": null
                }
              },
              "type": [
                "object",
                {
                  "apiVersion": "string",
                  "kind": "string",
                  "metadata": [
                    "object",
                    {
                      "annotations": [
                        "map",
                        "string"
                      ],
                      "creationTimestamp": "string",
                      "deletionGracePeriodSeconds": "number",
                      "deletionTimestamp": "string",
                      "finalizers": [
                        "list",
                        "string"
                      ],
                      "generateName": "string",
                      "generation": "number",
                      "labels": [
                        "map",
                        "string"
                      ],
                      "managedFields": [
                        "tuple",
                        [
                          [
                            "object",
                            {
                              "apiVersion": "string",
                              "fieldsType": "string",
                              "fieldsV1": "dynamic",
                              "manager": "string",
                              "operation": "string",
                              "subresource": "string",
                              "time": "string"
                            }
                          ]
                        ]
                      ],
                      "name": "string",
                      "namespace": "string",
                      "ownerReferences": [
                        "list",
                        [
                          "object",
                          {
                            "apiVersion": "string",
                            "blockOwnerDeletion": "bool",
                            "controller": "bool",
                            "kind": "string",
                            "name": "string",
                            "uid": "string"
                          }
                        ]
                      ],
                      "resourceVersion": "string",
                      "selfLink": "string",
                      "uid": "string"
                    }
                  ],
                  "spec": [
                    "object",
                    {
                      "defaultBackend": [
                        "object",
                        {
                          "resource": [
                            "object",
                            {
                              "apiGroup": "string",
                              "kind": "string",
                              "name": "string"
                            }
                          ],
                          "service": [
                            "object",
                            {
                              "name": "string",
                              "port": [
                                "object",
                                {
                                  "name": "string",
                                  "number": "number"
                                }
                              ]
                            }
                          ]
                        }
                      ],
                      "ingressClassName": "string",
                      "rules": [
                        "list",
                        [
                          "object",
                          {
                            "host": "string",
                            "http": [
                              "object",
                              {
                                "paths": [
                                  "list",
                                  [
                                    "object",
                                    {
                                      "backend": [
                                        "object",
                                        {
                                          "resource": [
                                            "object",
                                            {
                                              "apiGroup": "string",
                                              "kind": "string",
                                              "name": "string"
                                            }
                                          ],
                                          "service": [
                                            "object",
                                            {
                                              "name": "string",
                                              "port": [
                                                "object",
                                                {
                                                  "name": "string",
                                                  "number": "number"
                                                }
                                              ]
                                            }
                                          ]
                                        }
                                      ],
                                      "path": "string",
                                      "pathType": "string"
                                    }
                                  ]
                                ]
                              }
                            ]
                          }
                        ]
                      ],
                      "tls": [
                        "list",
                        [
                          "object",
                          {
                            "hosts": [
                              "list",
                              "string"
                            ],
                            "secretName": "string"
                          }
                        ]
                      ]
                    }
                  ]
                }
              ]
            },
            "timeouts": [],
            "wait": [],
            "wait_for": null
          },
          "sensitive_attributes": [],
          "identity_schema_version": 1,
          "identity": {
            "api_version": "networking.k8s.io/v1",
            "kind": "Ingress",
            "name": "argocd-ingress",
            "namespace": "argo-cd"
          },
          "dependencies": [
            "module.eks.aws_eks_cluster.this",
            "module.eks.aws_eks_node_group.this",
            "module.eks.aws_iam_openid_connect_provider.this",
            "module.eks.aws_iam_policy.cluster_autoscaler",
            "module.eks.aws_iam_role.cluster",
            "module.eks.aws_iam_role.cluster_autoscaler",
            "module.eks.aws_iam_role.node",
            "module.eks.aws_iam_role_policy_attachment.cluster_autoscaler_attach",
            "module.eks.aws_iam_role_policy_attachment.cluster_policy",
            "module.eks.aws_iam_role_policy_attachment.cluster_vpc_resource_controller",
            "module.eks.aws_iam_role_policy_attachment.node_cni_policy",
            "module.eks.aws_iam_role_policy_attachment.node_ecr_readonly",
            "module.eks.aws_iam_role_policy_attachment.node_worker_policy",
            "module.eks.aws_launch_template.node_group",
            "module.eks.data.tls_certificate.this",
            "module.vpc.aws_eip.nat",
            "module.vpc.aws_internet_gateway.this",
            "module.vpc.aws_nat_gateway.this",
            "module.vpc.aws_route_table.database",
            "module.vpc.aws_route_table.private",
            "module.vpc.aws_route_table.public",
            "module.vpc.aws_route_table_association.database",
            "module.vpc.aws_route_table_association.private",
            "module.vpc.aws_route_table_association.public",
            "module.vpc.aws_subnet.database",
            "module.vpc.aws_subnet.private",
            "module.vpc.aws_subnet.public",
            "module.vpc.aws_vpc.this"
          ]
        }
      ]
    },
    {
      "mode": "managed",
      "type": "local_file",
      "name": "private_keys",
      "provider": "provider[\"registry.terraform.io/hashicorp/local\"]",
      "instances": [
        {
          "index_key": "stg-mb-eks-bastion",
          "schema_version": 0,
          "attributes": {
            "content": "-----BEGIN RSA PRIVATE KEY-----\nMIIJKQIBAAKCAgEArqssEH52z3jTzcuEzYzyQkjXzj1RHc4hlSfiXM4LBF83ko+C\nMi7AChaOnCzFtYuZXg9TrVCaHtZo3PBP+F62ddbiNRKtnJ/QYEAnbGaTviZ7QRVH\nwKD68ULHxbe1Xl/SMDlteLlCXr65VrkC+5TnOB5RYvDYPsBie1N1CzDu8/kxW1iw\nGkdiZv62eUA8mpv/G8WdjB5bAOV6Gws2rhGQTstYxWIFocXAuZQTbdIcSxdPLs5l\nuORaAaTkpkPIIjNKIwvJRac6h1QpBHo1GFsLHJTP0N+xGfE9I4+Db2Fhpn23yqIu\nPo5SSi4JENuJEH3nISnTyuLurts1KbnyN2v6KOSFTSOyYDTZ8LEz1J68HGWr2uMK\nDKmHBKVASKqunLNwhpyzGO9HXLY4D4zg+x237uciZ8GU6ZHeQi6dU5KKijHThM5x\n6Or32Fq/dF8J4s3LlcSnCOP/EAf6u/MK3tzrVtff3pNxPRkIyxxoL24XvSno7MFh\n9ILCoMW+cuXSUUdXGF8uxjLnbr972eOr1G0mrnRlP7lZi0l/ZCsH9PLu3LBzZVHj\nOoPCAxtFcLHLiTkpxeRex7bzkIpIPSro3eMHYREKQ/vUYXGG942a2djNELNJ+m6X\neuXax1LYJJRRyYH76OK5USf5TZyDeBS6Lv/zvqXZDndX4ufbmDZtV1x3K9cCAwEA\nAQKCAgA59bz6gCyGrg6ChJ095B5jlm5eFoS7QjJsnz6DEzAetEXpkUtfwZmh/1g1\nRLoagwdSaf2XTl7GCtnjLq8quKsNMVAA0oDfrzxjJAaw9tzhxT0zHI+hwQlkU4ec\n+VfqyBskO3ozDC6U5+7ycxQlTYToX08caNUpBYfoaoo1O3ifZrpVGHnfTn69tJny\nZDl4CHm/ynR8EXqbMoqxPKhZXKSpMNr1LJC33LoWGqfT0lvnIwX4fy7MCqI/V2s0\nLNvVVXWtaXTRcyt9ypSN0suZmGR4iHzpT8Eh3aYvDalMpWDU8XSyfdygj3OI//us\nJ101JsIyhAGuml0fksfyX6ybbW4l5UU8HBr/X9jXzuIxqKyR2Zv24hgjd0JAPvxF\noXEYQPj7hdl5CtkJirwwBNTKgwtc55FUVg2ehJY5SpCs6JTTA1S3GZV+RjD16v1/\nvY6UYz5iwu1+oPvortMD+mhsbrd+JHgK2PAKQRbDmsX5McjJkkXyl0dou9Qusgga\nf1JEcMmdeqAB49zt7fHit478tfHR5FVcqCjvUuIP0IiQcQfE2lpQAFW2XDqcmLc3\nSl8oZy+HWlwQBv33MfwRC4Tz7q8p0UVsrJl/p/0jll1KZrXhzzQ8Xj6UZsFzu6xi\nTxWBEYOJvmU/8qJlm9Droex3KAUwRUjEB5b5zEfdO94Zm7XfwQKCAQEA2LmFIad/\nWKux6BIG5eLKxP/gX0/LziW16VWmvsjPLq4mjZluHDmsFyxNyNsGxc9nUB8vGpYq\n00nutxTl9jePjJDdf9td/ooHCj20KPfbTaCnktU6EweMWwRp1l7xQZ42RbOYpmRN\nqSoALPSvFRNq6jT/7u2VVXOH0OCTV7CYhyDg3gxGDDSdmRbcgLkE4HSAX4VCXlCJ\nAzKtWZxhp0tQKpbDnfpo/W++cCOg7yaUSQAeYPJ1rLOigDCBFITgrG2RNBW6TWmY\nxTyZYGBv6ZGCdUS5epYHYnna/Baa3m3btxWLmaqvabPI3svbIUas2JJcCXQzYOzZ\nEag+2ahFQwDb4QKCAQEAzlKNKzgBbCuErX3yRl21nVq2ZAyvKk0Z711dSKmF+BuW\nYDIhVqkbi/GOT6xzLI3yXEHQEVRpwATCZP4p3Hu2zZ35PxzuNcmlzoS1bXnqYSPb\nBsp0rKgPHXHYC702AE29s1r0xZfN4tIzWCdrxgkAk2fSiHsg7NwU2HzGE38cFIIw\nQA4MCUh2NvupBmcNsYMDOAW639xLS/4eJ7bhJZELjOA3xeZoqakTOSwNixOUFocR\nivC8d7obRFwXxUiIN979Er/NEwEtNa5Nm5/+saa+MwZynMoazCQ16Sjk3YcqcLuk\nSBGDCDq1jlRrTLQQTbqKeeoDlwY4fzMbilWTMMm+twKCAQEAiEmaRACuH5fRSAxW\nFCjbtKjoc2ed1aR3UiXPtzhWuZdAnVk4Gj3WT7hHriC2kJyN7p+9om1+vuJGYRGe\nT4i/F/ldoXLVGCW6qaEF86FyYs29s6OtYpwjknUjDXElLEuO+6QmQbTf9Zp5A8xX\ncdyFJoVv0NPNTjBZ32vqnIFsWcW+Q0TapABOfyAWSEiRnYkF1Yvaoa7pin5K7whd\njLPa1P18RJNdhMrJqoFtShcrtwCBGhw/DfzlGtHlyn6JP0Wjw2pKfzYBoT8rgKUE\nm5Aqxw4RydohCLdyk4avm2LggbDl2huxNbqefiUaR0HHnmXjxPoy+SfYlbcE1yFv\ndORMYQKCAQEApePuKa/QRP8AoNZBdJ5oJmsHd45TUPnJPpKdLI1RcFoOIK5t69Xw\nlibUu+72c/51vgQUnbp3hLLO8pEBa4v1QYIhI8PJLGpD7Lb7gVijQROpSd6CzUgb\nTxt4EIhD4R6gxpL9d9pE6nkEW37mwsX+Nocl2iLWKFwUTrSUNpzfIQZEcVxaBSTE\nGBVkpAc8FVw3vFWvGctwp1tdN6Vthd0Hom+tqGtIABI3qKJpCUfmq+5SBprljoaO\n4foCCtf03qdmaCrbYspxZVYOhHCyQnjFORWYFcTSow0CY8RDsHK7hwT4ZBHgfz9l\nN1ldJMEq0rSIHtovpMCVsICRRjrkLDgqJQKCAQAk3g6uTYbti+yNPJN6Xj2yoydk\nSD//dOJfSq8QHvkFEop5c8zv7RPWn2uVOp0GW7Vu6HiQIxLhbZoYIjUyo+I3YYW5\n+Ho6X+INV0HRRm2p/qd9idGC8ks5Elt0rktaycMT67BNjZM1+tB4ShH1IH0aQLBQ\nYHRwdA9jxbRUHo73D1G4+V2KZDHqiLNd4IKvCanbqwGHxveCeJfzIro69Daic5s8\nLj597fQIPVLNBBCklHBJHCcGOIrNAGNii9g3QFxH7eCQll4y7lFkoht3X/gZJBlL\nYqjnZWxXQZWhoWlOvgoWMjbxm0p5s1yM/czg6wJOUZ0SZkL0YNh55NLP28Yr\n-----END RSA PRIVATE KEY-----\n",
            "content_base64": null,
            "content_base64sha256": "uTzKQvho7lsxdjb93vp+6WJ0JjxPZnRhZYeJxa9jHu4=",
            "content_base64sha512": "Odi5HJ75lzI6oHCbJ2oFysXK4Zk2Sac4dFgJVQPDqOwp5arIO5x4PsfP2Zl8cM+IOodx/AUIPKOAQKI8hdd60Q==",
            "content_md5": "e2d4bd80aca52012e1319f4eb8abfa54",
            "content_sha1": "a62d8a78f6be1e0cfc26104d5e2ff5efd1d7031e",
            "content_sha256": "b93cca42f868ee5b317636fddefa7ee96274263c4f667461658789c5af631eee",
            "content_sha512": "39d8b91c9ef997323aa0709b276a05cac5cae1993649a7387458095503c3a8ec29e5aac83b9c783ec7cfd9997c70cf883a8771fc05083ca38040a23c85d77ad1",
            "directory_permission": "0777",
            "file_permission": "0400",
            "filename": "./keys/stg-mb-eks-bastion.pem",
            "id": "a62d8a78f6be1e0cfc26104d5e2ff5efd1d7031e",
            "sensitive_content": null,
            "source": null
          },
          "sensitive_attributes": [
            [
              {
                "type": "get_attr",
                "value": "content"
              }
            ],
            [
              {
                "type": "get_attr",
                "value": "sensitive_content"
              }
            ]
          ],
          "identity_schema_version": 0,
          "dependencies": [
            "tls_private_key.keys"
          ]
        }
      ]
    },
    {
      "mode": "managed",
      "type": "tls_private_key",
      "name": "keys",
      "provider": "provider[\"registry.terraform.io/hashicorp/tls\"]",
      "instances": [
        {
          "index_key": "stg-mb-eks-bastion",
          "schema_version": 1,
          "attributes": {
            "algorithm": "RSA",
            "ecdsa_curve": "P224",
            "id": "35ba615a056876a064121b19bfb64613b9bf26f4",
            "private_key_openssh": "-----BEGIN OPENSSH PRIVATE KEY-----\nb3BlbnNzaC1rZXktdjEAAAAABG5vbmUAAAAEbm9uZQAAAAAAAAABAAACFwAAAAdz\nc2gtcnNhAAAAAwEAAQAAAgEArqssEH52z3jTzcuEzYzyQkjXzj1RHc4hlSfiXM4L\nBF83ko+CMi7AChaOnCzFtYuZXg9TrVCaHtZo3PBP+F62ddbiNRKtnJ/QYEAnbGaT\nviZ7QRVHwKD68ULHxbe1Xl/SMDlteLlCXr65VrkC+5TnOB5RYvDYPsBie1N1CzDu\n8/kxW1iwGkdiZv62eUA8mpv/G8WdjB5bAOV6Gws2rhGQTstYxWIFocXAuZQTbdIc\nSxdPLs5luORaAaTkpkPIIjNKIwvJRac6h1QpBHo1GFsLHJTP0N+xGfE9I4+Db2Fh\npn23yqIuPo5SSi4JENuJEH3nISnTyuLurts1KbnyN2v6KOSFTSOyYDTZ8LEz1J68\nHGWr2uMKDKmHBKVASKqunLNwhpyzGO9HXLY4D4zg+x237uciZ8GU6ZHeQi6dU5KK\nijHThM5x6Or32Fq/dF8J4s3LlcSnCOP/EAf6u/MK3tzrVtff3pNxPRkIyxxoL24X\nvSno7MFh9ILCoMW+cuXSUUdXGF8uxjLnbr972eOr1G0mrnRlP7lZi0l/ZCsH9PLu\n3LBzZVHjOoPCAxtFcLHLiTkpxeRex7bzkIpIPSro3eMHYREKQ/vUYXGG942a2djN\nELNJ+m6XeuXax1LYJJRRyYH76OK5USf5TZyDeBS6Lv/zvqXZDndX4ufbmDZtV1x3\nK9cAAAc4T2egsE9noLAAAAAHc3NoLXJzYQAAAgEArqssEH52z3jTzcuEzYzyQkjX\nzj1RHc4hlSfiXM4LBF83ko+CMi7AChaOnCzFtYuZXg9TrVCaHtZo3PBP+F62ddbi\nNRKtnJ/QYEAnbGaTviZ7QRVHwKD68ULHxbe1Xl/SMDlteLlCXr65VrkC+5TnOB5R\nYvDYPsBie1N1CzDu8/kxW1iwGkdiZv62eUA8mpv/G8WdjB5bAOV6Gws2rhGQTstY\nxWIFocXAuZQTbdIcSxdPLs5luORaAaTkpkPIIjNKIwvJRac6h1QpBHo1GFsLHJTP\n0N+xGfE9I4+Db2Fhpn23yqIuPo5SSi4JENuJEH3nISnTyuLurts1KbnyN2v6KOSF\nTSOyYDTZ8LEz1J68HGWr2uMKDKmHBKVASKqunLNwhpyzGO9HXLY4D4zg+x237uci\nZ8GU6ZHeQi6dU5KKijHThM5x6Or32Fq/dF8J4s3LlcSnCOP/EAf6u/MK3tzrVtff\n3pNxPRkIyxxoL24XvSno7MFh9ILCoMW+cuXSUUdXGF8uxjLnbr972eOr1G0mrnRl\nP7lZi0l/ZCsH9PLu3LBzZVHjOoPCAxtFcLHLiTkpxeRex7bzkIpIPSro3eMHYREK\nQ/vUYXGG942a2djNELNJ+m6XeuXax1LYJJRRyYH76OK5USf5TZyDeBS6Lv/zvqXZ\nDndX4ufbmDZtV1x3K9cAAAADAQABAAACADn1vPqALIauDoKEnT3kHmOWbl4WhLtC\nMmyfPoMTMB60RemRS1/BmaH/WDVEuhqDB1Jp/ZdOXsYK2eMuryq4qw0xUADSgN+v\nPGMkBrD23OHFPTMcj6HBCWRTh5z5V+rIGyQ7ejMMLpTn7vJzFCVNhOhfTxxo1SkF\nh+hqijU7eJ9mulUYed9Ofr20mfJkOXgIeb/KdHwRepsyirE8qFlcpKkw2vUskLfc\nuhYap9PSW+cjBfh/LswKoj9XazQs29VVda1pdNFzK33KlI3Sy5mYZHiIfOlPwSHd\npi8NqUylYNTxdLJ93KCPc4j/+6wnXTUmwjKEAa6aXR+Sx/JfrJttbiXlRTwcGv9f\n2NfO4jGorJHZm/biGCN3QkA+/EWhcRhA+PuF2XkK2QmKvDAE1MqDC1znkVRWDZ6E\nljlKkKzolNMDVLcZlX5GMPXq/X+9jpRjPmLC7X6g++iu0wP6aGxut34keArY8ApB\nFsOaxfkxyMmSRfKXR2i71C6yCBp/UkRwyZ16oAHj3O3t8eK3jvy18dHkVVyoKO9S\n4g/QiJBxB8TaWlAAVbZcOpyYtzdKXyhnL4daXBAG/fcx/BELhPPurynRRWysmX+n\n/SOWXUpmteHPNDxePpRmwXO7rGJPFYERg4m+ZT/yomWb0Ouh7HcoBTBFSMQHlvnM\nR9073hmbtd/BAAABACTeDq5Nhu2L7I08k3pePbKjJ2RIP/904l9KrxAe+QUSinlz\nzO/tE9afa5U6nQZbtW7oeJAjEuFtmhgiNTKj4jdhhbn4ejpf4g1XQdFGban+p32J\n0YLySzkSW3SuS1rJwxPrsE2NkzX60HhKEfUgfRpAsFBgdHB0D2PFtFQejvcPUbj5\nXYpkMeqIs13ggq8JqdurAYfG94J4l/Miujr0NqJzmzwuPn3t9Ag9Us0EEKSUcEkc\nJwY4is0AY2KL2DdAXEft4JCWXjLuUWSiG3df+BkkGUtiqOdlbFdBlaGhaU6+ChYy\nNvGbSnmzXIz9zODrAk5RnRJmQvRg2Hnk0s/bxisAAAEBANi5hSGnf1irsegSBuXi\nysT/4F9Py84ltelVpr7Izy6uJo2Zbhw5rBcsTcjbBsXPZ1AfLxqWKtNJ7rcU5fY3\nj4yQ3X/bXf6KBwo9tCj3202gp5LVOhMHjFsEadZe8UGeNkWzmKZkTakqACz0rxUT\nauo0/+7tlVVzh9Dgk1ewmIcg4N4MRgw0nZkW3IC5BOB0gF+FQl5QiQMyrVmcYadL\nUCqWw536aP1vvnAjoO8mlEkAHmDydayzooAwgRSE4KxtkTQVuk1pmMU8mWBgb+mR\ngnVEuXqWB2J52vwWmt5t27cVi5mqr2mzyN7L2yFGrNiSXAl0M2Ds2RGoPtmoRUMA\n2+EAAAEBAM5SjSs4AWwrhK198kZdtZ1atmQMrypNGe9dXUiphfgblmAyIVapG4vx\njk+scyyN8lxB0BFUacAEwmT+Kdx7ts2d+T8c7jXJpc6EtW156mEj2wbKdKyoDx1x\n2Au9NgBNvbNa9MWXzeLSM1gna8YJAJNn0oh7IOzcFNh8xhN/HBSCMEAODAlIdjb7\nqQZnDbGDAzgFut/cS0v+Hie24SWRC4zgN8XmaKmpEzksDYsTlBaHEYrwvHe6G0Rc\nF8VIiDfe/RK/zRMBLTWuTZuf/rGmvjMGcpzKGswkNeko5N2HKnC7pEgRgwg6tY5U\na0y0EE26innqA5cGOH8zG4pVkzDJvrcAAAAAAQID\n-----END OPENSSH PRIVATE KEY-----\n",
            "private_key_pem": "-----BEGIN RSA PRIVATE KEY-----\nMIIJKQIBAAKCAgEArqssEH52z3jTzcuEzYzyQkjXzj1RHc4hlSfiXM4LBF83ko+C\nMi7AChaOnCzFtYuZXg9TrVCaHtZo3PBP+F62ddbiNRKtnJ/QYEAnbGaTviZ7QRVH\nwKD68ULHxbe1Xl/SMDlteLlCXr65VrkC+5TnOB5RYvDYPsBie1N1CzDu8/kxW1iw\nGkdiZv62eUA8mpv/G8WdjB5bAOV6Gws2rhGQTstYxWIFocXAuZQTbdIcSxdPLs5l\nuORaAaTkpkPIIjNKIwvJRac6h1QpBHo1GFsLHJTP0N+xGfE9I4+Db2Fhpn23yqIu\nPo5SSi4JENuJEH3nISnTyuLurts1KbnyN2v6KOSFTSOyYDTZ8LEz1J68HGWr2uMK\nDKmHBKVASKqunLNwhpyzGO9HXLY4D4zg+x237uciZ8GU6ZHeQi6dU5KKijHThM5x\n6Or32Fq/dF8J4s3LlcSnCOP/EAf6u/MK3tzrVtff3pNxPRkIyxxoL24XvSno7MFh\n9ILCoMW+cuXSUUdXGF8uxjLnbr972eOr1G0mrnRlP7lZi0l/ZCsH9PLu3LBzZVHj\nOoPCAxtFcLHLiTkpxeRex7bzkIpIPSro3eMHYREKQ/vUYXGG942a2djNELNJ+m6X\neuXax1LYJJRRyYH76OK5USf5TZyDeBS6Lv/zvqXZDndX4ufbmDZtV1x3K9cCAwEA\nAQKCAgA59bz6gCyGrg6ChJ095B5jlm5eFoS7QjJsnz6DEzAetEXpkUtfwZmh/1g1\nRLoagwdSaf2XTl7GCtnjLq8quKsNMVAA0oDfrzxjJAaw9tzhxT0zHI+hwQlkU4ec\n+VfqyBskO3ozDC6U5+7ycxQlTYToX08caNUpBYfoaoo1O3ifZrpVGHnfTn69tJny\nZDl4CHm/ynR8EXqbMoqxPKhZXKSpMNr1LJC33LoWGqfT0lvnIwX4fy7MCqI/V2s0\nLNvVVXWtaXTRcyt9ypSN0suZmGR4iHzpT8Eh3aYvDalMpWDU8XSyfdygj3OI//us\nJ101JsIyhAGuml0fksfyX6ybbW4l5UU8HBr/X9jXzuIxqKyR2Zv24hgjd0JAPvxF\noXEYQPj7hdl5CtkJirwwBNTKgwtc55FUVg2ehJY5SpCs6JTTA1S3GZV+RjD16v1/\nvY6UYz5iwu1+oPvortMD+mhsbrd+JHgK2PAKQRbDmsX5McjJkkXyl0dou9Qusgga\nf1JEcMmdeqAB49zt7fHit478tfHR5FVcqCjvUuIP0IiQcQfE2lpQAFW2XDqcmLc3\nSl8oZy+HWlwQBv33MfwRC4Tz7q8p0UVsrJl/p/0jll1KZrXhzzQ8Xj6UZsFzu6xi\nTxWBEYOJvmU/8qJlm9Droex3KAUwRUjEB5b5zEfdO94Zm7XfwQKCAQEA2LmFIad/\nWKux6BIG5eLKxP/gX0/LziW16VWmvsjPLq4mjZluHDmsFyxNyNsGxc9nUB8vGpYq\n00nutxTl9jePjJDdf9td/ooHCj20KPfbTaCnktU6EweMWwRp1l7xQZ42RbOYpmRN\nqSoALPSvFRNq6jT/7u2VVXOH0OCTV7CYhyDg3gxGDDSdmRbcgLkE4HSAX4VCXlCJ\nAzKtWZxhp0tQKpbDnfpo/W++cCOg7yaUSQAeYPJ1rLOigDCBFITgrG2RNBW6TWmY\nxTyZYGBv6ZGCdUS5epYHYnna/Baa3m3btxWLmaqvabPI3svbIUas2JJcCXQzYOzZ\nEag+2ahFQwDb4QKCAQEAzlKNKzgBbCuErX3yRl21nVq2ZAyvKk0Z711dSKmF+BuW\nYDIhVqkbi/GOT6xzLI3yXEHQEVRpwATCZP4p3Hu2zZ35PxzuNcmlzoS1bXnqYSPb\nBsp0rKgPHXHYC702AE29s1r0xZfN4tIzWCdrxgkAk2fSiHsg7NwU2HzGE38cFIIw\nQA4MCUh2NvupBmcNsYMDOAW639xLS/4eJ7bhJZELjOA3xeZoqakTOSwNixOUFocR\nivC8d7obRFwXxUiIN979Er/NEwEtNa5Nm5/+saa+MwZynMoazCQ16Sjk3YcqcLuk\nSBGDCDq1jlRrTLQQTbqKeeoDlwY4fzMbilWTMMm+twKCAQEAiEmaRACuH5fRSAxW\nFCjbtKjoc2ed1aR3UiXPtzhWuZdAnVk4Gj3WT7hHriC2kJyN7p+9om1+vuJGYRGe\nT4i/F/ldoXLVGCW6qaEF86FyYs29s6OtYpwjknUjDXElLEuO+6QmQbTf9Zp5A8xX\ncdyFJoVv0NPNTjBZ32vqnIFsWcW+Q0TapABOfyAWSEiRnYkF1Yvaoa7pin5K7whd\njLPa1P18RJNdhMrJqoFtShcrtwCBGhw/DfzlGtHlyn6JP0Wjw2pKfzYBoT8rgKUE\nm5Aqxw4RydohCLdyk4avm2LggbDl2huxNbqefiUaR0HHnmXjxPoy+SfYlbcE1yFv\ndORMYQKCAQEApePuKa/QRP8AoNZBdJ5oJmsHd45TUPnJPpKdLI1RcFoOIK5t69Xw\nlibUu+72c/51vgQUnbp3hLLO8pEBa4v1QYIhI8PJLGpD7Lb7gVijQROpSd6CzUgb\nTxt4EIhD4R6gxpL9d9pE6nkEW37mwsX+Nocl2iLWKFwUTrSUNpzfIQZEcVxaBSTE\nGBVkpAc8FVw3vFWvGctwp1tdN6Vthd0Hom+tqGtIABI3qKJpCUfmq+5SBprljoaO\n4foCCtf03qdmaCrbYspxZVYOhHCyQnjFORWYFcTSow0CY8RDsHK7hwT4ZBHgfz9l\nN1ldJMEq0rSIHtovpMCVsICRRjrkLDgqJQKCAQAk3g6uTYbti+yNPJN6Xj2yoydk\nSD//dOJfSq8QHvkFEop5c8zv7RPWn2uVOp0GW7Vu6HiQIxLhbZoYIjUyo+I3YYW5\n+Ho6X+INV0HRRm2p/qd9idGC8ks5Elt0rktaycMT67BNjZM1+tB4ShH1IH0aQLBQ\nYHRwdA9jxbRUHo73D1G4+V2KZDHqiLNd4IKvCanbqwGHxveCeJfzIro69Daic5s8\nLj597fQIPVLNBBCklHBJHCcGOIrNAGNii9g3QFxH7eCQll4y7lFkoht3X/gZJBlL\nYqjnZWxXQZWhoWlOvgoWMjbxm0p5s1yM/czg6wJOUZ0SZkL0YNh55NLP28Yr\n-----END RSA PRIVATE KEY-----\n",
            "private_key_pem_pkcs8": "-----BEGIN PRIVATE KEY-----\nMIIJQwIBADANBgkqhkiG9w0BAQEFAASCCS0wggkpAgEAAoICAQCuqywQfnbPeNPN\ny4TNjPJCSNfOPVEdziGVJ+JczgsEXzeSj4IyLsAKFo6cLMW1i5leD1OtUJoe1mjc\n8E/4XrZ11uI1Eq2cn9BgQCdsZpO+JntBFUfAoPrxQsfFt7VeX9IwOW14uUJevrlW\nuQL7lOc4HlFi8Ng+wGJ7U3ULMO7z+TFbWLAaR2Jm/rZ5QDyam/8bxZ2MHlsA5Xob\nCzauEZBOy1jFYgWhxcC5lBNt0hxLF08uzmW45FoBpOSmQ8giM0ojC8lFpzqHVCkE\nejUYWwsclM/Q37EZ8T0jj4NvYWGmfbfKoi4+jlJKLgkQ24kQfechKdPK4u6u2zUp\nufI3a/oo5IVNI7JgNNnwsTPUnrwcZava4woMqYcEpUBIqq6cs3CGnLMY70dctjgP\njOD7Hbfu5yJnwZTpkd5CLp1TkoqKMdOEznHo6vfYWr90XwnizcuVxKcI4/8QB/q7\n8wre3OtW19/ek3E9GQjLHGgvbhe9KejswWH0gsKgxb5y5dJRR1cYXy7GMuduv3vZ\n46vUbSaudGU/uVmLSX9kKwf08u7csHNlUeM6g8IDG0VwscuJOSnF5F7HtvOQikg9\nKujd4wdhEQpD+9RhcYb3jZrZ2M0Qs0n6bpd65drHUtgklFHJgfvo4rlRJ/lNnIN4\nFLou//O+pdkOd1fi59uYNm1XXHcr1wIDAQABAoICADn1vPqALIauDoKEnT3kHmOW\nbl4WhLtCMmyfPoMTMB60RemRS1/BmaH/WDVEuhqDB1Jp/ZdOXsYK2eMuryq4qw0x\nUADSgN+vPGMkBrD23OHFPTMcj6HBCWRTh5z5V+rIGyQ7ejMMLpTn7vJzFCVNhOhf\nTxxo1SkFh+hqijU7eJ9mulUYed9Ofr20mfJkOXgIeb/KdHwRepsyirE8qFlcpKkw\n2vUskLfcuhYap9PSW+cjBfh/LswKoj9XazQs29VVda1pdNFzK33KlI3Sy5mYZHiI\nfOlPwSHdpi8NqUylYNTxdLJ93KCPc4j/+6wnXTUmwjKEAa6aXR+Sx/JfrJttbiXl\nRTwcGv9f2NfO4jGorJHZm/biGCN3QkA+/EWhcRhA+PuF2XkK2QmKvDAE1MqDC1zn\nkVRWDZ6EljlKkKzolNMDVLcZlX5GMPXq/X+9jpRjPmLC7X6g++iu0wP6aGxut34k\neArY8ApBFsOaxfkxyMmSRfKXR2i71C6yCBp/UkRwyZ16oAHj3O3t8eK3jvy18dHk\nVVyoKO9S4g/QiJBxB8TaWlAAVbZcOpyYtzdKXyhnL4daXBAG/fcx/BELhPPurynR\nRWysmX+n/SOWXUpmteHPNDxePpRmwXO7rGJPFYERg4m+ZT/yomWb0Ouh7HcoBTBF\nSMQHlvnMR9073hmbtd/BAoIBAQDYuYUhp39Yq7HoEgbl4srE/+BfT8vOJbXpVaa+\nyM8uriaNmW4cOawXLE3I2wbFz2dQHy8alirTSe63FOX2N4+MkN1/213+igcKPbQo\n99tNoKeS1ToTB4xbBGnWXvFBnjZFs5imZE2pKgAs9K8VE2rqNP/u7ZVVc4fQ4JNX\nsJiHIODeDEYMNJ2ZFtyAuQTgdIBfhUJeUIkDMq1ZnGGnS1AqlsOd+mj9b75wI6Dv\nJpRJAB5g8nWss6KAMIEUhOCsbZE0FbpNaZjFPJlgYG/pkYJ1RLl6lgdiedr8Fpre\nbdu3FYuZqq9ps8jey9shRqzYklwJdDNg7NkRqD7ZqEVDANvhAoIBAQDOUo0rOAFs\nK4StffJGXbWdWrZkDK8qTRnvXV1IqYX4G5ZgMiFWqRuL8Y5PrHMsjfJcQdARVGnA\nBMJk/ince7bNnfk/HO41yaXOhLVteephI9sGynSsqA8dcdgLvTYATb2zWvTFl83i\n0jNYJ2vGCQCTZ9KIeyDs3BTYfMYTfxwUgjBADgwJSHY2+6kGZw2xgwM4Bbrf3EtL\n/h4ntuElkQuM4DfF5mipqRM5LA2LE5QWhxGK8Lx3uhtEXBfFSIg33v0Sv80TAS01\nrk2bn/6xpr4zBnKcyhrMJDXpKOTdhypwu6RIEYMIOrWOVGtMtBBNuop56gOXBjh/\nMxuKVZMwyb63AoIBAQCISZpEAK4fl9FIDFYUKNu0qOhzZ53VpHdSJc+3OFa5l0Cd\nWTgaPdZPuEeuILaQnI3un72ibX6+4kZhEZ5PiL8X+V2hctUYJbqpoQXzoXJizb2z\no61inCOSdSMNcSUsS477pCZBtN/1mnkDzFdx3IUmhW/Q081OMFnfa+qcgWxZxb5D\nRNqkAE5/IBZISJGdiQXVi9qhrumKfkrvCF2Ms9rU/XxEk12EysmqgW1KFyu3AIEa\nHD8N/OUa0eXKfok/RaPDakp/NgGhPyuApQSbkCrHDhHJ2iEIt3KThq+bYuCBsOXa\nG7E1up5+JRpHQceeZePE+jL5J9iVtwTXIW905ExhAoIBAQCl4+4pr9BE/wCg1kF0\nnmgmawd3jlNQ+ck+kp0sjVFwWg4grm3r1fCWJtS77vZz/nW+BBSduneEss7ykQFr\ni/VBgiEjw8ksakPstvuBWKNBE6lJ3oLNSBtPG3gQiEPhHqDGkv132kTqeQRbfubC\nxf42hyXaItYoXBROtJQ2nN8hBkRxXFoFJMQYFWSkBzwVXDe8Va8Zy3CnW103pW2F\n3Qeib62oa0gAEjeoomkJR+ar7lIGmuWOho7h+gIK1/Tep2ZoKttiynFlVg6EcLJC\neMU5FZgVxNKjDQJjxEOwcruHBPhkEeB/P2U3WV0kwSrStIge2i+kwJWwgJFGOuQs\nOColAoIBACTeDq5Nhu2L7I08k3pePbKjJ2RIP/904l9KrxAe+QUSinlzzO/tE9af\na5U6nQZbtW7oeJAjEuFtmhgiNTKj4jdhhbn4ejpf4g1XQdFGban+p32J0YLySzkS\nW3SuS1rJwxPrsE2NkzX60HhKEfUgfRpAsFBgdHB0D2PFtFQejvcPUbj5XYpkMeqI\ns13ggq8JqdurAYfG94J4l/Miujr0NqJzmzwuPn3t9Ag9Us0EEKSUcEkcJwY4is0A\nY2KL2DdAXEft4JCWXjLuUWSiG3df+BkkGUtiqOdlbFdBlaGhaU6+ChYyNvGbSnmz\nXIz9zODrAk5RnRJmQvRg2Hnk0s/bxis=\n-----END PRIVATE KEY-----\n",
            "public_key_fingerprint_md5": "fd:77:47:14:8b:ba:72:55:ae:ff:d9:d0:f7:f3:37:e6",
            "public_key_fingerprint_sha256": "SHA256:V0ynFdmcDIE1I9u+GrYcoOptYBuoytTaJwO5T48CACk",
            "public_key_openssh": "ssh-rsa AAAAB3NzaC1yc2EAAAADAQABAAACAQCuqywQfnbPeNPNy4TNjPJCSNfOPVEdziGVJ+JczgsEXzeSj4IyLsAKFo6cLMW1i5leD1OtUJoe1mjc8E/4XrZ11uI1Eq2cn9BgQCdsZpO+JntBFUfAoPrxQsfFt7VeX9IwOW14uUJevrlWuQL7lOc4HlFi8Ng+wGJ7U3ULMO7z+TFbWLAaR2Jm/rZ5QDyam/8bxZ2MHlsA5XobCzauEZBOy1jFYgWhxcC5lBNt0hxLF08uzmW45FoBpOSmQ8giM0ojC8lFpzqHVCkEejUYWwsclM/Q37EZ8T0jj4NvYWGmfbfKoi4+jlJKLgkQ24kQfechKdPK4u6u2zUpufI3a/oo5IVNI7JgNNnwsTPUnrwcZava4woMqYcEpUBIqq6cs3CGnLMY70dctjgPjOD7Hbfu5yJnwZTpkd5CLp1TkoqKMdOEznHo6vfYWr90XwnizcuVxKcI4/8QB/q78wre3OtW19/ek3E9GQjLHGgvbhe9KejswWH0gsKgxb5y5dJRR1cYXy7GMuduv3vZ46vUbSaudGU/uVmLSX9kKwf08u7csHNlUeM6g8IDG0VwscuJOSnF5F7HtvOQikg9Kujd4wdhEQpD+9RhcYb3jZrZ2M0Qs0n6bpd65drHUtgklFHJgfvo4rlRJ/lNnIN4FLou//O+pdkOd1fi59uYNm1XXHcr1w==\n",
            "public_key_pem": "-----BEGIN PUBLIC KEY-----\nMIICIjANBgkqhkiG9w0BAQEFAAOCAg8AMIICCgKCAgEArqssEH52z3jTzcuEzYzy\nQkjXzj1RHc4hlSfiXM4LBF83ko+CMi7AChaOnCzFtYuZXg9TrVCaHtZo3PBP+F62\nddbiNRKtnJ/QYEAnbGaTviZ7QRVHwKD68ULHxbe1Xl/SMDlteLlCXr65VrkC+5Tn\nOB5RYvDYPsBie1N1CzDu8/kxW1iwGkdiZv62eUA8mpv/G8WdjB5bAOV6Gws2rhGQ\nTstYxWIFocXAuZQTbdIcSxdPLs5luORaAaTkpkPIIjNKIwvJRac6h1QpBHo1GFsL\nHJTP0N+xGfE9I4+Db2Fhpn23yqIuPo5SSi4JENuJEH3nISnTyuLurts1KbnyN2v6\nKOSFTSOyYDTZ8LEz1J68HGWr2uMKDKmHBKVASKqunLNwhpyzGO9HXLY4D4zg+x23\n7uciZ8GU6ZHeQi6dU5KKijHThM5x6Or32Fq/dF8J4s3LlcSnCOP/EAf6u/MK3tzr\nVtff3pNxPRkIyxxoL24XvSno7MFh9ILCoMW+cuXSUUdXGF8uxjLnbr972eOr1G0m\nrnRlP7lZi0l/ZCsH9PLu3LBzZVHjOoPCAxtFcLHLiTkpxeRex7bzkIpIPSro3eMH\nYREKQ/vUYXGG942a2djNELNJ+m6XeuXax1LYJJRRyYH76OK5USf5TZyDeBS6Lv/z\nvqXZDndX4ufbmDZtV1x3K9cCAwEAAQ==\n-----END PUBLIC KEY-----\n",
            "rsa_bits": 4096
          },
          "sensitive_attributes": [
            [
              {
                "type": "get_attr",
                "value": "private_key_openssh"
              }
            ],
            [
              {
                "type": "get_attr",
                "value": "private_key_pem"
              }
            ],
            [
              {
                "type": "get_attr",
                "value": "private_key_pem_pkcs8"
              }
            ]
          ],
          "identity_schema_version": 0
        }
      ]
    },
    {
      "module": "module.argocd_apps[\"eks-cluster-np\"]",
      "mode": "managed",
      "type": "helm_release",
      "name": "argo_cd",
      "provider": "provider[\"registry.terraform.io/hashicorp/helm\"]",
      "instances": [
        {
          "schema_version": 1,
          "attributes": {
            "atomic": false,
            "chart": "argo-cd",
            "cleanup_on_fail": false,
            "create_namespace": true,
            "dependency_update": false,
            "description": null,
            "devel": null,
            "disable_crd_hooks": false,
            "disable_openapi_validation": false,
            "disable_webhooks": false,
            "force_update": false,
            "id": "argo-cd",
            "keyring": null,
            "lint": false,
            "manifest": null,
            "max_history": 0,
            "metadata": [
              {
                "app_version": "v3.3.7",
                "chart": "argo-cd",
                "first_deployed": 1776767400,
                "last_deployed": 1776837283,
                "name": "argo-cd",
                "namespace": "argo-cd",
                "notes": "\nIn order to access the server UI you have the following options:\n\n1. kubectl port-forward service/argo-cd-argocd-server -n argo-cd 8080:443\n\n    and then open the browser on http://localhost:8080 and accept the certificate\n\n2. enable ingress in the values file `server.ingress.enabled` and either\n      - Add the annotation for ssl passthrough: https://argo-cd.readthedocs.io/en/stable/operator-manual/ingress/#option-1-ssl-passthrough\n      - Set the `configs.params.\"server.insecure\"` in the values file and terminate SSL at your ingress: https://argo-cd.readthedocs.io/en/stable/operator-manual/ingress/#option-2-multiple-ingress-objects-and-hosts\n\n\nAfter reaching the UI the first time you can login with username: admin and the random password generated during the installation. You can find the password by running:\n\nkubectl -n argo-cd get secret argocd-initial-admin-secret -o jsonpath=\"{.data.password}\" | base64 -d\n\n(You should delete the initial secret afterwards as suggested by the Getting Started Guide: https://argo-cd.readthedocs.io/en/stable/getting_started/#4-login-using-the-cli)\n",
                "revision": 4,
                "values": "{\"configs\":{\"cm\":{\"admin.enabled\":true,\"url\":\"https://argocd-staging.lawyered.in\"}},\"global\":{\"domain\":\"argocd-staging.lawyered.in\"},\"server\":{\"insecure\":true,\"resources\":{\"limits\":{\"cpu\":\"500m\",\"memory\":\"512Mi\"},\"requests\":{\"cpu\":\"100m\",\"memory\":\"256Mi\"}},\"service\":{\"type\":\"ClusterIP\"}}}",
                "version": "9.5.2"
              }
            ],
            "name": "argo-cd",
            "namespace": "argo-cd",
            "pass_credentials": false,
            "postrender": [],
            "recreate_pods": false,
            "render_subchart_notes": true,
            "replace": false,
            "repository": "https://argoproj.github.io/argo-helm",
            "repository_ca_file": null,
            "repository_cert_file": null,
            "repository_key_file": null,
            "repository_password": null,
            "repository_username": null,
            "reset_values": false,
            "reuse_values": false,
            "set": [],
            "set_list": [],
            "set_sensitive": [],
            "skip_crds": false,
            "status": "deployed",
            "timeout": 300,
            "upgrade_install": null,
            "values": [
              "global:\n  # -- Default domain for Argo CD\n  domain: argocd-staging.lawyered.in\n\nconfigs:\n  cm:\n    # -- Argo CD server URL\n    url: https://argocd-staging.lawyered.in\n    # -- Admin login enabled\n    admin.enabled: true\n\nserver:\n  # -- Run server without TLS (offloaded to LoadBalancer)\n  insecure: true\n  \n  service:\n    # -- ClusterIP service for internal access (use Ingress for external)\n    type: ClusterIP\n\n\n  # -- Basic configuration - extra attributes can be added as needed\n  resources:\n    limits:\n      cpu: 500m\n      memory: 512Mi\n    requests:\n      cpu: 100m\n      memory: 256Mi\n"
            ],
            "verify": false,
            "version": "9.5.2",
            "wait": true,
            "wait_for_jobs": false
          },
          "sensitive_attributes": [
            [
              {
                "type": "get_attr",
                "value": "repository_password"
              }
            ]
          ],
          "identity_schema_version": 0,
          "private": "eyJzY2hlbWFfdmVyc2lvbiI6IjEifQ==",
          "dependencies": [
            "module.eks.aws_eks_cluster.this",
            "module.eks.aws_eks_node_group.this",
            "module.eks.aws_iam_openid_connect_provider.this",
            "module.eks.aws_iam_policy.cluster_autoscaler",
            "module.eks.aws_iam_role.cluster",
            "module.eks.aws_iam_role.cluster_autoscaler",
            "module.eks.aws_iam_role.node",
            "module.eks.aws_iam_role_policy_attachment.cluster_autoscaler_attach",
            "module.eks.aws_iam_role_policy_attachment.cluster_policy",
            "module.eks.aws_iam_role_policy_attachment.cluster_vpc_resource_controller",
            "module.eks.aws_iam_role_policy_attachment.node_cni_policy",
            "module.eks.aws_iam_role_policy_attachment.node_ecr_readonly",
            "module.eks.aws_iam_role_policy_attachment.node_worker_policy",
            "module.eks.aws_launch_template.node_group",
            "module.eks.data.tls_certificate.this",
            "module.helm_scaling_addons.aws_iam_policy.lb_controller",
            "module.helm_scaling_addons.aws_iam_role.lb_controller",
            "module.helm_scaling_addons.aws_iam_role_policy_attachment.lb_controller_attach",
            "module.helm_scaling_addons.helm_release.aws_lb_controller",
            "module.helm_scaling_addons.helm_release.cluster_autoscaler",
            "module.vpc.aws_eip.nat",
            "module.vpc.aws_internet_gateway.this",
            "module.vpc.aws_nat_gateway.this",
            "module.vpc.aws_route_table.database",
            "module.vpc.aws_route_table.private",
            "module.vpc.aws_route_table.public",
            "module.vpc.aws_route_table_association.database",
            "module.vpc.aws_route_table_association.private",
            "module.vpc.aws_route_table_association.public",
            "module.vpc.aws_subnet.database",
            "module.vpc.aws_subnet.private",
            "module.vpc.aws_subnet.public",
            "module.vpc.aws_vpc.this"
          ]
        }
      ]
    },
    {
      "module": "module.aurora[\"lawyered-database\"]",
      "mode": "managed",
      "type": "aws_db_parameter_group",
      "name": "this",
      "provider": "provider[\"registry.terraform.io/hashicorp/aws\"]",
      "instances": [
        {
          "schema_version": 0,
          "attributes": {
            "arn": "arn:aws:rds:ap-south-1:344367180480:pg:lawyered-database-mysql-pg",
            "description": "lawyered-database",
            "family": "aurora-mysql8.0",
            "id": "lawyered-database-mysql-pg",
            "name": "lawyered-database-mysql-pg",
            "name_prefix": "",
            "parameter": [],
            "region": "ap-south-1",
            "skip_destroy": false,
            "tags": {
              "Environment": "stage",
              "Project": "lawyered",
              "Role": "database-aurora"
            },
            "tags_all": {
              "Environment": "stage",
              "Project": "lawyered",
              "Role": "database-aurora"
            }
          },
          "sensitive_attributes": [],
          "identity_schema_version": 0,
          "private": "bnVsbA==",
          "dependencies": [
            "module.vpc.aws_eip.nat",
            "module.vpc.aws_internet_gateway.this",
            "module.vpc.aws_nat_gateway.this",
            "module.vpc.aws_route_table.database",
            "module.vpc.aws_route_table.private",
            "module.vpc.aws_route_table.public",
            "module.vpc.aws_route_table_association.database",
            "module.vpc.aws_route_table_association.private",
            "module.vpc.aws_route_table_association.public",
            "module.vpc.aws_subnet.database",
            "module.vpc.aws_subnet.private",
            "module.vpc.aws_subnet.public",
            "module.vpc.aws_vpc.this"
          ]
        }
      ]
    },
    {
      "module": "module.aurora[\"lawyered-database\"]",
      "mode": "managed",
      "type": "aws_db_subnet_group",
      "name": "this",
      "provider": "provider[\"registry.terraform.io/hashicorp/aws\"]",
      "instances": [
        {
          "schema_version": 0,
          "attributes": {
            "arn": "arn:aws:rds:ap-south-1:344367180480:subgrp:lawyered-database-subnet-group",
            "description": "DB subnet group for lawyered-database",
            "id": "lawyered-database-subnet-group",
            "name": "lawyered-database-subnet-group",
            "name_prefix": "",
            "region": "ap-south-1",
            "subnet_ids": [
              "subnet-00ea113a5f402edf3",
              "subnet-00f6f7d351e6cb377",
              "subnet-09ffbb3c87b784085"
            ],
            "supported_network_types": [
              "IPV4"
            ],
            "tags": {
              "Environment": "stage",
              "Name": "lawyered-database-sub-grp",
              "Project": "lawyered",
              "Role": "database-aurora"
            },
            "tags_all": {
              "Environment": "stage",
              "Name": "lawyered-database-sub-grp",
              "Project": "lawyered",
              "Role": "database-aurora"
            },
            "vpc_id": "vpc-0658def16d58b8876"
          },
          "sensitive_attributes": [],
          "identity_schema_version": 0,
          "private": "eyJzY2hlbWFfdmVyc2lvbiI6IjAifQ==",
          "dependencies": [
            "module.vpc.aws_eip.nat",
            "module.vpc.aws_internet_gateway.this",
            "module.vpc.aws_nat_gateway.this",
            "module.vpc.aws_route_table.database",
            "module.vpc.aws_route_table.private",
            "module.vpc.aws_route_table.public",
            "module.vpc.aws_route_table_association.database",
            "module.vpc.aws_route_table_association.private",
            "module.vpc.aws_route_table_association.public",
            "module.vpc.aws_subnet.database",
            "module.vpc.aws_subnet.private",
            "module.vpc.aws_subnet.public",
            "module.vpc.aws_vpc.this"
          ]
        }
      ]
    },
    {
      "module": "module.aurora[\"lawyered-database\"]",
      "mode": "managed",
      "type": "aws_rds_cluster",
      "name": "this",
      "provider": "provider[\"registry.terraform.io/hashicorp/aws\"]",
      "instances": [
        {
          "schema_version": 1,
          "attributes": {
            "allocated_storage": 1,
            "allow_major_version_upgrade": null,
            "apply_immediately": null,
            "arn": "arn:aws:rds:ap-south-1:344367180480:cluster:lawyered-database",
            "availability_zones": [
              "ap-south-1a",
              "ap-south-1b",
              "ap-south-1c"
            ],
            "backtrack_window": 0,
            "backup_retention_period": 7,
            "ca_certificate_identifier": null,
            "ca_certificate_valid_till": null,
            "cluster_identifier": "lawyered-database",
            "cluster_identifier_prefix": "",
            "cluster_members": [
              "lawyered-database-instance-1"
            ],
            "cluster_resource_id": "cluster-A44PGNA24CP5R2HYOJ4AORNPF4",
            "cluster_scalability_type": "",
            "copy_tags_to_snapshot": false,
            "database_insights_mode": "standard",
            "database_name": "lawyered_db",
            "db_cluster_instance_class": "",
            "db_cluster_parameter_group_name": "lawyered-database-cluster-pg",
            "db_instance_parameter_group_name": null,
            "db_subnet_group_name": "lawyered-database-subnet-group",
            "db_system_id": "",
            "delete_automated_backups": true,
            "deletion_protection": false,
            "domain": "",
            "domain_iam_role_name": "",
            "enable_global_write_forwarding": false,
            "enable_http_endpoint": false,
            "enable_local_write_forwarding": false,
            "enabled_cloudwatch_logs_exports": [
              "error",
              "slowquery"
            ],
            "endpoint": "lawyered-database.cluster-cj446ammul0i.ap-south-1.rds.amazonaws.com",
            "engine": "aurora-mysql",
            "engine_lifecycle_support": "open-source-rds-extended-support",
            "engine_mode": "provisioned",
            "engine_version": "8.0.mysql_aurora.3.12.0",
            "engine_version_actual": "8.0.mysql_aurora.3.12.0",
            "final_snapshot_identifier": null,
            "global_cluster_identifier": "",
            "hosted_zone_id": "Z2VFMSZA74J7XZ",
            "iam_database_authentication_enabled": false,
            "iam_roles": [],
            "id": "lawyered-database",
            "iops": 0,
            "kms_key_id": "arn:aws:kms:ap-south-1:344367180480:key/994b8191-7949-433b-9632-ac51dfa853e8",
            "manage_master_user_password": true,
            "master_password": null,
            "master_password_wo": null,
            "master_password_wo_version": null,
            "master_user_secret": [
              {
                "kms_key_id": "arn:aws:kms:ap-south-1:344367180480:key/1281f54d-7411-4c9c-b9d7-2e46365890ef",
                "secret_arn": "arn:aws:secretsmanager:ap-south-1:344367180480:secret:rds!cluster-cd376512-7454-4dc7-97f8-42419b8669eb-nyLzoN",
                "secret_status": "active"
              }
            ],
            "master_user_secret_kms_key_id": null,
            "master_username": "admin",
            "monitoring_interval": 0,
            "monitoring_role_arn": "",
            "network_type": "IPV4",
            "performance_insights_enabled": false,
            "performance_insights_kms_key_id": "",
            "performance_insights_retention_period": 0,
            "port": 3306,
            "preferred_backup_window": "02:00-03:00",
            "preferred_maintenance_window": "mon:12:18-mon:12:48",
            "reader_endpoint": "lawyered-database.cluster-ro-cj446ammul0i.ap-south-1.rds.amazonaws.com",
            "region": "ap-south-1",
            "replication_source_identifier": "",
            "restore_to_point_in_time": [],
            "s3_import": [],
            "scaling_configuration": [],
            "serverlessv2_scaling_configuration": [],
            "skip_final_snapshot": true,
            "snapshot_identifier": null,
            "source_region": null,
            "storage_encrypted": true,
            "storage_type": "",
            "tags": {
              "Environment": "stage",
              "Name": "lawyered-database",
              "Project": "lawyered",
              "Role": "database-aurora"
            },
            "tags_all": {
              "Environment": "stage",
              "Name": "lawyered-database",
              "Project": "lawyered",
              "Role": "database-aurora"
            },
            "timeouts": null,
            "upgrade_rollout_order": "second",
            "vpc_security_group_ids": [
              "sg-01057bff2f0ff9c94"
            ]
          },
          "sensitive_attributes": [
            [
              {
                "type": "get_attr",
                "value": "manage_master_user_password"
              }
            ],
            [
              {
                "type": "get_attr",
                "value": "master_password"
              }
            ],
            [
              {
                "type": "get_attr",
                "value": "master_password_wo"
              }
            ]
          ],
          "identity_schema_version": 0,
          "private": "eyJlMmJmYjczMC1lY2FhLTExZTYtOGY4OC0zNDM2M2JjN2M0YzAiOnsiY3JlYXRlIjo3MjAwMDAwMDAwMDAwLCJkZWxldGUiOjcyMDAwMDAwMDAwMDAsInVwZGF0ZSI6NzIwMDAwMDAwMDAwMH0sInNjaGVtYV92ZXJzaW9uIjoiMSJ9",
          "dependencies": [
            "module.aurora.aws_db_subnet_group.this",
            "module.aurora.aws_rds_cluster_parameter_group.this",
            "module.aurora.aws_security_group.this",
            "module.vpc.aws_eip.nat",
            "module.vpc.aws_internet_gateway.this",
            "module.vpc.aws_nat_gateway.this",
            "module.vpc.aws_route_table.database",
            "module.vpc.aws_route_table.private",
            "module.vpc.aws_route_table.public",
            "module.vpc.aws_route_table_association.database",
            "module.vpc.aws_route_table_association.private",
            "module.vpc.aws_route_table_association.public",
            "module.vpc.aws_subnet.database",
            "module.vpc.aws_subnet.private",
            "module.vpc.aws_subnet.public",
            "module.vpc.aws_vpc.this"
          ]
        }
      ]
    },
    {
      "module": "module.aurora[\"lawyered-database\"]",
      "mode": "managed",
      "type": "aws_rds_cluster_instance",
      "name": "this",
      "provider": "provider[\"registry.terraform.io/hashicorp/aws\"]",
      "instances": [
        {
          "index_key": 0,
          "schema_version": 0,
          "attributes": {
            "apply_immediately": null,
            "arn": "arn:aws:rds:ap-south-1:344367180480:db:lawyered-database-instance-1",
            "auto_minor_version_upgrade": true,
            "availability_zone": "ap-south-1a",
            "ca_cert_identifier": "rds-ca-rsa2048-g1",
            "cluster_identifier": "lawyered-database",
            "copy_tags_to_snapshot": false,
            "custom_iam_instance_profile": "",
            "db_parameter_group_name": "lawyered-database-mysql-pg",
            "db_subnet_group_name": "lawyered-database-subnet-group",
            "dbi_resource_id": "db-7JIZFO73YG3RNPEIHKGKKPNJPA",
            "endpoint": "lawyered-database-instance-1.cj446ammul0i.ap-south-1.rds.amazonaws.com",
            "engine": "aurora-mysql",
            "engine_version": "8.0.mysql_aurora.3.12.0",
            "engine_version_actual": "8.0.mysql_aurora.3.12.0",
            "force_destroy": false,
            "id": "lawyered-database-instance-1",
            "identifier": "lawyered-database-instance-1",
            "identifier_prefix": "",
            "instance_class": "db.t4g.large",
            "kms_key_id": "arn:aws:kms:ap-south-1:344367180480:key/994b8191-7949-433b-9632-ac51dfa853e8",
            "monitoring_interval": 0,
            "monitoring_role_arn": "",
            "network_type": "IPV4",
            "performance_insights_enabled": true,
            "performance_insights_kms_key_id": "arn:aws:kms:ap-south-1:344367180480:key/994b8191-7949-433b-9632-ac51dfa853e8",
            "performance_insights_retention_period": 7,
            "port": 3306,
            "preferred_backup_window": "02:00-03:00",
            "preferred_maintenance_window": "tue:09:45-tue:10:15",
            "promotion_tier": 0,
            "publicly_accessible": false,
            "region": "ap-south-1",
            "storage_encrypted": true,
            "tags": {
              "Environment": "stage",
              "Name": "lawyered-database-instance",
              "Project": "lawyered",
              "Role": "database-aurora"
            },
            "tags_all": {
              "Environment": "stage",
              "Name": "lawyered-database-instance",
              "Project": "lawyered",
              "Role": "database-aurora"
            },
            "timeouts": null,
            "writer": true
          },
          "sensitive_attributes": [],
          "identity_schema_version": 0,
          "private": "eyJlMmJmYjczMC1lY2FhLTExZTYtOGY4OC0zNDM2M2JjN2M0YzAiOnsiY3JlYXRlIjo1NDAwMDAwMDAwMDAwLCJkZWxldGUiOjU0MDAwMDAwMDAwMDAsInVwZGF0ZSI6NTQwMDAwMDAwMDAwMH19",
          "dependencies": [
            "module.aurora.aws_db_parameter_group.this",
            "module.aurora.aws_db_subnet_group.this",
            "module.aurora.aws_rds_cluster.this",
            "module.aurora.aws_rds_cluster_parameter_group.this",
            "module.aurora.aws_security_group.this",
            "module.vpc.aws_eip.nat",
            "module.vpc.aws_internet_gateway.this",
            "module.vpc.aws_nat_gateway.this",
            "module.vpc.aws_route_table.database",
            "module.vpc.aws_route_table.private",
            "module.vpc.aws_route_table.public",
            "module.vpc.aws_route_table_association.database",
            "module.vpc.aws_route_table_association.private",
            "module.vpc.aws_route_table_association.public",
            "module.vpc.aws_subnet.database",
            "module.vpc.aws_subnet.private",
            "module.vpc.aws_subnet.public",
            "module.vpc.aws_vpc.this"
          ]
        }
      ]
    },
    {
      "module": "module.aurora[\"lawyered-database\"]",
      "mode": "managed",
      "type": "aws_rds_cluster_parameter_group",
      "name": "this",
      "provider": "provider[\"registry.terraform.io/hashicorp/aws\"]",
      "instances": [
        {
          "schema_version": 0,
          "attributes": {
            "arn": "arn:aws:rds:ap-south-1:344367180480:cluster-pg:lawyered-database-cluster-pg",
            "description": "lawyered-database",
            "family": "aurora-mysql8.0",
            "id": "lawyered-database-cluster-pg",
            "name": "lawyered-database-cluster-pg",
            "name_prefix": "",
            "parameter": [],
            "region": "ap-south-1",
            "tags": {
              "Environment": "stage",
              "Project": "lawyered",
              "Role": "database-aurora"
            },
            "tags_all": {
              "Environment": "stage",
              "Project": "lawyered",
              "Role": "database-aurora"
            }
          },
          "sensitive_attributes": [],
          "identity_schema_version": 0,
          "private": "bnVsbA==",
          "dependencies": [
            "module.vpc.aws_eip.nat",
            "module.vpc.aws_internet_gateway.this",
            "module.vpc.aws_nat_gateway.this",
            "module.vpc.aws_route_table.database",
            "module.vpc.aws_route_table.private",
            "module.vpc.aws_route_table.public",
            "module.vpc.aws_route_table_association.database",
            "module.vpc.aws_route_table_association.private",
            "module.vpc.aws_route_table_association.public",
            "module.vpc.aws_subnet.database",
            "module.vpc.aws_subnet.private",
            "module.vpc.aws_subnet.public",
            "module.vpc.aws_vpc.this"
          ]
        }
      ]
    },
    {
      "module": "module.aurora[\"lawyered-database\"]",
      "mode": "managed",
      "type": "aws_security_group",
      "name": "this",
      "provider": "provider[\"registry.terraform.io/hashicorp/aws\"]",
      "instances": [
        {
          "schema_version": 1,
          "attributes": {
            "arn": "arn:aws:ec2:ap-south-1:344367180480:security-group/sg-01057bff2f0ff9c94",
            "description": "Security group for Aurora MySQL cluster lawyered-database",
            "egress": [
              {
                "cidr_blocks": [
                  "0.0.0.0/0"
                ],
                "description": "Allow all outbound traffic",
                "from_port": 0,
                "ipv6_cidr_blocks": [],
                "prefix_list_ids": [],
                "protocol": "-1",
                "security_groups": [],
                "self": false,
                "to_port": 0
              }
            ],
            "id": "sg-01057bff2f0ff9c94",
            "ingress": [
              {
                "cidr_blocks": [
                  "10.100.0.0/16"
                ],
                "description": "vpc-cidr",
                "from_port": 3306,
                "ipv6_cidr_blocks": [],
                "prefix_list_ids": [],
                "protocol": "tcp",
                "security_groups": [],
                "self": false,
                "to_port": 3306
              },
              {
                "cidr_blocks": [
                  "10.100.49.215/32"
                ],
                "description": "bastion-server",
                "from_port": 3306,
                "ipv6_cidr_blocks": [],
                "prefix_list_ids": [],
                "protocol": "tcp",
                "security_groups": [],
                "self": false,
                "to_port": 3306
              }
            ],
            "name": "lawyered-database-sg",
            "name_prefix": "",
            "owner_id": "344367180480",
            "region": "ap-south-1",
            "revoke_rules_on_delete": null,
            "tags": {
              "Environment": "stage",
              "Name": "lawyered-database-sg",
              "Project": "lawyered",
              "Role": "database-aurora"
            },
            "tags_all": {
              "Environment": "stage",
              "Name": "lawyered-database-sg",
              "Project": "lawyered",
              "Role": "database-aurora"
            },
            "timeouts": null,
            "vpc_id": "vpc-0658def16d58b8876"
          },
          "sensitive_attributes": [],
          "identity_schema_version": 0,
          "identity": {
            "account_id": "344367180480",
            "id": "sg-01057bff2f0ff9c94",
            "region": "ap-south-1"
          },
          "private": "eyJlMmJmYjczMC1lY2FhLTExZTYtOGY4OC0zNDM2M2JjN2M0YzAiOnsiY3JlYXRlIjo2MDAwMDAwMDAwMDAsImRlbGV0ZSI6OTAwMDAwMDAwMDAwfSwic2NoZW1hX3ZlcnNpb24iOiIxIn0=",
          "dependencies": [
            "module.vpc.aws_eip.nat",
            "module.vpc.aws_internet_gateway.this",
            "module.vpc.aws_nat_gateway.this",
            "module.vpc.aws_route_table.database",
            "module.vpc.aws_route_table.private",
            "module.vpc.aws_route_table.public",
            "module.vpc.aws_route_table_association.database",
            "module.vpc.aws_route_table_association.private",
            "module.vpc.aws_route_table_association.public",
            "module.vpc.aws_subnet.database",
            "module.vpc.aws_subnet.private",
            "module.vpc.aws_subnet.public",
            "module.vpc.aws_vpc.this"
          ]
        }
      ]
    },
    {
      "module": "module.codepipeline[\"admin-lawyered\"]",
      "mode": "data",
      "type": "aws_caller_identity",
      "name": "current",
      "provider": "provider[\"registry.terraform.io/hashicorp/aws\"]",
      "instances": [
        {
          "schema_version": 0,
          "attributes": {
            "account_id": "344367180480",
            "arn": "arn:aws:sts::344367180480:assumed-role/AWSReservedSSO_AdministratorAccess_d713c9f4a0bbb717/pavan",
            "id": "344367180480",
            "user_id": "AROAVALPCFLAIU3Q7U5OZ:pavan"
          },
          "sensitive_attributes": [],
          "identity_schema_version": 0
        }
      ]
    },
    {
      "module": "module.codepipeline[\"admin-lawyered\"]",
      "mode": "managed",
      "type": "aws_codebuild_project",
      "name": "this",
      "provider": "provider[\"registry.terraform.io/hashicorp/aws\"]",
      "instances": [
        {
          "schema_version": 0,
          "attributes": {
            "arn": "arn:aws:codebuild:ap-south-1:344367180480:project/admin-lawyered-pipeline-build",
            "artifacts": [
              {
                "artifact_identifier": "",
                "bucket_owner_access": "",
                "encryption_disabled": false,
                "location": "",
                "name": "admin-lawyered-pipeline-build",
                "namespace_type": "",
                "override_artifact_name": false,
                "packaging": "NONE",
                "path": "",
                "type": "CODEPIPELINE"
              }
            ],
            "auto_retry_limit": 0,
            "badge_enabled": false,
            "badge_url": "",
            "build_batch_config": [],
            "build_timeout": 60,
            "cache": [
              {
                "cache_namespace": "",
                "location": "",
                "modes": [],
                "type": "NO_CACHE"
              }
            ],
            "concurrent_build_limit": 0,
            "description": "Docker build project for admin-lawyered-pipeline",
            "encryption_key": "arn:aws:kms:ap-south-1:344367180480:alias/aws/s3",
            "environment": [
              {
                "certificate": "",
                "compute_type": "BUILD_GENERAL1_SMALL",
                "docker_server": [],
                "environment_variable": [
                  {
                    "name": "ECR_REPOSITORY_URL",
                    "type": "PLAINTEXT",
                    "value": "344367180480.dkr.ecr.ap-south-1.amazonaws.com/admin-lawyered"
                  }
                ],
                "fleet": [],
                "image": "aws/codebuild/amazonlinux2-x86_64-standard:5.0",
                "image_pull_credentials_type": "CODEBUILD",
                "privileged_mode": true,
                "registry_credential": [],
                "type": "LINUX_CONTAINER"
              }
            ],
            "file_system_locations": [],
            "id": "arn:aws:codebuild:ap-south-1:344367180480:project/admin-lawyered-pipeline-build",
            "logs_config": [
              {
                "cloudwatch_logs": [
                  {
                    "group_name": "",
                    "status": "ENABLED",
                    "stream_name": ""
                  }
                ],
                "s3_logs": [
                  {
                    "bucket_owner_access": "",
                    "encryption_disabled": false,
                    "location": "",
                    "status": "DISABLED"
                  }
                ]
              }
            ],
            "name": "admin-lawyered-pipeline-build",
            "project_visibility": "PRIVATE",
            "public_project_alias": "",
            "queued_timeout": 480,
            "region": "ap-south-1",
            "resource_access_role": "",
            "secondary_artifacts": [],
            "secondary_source_version": [],
            "secondary_sources": [],
            "service_role": "arn:aws:iam::344367180480:role/admin-lawyered-pipeline-build-role",
            "source": [
              {
                "auth": [],
                "build_status_config": [],
                "buildspec": "\"artifacts\":\n  \"files\":\n  - \"imagedefinitions.json\"\n\"phases\":\n  \"build\":\n    \"commands\":\n    - \"echo Build started on `date`\"\n    - \"echo Building the Docker image...\"\n    - \"docker build  -t $REPOS_URL:latest .\"\n    - \"docker tag $REPOS_URL:latest $REPOS_URL:$IMAGE_TAG\"\n  \"post_build\":\n    \"commands\":\n    - \"echo Build completed on `date`\"\n    - \"echo Pushing the Docker images...\"\n    - \"docker push $REPOS_URL:latest\"\n    - \"docker push $REPOS_URL:$IMAGE_TAG\"\n    - \"echo Writing image definitions file...\"\n    - \"printf '[{\\\"name\\\":\\\"container-name\\\",\\\"imageUri\\\":\\\"%s\\\"}]' $REPOS_URL:$IMAGE_TAG\n      \u003e imagedefinitions.json\"\n    - \"echo Setting up SSH key for manifest repo push...\"\n    - \"mkdir -p ~/.ssh\"\n    - \"aws secretsmanager get-secret-value --secret-id lawyered/github/token --query\n      SecretString --output text \u003e ~/.ssh/id_rsa\"\n    - \"chmod 600 ~/.ssh/id_rsa\"\n    - \"ssh-keyscan github.com \u003e\u003e ~/.ssh/known_hosts\"\n    - \"echo Cloning k8s-manifest repo...\"\n    - \"git clone git@github.com:Lawyered-in/k8s-manifest.git /tmp/k8s-manifest\"\n    - \"cd /tmp/k8s-manifest \u0026\u0026 git checkout staging\"\n    - \"cd /tmp/k8s-manifest \u0026\u0026 sed -i \\\"s|image: .*$(basename $REPOS_URL):.*|image:\n      $REPOS_URL:$IMAGE_TAG|g\\\" deployments/stg-admin-lawyered/deployment.yaml\"\n    - \"cd /tmp/k8s-manifest \u0026\u0026 git config user.email 'ci@lawyered.in' \u0026\u0026 git config\n      user.name 'CodeBuild CI'\"\n    - \"cd /tmp/k8s-manifest \u0026\u0026 git add deployments/stg-admin-lawyered/deployment.yaml\"\n    - \"cd /tmp/k8s-manifest \u0026\u0026 (git diff --cached --quiet || git commit -m '[Devops\n      Team Auto Updated] $(basename $REPOS_URL) image to $IMAGE_TAG [skip ci]')\"\n    - \"cd /tmp/k8s-manifest \u0026\u0026 git push origin staging\"\n  \"pre_build\":\n    \"commands\":\n    - \"echo Logging in to Amazon ECR...\"\n    - \"aws ecr get-login-password --region ap-south-1 | docker login --username AWS\n      --password-stdin $ECR_REPOSITORY_URL\"\n    - \"echo Pre-fetching images from ECR Public to avoid Docker Hub rate limits...\"\n    - \"for image in node:20-alpine; do echo Pulling ${image}...; docker pull public.ecr.aws/docker/library/${image};\n      docker tag public.ecr.aws/docker/library/${image} ${image}; done\"\n    - \"REPOS_URL=$ECR_REPOSITORY_URL\"\n    - \"COMMIT_HASH=$(echo $CODEBUILD_RESOLVED_SOURCE_VERSION | cut -c 1-7)\"\n    - \"IMAGE_TAG=${COMMIT_HASH:=latest}\"\n\"version\": 0.2\n",
                "git_clone_depth": 0,
                "git_submodules_config": [],
                "insecure_ssl": false,
                "location": "",
                "report_build_status": false,
                "type": "CODEPIPELINE"
              }
            ],
            "source_version": "",
            "tags": {
              "Environment": "stage",
              "Project": "lawyered",
              "Service": "pipeline"
            },
            "tags_all": {
              "Environment": "stage",
              "Project": "lawyered",
              "Service": "pipeline"
            },
            "vpc_config": []
          },
          "sensitive_attributes": [],
          "identity_schema_version": 0,
          "identity": {
            "arn": "arn:aws:codebuild:ap-south-1:344367180480:project/admin-lawyered-pipeline-build"
          },
          "private": "bnVsbA==",
          "dependencies": [
            "module.codepipeline.aws_iam_role.build",
            "module.ecr.aws_ecr_lifecycle_policy.this",
            "module.ecr.aws_ecr_repository.this"
          ]
        }
      ]
    },
    {
      "module": "module.codepipeline[\"admin-lawyered\"]",
      "mode": "managed",
      "type": "aws_codepipeline",
      "name": "this",
      "provider": "provider[\"registry.terraform.io/hashicorp/aws\"]",
      "instances": [
        {
          "schema_version": 0,
          "attributes": {
            "arn": "arn:aws:codepipeline:ap-south-1:344367180480:admin-lawyered-pipeline",
            "artifact_store": [
              {
                "encryption_key": [],
                "location": "admin-lawyered-pipeline-artifacts-344367180480",
                "region": "",
                "type": "S3"
              }
            ],
            "execution_mode": "SUPERSEDED",
            "id": "admin-lawyered-pipeline",
            "name": "admin-lawyered-pipeline",
            "pipeline_type": "V1",
            "region": "ap-south-1",
            "role_arn": "arn:aws:iam::344367180480:role/admin-lawyered-pipeline-pipeline-role",
            "stage": [
              {
                "action": [
                  {
                    "category": "Source",
                    "configuration": {
                      "BranchName": "staging",
                      "ConnectionArn": "arn:aws:codeconnections:ap-south-1:344367180480:connection/57bb41a6-94e5-4be9-9364-73bc9da899d3",
                      "FullRepositoryId": "Lawyered-in/admin-lawyered"
                    },
                    "input_artifacts": [],
                    "name": "Source",
                    "namespace": "",
                    "output_artifacts": [
                      "source_output"
                    ],
                    "owner": "AWS",
                    "provider": "CodeStarSourceConnection",
                    "region": "",
                    "role_arn": "",
                    "run_order": 1,
                    "timeout_in_minutes": 0,
                    "version": "1"
                  }
                ],
                "before_entry": [],
                "name": "Source",
                "on_failure": [],
                "on_success": []
              },
              {
                "action": [
                  {
                    "category": "Build",
                    "configuration": {
                      "ProjectName": "admin-lawyered-pipeline-build"
                    },
                    "input_artifacts": [
                      "source_output"
                    ],
                    "name": "Build",
                    "namespace": "",
                    "output_artifacts": [
                      "build_output"
                    ],
                    "owner": "AWS",
                    "provider": "CodeBuild",
                    "region": "",
                    "role_arn": "",
                    "run_order": 1,
                    "timeout_in_minutes": 0,
                    "version": "1"
                  }
                ],
                "before_entry": [],
                "name": "Build",
                "on_failure": [],
                "on_success": []
              }
            ],
            "tags": {
              "Environment": "stage",
              "Project": "lawyered",
              "Service": "pipeline"
            },
            "tags_all": {
              "Environment": "stage",
              "Project": "lawyered",
              "Service": "pipeline"
            },
            "trigger": [],
            "trigger_all": [],
            "variable": []
          },
          "sensitive_attributes": [],
          "identity_schema_version": 0,
          "private": "bnVsbA==",
          "dependencies": [
            "aws_codeconnections_connection.github",
            "module.codepipeline.aws_codebuild_project.this",
            "module.codepipeline.aws_iam_role.build",
            "module.codepipeline.aws_iam_role.pipeline",
            "module.codepipeline.aws_s3_bucket.artifacts",
            "module.codepipeline.data.aws_caller_identity.current",
            "module.ecr.aws_ecr_lifecycle_policy.this",
            "module.ecr.aws_ecr_repository.this"
          ]
        }
      ]
    },
    {
      "module": "module.codepipeline[\"admin-lawyered\"]",
      "mode": "managed",
      "type": "aws_iam_role",
      "name": "build",
      "provider": "provider[\"registry.terraform.io/hashicorp/aws\"]",
      "instances": [
        {
          "schema_version": 0,
          "attributes": {
            "arn": "arn:aws:iam::344367180480:role/admin-lawyered-pipeline-build-role",
            "assume_role_policy": "{\"Statement\":[{\"Action\":\"sts:AssumeRole\",\"Effect\":\"Allow\",\"Principal\":{\"Service\":\"codebuild.amazonaws.com\"}}],\"Version\":\"2012-10-17\"}",
            "create_date": "2026-04-22T13:35:01Z",
            "description": "",
            "force_detach_policies": false,
            "id": "admin-lawyered-pipeline-build-role",
            "inline_policy": [
              {
                "name": "admin-lawyered-pipeline-build-policy",
                "policy": "{\"Version\":\"2012-10-17\",\"Statement\":[{\"Action\":[\"logs:CreateLogGroup\",\"logs:CreateLogStream\",\"logs:PutLogEvents\"],\"Effect\":\"Allow\",\"Resource\":\"*\"},{\"Action\":[\"s3:GetObject\",\"s3:GetObjectVersion\",\"s3:GetBucketVersioning\",\"s3:PutObject\"],\"Effect\":\"Allow\",\"Resource\":[\"arn:aws:s3:::admin-lawyered-pipeline-artifacts-344367180480\",\"arn:aws:s3:::admin-lawyered-pipeline-artifacts-344367180480/*\"]},{\"Action\":[\"ecr:GetAuthorizationToken\"],\"Effect\":\"Allow\",\"Resource\":\"*\"},{\"Action\":[\"ecr:BatchCheckLayerAvailability\",\"ecr:GetDownloadUrlForLayer\",\"ecr:BatchGetImage\",\"ecr:PutImage\",\"ecr:InitiateLayerUpload\",\"ecr:UploadLayerPart\",\"ecr:CompleteLayerUpload\"],\"Effect\":\"Allow\",\"Resource\":\"*\"},{\"Action\":[\"secretsmanager:GetSecretValue\"],\"Effect\":\"Allow\",\"Resource\":\"*\"}]}"
              }
            ],
            "managed_policy_arns": [],
            "max_session_duration": 3600,
            "name": "admin-lawyered-pipeline-build-role",
            "name_prefix": "",
            "path": "/",
            "permissions_boundary": "",
            "tags": {},
            "tags_all": {},
            "unique_id": "AROAVALPCFLACLKN3CJN5"
          },
          "sensitive_attributes": [],
          "identity_schema_version": 0,
          "identity": {
            "account_id": "344367180480",
            "name": "admin-lawyered-pipeline-build-role"
          },
          "private": "bnVsbA==",
          "dependencies": [
            "module.ecr.aws_ecr_lifecycle_policy.this",
            "module.ecr.aws_ecr_repository.this"
          ]
        }
      ]
    },
    {
      "module": "module.codepipeline[\"admin-lawyered\"]",
      "mode": "managed",
      "type": "aws_iam_role",
      "name": "pipeline",
      "provider": "provider[\"registry.terraform.io/hashicorp/aws\"]",
      "instances": [
        {
          "schema_version": 0,
          "attributes": {
            "arn": "arn:aws:iam::344367180480:role/admin-lawyered-pipeline-pipeline-role",
            "assume_role_policy": "{\"Statement\":[{\"Action\":\"sts:AssumeRole\",\"Effect\":\"Allow\",\"Principal\":{\"Service\":\"codepipeline.amazonaws.com\"}}],\"Version\":\"2012-10-17\"}",
            "create_date": "2026-04-22T13:35:00Z",
            "description": "",
            "force_detach_policies": false,
            "id": "admin-lawyered-pipeline-pipeline-role",
            "inline_policy": [
              {
                "name": "admin-lawyered-pipeline-pipeline-policy",
                "policy": "{\"Version\":\"2012-10-17\",\"Statement\":[{\"Action\":[\"s3:GetObject\",\"s3:GetObjectVersion\",\"s3:GetBucketVersioning\",\"s3:PutObjectAcl\",\"s3:PutObject\"],\"Effect\":\"Allow\",\"Resource\":[\"arn:aws:s3:::admin-lawyered-pipeline-artifacts-344367180480\",\"arn:aws:s3:::admin-lawyered-pipeline-artifacts-344367180480/*\"]},{\"Action\":[\"codestar-connections:UseConnection\"],\"Effect\":\"Allow\",\"Resource\":\"arn:aws:codeconnections:ap-south-1:344367180480:connection/57bb41a6-94e5-4be9-9364-73bc9da899d3\"},{\"Action\":[\"codebuild:BatchGetBuilds\",\"codebuild:StartBuild\"],\"Effect\":\"Allow\",\"Resource\":\"*\"}]}"
              }
            ],
            "managed_policy_arns": [],
            "max_session_duration": 3600,
            "name": "admin-lawyered-pipeline-pipeline-role",
            "name_prefix": "",
            "path": "/",
            "permissions_boundary": "",
            "tags": {},
            "tags_all": {},
            "unique_id": "AROAVALPCFLALYME3FZM6"
          },
          "sensitive_attributes": [],
          "identity_schema_version": 0,
          "identity": {
            "account_id": "344367180480",
            "name": "admin-lawyered-pipeline-pipeline-role"
          },
          "private": "bnVsbA==",
          "dependencies": [
            "module.ecr.aws_ecr_lifecycle_policy.this",
            "module.ecr.aws_ecr_repository.this"
          ]
        }
      ]
    },
    {
      "module": "module.codepipeline[\"admin-lawyered\"]",
      "mode": "managed",
      "type": "aws_iam_role_policy",
      "name": "build",
      "provider": "provider[\"registry.terraform.io/hashicorp/aws\"]",
      "instances": [
        {
          "schema_version": 0,
          "attributes": {
            "id": "admin-lawyered-pipeline-build-role:admin-lawyered-pipeline-build-policy",
            "name": "admin-lawyered-pipeline-build-policy",
            "name_prefix": "",
            "policy": "{\"Version\":\"2012-10-17\",\"Statement\":[{\"Action\":[\"logs:CreateLogGroup\",\"logs:CreateLogStream\",\"logs:PutLogEvents\"],\"Effect\":\"Allow\",\"Resource\":\"*\"},{\"Action\":[\"s3:GetObject\",\"s3:GetObjectVersion\",\"s3:GetBucketVersioning\",\"s3:PutObject\"],\"Effect\":\"Allow\",\"Resource\":[\"arn:aws:s3:::admin-lawyered-pipeline-artifacts-344367180480\",\"arn:aws:s3:::admin-lawyered-pipeline-artifacts-344367180480/*\"]},{\"Action\":[\"ecr:GetAuthorizationToken\"],\"Effect\":\"Allow\",\"Resource\":\"*\"},{\"Action\":[\"ecr:BatchCheckLayerAvailability\",\"ecr:GetDownloadUrlForLayer\",\"ecr:BatchGetImage\",\"ecr:PutImage\",\"ecr:InitiateLayerUpload\",\"ecr:UploadLayerPart\",\"ecr:CompleteLayerUpload\"],\"Effect\":\"Allow\",\"Resource\":\"*\"},{\"Action\":[\"secretsmanager:GetSecretValue\"],\"Effect\":\"Allow\",\"Resource\":\"*\"}]}",
            "role": "admin-lawyered-pipeline-build-role"
          },
          "sensitive_attributes": [],
          "identity_schema_version": 0,
          "identity": {
            "account_id": "344367180480",
            "name": "admin-lawyered-pipeline-build-policy",
            "role": "admin-lawyered-pipeline-build-role"
          },
          "private": "bnVsbA==",
          "dependencies": [
            "module.codepipeline.aws_iam_role.build",
            "module.codepipeline.aws_s3_bucket.artifacts",
            "module.codepipeline.data.aws_caller_identity.current",
            "module.ecr.aws_ecr_lifecycle_policy.this",
            "module.ecr.aws_ecr_repository.this"
          ]
        }
      ]
    },
    {
      "module": "module.codepipeline[\"admin-lawyered\"]",
      "mode": "managed",
      "type": "aws_iam_role_policy",
      "name": "pipeline",
      "provider": "provider[\"registry.terraform.io/hashicorp/aws\"]",
      "instances": [
        {
          "schema_version": 0,
          "attributes": {
            "id": "admin-lawyered-pipeline-pipeline-role:admin-lawyered-pipeline-pipeline-policy",
            "name": "admin-lawyered-pipeline-pipeline-policy",
            "name_prefix": "",
            "policy": "{\"Version\":\"2012-10-17\",\"Statement\":[{\"Action\":[\"s3:GetObject\",\"s3:GetObjectVersion\",\"s3:GetBucketVersioning\",\"s3:PutObjectAcl\",\"s3:PutObject\"],\"Effect\":\"Allow\",\"Resource\":[\"arn:aws:s3:::admin-lawyered-pipeline-artifacts-344367180480\",\"arn:aws:s3:::admin-lawyered-pipeline-artifacts-344367180480/*\"]},{\"Action\":[\"codestar-connections:UseConnection\"],\"Effect\":\"Allow\",\"Resource\":\"arn:aws:codeconnections:ap-south-1:344367180480:connection/57bb41a6-94e5-4be9-9364-73bc9da899d3\"},{\"Action\":[\"codebuild:BatchGetBuilds\",\"codebuild:StartBuild\"],\"Effect\":\"Allow\",\"Resource\":\"*\"}]}",
            "role": "admin-lawyered-pipeline-pipeline-role"
          },
          "sensitive_attributes": [],
          "identity_schema_version": 0,
          "identity": {
            "account_id": "344367180480",
            "name": "admin-lawyered-pipeline-pipeline-policy",
            "role": "admin-lawyered-pipeline-pipeline-role"
          },
          "private": "bnVsbA==",
          "dependencies": [
            "aws_codeconnections_connection.github",
            "module.codepipeline.aws_iam_role.pipeline",
            "module.codepipeline.aws_s3_bucket.artifacts",
            "module.codepipeline.data.aws_caller_identity.current",
            "module.ecr.aws_ecr_lifecycle_policy.this",
            "module.ecr.aws_ecr_repository.this"
          ]
        }
      ]
    },
    {
      "module": "module.codepipeline[\"admin-lawyered\"]",
      "mode": "managed",
      "type": "aws_s3_bucket",
      "name": "artifacts",
      "provider": "provider[\"registry.terraform.io/hashicorp/aws\"]",
      "instances": [
        {
          "status": "tainted",
          "schema_version": 0,
          "attributes": {
            "acceleration_status": null,
            "acl": null,
            "arn": "arn:aws:s3:::admin-lawyered-pipeline-artifacts-344367180480",
            "bucket": "admin-lawyered-pipeline-artifacts-344367180480",
            "bucket_domain_name": "admin-lawyered-pipeline-artifacts-344367180480.s3.amazonaws.com",
            "bucket_namespace": "global",
            "bucket_prefix": "",
            "bucket_region": null,
            "bucket_regional_domain_name": "admin-lawyered-pipeline-artifacts-344367180480.s3.ap-south-1.amazonaws.com",
            "cors_rule": [],
            "force_destroy": true,
            "grant": [
              {
                "id": "d7aefb4459ffc9ad51581490baa99470819bea5f81b9bc6e5fdeed217082fb2a",
                "permissions": [
                  "FULL_CONTROL"
                ],
                "type": "CanonicalUser",
                "uri": ""
              }
            ],
            "hosted_zone_id": "Z11RGJOFQNVJUP",
            "id": "admin-lawyered-pipeline-artifacts-344367180480",
            "lifecycle_rule": null,
            "logging": null,
            "object_lock_configuration": null,
            "object_lock_enabled": null,
            "policy": "",
            "region": "ap-south-1",
            "replication_configuration": null,
            "request_payer": null,
            "server_side_encryption_configuration": null,
            "tags": {
              "Environment": "stage",
              "Project": "lawyered",
              "Service": "pipeline"
            },
            "tags_all": {
              "Environment": "stage",
              "Project": "lawyered",
              "Service": "pipeline"
            },
            "timeouts": null,
            "versioning": [
              {
                "enabled": false,
                "mfa_delete": false
              }
            ],
            "website": [],
            "website_domain": null,
            "website_endpoint": null
          },
          "sensitive_attributes": [],
          "identity_schema_version": 0,
          "private": "eyJlMmJmYjczMC1lY2FhLTExZTYtOGY4OC0zNDM2M2JjN2M0YzAiOnsiY3JlYXRlIjoxMjAwMDAwMDAwMDAwLCJkZWxldGUiOjM2MDAwMDAwMDAwMDAsInJlYWQiOjEyMDAwMDAwMDAwMDAsInVwZGF0ZSI6MTIwMDAwMDAwMDAwMH19",
          "dependencies": [
            "module.codepipeline.data.aws_caller_identity.current",
            "module.ecr.aws_ecr_lifecycle_policy.this",
            "module.ecr.aws_ecr_repository.this"
          ]
        }
      ]
    },
    {
      "module": "module.codepipeline[\"admin-lawyered-fe\"]",
      "mode": "data",
      "type": "aws_caller_identity",
      "name": "current",
      "provider": "provider[\"registry.terraform.io/hashicorp/aws\"]",
      "instances": [
        {
          "schema_version": 0,
          "attributes": {
            "account_id": "344367180480",
            "arn": "arn:aws:sts::344367180480:assumed-role/AWSReservedSSO_AdministratorAccess_d713c9f4a0bbb717/pavan",
            "id": "344367180480",
            "user_id": "AROAVALPCFLAIU3Q7U5OZ:pavan"
          },
          "sensitive_attributes": [],
          "identity_schema_version": 0
        }
      ]
    },
    {
      "module": "module.codepipeline[\"admin-lawyered-fe\"]",
      "mode": "managed",
      "type": "aws_codebuild_project",
      "name": "this",
      "provider": "provider[\"registry.terraform.io/hashicorp/aws\"]",
      "instances": [
        {
          "schema_version": 0,
          "attributes": {
            "arn": "arn:aws:codebuild:ap-south-1:344367180480:project/admin-lawyered-fe-pipeline-build",
            "artifacts": [
              {
                "artifact_identifier": "",
                "bucket_owner_access": "",
                "encryption_disabled": false,
                "location": "",
                "name": "admin-lawyered-fe-pipeline-build",
                "namespace_type": "",
                "override_artifact_name": false,
                "packaging": "NONE",
                "path": "",
                "type": "CODEPIPELINE"
              }
            ],
            "auto_retry_limit": 0,
            "badge_enabled": false,
            "badge_url": "",
            "build_batch_config": [],
            "build_timeout": 60,
            "cache": [
              {
                "cache_namespace": "",
                "location": "",
                "modes": [],
                "type": "NO_CACHE"
              }
            ],
            "concurrent_build_limit": 0,
            "description": "Docker build project for admin-lawyered-fe-pipeline",
            "encryption_key": "arn:aws:kms:ap-south-1:344367180480:alias/aws/s3",
            "environment": [
              {
                "certificate": "",
                "compute_type": "BUILD_GENERAL1_SMALL",
                "docker_server": [],
                "environment_variable": [
                  {
                    "name": "ECR_REPOSITORY_URL",
                    "type": "PLAINTEXT",
                    "value": "344367180480.dkr.ecr.ap-south-1.amazonaws.com/admin-lawyered-fe"
                  }
                ],
                "fleet": [],
                "image": "aws/codebuild/amazonlinux2-x86_64-standard:5.0",
                "image_pull_credentials_type": "CODEBUILD",
                "privileged_mode": true,
                "registry_credential": [],
                "type": "LINUX_CONTAINER"
              }
            ],
            "file_system_locations": [],
            "id": "arn:aws:codebuild:ap-south-1:344367180480:project/admin-lawyered-fe-pipeline-build",
            "logs_config": [
              {
                "cloudwatch_logs": [
                  {
                    "group_name": "",
                    "status": "ENABLED",
                    "stream_name": ""
                  }
                ],
                "s3_logs": [
                  {
                    "bucket_owner_access": "",
                    "encryption_disabled": false,
                    "location": "",
                    "status": "DISABLED"
                  }
                ]
              }
            ],
            "name": "admin-lawyered-fe-pipeline-build",
            "project_visibility": "PRIVATE",
            "public_project_alias": "",
            "queued_timeout": 480,
            "region": "ap-south-1",
            "resource_access_role": "",
            "secondary_artifacts": [],
            "secondary_source_version": [],
            "secondary_sources": [],
            "service_role": "arn:aws:iam::344367180480:role/admin-lawyered-fe-pipeline-build-role",
            "source": [
              {
                "auth": [],
                "build_status_config": [],
                "buildspec": "\"artifacts\":\n  \"files\":\n  - \"imagedefinitions.json\"\n\"phases\":\n  \"build\":\n    \"commands\":\n    - \"echo Build started on `date`\"\n    - \"echo Building the Docker image...\"\n    - \"docker build --build-arg VITE_API_URL=\\\"https://api-staging.lawyered.in\\\" --build-arg\n      VITE_ENABLE_TELEMETRY=\\\"false\\\" --build-arg VITE_ENV=\\\"production\\\" -t $REPOS_URL:latest\n      .\"\n    - \"docker tag $REPOS_URL:latest $REPOS_URL:$IMAGE_TAG\"\n  \"post_build\":\n    \"commands\":\n    - \"echo Build completed on `date`\"\n    - \"echo Pushing the Docker images...\"\n    - \"docker push $REPOS_URL:latest\"\n    - \"docker push $REPOS_URL:$IMAGE_TAG\"\n    - \"echo Writing image definitions file...\"\n    - \"printf '[{\\\"name\\\":\\\"container-name\\\",\\\"imageUri\\\":\\\"%s\\\"}]' $REPOS_URL:$IMAGE_TAG\n      \u003e imagedefinitions.json\"\n    - \"echo Setting up SSH key for manifest repo push...\"\n    - \"mkdir -p ~/.ssh\"\n    - \"aws secretsmanager get-secret-value --secret-id lawyered/github/token --query\n      SecretString --output text \u003e ~/.ssh/id_rsa\"\n    - \"chmod 600 ~/.ssh/id_rsa\"\n    - \"ssh-keyscan github.com \u003e\u003e ~/.ssh/known_hosts\"\n    - \"echo Cloning k8s-manifest repo...\"\n    - \"git clone git@github.com:Lawyered-in/k8s-manifest.git /tmp/k8s-manifest\"\n    - \"cd /tmp/k8s-manifest \u0026\u0026 git checkout staging\"\n    - \"cd /tmp/k8s-manifest \u0026\u0026 sed -i \\\"s|image: .*$(basename $REPOS_URL):.*|image:\n      $REPOS_URL:$IMAGE_TAG|g\\\" deployments/stg-admin-lawyered-fe/deployment.yaml\"\n    - \"cd /tmp/k8s-manifest \u0026\u0026 git config user.email 'ci@lawyered.in' \u0026\u0026 git config\n      user.name 'CodeBuild CI'\"\n    - \"cd /tmp/k8s-manifest \u0026\u0026 git add deployments/stg-admin-lawyered-fe/deployment.yaml\"\n    - \"cd /tmp/k8s-manifest \u0026\u0026 (git diff --cached --quiet || git commit -m '[Devops\n      Team Auto Updated] $(basename $REPOS_URL) image to $IMAGE_TAG [skip ci]')\"\n    - \"cd /tmp/k8s-manifest \u0026\u0026 git push origin staging\"\n  \"pre_build\":\n    \"commands\":\n    - \"echo Logging in to Amazon ECR...\"\n    - \"aws ecr get-login-password --region ap-south-1 | docker login --username AWS\n      --password-stdin $ECR_REPOSITORY_URL\"\n    - \"echo Pre-fetching images from ECR Public to avoid Docker Hub rate limits...\"\n    - \"for image in node:20-alpine; do echo Pulling ${image}...; docker pull public.ecr.aws/docker/library/${image};\n      docker tag public.ecr.aws/docker/library/${image} ${image}; done\"\n    - \"REPOS_URL=$ECR_REPOSITORY_URL\"\n    - \"COMMIT_HASH=$(echo $CODEBUILD_RESOLVED_SOURCE_VERSION | cut -c 1-7)\"\n    - \"IMAGE_TAG=${COMMIT_HASH:=latest}\"\n\"version\": 0.2\n",
                "git_clone_depth": 0,
                "git_submodules_config": [],
                "insecure_ssl": false,
                "location": "",
                "report_build_status": false,
                "type": "CODEPIPELINE"
              }
            ],
            "source_version": "",
            "tags": {
              "Environment": "stage",
              "Project": "lawyered",
              "Service": "pipeline"
            },
            "tags_all": {
              "Environment": "stage",
              "Project": "lawyered",
              "Service": "pipeline"
            },
            "vpc_config": []
          },
          "sensitive_attributes": [],
          "identity_schema_version": 0,
          "identity": {
            "arn": "arn:aws:codebuild:ap-south-1:344367180480:project/admin-lawyered-fe-pipeline-build"
          },
          "private": "bnVsbA==",
          "dependencies": [
            "module.codepipeline.aws_iam_role.build",
            "module.ecr.aws_ecr_lifecycle_policy.this",
            "module.ecr.aws_ecr_repository.this"
          ]
        }
      ]
    },
    {
      "module": "module.codepipeline[\"admin-lawyered-fe\"]",
      "mode": "managed",
      "type": "aws_codepipeline",
      "name": "this",
      "provider": "provider[\"registry.terraform.io/hashicorp/aws\"]",
      "instances": [
        {
          "schema_version": 0,
          "attributes": {
            "arn": "arn:aws:codepipeline:ap-south-1:344367180480:admin-lawyered-fe-pipeline",
            "artifact_store": [
              {
                "encryption_key": [],
                "location": "admin-lawyered-fe-pipeline-artifacts-344367180480",
                "region": "",
                "type": "S3"
              }
            ],
            "execution_mode": "SUPERSEDED",
            "id": "admin-lawyered-fe-pipeline",
            "name": "admin-lawyered-fe-pipeline",
            "pipeline_type": "V1",
            "region": "ap-south-1",
            "role_arn": "arn:aws:iam::344367180480:role/admin-lawyered-fe-pipeline-pipeline-role",
            "stage": [
              {
                "action": [
                  {
                    "category": "Source",
                    "configuration": {
                      "BranchName": "staging",
                      "ConnectionArn": "arn:aws:codeconnections:ap-south-1:344367180480:connection/57bb41a6-94e5-4be9-9364-73bc9da899d3",
                      "FullRepositoryId": "Lawyered-in/admin-lawyered-fe"
                    },
                    "input_artifacts": [],
                    "name": "Source",
                    "namespace": "",
                    "output_artifacts": [
                      "source_output"
                    ],
                    "owner": "AWS",
                    "provider": "CodeStarSourceConnection",
                    "region": "",
                    "role_arn": "",
                    "run_order": 1,
                    "timeout_in_minutes": 0,
                    "version": "1"
                  }
                ],
                "before_entry": [],
                "name": "Source",
                "on_failure": [],
                "on_success": []
              },
              {
                "action": [
                  {
                    "category": "Build",
                    "configuration": {
                      "ProjectName": "admin-lawyered-fe-pipeline-build"
                    },
                    "input_artifacts": [
                      "source_output"
                    ],
                    "name": "Build",
                    "namespace": "",
                    "output_artifacts": [
                      "build_output"
                    ],
                    "owner": "AWS",
                    "provider": "CodeBuild",
                    "region": "",
                    "role_arn": "",
                    "run_order": 1,
                    "timeout_in_minutes": 0,
                    "version": "1"
                  }
                ],
                "before_entry": [],
                "name": "Build",
                "on_failure": [],
                "on_success": []
              }
            ],
            "tags": {
              "Environment": "stage",
              "Project": "lawyered",
              "Service": "pipeline"
            },
            "tags_all": {
              "Environment": "stage",
              "Project": "lawyered",
              "Service": "pipeline"
            },
            "trigger": [],
            "trigger_all": [],
            "variable": []
          },
          "sensitive_attributes": [],
          "identity_schema_version": 0,
          "private": "bnVsbA==",
          "dependencies": [
            "aws_codeconnections_connection.github",
            "module.codepipeline.aws_codebuild_project.this",
            "module.codepipeline.aws_iam_role.build",
            "module.codepipeline.aws_iam_role.pipeline",
            "module.codepipeline.aws_s3_bucket.artifacts",
            "module.codepipeline.data.aws_caller_identity.current",
            "module.ecr.aws_ecr_lifecycle_policy.this",
            "module.ecr.aws_ecr_repository.this"
          ]
        }
      ]
    },
    {
      "module": "module.codepipeline[\"admin-lawyered-fe\"]",
      "mode": "managed",
      "type": "aws_iam_role",
      "name": "build",
      "provider": "provider[\"registry.terraform.io/hashicorp/aws\"]",
      "instances": [
        {
          "schema_version": 0,
          "attributes": {
            "arn": "arn:aws:iam::344367180480:role/admin-lawyered-fe-pipeline-build-role",
            "assume_role_policy": "{\"Statement\":[{\"Action\":\"sts:AssumeRole\",\"Effect\":\"Allow\",\"Principal\":{\"Service\":\"codebuild.amazonaws.com\"}}],\"Version\":\"2012-10-17\"}",
            "create_date": "2026-04-22T13:35:03Z",
            "description": "",
            "force_detach_policies": false,
            "id": "admin-lawyered-fe-pipeline-build-role",
            "inline_policy": [
              {
                "name": "admin-lawyered-fe-pipeline-build-policy",
                "policy": "{\"Version\":\"2012-10-17\",\"Statement\":[{\"Action\":[\"logs:CreateLogGroup\",\"logs:CreateLogStream\",\"logs:PutLogEvents\"],\"Effect\":\"Allow\",\"Resource\":\"*\"},{\"Action\":[\"s3:GetObject\",\"s3:GetObjectVersion\",\"s3:GetBucketVersioning\",\"s3:PutObject\"],\"Effect\":\"Allow\",\"Resource\":[\"arn:aws:s3:::admin-lawyered-fe-pipeline-artifacts-344367180480\",\"arn:aws:s3:::admin-lawyered-fe-pipeline-artifacts-344367180480/*\"]},{\"Action\":[\"ecr:GetAuthorizationToken\"],\"Effect\":\"Allow\",\"Resource\":\"*\"},{\"Action\":[\"ecr:BatchCheckLayerAvailability\",\"ecr:GetDownloadUrlForLayer\",\"ecr:BatchGetImage\",\"ecr:PutImage\",\"ecr:InitiateLayerUpload\",\"ecr:UploadLayerPart\",\"ecr:CompleteLayerUpload\"],\"Effect\":\"Allow\",\"Resource\":\"*\"},{\"Action\":[\"secretsmanager:GetSecretValue\"],\"Effect\":\"Allow\",\"Resource\":\"*\"}]}"
              }
            ],
            "managed_policy_arns": [],
            "max_session_duration": 3600,
            "name": "admin-lawyered-fe-pipeline-build-role",
            "name_prefix": "",
            "path": "/",
            "permissions_boundary": "",
            "tags": {},
            "tags_all": {},
            "unique_id": "AROAVALPCFLAEKUFJ5ICD"
          },
          "sensitive_attributes": [],
          "identity_schema_version": 0,
          "identity": {
            "account_id": "344367180480",
            "name": "admin-lawyered-fe-pipeline-build-role"
          },
          "private": "bnVsbA==",
          "dependencies": [
            "module.ecr.aws_ecr_lifecycle_policy.this",
            "module.ecr.aws_ecr_repository.this"
          ]
        }
      ]
    },
    {
      "module": "module.codepipeline[\"admin-lawyered-fe\"]",
      "mode": "managed",
      "type": "aws_iam_role",
      "name": "pipeline",
      "provider": "provider[\"registry.terraform.io/hashicorp/aws\"]",
      "instances": [
        {
          "schema_version": 0,
          "attributes": {
            "arn": "arn:aws:iam::344367180480:role/admin-lawyered-fe-pipeline-pipeline-role",
            "assume_role_policy": "{\"Statement\":[{\"Action\":\"sts:AssumeRole\",\"Effect\":\"Allow\",\"Principal\":{\"Service\":\"codepipeline.amazonaws.com\"}}],\"Version\":\"2012-10-17\"}",
            "create_date": "2026-04-22T13:35:03Z",
            "description": "",
            "force_detach_policies": false,
            "id": "admin-lawyered-fe-pipeline-pipeline-role",
            "inline_policy": [
              {
                "name": "admin-lawyered-fe-pipeline-pipeline-policy",
                "policy": "{\"Version\":\"2012-10-17\",\"Statement\":[{\"Action\":[\"s3:GetObject\",\"s3:GetObjectVersion\",\"s3:GetBucketVersioning\",\"s3:PutObjectAcl\",\"s3:PutObject\"],\"Effect\":\"Allow\",\"Resource\":[\"arn:aws:s3:::admin-lawyered-fe-pipeline-artifacts-344367180480\",\"arn:aws:s3:::admin-lawyered-fe-pipeline-artifacts-344367180480/*\"]},{\"Action\":[\"codestar-connections:UseConnection\"],\"Effect\":\"Allow\",\"Resource\":\"arn:aws:codeconnections:ap-south-1:344367180480:connection/57bb41a6-94e5-4be9-9364-73bc9da899d3\"},{\"Action\":[\"codebuild:BatchGetBuilds\",\"codebuild:StartBuild\"],\"Effect\":\"Allow\",\"Resource\":\"*\"}]}"
              }
            ],
            "managed_policy_arns": [],
            "max_session_duration": 3600,
            "name": "admin-lawyered-fe-pipeline-pipeline-role",
            "name_prefix": "",
            "path": "/",
            "permissions_boundary": "",
            "tags": {},
            "tags_all": {},
            "unique_id": "AROAVALPCFLAEJYDEPIKB"
          },
          "sensitive_attributes": [],
          "identity_schema_version": 0,
          "identity": {
            "account_id": "344367180480",
            "name": "admin-lawyered-fe-pipeline-pipeline-role"
          },
          "private": "bnVsbA==",
          "dependencies": [
            "module.ecr.aws_ecr_lifecycle_policy.this",
            "module.ecr.aws_ecr_repository.this"
          ]
        }
      ]
    },
    {
      "module": "module.codepipeline[\"admin-lawyered-fe\"]",
      "mode": "managed",
      "type": "aws_iam_role_policy",
      "name": "build",
      "provider": "provider[\"registry.terraform.io/hashicorp/aws\"]",
      "instances": [
        {
          "schema_version": 0,
          "attributes": {
            "id": "admin-lawyered-fe-pipeline-build-role:admin-lawyered-fe-pipeline-build-policy",
            "name": "admin-lawyered-fe-pipeline-build-policy",
            "name_prefix": "",
            "policy": "{\"Version\":\"2012-10-17\",\"Statement\":[{\"Action\":[\"logs:CreateLogGroup\",\"logs:CreateLogStream\",\"logs:PutLogEvents\"],\"Effect\":\"Allow\",\"Resource\":\"*\"},{\"Action\":[\"s3:GetObject\",\"s3:GetObjectVersion\",\"s3:GetBucketVersioning\",\"s3:PutObject\"],\"Effect\":\"Allow\",\"Resource\":[\"arn:aws:s3:::admin-lawyered-fe-pipeline-artifacts-344367180480\",\"arn:aws:s3:::admin-lawyered-fe-pipeline-artifacts-344367180480/*\"]},{\"Action\":[\"ecr:GetAuthorizationToken\"],\"Effect\":\"Allow\",\"Resource\":\"*\"},{\"Action\":[\"ecr:BatchCheckLayerAvailability\",\"ecr:GetDownloadUrlForLayer\",\"ecr:BatchGetImage\",\"ecr:PutImage\",\"ecr:InitiateLayerUpload\",\"ecr:UploadLayerPart\",\"ecr:CompleteLayerUpload\"],\"Effect\":\"Allow\",\"Resource\":\"*\"},{\"Action\":[\"secretsmanager:GetSecretValue\"],\"Effect\":\"Allow\",\"Resource\":\"*\"}]}",
            "role": "admin-lawyered-fe-pipeline-build-role"
          },
          "sensitive_attributes": [],
          "identity_schema_version": 0,
          "identity": {
            "account_id": "344367180480",
            "name": "admin-lawyered-fe-pipeline-build-policy",
            "role": "admin-lawyered-fe-pipeline-build-role"
          },
          "private": "bnVsbA==",
          "dependencies": [
            "module.codepipeline.aws_iam_role.build",
            "module.codepipeline.aws_s3_bucket.artifacts",
            "module.codepipeline.data.aws_caller_identity.current",
            "module.ecr.aws_ecr_lifecycle_policy.this",
            "module.ecr.aws_ecr_repository.this"
          ]
        }
      ]
    },
    {
      "module": "module.codepipeline[\"admin-lawyered-fe\"]",
      "mode": "managed",
      "type": "aws_iam_role_policy",
      "name": "pipeline",
      "provider": "provider[\"registry.terraform.io/hashicorp/aws\"]",
      "instances": [
        {
          "schema_version": 0,
          "attributes": {
            "id": "admin-lawyered-fe-pipeline-pipeline-role:admin-lawyered-fe-pipeline-pipeline-policy",
            "name": "admin-lawyered-fe-pipeline-pipeline-policy",
            "name_prefix": "",
            "policy": "{\"Version\":\"2012-10-17\",\"Statement\":[{\"Action\":[\"s3:GetObject\",\"s3:GetObjectVersion\",\"s3:GetBucketVersioning\",\"s3:PutObjectAcl\",\"s3:PutObject\"],\"Effect\":\"Allow\",\"Resource\":[\"arn:aws:s3:::admin-lawyered-fe-pipeline-artifacts-344367180480\",\"arn:aws:s3:::admin-lawyered-fe-pipeline-artifacts-344367180480/*\"]},{\"Action\":[\"codestar-connections:UseConnection\"],\"Effect\":\"Allow\",\"Resource\":\"arn:aws:codeconnections:ap-south-1:344367180480:connection/57bb41a6-94e5-4be9-9364-73bc9da899d3\"},{\"Action\":[\"codebuild:BatchGetBuilds\",\"codebuild:StartBuild\"],\"Effect\":\"Allow\",\"Resource\":\"*\"}]}",
            "role": "admin-lawyered-fe-pipeline-pipeline-role"
          },
          "sensitive_attributes": [],
          "identity_schema_version": 0,
          "identity": {
            "account_id": "344367180480",
            "name": "admin-lawyered-fe-pipeline-pipeline-policy",
            "role": "admin-lawyered-fe-pipeline-pipeline-role"
          },
          "private": "bnVsbA==",
          "dependencies": [
            "aws_codeconnections_connection.github",
            "module.codepipeline.aws_iam_role.pipeline",
            "module.codepipeline.aws_s3_bucket.artifacts",
            "module.codepipeline.data.aws_caller_identity.current",
            "module.ecr.aws_ecr_lifecycle_policy.this",
            "module.ecr.aws_ecr_repository.this"
          ]
        }
      ]
    },
    {
      "module": "module.codepipeline[\"admin-lawyered-fe\"]",
      "mode": "managed",
      "type": "aws_s3_bucket",
      "name": "artifacts",
      "provider": "provider[\"registry.terraform.io/hashicorp/aws\"]",
      "instances": [
        {
          "schema_version": 0,
          "attributes": {
            "acceleration_status": "",
            "acl": null,
            "arn": "arn:aws:s3:::admin-lawyered-fe-pipeline-artifacts-344367180480",
            "bucket": "admin-lawyered-fe-pipeline-artifacts-344367180480",
            "bucket_domain_name": "admin-lawyered-fe-pipeline-artifacts-344367180480.s3.amazonaws.com",
            "bucket_namespace": "global",
            "bucket_prefix": "",
            "bucket_region": "ap-south-1",
            "bucket_regional_domain_name": "admin-lawyered-fe-pipeline-artifacts-344367180480.s3.ap-south-1.amazonaws.com",
            "cors_rule": [],
            "force_destroy": true,
            "grant": [
              {
                "id": "d7aefb4459ffc9ad51581490baa99470819bea5f81b9bc6e5fdeed217082fb2a",
                "permissions": [
                  "FULL_CONTROL"
                ],
                "type": "CanonicalUser",
                "uri": ""
              }
            ],
            "hosted_zone_id": "Z11RGJOFQNVJUP",
            "id": "admin-lawyered-fe-pipeline-artifacts-344367180480",
            "lifecycle_rule": [],
            "logging": [],
            "object_lock_configuration": [],
            "object_lock_enabled": false,
            "policy": "",
            "region": "ap-south-1",
            "replication_configuration": [],
            "request_payer": "BucketOwner",
            "server_side_encryption_configuration": [
              {
                "rule": [
                  {
                    "apply_server_side_encryption_by_default": [
                      {
                        "kms_master_key_id": "",
                        "sse_algorithm": "AES256"
                      }
                    ],
                    "bucket_key_enabled": false
                  }
                ]
              }
            ],
            "tags": {
              "Environment": "stage",
              "Project": "lawyered",
              "Service": "pipeline"
            },
            "tags_all": {
              "Environment": "stage",
              "Project": "lawyered",
              "Service": "pipeline"
            },
            "timeouts": null,
            "versioning": [
              {
                "enabled": false,
                "mfa_delete": false
              }
            ],
            "website": [],
            "website_domain": null,
            "website_endpoint": null
          },
          "sensitive_attributes": [],
          "identity_schema_version": 0,
          "identity": {
            "account_id": "344367180480",
            "bucket": "admin-lawyered-fe-pipeline-artifacts-344367180480",
            "region": "ap-south-1"
          },
          "private": "eyJlMmJmYjczMC1lY2FhLTExZTYtOGY4OC0zNDM2M2JjN2M0YzAiOnsiY3JlYXRlIjoxMjAwMDAwMDAwMDAwLCJkZWxldGUiOjM2MDAwMDAwMDAwMDAsInJlYWQiOjEyMDAwMDAwMDAwMDAsInVwZGF0ZSI6MTIwMDAwMDAwMDAwMH19",
          "dependencies": [
            "module.codepipeline.data.aws_caller_identity.current",
            "module.ecr.aws_ecr_lifecycle_policy.this",
            "module.ecr.aws_ecr_repository.this"
          ]
        }
      ]
    },
    {
      "module": "module.codepipeline[\"api-challans\"]",
      "mode": "data",
      "type": "aws_caller_identity",
      "name": "current",
      "provider": "provider[\"registry.terraform.io/hashicorp/aws\"]",
      "instances": [
        {
          "schema_version": 0,
          "attributes": {
            "account_id": "344367180480",
            "arn": "arn:aws:sts::344367180480:assumed-role/AWSReservedSSO_AdministratorAccess_d713c9f4a0bbb717/pavan",
            "id": "344367180480",
            "user_id": "AROAVALPCFLAIU3Q7U5OZ:pavan"
          },
          "sensitive_attributes": [],
          "identity_schema_version": 0
        }
      ]
    },
    {
      "module": "module.codepipeline[\"api-challans\"]",
      "mode": "managed",
      "type": "aws_codebuild_project",
      "name": "this",
      "provider": "provider[\"registry.terraform.io/hashicorp/aws\"]",
      "instances": [
        {
          "schema_version": 0,
          "attributes": {
            "arn": "arn:aws:codebuild:ap-south-1:344367180480:project/api-challans-pipeline-build",
            "artifacts": [
              {
                "artifact_identifier": "",
                "bucket_owner_access": "",
                "encryption_disabled": false,
                "location": "",
                "name": "api-challans-pipeline-build",
                "namespace_type": "",
                "override_artifact_name": false,
                "packaging": "NONE",
                "path": "",
                "type": "CODEPIPELINE"
              }
            ],
            "auto_retry_limit": 0,
            "badge_enabled": false,
            "badge_url": "",
            "build_batch_config": [],
            "build_timeout": 60,
            "cache": [
              {
                "cache_namespace": "",
                "location": "",
                "modes": [],
                "type": "NO_CACHE"
              }
            ],
            "concurrent_build_limit": 0,
            "description": "Docker build project for api-challans-pipeline",
            "encryption_key": "arn:aws:kms:ap-south-1:344367180480:alias/aws/s3",
            "environment": [
              {
                "certificate": "",
                "compute_type": "BUILD_GENERAL1_SMALL",
                "docker_server": [],
                "environment_variable": [
                  {
                    "name": "ECR_REPOSITORY_URL",
                    "type": "PLAINTEXT",
                    "value": "344367180480.dkr.ecr.ap-south-1.amazonaws.com/api-challans"
                  }
                ],
                "fleet": [],
                "image": "aws/codebuild/amazonlinux2-x86_64-standard:5.0",
                "image_pull_credentials_type": "CODEBUILD",
                "privileged_mode": true,
                "registry_credential": [],
                "type": "LINUX_CONTAINER"
              }
            ],
            "file_system_locations": [],
            "id": "arn:aws:codebuild:ap-south-1:344367180480:project/api-challans-pipeline-build",
            "logs_config": [
              {
                "cloudwatch_logs": [
                  {
                    "group_name": "",
                    "status": "ENABLED",
                    "stream_name": ""
                  }
                ],
                "s3_logs": [
                  {
                    "bucket_owner_access": "",
                    "encryption_disabled": false,
                    "location": "",
                    "status": "DISABLED"
                  }
                ]
              }
            ],
            "name": "api-challans-pipeline-build",
            "project_visibility": "PRIVATE",
            "public_project_alias": "",
            "queued_timeout": 480,
            "region": "ap-south-1",
            "resource_access_role": "",
            "secondary_artifacts": [],
            "secondary_source_version": [],
            "secondary_sources": [],
            "service_role": "arn:aws:iam::344367180480:role/api-challans-pipeline-build-role",
            "source": [
              {
                "auth": [],
                "build_status_config": [],
                "buildspec": "\"artifacts\":\n  \"files\":\n  - \"imagedefinitions.json\"\n\"phases\":\n  \"build\":\n    \"commands\":\n    - \"echo Build started on `date`\"\n    - \"echo Building the Docker image...\"\n    - \"docker build  -t $REPOS_URL:latest .\"\n    - \"docker tag $REPOS_URL:latest $REPOS_URL:$IMAGE_TAG\"\n  \"post_build\":\n    \"commands\":\n    - \"echo Build completed on `date`\"\n    - \"echo Pushing the Docker images...\"\n    - \"docker push $REPOS_URL:latest\"\n    - \"docker push $REPOS_URL:$IMAGE_TAG\"\n    - \"echo Writing image definitions file...\"\n    - \"printf '[{\\\"name\\\":\\\"container-name\\\",\\\"imageUri\\\":\\\"%s\\\"}]' $REPOS_URL:$IMAGE_TAG\n      \u003e imagedefinitions.json\"\n    - \"echo Setting up SSH key for manifest repo push...\"\n    - \"mkdir -p ~/.ssh\"\n    - \"aws secretsmanager get-secret-value --secret-id lawyered/github/token --query\n      SecretString --output text \u003e ~/.ssh/id_rsa\"\n    - \"chmod 600 ~/.ssh/id_rsa\"\n    - \"ssh-keyscan github.com \u003e\u003e ~/.ssh/known_hosts\"\n    - \"echo Cloning k8s-manifest repo...\"\n    - \"git clone git@github.com:Lawyered-in/k8s-manifest.git /tmp/k8s-manifest\"\n    - \"cd /tmp/k8s-manifest \u0026\u0026 git checkout staging\"\n    - \"cd /tmp/k8s-manifest \u0026\u0026 sed -i \\\"s|image: .*$(basename $REPOS_URL):.*|image:\n      $REPOS_URL:$IMAGE_TAG|g\\\" deployments/stg-api-challans/deployment.yaml\"\n    - \"cd /tmp/k8s-manifest \u0026\u0026 git config user.email 'ci@lawyered.in' \u0026\u0026 git config\n      user.name 'CodeBuild CI'\"\n    - \"cd /tmp/k8s-manifest \u0026\u0026 git add deployments/stg-api-challans/deployment.yaml\"\n    - \"cd /tmp/k8s-manifest \u0026\u0026 (git diff --cached --quiet || git commit -m '[Devops\n      Team Auto Updated] $(basename $REPOS_URL) image to $IMAGE_TAG [skip ci]')\"\n    - \"cd /tmp/k8s-manifest \u0026\u0026 git push origin staging\"\n  \"pre_build\":\n    \"commands\":\n    - \"echo Logging in to Amazon ECR...\"\n    - \"aws ecr get-login-password --region ap-south-1 | docker login --username AWS\n      --password-stdin $ECR_REPOSITORY_URL\"\n    - \"echo Pre-fetching images from ECR Public to avoid Docker Hub rate limits...\"\n    - \"for image in node:20-alpine; do echo Pulling ${image}...; docker pull public.ecr.aws/docker/library/${image};\n      docker tag public.ecr.aws/docker/library/${image} ${image}; done\"\n    - \"REPOS_URL=$ECR_REPOSITORY_URL\"\n    - \"COMMIT_HASH=$(echo $CODEBUILD_RESOLVED_SOURCE_VERSION | cut -c 1-7)\"\n    - \"IMAGE_TAG=${COMMIT_HASH:=latest}\"\n\"version\": 0.2\n",
                "git_clone_depth": 0,
                "git_submodules_config": [],
                "insecure_ssl": false,
                "location": "",
                "report_build_status": false,
                "type": "CODEPIPELINE"
              }
            ],
            "source_version": "",
            "tags": {
              "Environment": "stage",
              "Project": "lawyered",
              "Service": "pipeline"
            },
            "tags_all": {
              "Environment": "stage",
              "Project": "lawyered",
              "Service": "pipeline"
            },
            "vpc_config": []
          },
          "sensitive_attributes": [],
          "identity_schema_version": 0,
          "identity": {
            "arn": "arn:aws:codebuild:ap-south-1:344367180480:project/api-challans-pipeline-build"
          },
          "private": "bnVsbA==",
          "dependencies": [
            "module.codepipeline.aws_iam_role.build",
            "module.ecr.aws_ecr_lifecycle_policy.this",
            "module.ecr.aws_ecr_repository.this"
          ]
        }
      ]
    },
    {
      "module": "module.codepipeline[\"api-challans\"]",
      "mode": "managed",
      "type": "aws_codepipeline",
      "name": "this",
      "provider": "provider[\"registry.terraform.io/hashicorp/aws\"]",
      "instances": [
        {
          "schema_version": 0,
          "attributes": {
            "arn": "arn:aws:codepipeline:ap-south-1:344367180480:api-challans-pipeline",
            "artifact_store": [
              {
                "encryption_key": [],
                "location": "api-challans-pipeline-artifacts-344367180480",
                "region": "",
                "type": "S3"
              }
            ],
            "execution_mode": "SUPERSEDED",
            "id": "api-challans-pipeline",
            "name": "api-challans-pipeline",
            "pipeline_type": "V1",
            "region": "ap-south-1",
            "role_arn": "arn:aws:iam::344367180480:role/api-challans-pipeline-pipeline-role",
            "stage": [
              {
                "action": [
                  {
                    "category": "Source",
                    "configuration": {
                      "BranchName": "staging",
                      "ConnectionArn": "arn:aws:codeconnections:ap-south-1:344367180480:connection/57bb41a6-94e5-4be9-9364-73bc9da899d3",
                      "FullRepositoryId": "Lawyered-in/api-challans"
                    },
                    "input_artifacts": [],
                    "name": "Source",
                    "namespace": "",
                    "output_artifacts": [
                      "source_output"
                    ],
                    "owner": "AWS",
                    "provider": "CodeStarSourceConnection",
                    "region": "",
                    "role_arn": "",
                    "run_order": 1,
                    "timeout_in_minutes": 0,
                    "version": "1"
                  }
                ],
                "before_entry": [],
                "name": "Source",
                "on_failure": [],
                "on_success": []
              },
              {
                "action": [
                  {
                    "category": "Build",
                    "configuration": {
                      "ProjectName": "api-challans-pipeline-build"
                    },
                    "input_artifacts": [
                      "source_output"
                    ],
                    "name": "Build",
                    "namespace": "",
                    "output_artifacts": [
                      "build_output"
                    ],
                    "owner": "AWS",
                    "provider": "CodeBuild",
                    "region": "",
                    "role_arn": "",
                    "run_order": 1,
                    "timeout_in_minutes": 0,
                    "version": "1"
                  }
                ],
                "before_entry": [],
                "name": "Build",
                "on_failure": [],
                "on_success": []
              }
            ],
            "tags": {
              "Environment": "stage",
              "Project": "lawyered",
              "Service": "pipeline"
            },
            "tags_all": {
              "Environment": "stage",
              "Project": "lawyered",
              "Service": "pipeline"
            },
            "trigger": [],
            "trigger_all": [],
            "variable": []
          },
          "sensitive_attributes": [],
          "identity_schema_version": 0,
          "private": "bnVsbA==",
          "dependencies": [
            "aws_codeconnections_connection.github",
            "module.codepipeline.aws_codebuild_project.this",
            "module.codepipeline.aws_iam_role.build",
            "module.codepipeline.aws_iam_role.pipeline",
            "module.codepipeline.aws_s3_bucket.artifacts",
            "module.codepipeline.data.aws_caller_identity.current",
            "module.ecr.aws_ecr_lifecycle_policy.this",
            "module.ecr.aws_ecr_repository.this"
          ]
        }
      ]
    },
    {
      "module": "module.codepipeline[\"api-challans\"]",
      "mode": "managed",
      "type": "aws_iam_role",
      "name": "build",
      "provider": "provider[\"registry.terraform.io/hashicorp/aws\"]",
      "instances": [
        {
          "schema_version": 0,
          "attributes": {
            "arn": "arn:aws:iam::344367180480:role/api-challans-pipeline-build-role",
            "assume_role_policy": "{\"Statement\":[{\"Action\":\"sts:AssumeRole\",\"Effect\":\"Allow\",\"Principal\":{\"Service\":\"codebuild.amazonaws.com\"}}],\"Version\":\"2012-10-17\"}",
            "create_date": "2026-04-22T13:35:01Z",
            "description": "",
            "force_detach_policies": false,
            "id": "api-challans-pipeline-build-role",
            "inline_policy": [
              {
                "name": "api-challans-pipeline-build-policy",
                "policy": "{\"Version\":\"2012-10-17\",\"Statement\":[{\"Action\":[\"logs:CreateLogGroup\",\"logs:CreateLogStream\",\"logs:PutLogEvents\"],\"Effect\":\"Allow\",\"Resource\":\"*\"},{\"Action\":[\"s3:GetObject\",\"s3:GetObjectVersion\",\"s3:GetBucketVersioning\",\"s3:PutObject\"],\"Effect\":\"Allow\",\"Resource\":[\"arn:aws:s3:::api-challans-pipeline-artifacts-344367180480\",\"arn:aws:s3:::api-challans-pipeline-artifacts-344367180480/*\"]},{\"Action\":[\"ecr:GetAuthorizationToken\"],\"Effect\":\"Allow\",\"Resource\":\"*\"},{\"Action\":[\"ecr:BatchCheckLayerAvailability\",\"ecr:GetDownloadUrlForLayer\",\"ecr:BatchGetImage\",\"ecr:PutImage\",\"ecr:InitiateLayerUpload\",\"ecr:UploadLayerPart\",\"ecr:CompleteLayerUpload\"],\"Effect\":\"Allow\",\"Resource\":\"*\"},{\"Action\":[\"secretsmanager:GetSecretValue\"],\"Effect\":\"Allow\",\"Resource\":\"*\"}]}"
              }
            ],
            "managed_policy_arns": [],
            "max_session_duration": 3600,
            "name": "api-challans-pipeline-build-role",
            "name_prefix": "",
            "path": "/",
            "permissions_boundary": "",
            "tags": {},
            "tags_all": {},
            "unique_id": "AROAVALPCFLAPDAVZULAC"
          },
          "sensitive_attributes": [],
          "identity_schema_version": 0,
          "identity": {
            "account_id": "344367180480",
            "name": "api-challans-pipeline-build-role"
          },
          "private": "bnVsbA==",
          "dependencies": [
            "module.ecr.aws_ecr_lifecycle_policy.this",
            "module.ecr.aws_ecr_repository.this"
          ]
        }
      ]
    },
    {
      "module": "module.codepipeline[\"api-challans\"]",
      "mode": "managed",
      "type": "aws_iam_role",
      "name": "pipeline",
      "provider": "provider[\"registry.terraform.io/hashicorp/aws\"]",
      "instances": [
        {
          "schema_version": 0,
          "attributes": {
            "arn": "arn:aws:iam::344367180480:role/api-challans-pipeline-pipeline-role",
            "assume_role_policy": "{\"Statement\":[{\"Action\":\"sts:AssumeRole\",\"Effect\":\"Allow\",\"Principal\":{\"Service\":\"codepipeline.amazonaws.com\"}}],\"Version\":\"2012-10-17\"}",
            "create_date": "2026-04-22T13:35:00Z",
            "description": "",
            "force_detach_policies": false,
            "id": "api-challans-pipeline-pipeline-role",
            "inline_policy": [
              {
                "name": "api-challans-pipeline-pipeline-policy",
                "policy": "{\"Version\":\"2012-10-17\",\"Statement\":[{\"Action\":[\"s3:GetObject\",\"s3:GetObjectVersion\",\"s3:GetBucketVersioning\",\"s3:PutObjectAcl\",\"s3:PutObject\"],\"Effect\":\"Allow\",\"Resource\":[\"arn:aws:s3:::api-challans-pipeline-artifacts-344367180480\",\"arn:aws:s3:::api-challans-pipeline-artifacts-344367180480/*\"]},{\"Action\":[\"codestar-connections:UseConnection\"],\"Effect\":\"Allow\",\"Resource\":\"arn:aws:codeconnections:ap-south-1:344367180480:connection/57bb41a6-94e5-4be9-9364-73bc9da899d3\"},{\"Action\":[\"codebuild:BatchGetBuilds\",\"codebuild:StartBuild\"],\"Effect\":\"Allow\",\"Resource\":\"*\"}]}"
              }
            ],
            "managed_policy_arns": [],
            "max_session_duration": 3600,
            "name": "api-challans-pipeline-pipeline-role",
            "name_prefix": "",
            "path": "/",
            "permissions_boundary": "",
            "tags": {},
            "tags_all": {},
            "unique_id": "AROAVALPCFLAIBAKC72L4"
          },
          "sensitive_attributes": [],
          "identity_schema_version": 0,
          "identity": {
            "account_id": "344367180480",
            "name": "api-challans-pipeline-pipeline-role"
          },
          "private": "bnVsbA==",
          "dependencies": [
            "module.ecr.aws_ecr_lifecycle_policy.this",
            "module.ecr.aws_ecr_repository.this"
          ]
        }
      ]
    },
    {
      "module": "module.codepipeline[\"api-challans\"]",
      "mode": "managed",
      "type": "aws_iam_role_policy",
      "name": "build",
      "provider": "provider[\"registry.terraform.io/hashicorp/aws\"]",
      "instances": [
        {
          "schema_version": 0,
          "attributes": {
            "id": "api-challans-pipeline-build-role:api-challans-pipeline-build-policy",
            "name": "api-challans-pipeline-build-policy",
            "name_prefix": "",
            "policy": "{\"Version\":\"2012-10-17\",\"Statement\":[{\"Action\":[\"logs:CreateLogGroup\",\"logs:CreateLogStream\",\"logs:PutLogEvents\"],\"Effect\":\"Allow\",\"Resource\":\"*\"},{\"Action\":[\"s3:GetObject\",\"s3:GetObjectVersion\",\"s3:GetBucketVersioning\",\"s3:PutObject\"],\"Effect\":\"Allow\",\"Resource\":[\"arn:aws:s3:::api-challans-pipeline-artifacts-344367180480\",\"arn:aws:s3:::api-challans-pipeline-artifacts-344367180480/*\"]},{\"Action\":[\"ecr:GetAuthorizationToken\"],\"Effect\":\"Allow\",\"Resource\":\"*\"},{\"Action\":[\"ecr:BatchCheckLayerAvailability\",\"ecr:GetDownloadUrlForLayer\",\"ecr:BatchGetImage\",\"ecr:PutImage\",\"ecr:InitiateLayerUpload\",\"ecr:UploadLayerPart\",\"ecr:CompleteLayerUpload\"],\"Effect\":\"Allow\",\"Resource\":\"*\"},{\"Action\":[\"secretsmanager:GetSecretValue\"],\"Effect\":\"Allow\",\"Resource\":\"*\"}]}",
            "role": "api-challans-pipeline-build-role"
          },
          "sensitive_attributes": [],
          "identity_schema_version": 0,
          "identity": {
            "account_id": "344367180480",
            "name": "api-challans-pipeline-build-policy",
            "role": "api-challans-pipeline-build-role"
          },
          "private": "bnVsbA==",
          "dependencies": [
            "module.codepipeline.aws_iam_role.build",
            "module.codepipeline.aws_s3_bucket.artifacts",
            "module.codepipeline.data.aws_caller_identity.current",
            "module.ecr.aws_ecr_lifecycle_policy.this",
            "module.ecr.aws_ecr_repository.this"
          ]
        }
      ]
    },
    {
      "module": "module.codepipeline[\"api-challans\"]",
      "mode": "managed",
      "type": "aws_iam_role_policy",
      "name": "pipeline",
      "provider": "provider[\"registry.terraform.io/hashicorp/aws\"]",
      "instances": [
        {
          "schema_version": 0,
          "attributes": {
            "id": "api-challans-pipeline-pipeline-role:api-challans-pipeline-pipeline-policy",
            "name": "api-challans-pipeline-pipeline-policy",
            "name_prefix": "",
            "policy": "{\"Version\":\"2012-10-17\",\"Statement\":[{\"Action\":[\"s3:GetObject\",\"s3:GetObjectVersion\",\"s3:GetBucketVersioning\",\"s3:PutObjectAcl\",\"s3:PutObject\"],\"Effect\":\"Allow\",\"Resource\":[\"arn:aws:s3:::api-challans-pipeline-artifacts-344367180480\",\"arn:aws:s3:::api-challans-pipeline-artifacts-344367180480/*\"]},{\"Action\":[\"codestar-connections:UseConnection\"],\"Effect\":\"Allow\",\"Resource\":\"arn:aws:codeconnections:ap-south-1:344367180480:connection/57bb41a6-94e5-4be9-9364-73bc9da899d3\"},{\"Action\":[\"codebuild:BatchGetBuilds\",\"codebuild:StartBuild\"],\"Effect\":\"Allow\",\"Resource\":\"*\"}]}",
            "role": "api-challans-pipeline-pipeline-role"
          },
          "sensitive_attributes": [],
          "identity_schema_version": 0,
          "identity": {
            "account_id": "344367180480",
            "name": "api-challans-pipeline-pipeline-policy",
            "role": "api-challans-pipeline-pipeline-role"
          },
          "private": "bnVsbA==",
          "dependencies": [
            "aws_codeconnections_connection.github",
            "module.codepipeline.aws_iam_role.pipeline",
            "module.codepipeline.aws_s3_bucket.artifacts",
            "module.codepipeline.data.aws_caller_identity.current",
            "module.ecr.aws_ecr_lifecycle_policy.this",
            "module.ecr.aws_ecr_repository.this"
          ]
        }
      ]
    },
    {
      "module": "module.codepipeline[\"api-challans\"]",
      "mode": "managed",
      "type": "aws_s3_bucket",
      "name": "artifacts",
      "provider": "provider[\"registry.terraform.io/hashicorp/aws\"]",
      "instances": [
        {
          "schema_version": 0,
          "attributes": {
            "acceleration_status": "",
            "acl": null,
            "arn": "arn:aws:s3:::api-challans-pipeline-artifacts-344367180480",
            "bucket": "api-challans-pipeline-artifacts-344367180480",
            "bucket_domain_name": "api-challans-pipeline-artifacts-344367180480.s3.amazonaws.com",
            "bucket_namespace": "global",
            "bucket_prefix": "",
            "bucket_region": "ap-south-1",
            "bucket_regional_domain_name": "api-challans-pipeline-artifacts-344367180480.s3.ap-south-1.amazonaws.com",
            "cors_rule": [],
            "force_destroy": true,
            "grant": [
              {
                "id": "d7aefb4459ffc9ad51581490baa99470819bea5f81b9bc6e5fdeed217082fb2a",
                "permissions": [
                  "FULL_CONTROL"
                ],
                "type": "CanonicalUser",
                "uri": ""
              }
            ],
            "hosted_zone_id": "Z11RGJOFQNVJUP",
            "id": "api-challans-pipeline-artifacts-344367180480",
            "lifecycle_rule": [],
            "logging": [],
            "object_lock_configuration": [],
            "object_lock_enabled": false,
            "policy": "",
            "region": "ap-south-1",
            "replication_configuration": [],
            "request_payer": "BucketOwner",
            "server_side_encryption_configuration": [
              {
                "rule": [
                  {
                    "apply_server_side_encryption_by_default": [
                      {
                        "kms_master_key_id": "",
                        "sse_algorithm": "AES256"
                      }
                    ],
                    "bucket_key_enabled": false
                  }
                ]
              }
            ],
            "tags": {
              "Environment": "stage",
              "Project": "lawyered",
              "Service": "pipeline"
            },
            "tags_all": {
              "Environment": "stage",
              "Project": "lawyered",
              "Service": "pipeline"
            },
            "timeouts": null,
            "versioning": [
              {
                "enabled": false,
                "mfa_delete": false
              }
            ],
            "website": [],
            "website_domain": null,
            "website_endpoint": null
          },
          "sensitive_attributes": [],
          "identity_schema_version": 0,
          "identity": {
            "account_id": "344367180480",
            "bucket": "api-challans-pipeline-artifacts-344367180480",
            "region": "ap-south-1"
          },
          "private": "eyJlMmJmYjczMC1lY2FhLTExZTYtOGY4OC0zNDM2M2JjN2M0YzAiOnsiY3JlYXRlIjoxMjAwMDAwMDAwMDAwLCJkZWxldGUiOjM2MDAwMDAwMDAwMDAsInJlYWQiOjEyMDAwMDAwMDAwMDAsInVwZGF0ZSI6MTIwMDAwMDAwMDAwMH19",
          "dependencies": [
            "module.codepipeline.data.aws_caller_identity.current",
            "module.ecr.aws_ecr_lifecycle_policy.this",
            "module.ecr.aws_ecr_repository.this"
          ]
        }
      ]
    },
    {
      "module": "module.codepipeline[\"challanpay-fe-next\"]",
      "mode": "data",
      "type": "aws_caller_identity",
      "name": "current",
      "provider": "provider[\"registry.terraform.io/hashicorp/aws\"]",
      "instances": [
        {
          "schema_version": 0,
          "attributes": {
            "account_id": "344367180480",
            "arn": "arn:aws:sts::344367180480:assumed-role/AWSReservedSSO_AdministratorAccess_d713c9f4a0bbb717/pavan",
            "id": "344367180480",
            "user_id": "AROAVALPCFLAIU3Q7U5OZ:pavan"
          },
          "sensitive_attributes": [],
          "identity_schema_version": 0
        }
      ]
    },
    {
      "module": "module.codepipeline[\"challanpay-fe-next\"]",
      "mode": "managed",
      "type": "aws_codebuild_project",
      "name": "this",
      "provider": "provider[\"registry.terraform.io/hashicorp/aws\"]",
      "instances": [
        {
          "schema_version": 0,
          "attributes": {
            "arn": "arn:aws:codebuild:ap-south-1:344367180480:project/challanpay-fe-next-pipeline-build",
            "artifacts": [
              {
                "artifact_identifier": "",
                "bucket_owner_access": "",
                "encryption_disabled": false,
                "location": "",
                "name": "challanpay-fe-next-pipeline-build",
                "namespace_type": "",
                "override_artifact_name": false,
                "packaging": "NONE",
                "path": "",
                "type": "CODEPIPELINE"
              }
            ],
            "auto_retry_limit": 0,
            "badge_enabled": false,
            "badge_url": "",
            "build_batch_config": [],
            "build_timeout": 60,
            "cache": [
              {
                "cache_namespace": "",
                "location": "",
                "modes": [],
                "type": "NO_CACHE"
              }
            ],
            "concurrent_build_limit": 0,
            "description": "Docker build project for challanpay-fe-next-pipeline",
            "encryption_key": "arn:aws:kms:ap-south-1:344367180480:alias/aws/s3",
            "environment": [
              {
                "certificate": "",
                "compute_type": "BUILD_GENERAL1_SMALL",
                "docker_server": [],
                "environment_variable": [
                  {
                    "name": "ECR_REPOSITORY_URL",
                    "type": "PLAINTEXT",
                    "value": "344367180480.dkr.ecr.ap-south-1.amazonaws.com/challanpay-fe-next"
                  }
                ],
                "fleet": [],
                "image": "aws/codebuild/amazonlinux2-x86_64-standard:5.0",
                "image_pull_credentials_type": "CODEBUILD",
                "privileged_mode": true,
                "registry_credential": [],
                "type": "LINUX_CONTAINER"
              }
            ],
            "file_system_locations": [],
            "id": "arn:aws:codebuild:ap-south-1:344367180480:project/challanpay-fe-next-pipeline-build",
            "logs_config": [
              {
                "cloudwatch_logs": [
                  {
                    "group_name": "",
                    "status": "ENABLED",
                    "stream_name": ""
                  }
                ],
                "s3_logs": [
                  {
                    "bucket_owner_access": "",
                    "encryption_disabled": false,
                    "location": "",
                    "status": "DISABLED"
                  }
                ]
              }
            ],
            "name": "challanpay-fe-next-pipeline-build",
            "project_visibility": "PRIVATE",
            "public_project_alias": "",
            "queued_timeout": 480,
            "region": "ap-south-1",
            "resource_access_role": "",
            "secondary_artifacts": [],
            "secondary_source_version": [],
            "secondary_sources": [],
            "service_role": "arn:aws:iam::344367180480:role/challanpay-fe-next-pipeline-build-role",
            "source": [
              {
                "auth": [],
                "build_status_config": [],
                "buildspec": "\"artifacts\":\n  \"files\":\n  - \"imagedefinitions.json\"\n\"phases\":\n  \"build\":\n    \"commands\":\n    - \"echo Build started on `date`\"\n    - \"echo Building the Docker image...\"\n    - \"docker build --build-arg NEXT_PUBLIC_R2_STORAGE_URL=\\\"https://pub-ac446d6e98cd462ba35be4f49108d1b8.r2.dev/challanpay-website-assets\\\"\n      -t $REPOS_URL:latest .\"\n    - \"docker tag $REPOS_URL:latest $REPOS_URL:$IMAGE_TAG\"\n  \"post_build\":\n    \"commands\":\n    - \"echo Build completed on `date`\"\n    - \"echo Pushing the Docker images...\"\n    - \"docker push $REPOS_URL:latest\"\n    - \"docker push $REPOS_URL:$IMAGE_TAG\"\n    - \"echo Writing image definitions file...\"\n    - \"printf '[{\\\"name\\\":\\\"container-name\\\",\\\"imageUri\\\":\\\"%s\\\"}]' $REPOS_URL:$IMAGE_TAG\n      \u003e imagedefinitions.json\"\n    - \"echo Setting up SSH key for manifest repo push...\"\n    - \"mkdir -p ~/.ssh\"\n    - \"aws secretsmanager get-secret-value --secret-id lawyered/github/token --query\n      SecretString --output text \u003e ~/.ssh/id_rsa\"\n    - \"chmod 600 ~/.ssh/id_rsa\"\n    - \"ssh-keyscan github.com \u003e\u003e ~/.ssh/known_hosts\"\n    - \"echo Cloning k8s-manifest repo...\"\n    - \"git clone git@github.com:Lawyered-in/k8s-manifest.git /tmp/k8s-manifest\"\n    - \"cd /tmp/k8s-manifest \u0026\u0026 git checkout staging\"\n    - \"cd /tmp/k8s-manifest \u0026\u0026 sed -i \\\"s|image: .*$(basename $REPOS_URL):.*|image:\n      $REPOS_URL:$IMAGE_TAG|g\\\" deployments/stg-challanpay-fe-next/deployment.yaml\"\n    - \"cd /tmp/k8s-manifest \u0026\u0026 git config user.email 'ci@lawyered.in' \u0026\u0026 git config\n      user.name 'CodeBuild CI'\"\n    - \"cd /tmp/k8s-manifest \u0026\u0026 git add deployments/stg-challanpay-fe-next/deployment.yaml\"\n    - \"cd /tmp/k8s-manifest \u0026\u0026 (git diff --cached --quiet || git commit -m '[Devops\n      Team Auto Updated] $(basename $REPOS_URL) image to $IMAGE_TAG [skip ci]')\"\n    - \"cd /tmp/k8s-manifest \u0026\u0026 git push origin staging\"\n  \"pre_build\":\n    \"commands\":\n    - \"echo Logging in to Amazon ECR...\"\n    - \"aws ecr get-login-password --region ap-south-1 | docker login --username AWS\n      --password-stdin $ECR_REPOSITORY_URL\"\n    - \"echo Pre-fetching images from ECR Public to avoid Docker Hub rate limits...\"\n    - \"for image in node:20-alpine; do echo Pulling ${image}...; docker pull public.ecr.aws/docker/library/${image};\n      docker tag public.ecr.aws/docker/library/${image} ${image}; done\"\n    - \"REPOS_URL=$ECR_REPOSITORY_URL\"\n    - \"COMMIT_HASH=$(echo $CODEBUILD_RESOLVED_SOURCE_VERSION | cut -c 1-7)\"\n    - \"IMAGE_TAG=${COMMIT_HASH:=latest}\"\n\"version\": 0.2\n",
                "git_clone_depth": 0,
                "git_submodules_config": [],
                "insecure_ssl": false,
                "location": "",
                "report_build_status": false,
                "type": "CODEPIPELINE"
              }
            ],
            "source_version": "",
            "tags": {
              "Environment": "stage",
              "Project": "lawyered",
              "Service": "pipeline"
            },
            "tags_all": {
              "Environment": "stage",
              "Project": "lawyered",
              "Service": "pipeline"
            },
            "vpc_config": []
          },
          "sensitive_attributes": [],
          "identity_schema_version": 0,
          "identity": {
            "arn": "arn:aws:codebuild:ap-south-1:344367180480:project/challanpay-fe-next-pipeline-build"
          },
          "private": "bnVsbA==",
          "dependencies": [
            "module.codepipeline.aws_iam_role.build",
            "module.ecr.aws_ecr_lifecycle_policy.this",
            "module.ecr.aws_ecr_repository.this"
          ]
        }
      ]
    },
    {
      "module": "module.codepipeline[\"challanpay-fe-next\"]",
      "mode": "managed",
      "type": "aws_codepipeline",
      "name": "this",
      "provider": "provider[\"registry.terraform.io/hashicorp/aws\"]",
      "instances": [
        {
          "schema_version": 0,
          "attributes": {
            "arn": "arn:aws:codepipeline:ap-south-1:344367180480:challanpay-fe-next-pipeline",
            "artifact_store": [
              {
                "encryption_key": [],
                "location": "challanpay-fe-next-pipeline-artifacts-344367180480",
                "region": "",
                "type": "S3"
              }
            ],
            "execution_mode": "SUPERSEDED",
            "id": "challanpay-fe-next-pipeline",
            "name": "challanpay-fe-next-pipeline",
            "pipeline_type": "V1",
            "region": "ap-south-1",
            "role_arn": "arn:aws:iam::344367180480:role/challanpay-fe-next-pipeline-pipeline-role",
            "stage": [
              {
                "action": [
                  {
                    "category": "Source",
                    "configuration": {
                      "BranchName": "staging",
                      "ConnectionArn": "arn:aws:codeconnections:ap-south-1:344367180480:connection/57bb41a6-94e5-4be9-9364-73bc9da899d3",
                      "FullRepositoryId": "Lawyered-in/challanpay-fe-next"
                    },
                    "input_artifacts": [],
                    "name": "Source",
                    "namespace": "",
                    "output_artifacts": [
                      "source_output"
                    ],
                    "owner": "AWS",
                    "provider": "CodeStarSourceConnection",
                    "region": "",
                    "role_arn": "",
                    "run_order": 1,
                    "timeout_in_minutes": 0,
                    "version": "1"
                  }
                ],
                "before_entry": [],
                "name": "Source",
                "on_failure": [],
                "on_success": []
              },
              {
                "action": [
                  {
                    "category": "Build",
                    "configuration": {
                      "ProjectName": "challanpay-fe-next-pipeline-build"
                    },
                    "input_artifacts": [
                      "source_output"
                    ],
                    "name": "Build",
                    "namespace": "",
                    "output_artifacts": [
                      "build_output"
                    ],
                    "owner": "AWS",
                    "provider": "CodeBuild",
                    "region": "",
                    "role_arn": "",
                    "run_order": 1,
                    "timeout_in_minutes": 0,
                    "version": "1"
                  }
                ],
                "before_entry": [],
                "name": "Build",
                "on_failure": [],
                "on_success": []
              }
            ],
            "tags": {
              "Environment": "stage",
              "Project": "lawyered",
              "Service": "pipeline"
            },
            "tags_all": {
              "Environment": "stage",
              "Project": "lawyered",
              "Service": "pipeline"
            },
            "trigger": [],
            "trigger_all": [],
            "variable": []
          },
          "sensitive_attributes": [],
          "identity_schema_version": 0,
          "private": "bnVsbA==",
          "dependencies": [
            "aws_codeconnections_connection.github",
            "module.codepipeline.aws_codebuild_project.this",
            "module.codepipeline.aws_iam_role.build",
            "module.codepipeline.aws_iam_role.pipeline",
            "module.codepipeline.aws_s3_bucket.artifacts",
            "module.codepipeline.data.aws_caller_identity.current",
            "module.ecr.aws_ecr_lifecycle_policy.this",
            "module.ecr.aws_ecr_repository.this"
          ]
        }
      ]
    },
    {
      "module": "module.codepipeline[\"challanpay-fe-next\"]",
      "mode": "managed",
      "type": "aws_iam_role",
      "name": "build",
      "provider": "provider[\"registry.terraform.io/hashicorp/aws\"]",
      "instances": [
        {
          "schema_version": 0,
          "attributes": {
            "arn": "arn:aws:iam::344367180480:role/challanpay-fe-next-pipeline-build-role",
            "assume_role_policy": "{\"Statement\":[{\"Action\":\"sts:AssumeRole\",\"Effect\":\"Allow\",\"Principal\":{\"Service\":\"codebuild.amazonaws.com\"}}],\"Version\":\"2012-10-17\"}",
            "create_date": "2026-04-22T13:35:01Z",
            "description": "",
            "force_detach_policies": false,
            "id": "challanpay-fe-next-pipeline-build-role",
            "inline_policy": [
              {
                "name": "challanpay-fe-next-pipeline-build-policy",
                "policy": "{\"Version\":\"2012-10-17\",\"Statement\":[{\"Action\":[\"logs:CreateLogGroup\",\"logs:CreateLogStream\",\"logs:PutLogEvents\"],\"Effect\":\"Allow\",\"Resource\":\"*\"},{\"Action\":[\"s3:GetObject\",\"s3:GetObjectVersion\",\"s3:GetBucketVersioning\",\"s3:PutObject\"],\"Effect\":\"Allow\",\"Resource\":[\"arn:aws:s3:::challanpay-fe-next-pipeline-artifacts-344367180480\",\"arn:aws:s3:::challanpay-fe-next-pipeline-artifacts-344367180480/*\"]},{\"Action\":[\"ecr:GetAuthorizationToken\"],\"Effect\":\"Allow\",\"Resource\":\"*\"},{\"Action\":[\"ecr:BatchCheckLayerAvailability\",\"ecr:GetDownloadUrlForLayer\",\"ecr:BatchGetImage\",\"ecr:PutImage\",\"ecr:InitiateLayerUpload\",\"ecr:UploadLayerPart\",\"ecr:CompleteLayerUpload\"],\"Effect\":\"Allow\",\"Resource\":\"*\"},{\"Action\":[\"secretsmanager:GetSecretValue\"],\"Effect\":\"Allow\",\"Resource\":\"*\"}]}"
              }
            ],
            "managed_policy_arns": [
              "arn:aws:iam::344367180480:policy/service-role/CodeBuildBasePolicy-challanpay-fe-next-pipeline-build-role-ap-south-1"
            ],
            "max_session_duration": 3600,
            "name": "challanpay-fe-next-pipeline-build-role",
            "name_prefix": "",
            "path": "/",
            "permissions_boundary": "",
            "tags": {},
            "tags_all": {},
            "unique_id": "AROAVALPCFLAF6LDBO55F"
          },
          "sensitive_attributes": [],
          "identity_schema_version": 0,
          "identity": {
            "account_id": "344367180480",
            "name": "challanpay-fe-next-pipeline-build-role"
          },
          "private": "bnVsbA==",
          "dependencies": [
            "module.ecr.aws_ecr_lifecycle_policy.this",
            "module.ecr.aws_ecr_repository.this"
          ]
        }
      ]
    },
    {
      "module": "module.codepipeline[\"challanpay-fe-next\"]",
      "mode": "managed",
      "type": "aws_iam_role",
      "name": "pipeline",
      "provider": "provider[\"registry.terraform.io/hashicorp/aws\"]",
      "instances": [
        {
          "schema_version": 0,
          "attributes": {
            "arn": "arn:aws:iam::344367180480:role/challanpay-fe-next-pipeline-pipeline-role",
            "assume_role_policy": "{\"Statement\":[{\"Action\":\"sts:AssumeRole\",\"Effect\":\"Allow\",\"Principal\":{\"Service\":\"codepipeline.amazonaws.com\"}}],\"Version\":\"2012-10-17\"}",
            "create_date": "2026-04-22T13:35:00Z",
            "description": "",
            "force_detach_policies": false,
            "id": "challanpay-fe-next-pipeline-pipeline-role",
            "inline_policy": [
              {
                "name": "challanpay-fe-next-pipeline-pipeline-policy",
                "policy": "{\"Version\":\"2012-10-17\",\"Statement\":[{\"Action\":[\"s3:GetObject\",\"s3:GetObjectVersion\",\"s3:GetBucketVersioning\",\"s3:PutObjectAcl\",\"s3:PutObject\"],\"Effect\":\"Allow\",\"Resource\":[\"arn:aws:s3:::challanpay-fe-next-pipeline-artifacts-344367180480\",\"arn:aws:s3:::challanpay-fe-next-pipeline-artifacts-344367180480/*\"]},{\"Action\":[\"codestar-connections:UseConnection\"],\"Effect\":\"Allow\",\"Resource\":\"arn:aws:codeconnections:ap-south-1:344367180480:connection/57bb41a6-94e5-4be9-9364-73bc9da899d3\"},{\"Action\":[\"codebuild:BatchGetBuilds\",\"codebuild:StartBuild\"],\"Effect\":\"Allow\",\"Resource\":\"*\"}]}"
              }
            ],
            "managed_policy_arns": [],
            "max_session_duration": 3600,
            "name": "challanpay-fe-next-pipeline-pipeline-role",
            "name_prefix": "",
            "path": "/",
            "permissions_boundary": "",
            "tags": {},
            "tags_all": {},
            "unique_id": "AROAVALPCFLAIIFX5Y3VV"
          },
          "sensitive_attributes": [],
          "identity_schema_version": 0,
          "identity": {
            "account_id": "344367180480",
            "name": "challanpay-fe-next-pipeline-pipeline-role"
          },
          "private": "bnVsbA==",
          "dependencies": [
            "module.ecr.aws_ecr_lifecycle_policy.this",
            "module.ecr.aws_ecr_repository.this"
          ]
        }
      ]
    },
    {
      "module": "module.codepipeline[\"challanpay-fe-next\"]",
      "mode": "managed",
      "type": "aws_iam_role_policy",
      "name": "build",
      "provider": "provider[\"registry.terraform.io/hashicorp/aws\"]",
      "instances": [
        {
          "schema_version": 0,
          "attributes": {
            "id": "challanpay-fe-next-pipeline-build-role:challanpay-fe-next-pipeline-build-policy",
            "name": "challanpay-fe-next-pipeline-build-policy",
            "name_prefix": "",
            "policy": "{\"Version\":\"2012-10-17\",\"Statement\":[{\"Action\":[\"logs:CreateLogGroup\",\"logs:CreateLogStream\",\"logs:PutLogEvents\"],\"Effect\":\"Allow\",\"Resource\":\"*\"},{\"Action\":[\"s3:GetObject\",\"s3:GetObjectVersion\",\"s3:GetBucketVersioning\",\"s3:PutObject\"],\"Effect\":\"Allow\",\"Resource\":[\"arn:aws:s3:::challanpay-fe-next-pipeline-artifacts-344367180480\",\"arn:aws:s3:::challanpay-fe-next-pipeline-artifacts-344367180480/*\"]},{\"Action\":[\"ecr:GetAuthorizationToken\"],\"Effect\":\"Allow\",\"Resource\":\"*\"},{\"Action\":[\"ecr:BatchCheckLayerAvailability\",\"ecr:GetDownloadUrlForLayer\",\"ecr:BatchGetImage\",\"ecr:PutImage\",\"ecr:InitiateLayerUpload\",\"ecr:UploadLayerPart\",\"ecr:CompleteLayerUpload\"],\"Effect\":\"Allow\",\"Resource\":\"*\"},{\"Action\":[\"secretsmanager:GetSecretValue\"],\"Effect\":\"Allow\",\"Resource\":\"*\"}]}",
            "role": "challanpay-fe-next-pipeline-build-role"
          },
          "sensitive_attributes": [],
          "identity_schema_version": 0,
          "identity": {
            "account_id": "344367180480",
            "name": "challanpay-fe-next-pipeline-build-policy",
            "role": "challanpay-fe-next-pipeline-build-role"
          },
          "private": "bnVsbA==",
          "dependencies": [
            "module.codepipeline.aws_iam_role.build",
            "module.codepipeline.aws_s3_bucket.artifacts",
            "module.codepipeline.data.aws_caller_identity.current",
            "module.ecr.aws_ecr_lifecycle_policy.this",
            "module.ecr.aws_ecr_repository.this"
          ]
        }
      ]
    },
    {
      "module": "module.codepipeline[\"challanpay-fe-next\"]",
      "mode": "managed",
      "type": "aws_iam_role_policy",
      "name": "pipeline",
      "provider": "provider[\"registry.terraform.io/hashicorp/aws\"]",
      "instances": [
        {
          "schema_version": 0,
          "attributes": {
            "id": "challanpay-fe-next-pipeline-pipeline-role:challanpay-fe-next-pipeline-pipeline-policy",
            "name": "challanpay-fe-next-pipeline-pipeline-policy",
            "name_prefix": "",
            "policy": "{\"Version\":\"2012-10-17\",\"Statement\":[{\"Action\":[\"s3:GetObject\",\"s3:GetObjectVersion\",\"s3:GetBucketVersioning\",\"s3:PutObjectAcl\",\"s3:PutObject\"],\"Effect\":\"Allow\",\"Resource\":[\"arn:aws:s3:::challanpay-fe-next-pipeline-artifacts-344367180480\",\"arn:aws:s3:::challanpay-fe-next-pipeline-artifacts-344367180480/*\"]},{\"Action\":[\"codestar-connections:UseConnection\"],\"Effect\":\"Allow\",\"Resource\":\"arn:aws:codeconnections:ap-south-1:344367180480:connection/57bb41a6-94e5-4be9-9364-73bc9da899d3\"},{\"Action\":[\"codebuild:BatchGetBuilds\",\"codebuild:StartBuild\"],\"Effect\":\"Allow\",\"Resource\":\"*\"}]}",
            "role": "challanpay-fe-next-pipeline-pipeline-role"
          },
          "sensitive_attributes": [],
          "identity_schema_version": 0,
          "identity": {
            "account_id": "344367180480",
            "name": "challanpay-fe-next-pipeline-pipeline-policy",
            "role": "challanpay-fe-next-pipeline-pipeline-role"
          },
          "private": "bnVsbA==",
          "dependencies": [
            "aws_codeconnections_connection.github",
            "module.codepipeline.aws_iam_role.pipeline",
            "module.codepipeline.aws_s3_bucket.artifacts",
            "module.codepipeline.data.aws_caller_identity.current",
            "module.ecr.aws_ecr_lifecycle_policy.this",
            "module.ecr.aws_ecr_repository.this"
          ]
        }
      ]
    },
    {
      "module": "module.codepipeline[\"challanpay-fe-next\"]",
      "mode": "managed",
      "type": "aws_s3_bucket",
      "name": "artifacts",
      "provider": "provider[\"registry.terraform.io/hashicorp/aws\"]",
      "instances": [
        {
          "schema_version": 0,
          "attributes": {
            "acceleration_status": "",
            "acl": null,
            "arn": "arn:aws:s3:::challanpay-fe-next-pipeline-artifacts-344367180480",
            "bucket": "challanpay-fe-next-pipeline-artifacts-344367180480",
            "bucket_domain_name": "challanpay-fe-next-pipeline-artifacts-344367180480.s3.amazonaws.com",
            "bucket_namespace": "global",
            "bucket_prefix": "",
            "bucket_region": "ap-south-1",
            "bucket_regional_domain_name": "challanpay-fe-next-pipeline-artifacts-344367180480.s3.ap-south-1.amazonaws.com",
            "cors_rule": [],
            "force_destroy": true,
            "grant": [
              {
                "id": "d7aefb4459ffc9ad51581490baa99470819bea5f81b9bc6e5fdeed217082fb2a",
                "permissions": [
                  "FULL_CONTROL"
                ],
                "type": "CanonicalUser",
                "uri": ""
              }
            ],
            "hosted_zone_id": "Z11RGJOFQNVJUP",
            "id": "challanpay-fe-next-pipeline-artifacts-344367180480",
            "lifecycle_rule": [],
            "logging": [],
            "object_lock_configuration": [],
            "object_lock_enabled": false,
            "policy": "",
            "region": "ap-south-1",
            "replication_configuration": [],
            "request_payer": "BucketOwner",
            "server_side_encryption_configuration": [
              {
                "rule": [
                  {
                    "apply_server_side_encryption_by_default": [
                      {
                        "kms_master_key_id": "",
                        "sse_algorithm": "AES256"
                      }
                    ],
                    "bucket_key_enabled": false
                  }
                ]
              }
            ],
            "tags": {
              "Environment": "stage",
              "Project": "lawyered",
              "Service": "pipeline"
            },
            "tags_all": {
              "Environment": "stage",
              "Project": "lawyered",
              "Service": "pipeline"
            },
            "timeouts": null,
            "versioning": [
              {
                "enabled": false,
                "mfa_delete": false
              }
            ],
            "website": [],
            "website_domain": null,
            "website_endpoint": null
          },
          "sensitive_attributes": [],
          "identity_schema_version": 0,
          "identity": {
            "account_id": "344367180480",
            "bucket": "challanpay-fe-next-pipeline-artifacts-344367180480",
            "region": "ap-south-1"
          },
          "private": "eyJlMmJmYjczMC1lY2FhLTExZTYtOGY4OC0zNDM2M2JjN2M0YzAiOnsiY3JlYXRlIjoxMjAwMDAwMDAwMDAwLCJkZWxldGUiOjM2MDAwMDAwMDAwMDAsInJlYWQiOjEyMDAwMDAwMDAwMDAsInVwZGF0ZSI6MTIwMDAwMDAwMDAwMH19",
          "dependencies": [
            "module.codepipeline.data.aws_caller_identity.current",
            "module.ecr.aws_ecr_lifecycle_policy.this",
            "module.ecr.aws_ecr_repository.this"
          ]
        }
      ]
    },
    {
      "module": "module.codepipeline[\"core-platform-be\"]",
      "mode": "data",
      "type": "aws_caller_identity",
      "name": "current",
      "provider": "provider[\"registry.terraform.io/hashicorp/aws\"]",
      "instances": [
        {
          "schema_version": 0,
          "attributes": {
            "account_id": "344367180480",
            "arn": "arn:aws:sts::344367180480:assumed-role/AWSReservedSSO_AdministratorAccess_d713c9f4a0bbb717/pavan",
            "id": "344367180480",
            "user_id": "AROAVALPCFLAIU3Q7U5OZ:pavan"
          },
          "sensitive_attributes": [],
          "identity_schema_version": 0
        }
      ]
    },
    {
      "module": "module.codepipeline[\"core-platform-be\"]",
      "mode": "managed",
      "type": "aws_codebuild_project",
      "name": "this",
      "provider": "provider[\"registry.terraform.io/hashicorp/aws\"]",
      "instances": [
        {
          "schema_version": 0,
          "attributes": {
            "arn": "arn:aws:codebuild:ap-south-1:344367180480:project/core-platform-be-pipeline-build",
            "artifacts": [
              {
                "artifact_identifier": "",
                "bucket_owner_access": "",
                "encryption_disabled": false,
                "location": "",
                "name": "core-platform-be-pipeline-build",
                "namespace_type": "",
                "override_artifact_name": false,
                "packaging": "NONE",
                "path": "",
                "type": "CODEPIPELINE"
              }
            ],
            "auto_retry_limit": 0,
            "badge_enabled": false,
            "badge_url": "",
            "build_batch_config": [],
            "build_timeout": 60,
            "cache": [
              {
                "cache_namespace": "",
                "location": "",
                "modes": [],
                "type": "NO_CACHE"
              }
            ],
            "concurrent_build_limit": 0,
            "description": "Docker build project for core-platform-be-pipeline",
            "encryption_key": "arn:aws:kms:ap-south-1:344367180480:alias/aws/s3",
            "environment": [
              {
                "certificate": "",
                "compute_type": "BUILD_GENERAL1_SMALL",
                "docker_server": [],
                "environment_variable": [
                  {
                    "name": "ECR_REPOSITORY_URL",
                    "type": "PLAINTEXT",
                    "value": "344367180480.dkr.ecr.ap-south-1.amazonaws.com/core-platform-be"
                  }
                ],
                "fleet": [],
                "image": "aws/codebuild/amazonlinux2-x86_64-standard:5.0",
                "image_pull_credentials_type": "CODEBUILD",
                "privileged_mode": true,
                "registry_credential": [],
                "type": "LINUX_CONTAINER"
              }
            ],
            "file_system_locations": [],
            "id": "arn:aws:codebuild:ap-south-1:344367180480:project/core-platform-be-pipeline-build",
            "logs_config": [
              {
                "cloudwatch_logs": [
                  {
                    "group_name": "",
                    "status": "ENABLED",
                    "stream_name": ""
                  }
                ],
                "s3_logs": [
                  {
                    "bucket_owner_access": "",
                    "encryption_disabled": false,
                    "location": "",
                    "status": "DISABLED"
                  }
                ]
              }
            ],
            "name": "core-platform-be-pipeline-build",
            "project_visibility": "PRIVATE",
            "public_project_alias": "",
            "queued_timeout": 480,
            "region": "ap-south-1",
            "resource_access_role": "",
            "secondary_artifacts": [],
            "secondary_source_version": [],
            "secondary_sources": [],
            "service_role": "arn:aws:iam::344367180480:role/core-platform-be-pipeline-build-role",
            "source": [
              {
                "auth": [],
                "build_status_config": [],
                "buildspec": "\"artifacts\":\n  \"files\":\n  - \"imagedefinitions.json\"\n\"phases\":\n  \"build\":\n    \"commands\":\n    - \"echo Build started on `date`\"\n    - \"echo Building the Docker image...\"\n    - \"docker build  -t $REPOS_URL:latest .\"\n    - \"docker tag $REPOS_URL:latest $REPOS_URL:$IMAGE_TAG\"\n  \"post_build\":\n    \"commands\":\n    - \"echo Build completed on `date`\"\n    - \"echo Pushing the Docker images...\"\n    - \"docker push $REPOS_URL:latest\"\n    - \"docker push $REPOS_URL:$IMAGE_TAG\"\n    - \"echo Writing image definitions file...\"\n    - \"printf '[{\\\"name\\\":\\\"container-name\\\",\\\"imageUri\\\":\\\"%s\\\"}]' $REPOS_URL:$IMAGE_TAG\n      \u003e imagedefinitions.json\"\n    - \"echo Setting up SSH key for manifest repo push...\"\n    - \"mkdir -p ~/.ssh\"\n    - \"aws secretsmanager get-secret-value --secret-id lawyered/github/token --query\n      SecretString --output text \u003e ~/.ssh/id_rsa\"\n    - \"chmod 600 ~/.ssh/id_rsa\"\n    - \"ssh-keyscan github.com \u003e\u003e ~/.ssh/known_hosts\"\n    - \"echo Cloning k8s-manifest repo...\"\n    - \"git clone git@github.com:Lawyered-in/k8s-manifest.git /tmp/k8s-manifest\"\n    - \"cd /tmp/k8s-manifest \u0026\u0026 git checkout staging\"\n    - \"cd /tmp/k8s-manifest \u0026\u0026 sed -i \\\"s|image: .*$(basename $REPOS_URL):.*|image:\n      $REPOS_URL:$IMAGE_TAG|g\\\" deployments/stg-core-platform-be/deployment.yaml\"\n    - \"cd /tmp/k8s-manifest \u0026\u0026 git config user.email 'ci@lawyered.in' \u0026\u0026 git config\n      user.name 'CodeBuild CI'\"\n    - \"cd /tmp/k8s-manifest \u0026\u0026 git add deployments/stg-core-platform-be/deployment.yaml\"\n    - \"cd /tmp/k8s-manifest \u0026\u0026 (git diff --cached --quiet || git commit -m '[Devops\n      Team Auto Updated] $(basename $REPOS_URL) image to $IMAGE_TAG [skip ci]')\"\n    - \"cd /tmp/k8s-manifest \u0026\u0026 git push origin staging\"\n  \"pre_build\":\n    \"commands\":\n    - \"echo Logging in to Amazon ECR...\"\n    - \"aws ecr get-login-password --region ap-south-1 | docker login --username AWS\n      --password-stdin $ECR_REPOSITORY_URL\"\n    - \"echo Pre-fetching images from ECR Public to avoid Docker Hub rate limits...\"\n    - \"for image in node:22-alpine; do echo Pulling ${image}...; docker pull public.ecr.aws/docker/library/${image};\n      docker tag public.ecr.aws/docker/library/${image} ${image}; done\"\n    - \"REPOS_URL=$ECR_REPOSITORY_URL\"\n    - \"COMMIT_HASH=$(echo $CODEBUILD_RESOLVED_SOURCE_VERSION | cut -c 1-7)\"\n    - \"IMAGE_TAG=${COMMIT_HASH:=latest}\"\n\"version\": 0.2\n",
                "git_clone_depth": 0,
                "git_submodules_config": [],
                "insecure_ssl": false,
                "location": "",
                "report_build_status": false,
                "type": "CODEPIPELINE"
              }
            ],
            "source_version": "",
            "tags": {
              "Environment": "stage",
              "Project": "lawyered",
              "Service": "pipeline"
            },
            "tags_all": {
              "Environment": "stage",
              "Project": "lawyered",
              "Service": "pipeline"
            },
            "vpc_config": []
          },
          "sensitive_attributes": [],
          "identity_schema_version": 0,
          "identity": {
            "arn": "arn:aws:codebuild:ap-south-1:344367180480:project/core-platform-be-pipeline-build"
          },
          "private": "bnVsbA==",
          "dependencies": [
            "module.codepipeline.aws_iam_role.build",
            "module.ecr.aws_ecr_lifecycle_policy.this",
            "module.ecr.aws_ecr_repository.this"
          ]
        }
      ]
    },
    {
      "module": "module.codepipeline[\"core-platform-be\"]",
      "mode": "managed",
      "type": "aws_codepipeline",
      "name": "this",
      "provider": "provider[\"registry.terraform.io/hashicorp/aws\"]",
      "instances": [
        {
          "schema_version": 0,
          "attributes": {
            "arn": "arn:aws:codepipeline:ap-south-1:344367180480:core-platform-be-pipeline",
            "artifact_store": [
              {
                "encryption_key": [],
                "location": "core-platform-be-pipeline-artifacts-344367180480",
                "region": "",
                "type": "S3"
              }
            ],
            "execution_mode": "SUPERSEDED",
            "id": "core-platform-be-pipeline",
            "name": "core-platform-be-pipeline",
            "pipeline_type": "V1",
            "region": "ap-south-1",
            "role_arn": "arn:aws:iam::344367180480:role/core-platform-be-pipeline-pipeline-role",
            "stage": [
              {
                "action": [
                  {
                    "category": "Source",
                    "configuration": {
                      "BranchName": "development-branch",
                      "ConnectionArn": "arn:aws:codeconnections:ap-south-1:344367180480:connection/a0fa3689-09c2-43c4-8dc3-0ffc90e7bbb0",
                      "FullRepositoryId": "india-accelerator/core-platform-be",
                      "OutputArtifactFormat": "CODE_ZIP"
                    },
                    "input_artifacts": [],
                    "name": "Source",
                    "namespace": "",
                    "output_artifacts": [
                      "source_output"
                    ],
                    "owner": "AWS",
                    "provider": "CodeStarSourceConnection",
                    "region": "ap-south-1",
                    "role_arn": "",
                    "run_order": 1,
                    "timeout_in_minutes": 0,
                    "version": "1"
                  }
                ],
                "before_entry": [],
                "name": "Source",
                "on_failure": [],
                "on_success": []
              },
              {
                "action": [
                  {
                    "category": "Build",
                    "configuration": {
                      "ProjectName": "core-platform-be-pipeline-build"
                    },
                    "input_artifacts": [
                      "source_output"
                    ],
                    "name": "Build",
                    "namespace": "",
                    "output_artifacts": [
                      "build_output"
                    ],
                    "owner": "AWS",
                    "provider": "CodeBuild",
                    "region": "",
                    "role_arn": "",
                    "run_order": 1,
                    "timeout_in_minutes": 0,
                    "version": "1"
                  }
                ],
                "before_entry": [],
                "name": "Build",
                "on_failure": [],
                "on_success": []
              }
            ],
            "tags": {
              "Environment": "stage",
              "Project": "lawyered",
              "Service": "pipeline"
            },
            "tags_all": {
              "Environment": "stage",
              "Project": "lawyered",
              "Service": "pipeline"
            },
            "trigger": [],
            "trigger_all": [],
            "variable": []
          },
          "sensitive_attributes": [],
          "identity_schema_version": 0,
          "private": "bnVsbA==",
          "dependencies": [
            "aws_codeconnections_connection.github",
            "aws_secretsmanager_secret.github_ssh_key",
            "module.codepipeline.aws_codebuild_project.this",
            "module.codepipeline.aws_iam_role.build",
            "module.codepipeline.aws_iam_role.pipeline",
            "module.codepipeline.aws_s3_bucket.artifacts",
            "module.codepipeline.data.aws_caller_identity.current",
            "module.ecr.aws_ecr_lifecycle_policy.this",
            "module.ecr.aws_ecr_repository.this"
          ]
        }
      ]
    },
    {
      "module": "module.codepipeline[\"core-platform-be\"]",
      "mode": "managed",
      "type": "aws_iam_role",
      "name": "build",
      "provider": "provider[\"registry.terraform.io/hashicorp/aws\"]",
      "instances": [
        {
          "schema_version": 0,
          "attributes": {
            "arn": "arn:aws:iam::344367180480:role/core-platform-be-pipeline-build-role",
            "assume_role_policy": "{\"Statement\":[{\"Action\":\"sts:AssumeRole\",\"Effect\":\"Allow\",\"Principal\":{\"Service\":\"codebuild.amazonaws.com\"}}],\"Version\":\"2012-10-17\"}",
            "create_date": "2026-04-28T08:37:03Z",
            "description": "",
            "force_detach_policies": false,
            "id": "core-platform-be-pipeline-build-role",
            "inline_policy": [
              {
                "name": "core-platform-be-pipeline-build-policy",
                "policy": "{\"Version\":\"2012-10-17\",\"Statement\":[{\"Action\":[\"logs:CreateLogGroup\",\"logs:CreateLogStream\",\"logs:PutLogEvents\"],\"Effect\":\"Allow\",\"Resource\":\"*\"},{\"Action\":[\"s3:GetObject\",\"s3:GetObjectVersion\",\"s3:GetBucketVersioning\",\"s3:PutObject\"],\"Effect\":\"Allow\",\"Resource\":[\"arn:aws:s3:::core-platform-be-pipeline-artifacts-344367180480\",\"arn:aws:s3:::core-platform-be-pipeline-artifacts-344367180480/*\"]},{\"Action\":[\"ecr:GetAuthorizationToken\"],\"Effect\":\"Allow\",\"Resource\":\"*\"},{\"Action\":[\"ecr:BatchCheckLayerAvailability\",\"ecr:GetDownloadUrlForLayer\",\"ecr:BatchGetImage\",\"ecr:PutImage\",\"ecr:InitiateLayerUpload\",\"ecr:UploadLayerPart\",\"ecr:CompleteLayerUpload\"],\"Effect\":\"Allow\",\"Resource\":\"*\"},{\"Action\":[\"secretsmanager:GetSecretValue\"],\"Effect\":\"Allow\",\"Resource\":\"*\"}]}"
              }
            ],
            "managed_policy_arns": [],
            "max_session_duration": 3600,
            "name": "core-platform-be-pipeline-build-role",
            "name_prefix": "",
            "path": "/",
            "permissions_boundary": "",
            "tags": {},
            "tags_all": {},
            "unique_id": "AROAVALPCFLABUAUNM7WY"
          },
          "sensitive_attributes": [],
          "identity_schema_version": 0,
          "identity": {
            "account_id": "344367180480",
            "name": "core-platform-be-pipeline-build-role"
          },
          "private": "bnVsbA==",
          "dependencies": [
            "module.ecr.aws_ecr_lifecycle_policy.this",
            "module.ecr.aws_ecr_repository.this"
          ]
        }
      ]
    },
    {
      "module": "module.codepipeline[\"core-platform-be\"]",
      "mode": "managed",
      "type": "aws_iam_role",
      "name": "pipeline",
      "provider": "provider[\"registry.terraform.io/hashicorp/aws\"]",
      "instances": [
        {
          "schema_version": 0,
          "attributes": {
            "arn": "arn:aws:iam::344367180480:role/core-platform-be-pipeline-pipeline-role",
            "assume_role_policy": "{\"Statement\":[{\"Action\":\"sts:AssumeRole\",\"Effect\":\"Allow\",\"Principal\":{\"Service\":\"codepipeline.amazonaws.com\"}}],\"Version\":\"2012-10-17\"}",
            "create_date": "2026-04-28T08:37:01Z",
            "description": "",
            "force_detach_policies": false,
            "id": "core-platform-be-pipeline-pipeline-role",
            "inline_policy": [
              {
                "name": "core-platform-be-pipeline-pipeline-policy",
                "policy": "{\"Version\":\"2012-10-17\",\"Statement\":[{\"Action\":[\"s3:GetObject\",\"s3:GetObjectVersion\",\"s3:GetBucketVersioning\",\"s3:PutObjectAcl\",\"s3:PutObject\"],\"Effect\":\"Allow\",\"Resource\":[\"arn:aws:s3:::core-platform-be-pipeline-artifacts-344367180480\",\"arn:aws:s3:::core-platform-be-pipeline-artifacts-344367180480/*\"]},{\"Action\":[\"codestar-connections:UseConnection\"],\"Effect\":\"Allow\",\"Resource\":\"*\"},{\"Action\":[\"codebuild:BatchGetBuilds\",\"codebuild:StartBuild\"],\"Effect\":\"Allow\",\"Resource\":\"*\"}]}"
              }
            ],
            "managed_policy_arns": [],
            "max_session_duration": 3600,
            "name": "core-platform-be-pipeline-pipeline-role",
            "name_prefix": "",
            "path": "/",
            "permissions_boundary": "",
            "tags": {},
            "tags_all": {},
            "unique_id": "AROAVALPCFLAJJY3UK2FN"
          },
          "sensitive_attributes": [],
          "identity_schema_version": 0,
          "identity": {
            "account_id": "344367180480",
            "name": "core-platform-be-pipeline-pipeline-role"
          },
          "private": "bnVsbA==",
          "dependencies": [
            "module.ecr.aws_ecr_lifecycle_policy.this",
            "module.ecr.aws_ecr_repository.this"
          ]
        }
      ]
    },
    {
      "module": "module.codepipeline[\"core-platform-be\"]",
      "mode": "managed",
      "type": "aws_iam_role_policy",
      "name": "build",
      "provider": "provider[\"registry.terraform.io/hashicorp/aws\"]",
      "instances": [
        {
          "schema_version": 0,
          "attributes": {
            "id": "core-platform-be-pipeline-build-role:core-platform-be-pipeline-build-policy",
            "name": "core-platform-be-pipeline-build-policy",
            "name_prefix": "",
            "policy": "{\"Version\":\"2012-10-17\",\"Statement\":[{\"Action\":[\"logs:CreateLogGroup\",\"logs:CreateLogStream\",\"logs:PutLogEvents\"],\"Effect\":\"Allow\",\"Resource\":\"*\"},{\"Action\":[\"s3:GetObject\",\"s3:GetObjectVersion\",\"s3:GetBucketVersioning\",\"s3:PutObject\"],\"Effect\":\"Allow\",\"Resource\":[\"arn:aws:s3:::core-platform-be-pipeline-artifacts-344367180480\",\"arn:aws:s3:::core-platform-be-pipeline-artifacts-344367180480/*\"]},{\"Action\":[\"ecr:GetAuthorizationToken\"],\"Effect\":\"Allow\",\"Resource\":\"*\"},{\"Action\":[\"ecr:BatchCheckLayerAvailability\",\"ecr:GetDownloadUrlForLayer\",\"ecr:BatchGetImage\",\"ecr:PutImage\",\"ecr:InitiateLayerUpload\",\"ecr:UploadLayerPart\",\"ecr:CompleteLayerUpload\"],\"Effect\":\"Allow\",\"Resource\":\"*\"},{\"Action\":[\"secretsmanager:GetSecretValue\"],\"Effect\":\"Allow\",\"Resource\":\"*\"}]}",
            "role": "core-platform-be-pipeline-build-role"
          },
          "sensitive_attributes": [],
          "identity_schema_version": 0,
          "identity": {
            "account_id": "344367180480",
            "name": "core-platform-be-pipeline-build-policy",
            "role": "core-platform-be-pipeline-build-role"
          },
          "private": "bnVsbA==",
          "dependencies": [
            "module.codepipeline.aws_iam_role.build",
            "module.codepipeline.aws_s3_bucket.artifacts",
            "module.codepipeline.data.aws_caller_identity.current",
            "module.ecr.aws_ecr_lifecycle_policy.this",
            "module.ecr.aws_ecr_repository.this"
          ]
        }
      ]
    },
    {
      "module": "module.codepipeline[\"core-platform-be\"]",
      "mode": "managed",
      "type": "aws_iam_role_policy",
      "name": "pipeline",
      "provider": "provider[\"registry.terraform.io/hashicorp/aws\"]",
      "instances": [
        {
          "schema_version": 0,
          "attributes": {
            "id": "core-platform-be-pipeline-pipeline-role:core-platform-be-pipeline-pipeline-policy",
            "name": "core-platform-be-pipeline-pipeline-policy",
            "name_prefix": "",
            "policy": "{\"Version\":\"2012-10-17\",\"Statement\":[{\"Action\":[\"s3:GetObject\",\"s3:GetObjectVersion\",\"s3:GetBucketVersioning\",\"s3:PutObjectAcl\",\"s3:PutObject\"],\"Effect\":\"Allow\",\"Resource\":[\"arn:aws:s3:::core-platform-be-pipeline-artifacts-344367180480\",\"arn:aws:s3:::core-platform-be-pipeline-artifacts-344367180480/*\"]},{\"Action\":[\"codestar-connections:UseConnection\"],\"Effect\":\"Allow\",\"Resource\":\"*\"},{\"Action\":[\"codebuild:BatchGetBuilds\",\"codebuild:StartBuild\"],\"Effect\":\"Allow\",\"Resource\":\"*\"}]}",
            "role": "core-platform-be-pipeline-pipeline-role"
          },
          "sensitive_attributes": [],
          "identity_schema_version": 0,
          "identity": {
            "account_id": "344367180480",
            "name": "core-platform-be-pipeline-pipeline-policy",
            "role": "core-platform-be-pipeline-pipeline-role"
          },
          "private": "bnVsbA==",
          "dependencies": [
            "aws_codeconnections_connection.github",
            "module.codepipeline.aws_iam_role.pipeline",
            "module.codepipeline.aws_s3_bucket.artifacts",
            "module.codepipeline.data.aws_caller_identity.current",
            "module.ecr.aws_ecr_lifecycle_policy.this",
            "module.ecr.aws_ecr_repository.this"
          ]
        }
      ]
    },
    {
      "module": "module.codepipeline[\"core-platform-be\"]",
      "mode": "managed",
      "type": "aws_s3_bucket",
      "name": "artifacts",
      "provider": "provider[\"registry.terraform.io/hashicorp/aws\"]",
      "instances": [
        {
          "status": "tainted",
          "schema_version": 0,
          "attributes": {
            "acceleration_status": "",
            "acl": null,
            "arn": "arn:aws:s3:::core-platform-be-pipeline-artifacts-344367180480",
            "bucket": "core-platform-be-pipeline-artifacts-344367180480",
            "bucket_domain_name": "core-platform-be-pipeline-artifacts-344367180480.s3.amazonaws.com",
            "bucket_namespace": "global",
            "bucket_prefix": "",
            "bucket_region": null,
            "bucket_regional_domain_name": "core-platform-be-pipeline-artifacts-344367180480.s3.ap-south-1.amazonaws.com",
            "cors_rule": [],
            "force_destroy": true,
            "grant": [
              {
                "id": "d7aefb4459ffc9ad51581490baa99470819bea5f81b9bc6e5fdeed217082fb2a",
                "permissions": [
                  "FULL_CONTROL"
                ],
                "type": "CanonicalUser",
                "uri": ""
              }
            ],
            "hosted_zone_id": "Z11RGJOFQNVJUP",
            "id": "core-platform-be-pipeline-artifacts-344367180480",
            "lifecycle_rule": [],
            "logging": [],
            "object_lock_configuration": null,
            "object_lock_enabled": null,
            "policy": "",
            "region": "ap-south-1",
            "replication_configuration": [],
            "request_payer": "BucketOwner",
            "server_side_encryption_configuration": [
              {
                "rule": [
                  {
                    "apply_server_side_encryption_by_default": [
                      {
                        "kms_master_key_id": "",
                        "sse_algorithm": "AES256"
                      }
                    ],
                    "bucket_key_enabled": false
                  }
                ]
              }
            ],
            "tags": {
              "Environment": "stage",
              "Project": "lawyered",
              "Service": "pipeline"
            },
            "tags_all": {
              "Environment": "stage",
              "Project": "lawyered",
              "Service": "pipeline"
            },
            "timeouts": null,
            "versioning": [
              {
                "enabled": false,
                "mfa_delete": false
              }
            ],
            "website": [],
            "website_domain": null,
            "website_endpoint": null
          },
          "sensitive_attributes": [],
          "identity_schema_version": 0,
          "private": "eyJlMmJmYjczMC1lY2FhLTExZTYtOGY4OC0zNDM2M2JjN2M0YzAiOnsiY3JlYXRlIjoxMjAwMDAwMDAwMDAwLCJkZWxldGUiOjM2MDAwMDAwMDAwMDAsInJlYWQiOjEyMDAwMDAwMDAwMDAsInVwZGF0ZSI6MTIwMDAwMDAwMDAwMH19",
          "dependencies": [
            "module.codepipeline.data.aws_caller_identity.current",
            "module.ecr.aws_ecr_lifecycle_policy.this",
            "module.ecr.aws_ecr_repository.this"
          ]
        }
      ]
    },
    {
      "module": "module.codepipeline[\"core-platform-fe\"]",
      "mode": "data",
      "type": "aws_caller_identity",
      "name": "current",
      "provider": "provider[\"registry.terraform.io/hashicorp/aws\"]",
      "instances": [
        {
          "schema_version": 0,
          "attributes": {
            "account_id": "344367180480",
            "arn": "arn:aws:sts::344367180480:assumed-role/AWSReservedSSO_AdministratorAccess_d713c9f4a0bbb717/pavan",
            "id": "344367180480",
            "user_id": "AROAVALPCFLAIU3Q7U5OZ:pavan"
          },
          "sensitive_attributes": [],
          "identity_schema_version": 0
        }
      ]
    },
    {
      "module": "module.codepipeline[\"core-platform-fe\"]",
      "mode": "managed",
      "type": "aws_codebuild_project",
      "name": "this",
      "provider": "provider[\"registry.terraform.io/hashicorp/aws\"]",
      "instances": [
        {
          "schema_version": 0,
          "attributes": {
            "arn": "arn:aws:codebuild:ap-south-1:344367180480:project/core-platform-fe-pipeline-build",
            "artifacts": [
              {
                "artifact_identifier": "",
                "bucket_owner_access": "",
                "encryption_disabled": false,
                "location": "",
                "name": "core-platform-fe-pipeline-build",
                "namespace_type": "",
                "override_artifact_name": false,
                "packaging": "NONE",
                "path": "",
                "type": "CODEPIPELINE"
              }
            ],
            "auto_retry_limit": 0,
            "badge_enabled": false,
            "badge_url": "",
            "build_batch_config": [],
            "build_timeout": 60,
            "cache": [
              {
                "cache_namespace": "",
                "location": "",
                "modes": [],
                "type": "NO_CACHE"
              }
            ],
            "concurrent_build_limit": 0,
            "description": "Docker build project for core-platform-fe-pipeline",
            "encryption_key": "arn:aws:kms:ap-south-1:344367180480:alias/aws/s3",
            "environment": [
              {
                "certificate": "",
                "compute_type": "BUILD_GENERAL1_SMALL",
                "docker_server": [],
                "environment_variable": [
                  {
                    "name": "ECR_REPOSITORY_URL",
                    "type": "PLAINTEXT",
                    "value": "344367180480.dkr.ecr.ap-south-1.amazonaws.com/core-platform-fe"
                  }
                ],
                "fleet": [],
                "image": "aws/codebuild/amazonlinux2-x86_64-standard:5.0",
                "image_pull_credentials_type": "CODEBUILD",
                "privileged_mode": true,
                "registry_credential": [],
                "type": "LINUX_CONTAINER"
              }
            ],
            "file_system_locations": [],
            "id": "arn:aws:codebuild:ap-south-1:344367180480:project/core-platform-fe-pipeline-build",
            "logs_config": [
              {
                "cloudwatch_logs": [
                  {
                    "group_name": "",
                    "status": "ENABLED",
                    "stream_name": ""
                  }
                ],
                "s3_logs": [
                  {
                    "bucket_owner_access": "",
                    "encryption_disabled": false,
                    "location": "",
                    "status": "DISABLED"
                  }
                ]
              }
            ],
            "name": "core-platform-fe-pipeline-build",
            "project_visibility": "PRIVATE",
            "public_project_alias": "",
            "queued_timeout": 480,
            "region": "ap-south-1",
            "resource_access_role": "",
            "secondary_artifacts": [],
            "secondary_source_version": [],
            "secondary_sources": [],
            "service_role": "arn:aws:iam::344367180480:role/core-platform-fe-pipeline-build-role",
            "source": [
              {
                "auth": [],
                "build_status_config": [],
                "buildspec": "\"artifacts\":\n  \"files\":\n  - \"imagedefinitions.json\"\n\"phases\":\n  \"build\":\n    \"commands\":\n    - \"echo Build started on `date`\"\n    - \"echo Building the Docker image...\"\n    - \"docker build  -t $REPOS_URL:latest .\"\n    - \"docker tag $REPOS_URL:latest $REPOS_URL:$IMAGE_TAG\"\n  \"post_build\":\n    \"commands\":\n    - \"echo Build completed on `date`\"\n    - \"echo Pushing the Docker images...\"\n    - \"docker push $REPOS_URL:latest\"\n    - \"docker push $REPOS_URL:$IMAGE_TAG\"\n    - \"echo Writing image definitions file...\"\n    - \"printf '[{\\\"name\\\":\\\"container-name\\\",\\\"imageUri\\\":\\\"%s\\\"}]' $REPOS_URL:$IMAGE_TAG\n      \u003e imagedefinitions.json\"\n    - \"echo Setting up SSH key for manifest repo push...\"\n    - \"mkdir -p ~/.ssh\"\n    - \"aws secretsmanager get-secret-value --secret-id lawyered/github/token --query\n      SecretString --output text \u003e ~/.ssh/id_rsa\"\n    - \"chmod 600 ~/.ssh/id_rsa\"\n    - \"ssh-keyscan github.com \u003e\u003e ~/.ssh/known_hosts\"\n    - \"echo Cloning k8s-manifest repo...\"\n    - \"git clone git@github.com:Lawyered-in/k8s-manifest.git /tmp/k8s-manifest\"\n    - \"cd /tmp/k8s-manifest \u0026\u0026 git checkout staging\"\n    - \"cd /tmp/k8s-manifest \u0026\u0026 sed -i \\\"s|image: .*$(basename $REPOS_URL):.*|image:\n      $REPOS_URL:$IMAGE_TAG|g\\\" deployments/stg-core-platform-fe/deployment.yaml\"\n    - \"cd /tmp/k8s-manifest \u0026\u0026 git config user.email 'ci@lawyered.in' \u0026\u0026 git config\n      user.name 'CodeBuild CI'\"\n    - \"cd /tmp/k8s-manifest \u0026\u0026 git add deployments/stg-core-platform-fe/deployment.yaml\"\n    - \"cd /tmp/k8s-manifest \u0026\u0026 (git diff --cached --quiet || git commit -m '[Devops\n      Team Auto Updated] $(basename $REPOS_URL) image to $IMAGE_TAG [skip ci]')\"\n    - \"cd /tmp/k8s-manifest \u0026\u0026 git push origin staging\"\n  \"pre_build\":\n    \"commands\":\n    - \"echo Logging in to Amazon ECR...\"\n    - \"aws ecr get-login-password --region ap-south-1 | docker login --username AWS\n      --password-stdin $ECR_REPOSITORY_URL\"\n    - \"echo Pre-fetching images from ECR Public to avoid Docker Hub rate limits...\"\n    - \"for image in node:22-bullseye; do echo Pulling ${image}...; docker pull public.ecr.aws/docker/library/${image};\n      docker tag public.ecr.aws/docker/library/${image} ${image}; done\"\n    - \"REPOS_URL=$ECR_REPOSITORY_URL\"\n    - \"COMMIT_HASH=$(echo $CODEBUILD_RESOLVED_SOURCE_VERSION | cut -c 1-7)\"\n    - \"IMAGE_TAG=${COMMIT_HASH:=latest}\"\n\"version\": 0.2\n",
                "git_clone_depth": 0,
                "git_submodules_config": [],
                "insecure_ssl": false,
                "location": "",
                "report_build_status": false,
                "type": "CODEPIPELINE"
              }
            ],
            "source_version": "",
            "tags": {
              "Environment": "stage",
              "Project": "lawyered",
              "Service": "pipeline"
            },
            "tags_all": {
              "Environment": "stage",
              "Project": "lawyered",
              "Service": "pipeline"
            },
            "vpc_config": []
          },
          "sensitive_attributes": [],
          "identity_schema_version": 0,
          "identity": {
            "arn": "arn:aws:codebuild:ap-south-1:344367180480:project/core-platform-fe-pipeline-build"
          },
          "private": "bnVsbA==",
          "dependencies": [
            "module.codepipeline.aws_iam_role.build",
            "module.ecr.aws_ecr_lifecycle_policy.this",
            "module.ecr.aws_ecr_repository.this"
          ]
        }
      ]
    },
    {
      "module": "module.codepipeline[\"core-platform-fe\"]",
      "mode": "managed",
      "type": "aws_codepipeline",
      "name": "this",
      "provider": "provider[\"registry.terraform.io/hashicorp/aws\"]",
      "instances": [
        {
          "schema_version": 0,
          "attributes": {
            "arn": "arn:aws:codepipeline:ap-south-1:344367180480:core-platform-fe-pipeline",
            "artifact_store": [
              {
                "encryption_key": [],
                "location": "core-platform-fe-pipeline-artifacts-344367180480",
                "region": "",
                "type": "S3"
              }
            ],
            "execution_mode": "SUPERSEDED",
            "id": "core-platform-fe-pipeline",
            "name": "core-platform-fe-pipeline",
            "pipeline_type": "V1",
            "region": "ap-south-1",
            "role_arn": "arn:aws:iam::344367180480:role/core-platform-fe-pipeline-pipeline-role",
            "stage": [
              {
                "action": [
                  {
                    "category": "Source",
                    "configuration": {
                      "BranchName": "production",
                      "ConnectionArn": "arn:aws:codeconnections:ap-south-1:344367180480:connection/a0fa3689-09c2-43c4-8dc3-0ffc90e7bbb0",
                      "FullRepositoryId": "india-accelerator/core-platform-fe",
                      "OutputArtifactFormat": "CODE_ZIP"
                    },
                    "input_artifacts": [],
                    "name": "Source",
                    "namespace": "",
                    "output_artifacts": [
                      "source_output"
                    ],
                    "owner": "AWS",
                    "provider": "CodeStarSourceConnection",
                    "region": "ap-south-1",
                    "role_arn": "",
                    "run_order": 1,
                    "timeout_in_minutes": 0,
                    "version": "1"
                  }
                ],
                "before_entry": [],
                "name": "Source",
                "on_failure": [],
                "on_success": []
              },
              {
                "action": [
                  {
                    "category": "Build",
                    "configuration": {
                      "ProjectName": "core-platform-fe-pipeline-build"
                    },
                    "input_artifacts": [
                      "source_output"
                    ],
                    "name": "Build",
                    "namespace": "",
                    "output_artifacts": [
                      "build_output"
                    ],
                    "owner": "AWS",
                    "provider": "CodeBuild",
                    "region": "",
                    "role_arn": "",
                    "run_order": 1,
                    "timeout_in_minutes": 0,
                    "version": "1"
                  }
                ],
                "before_entry": [],
                "name": "Build",
                "on_failure": [],
                "on_success": []
              }
            ],
            "tags": {
              "Environment": "stage",
              "Project": "lawyered",
              "Service": "pipeline"
            },
            "tags_all": {
              "Environment": "stage",
              "Project": "lawyered",
              "Service": "pipeline"
            },
            "trigger": [],
            "trigger_all": [],
            "variable": []
          },
          "sensitive_attributes": [],
          "identity_schema_version": 0,
          "private": "bnVsbA==",
          "dependencies": [
            "aws_codeconnections_connection.github",
            "aws_secretsmanager_secret.github_ssh_key",
            "module.codepipeline.aws_codebuild_project.this",
            "module.codepipeline.aws_iam_role.build",
            "module.codepipeline.aws_iam_role.pipeline",
            "module.codepipeline.aws_s3_bucket.artifacts",
            "module.codepipeline.data.aws_caller_identity.current",
            "module.ecr.aws_ecr_lifecycle_policy.this",
            "module.ecr.aws_ecr_repository.this"
          ]
        }
      ]
    },
    {
      "module": "module.codepipeline[\"core-platform-fe\"]",
      "mode": "managed",
      "type": "aws_iam_role",
      "name": "build",
      "provider": "provider[\"registry.terraform.io/hashicorp/aws\"]",
      "instances": [
        {
          "schema_version": 0,
          "attributes": {
            "arn": "arn:aws:iam::344367180480:role/core-platform-fe-pipeline-build-role",
            "assume_role_policy": "{\"Statement\":[{\"Action\":\"sts:AssumeRole\",\"Effect\":\"Allow\",\"Principal\":{\"Service\":\"codebuild.amazonaws.com\"}}],\"Version\":\"2012-10-17\"}",
            "create_date": "2026-04-28T08:37:03Z",
            "description": "",
            "force_detach_policies": false,
            "id": "core-platform-fe-pipeline-build-role",
            "inline_policy": [
              {
                "name": "core-platform-fe-pipeline-build-policy",
                "policy": "{\"Version\":\"2012-10-17\",\"Statement\":[{\"Action\":[\"logs:CreateLogGroup\",\"logs:CreateLogStream\",\"logs:PutLogEvents\"],\"Effect\":\"Allow\",\"Resource\":\"*\"},{\"Action\":[\"s3:GetObject\",\"s3:GetObjectVersion\",\"s3:GetBucketVersioning\",\"s3:PutObject\"],\"Effect\":\"Allow\",\"Resource\":[\"arn:aws:s3:::core-platform-fe-pipeline-artifacts-344367180480\",\"arn:aws:s3:::core-platform-fe-pipeline-artifacts-344367180480/*\"]},{\"Action\":[\"ecr:GetAuthorizationToken\"],\"Effect\":\"Allow\",\"Resource\":\"*\"},{\"Action\":[\"ecr:BatchCheckLayerAvailability\",\"ecr:GetDownloadUrlForLayer\",\"ecr:BatchGetImage\",\"ecr:PutImage\",\"ecr:InitiateLayerUpload\",\"ecr:UploadLayerPart\",\"ecr:CompleteLayerUpload\"],\"Effect\":\"Allow\",\"Resource\":\"*\"},{\"Action\":[\"secretsmanager:GetSecretValue\"],\"Effect\":\"Allow\",\"Resource\":\"*\"}]}"
              }
            ],
            "managed_policy_arns": [
              "arn:aws:iam::344367180480:policy/service-role/CodeBuildBasePolicy-core-platform-fe-pipeline-build-role-ap-south-1"
            ],
            "max_session_duration": 3600,
            "name": "core-platform-fe-pipeline-build-role",
            "name_prefix": "",
            "path": "/",
            "permissions_boundary": "",
            "tags": {},
            "tags_all": {},
            "unique_id": "AROAVALPCFLAOH2KGBH2O"
          },
          "sensitive_attributes": [],
          "identity_schema_version": 0,
          "identity": {
            "account_id": "344367180480",
            "name": "core-platform-fe-pipeline-build-role"
          },
          "private": "bnVsbA==",
          "dependencies": [
            "module.ecr.aws_ecr_lifecycle_policy.this",
            "module.ecr.aws_ecr_repository.this"
          ]
        }
      ]
    },
    {
      "module": "module.codepipeline[\"core-platform-fe\"]",
      "mode": "managed",
      "type": "aws_iam_role",
      "name": "pipeline",
      "provider": "provider[\"registry.terraform.io/hashicorp/aws\"]",
      "instances": [
        {
          "schema_version": 0,
          "attributes": {
            "arn": "arn:aws:iam::344367180480:role/core-platform-fe-pipeline-pipeline-role",
            "assume_role_policy": "{\"Statement\":[{\"Action\":\"sts:AssumeRole\",\"Effect\":\"Allow\",\"Principal\":{\"Service\":\"codepipeline.amazonaws.com\"}}],\"Version\":\"2012-10-17\"}",
            "create_date": "2026-04-28T08:37:01Z",
            "description": "",
            "force_detach_policies": false,
            "id": "core-platform-fe-pipeline-pipeline-role",
            "inline_policy": [
              {
                "name": "core-platform-fe-pipeline-pipeline-policy",
                "policy": "{\"Version\":\"2012-10-17\",\"Statement\":[{\"Action\":[\"s3:GetObject\",\"s3:GetObjectVersion\",\"s3:GetBucketVersioning\",\"s3:PutObjectAcl\",\"s3:PutObject\"],\"Effect\":\"Allow\",\"Resource\":[\"arn:aws:s3:::core-platform-fe-pipeline-artifacts-344367180480\",\"arn:aws:s3:::core-platform-fe-pipeline-artifacts-344367180480/*\"]},{\"Action\":[\"codestar-connections:UseConnection\"],\"Effect\":\"Allow\",\"Resource\":\"*\"},{\"Action\":[\"codebuild:BatchGetBuilds\",\"codebuild:StartBuild\"],\"Effect\":\"Allow\",\"Resource\":\"*\"}]}"
              }
            ],
            "managed_policy_arns": [],
            "max_session_duration": 3600,
            "name": "core-platform-fe-pipeline-pipeline-role",
            "name_prefix": "",
            "path": "/",
            "permissions_boundary": "",
            "tags": {},
            "tags_all": {},
            "unique_id": "AROAVALPCFLAEIFNIJ5XI"
          },
          "sensitive_attributes": [],
          "identity_schema_version": 0,
          "identity": {
            "account_id": "344367180480",
            "name": "core-platform-fe-pipeline-pipeline-role"
          },
          "private": "bnVsbA==",
          "dependencies": [
            "module.ecr.aws_ecr_lifecycle_policy.this",
            "module.ecr.aws_ecr_repository.this"
          ]
        }
      ]
    },
    {
      "module": "module.codepipeline[\"core-platform-fe\"]",
      "mode": "managed",
      "type": "aws_iam_role_policy",
      "name": "build",
      "provider": "provider[\"registry.terraform.io/hashicorp/aws\"]",
      "instances": [
        {
          "schema_version": 0,
          "attributes": {
            "id": "core-platform-fe-pipeline-build-role:core-platform-fe-pipeline-build-policy",
            "name": "core-platform-fe-pipeline-build-policy",
            "name_prefix": "",
            "policy": "{\"Version\":\"2012-10-17\",\"Statement\":[{\"Action\":[\"logs:CreateLogGroup\",\"logs:CreateLogStream\",\"logs:PutLogEvents\"],\"Effect\":\"Allow\",\"Resource\":\"*\"},{\"Action\":[\"s3:GetObject\",\"s3:GetObjectVersion\",\"s3:GetBucketVersioning\",\"s3:PutObject\"],\"Effect\":\"Allow\",\"Resource\":[\"arn:aws:s3:::core-platform-fe-pipeline-artifacts-344367180480\",\"arn:aws:s3:::core-platform-fe-pipeline-artifacts-344367180480/*\"]},{\"Action\":[\"ecr:GetAuthorizationToken\"],\"Effect\":\"Allow\",\"Resource\":\"*\"},{\"Action\":[\"ecr:BatchCheckLayerAvailability\",\"ecr:GetDownloadUrlForLayer\",\"ecr:BatchGetImage\",\"ecr:PutImage\",\"ecr:InitiateLayerUpload\",\"ecr:UploadLayerPart\",\"ecr:CompleteLayerUpload\"],\"Effect\":\"Allow\",\"Resource\":\"*\"},{\"Action\":[\"secretsmanager:GetSecretValue\"],\"Effect\":\"Allow\",\"Resource\":\"*\"}]}",
            "role": "core-platform-fe-pipeline-build-role"
          },
          "sensitive_attributes": [],
          "identity_schema_version": 0,
          "identity": {
            "account_id": "344367180480",
            "name": "core-platform-fe-pipeline-build-policy",
            "role": "core-platform-fe-pipeline-build-role"
          },
          "private": "bnVsbA==",
          "dependencies": [
            "module.codepipeline.aws_iam_role.build",
            "module.codepipeline.aws_s3_bucket.artifacts",
            "module.codepipeline.data.aws_caller_identity.current",
            "module.ecr.aws_ecr_lifecycle_policy.this",
            "module.ecr.aws_ecr_repository.this"
          ]
        }
      ]
    },
    {
      "module": "module.codepipeline[\"core-platform-fe\"]",
      "mode": "managed",
      "type": "aws_iam_role_policy",
      "name": "pipeline",
      "provider": "provider[\"registry.terraform.io/hashicorp/aws\"]",
      "instances": [
        {
          "schema_version": 0,
          "attributes": {
            "id": "core-platform-fe-pipeline-pipeline-role:core-platform-fe-pipeline-pipeline-policy",
            "name": "core-platform-fe-pipeline-pipeline-policy",
            "name_prefix": "",
            "policy": "{\"Version\":\"2012-10-17\",\"Statement\":[{\"Action\":[\"s3:GetObject\",\"s3:GetObjectVersion\",\"s3:GetBucketVersioning\",\"s3:PutObjectAcl\",\"s3:PutObject\"],\"Effect\":\"Allow\",\"Resource\":[\"arn:aws:s3:::core-platform-fe-pipeline-artifacts-344367180480\",\"arn:aws:s3:::core-platform-fe-pipeline-artifacts-344367180480/*\"]},{\"Action\":[\"codestar-connections:UseConnection\"],\"Effect\":\"Allow\",\"Resource\":\"*\"},{\"Action\":[\"codebuild:BatchGetBuilds\",\"codebuild:StartBuild\"],\"Effect\":\"Allow\",\"Resource\":\"*\"}]}",
            "role": "core-platform-fe-pipeline-pipeline-role"
          },
          "sensitive_attributes": [],
          "identity_schema_version": 0,
          "identity": {
            "account_id": "344367180480",
            "name": "core-platform-fe-pipeline-pipeline-policy",
            "role": "core-platform-fe-pipeline-pipeline-role"
          },
          "private": "bnVsbA==",
          "dependencies": [
            "aws_codeconnections_connection.github",
            "module.codepipeline.aws_iam_role.pipeline",
            "module.codepipeline.aws_s3_bucket.artifacts",
            "module.codepipeline.data.aws_caller_identity.current",
            "module.ecr.aws_ecr_lifecycle_policy.this",
            "module.ecr.aws_ecr_repository.this"
          ]
        }
      ]
    },
    {
      "module": "module.codepipeline[\"core-platform-fe\"]",
      "mode": "managed",
      "type": "aws_s3_bucket",
      "name": "artifacts",
      "provider": "provider[\"registry.terraform.io/hashicorp/aws\"]",
      "instances": [
        {
          "status": "tainted",
          "schema_version": 0,
          "attributes": {
            "acceleration_status": "",
            "acl": null,
            "arn": "arn:aws:s3:::core-platform-fe-pipeline-artifacts-344367180480",
            "bucket": "core-platform-fe-pipeline-artifacts-344367180480",
            "bucket_domain_name": "core-platform-fe-pipeline-artifacts-344367180480.s3.amazonaws.com",
            "bucket_namespace": "global",
            "bucket_prefix": "",
            "bucket_region": null,
            "bucket_regional_domain_name": "core-platform-fe-pipeline-artifacts-344367180480.s3.ap-south-1.amazonaws.com",
            "cors_rule": [],
            "force_destroy": true,
            "grant": [
              {
                "id": "d7aefb4459ffc9ad51581490baa99470819bea5f81b9bc6e5fdeed217082fb2a",
                "permissions": [
                  "FULL_CONTROL"
                ],
                "type": "CanonicalUser",
                "uri": ""
              }
            ],
            "hosted_zone_id": "Z11RGJOFQNVJUP",
            "id": "core-platform-fe-pipeline-artifacts-344367180480",
            "lifecycle_rule": [],
            "logging": [],
            "object_lock_configuration": [],
            "object_lock_enabled": false,
            "policy": "",
            "region": "ap-south-1",
            "replication_configuration": [],
            "request_payer": "BucketOwner",
            "server_side_encryption_configuration": [
              {
                "rule": [
                  {
                    "apply_server_side_encryption_by_default": [
                      {
                        "kms_master_key_id": "",
                        "sse_algorithm": "AES256"
                      }
                    ],
                    "bucket_key_enabled": false
                  }
                ]
              }
            ],
            "tags": {
              "Environment": "stage",
              "Project": "lawyered",
              "Service": "pipeline"
            },
            "tags_all": {
              "Environment": "stage",
              "Project": "lawyered",
              "Service": "pipeline"
            },
            "timeouts": null,
            "versioning": [
              {
                "enabled": false,
                "mfa_delete": false
              }
            ],
            "website": [],
            "website_domain": null,
            "website_endpoint": null
          },
          "sensitive_attributes": [],
          "identity_schema_version": 0,
          "private": "eyJlMmJmYjczMC1lY2FhLTExZTYtOGY4OC0zNDM2M2JjN2M0YzAiOnsiY3JlYXRlIjoxMjAwMDAwMDAwMDAwLCJkZWxldGUiOjM2MDAwMDAwMDAwMDAsInJlYWQiOjEyMDAwMDAwMDAwMDAsInVwZGF0ZSI6MTIwMDAwMDAwMDAwMH19",
          "dependencies": [
            "module.codepipeline.data.aws_caller_identity.current",
            "module.ecr.aws_ecr_lifecycle_policy.this",
            "module.ecr.aws_ecr_repository.this"
          ]
        }
      ]
    },
    {
      "module": "module.codepipeline[\"coworking-platform-be\"]",
      "mode": "data",
      "type": "aws_caller_identity",
      "name": "current",
      "provider": "provider[\"registry.terraform.io/hashicorp/aws\"]",
      "instances": [
        {
          "schema_version": 0,
          "attributes": {
            "account_id": "344367180480",
            "arn": "arn:aws:sts::344367180480:assumed-role/AWSReservedSSO_AdministratorAccess_d713c9f4a0bbb717/pavan",
            "id": "344367180480",
            "user_id": "AROAVALPCFLAIU3Q7U5OZ:pavan"
          },
          "sensitive_attributes": [],
          "identity_schema_version": 0
        }
      ]
    },
    {
      "module": "module.codepipeline[\"coworking-platform-be\"]",
      "mode": "managed",
      "type": "aws_codebuild_project",
      "name": "this",
      "provider": "provider[\"registry.terraform.io/hashicorp/aws\"]",
      "instances": [
        {
          "schema_version": 0,
          "attributes": {
            "arn": "arn:aws:codebuild:ap-south-1:344367180480:project/coworking-platform-be-pipeline-build",
            "artifacts": [
              {
                "artifact_identifier": "",
                "bucket_owner_access": "",
                "encryption_disabled": false,
                "location": "",
                "name": "coworking-platform-be-pipeline-build",
                "namespace_type": "",
                "override_artifact_name": false,
                "packaging": "NONE",
                "path": "",
                "type": "CODEPIPELINE"
              }
            ],
            "auto_retry_limit": 0,
            "badge_enabled": false,
            "badge_url": "",
            "build_batch_config": [],
            "build_timeout": 60,
            "cache": [
              {
                "cache_namespace": "",
                "location": "",
                "modes": [],
                "type": "NO_CACHE"
              }
            ],
            "concurrent_build_limit": 0,
            "description": "Docker build project for coworking-platform-be-pipeline",
            "encryption_key": "arn:aws:kms:ap-south-1:344367180480:alias/aws/s3",
            "environment": [
              {
                "certificate": "",
                "compute_type": "BUILD_GENERAL1_SMALL",
                "docker_server": [],
                "environment_variable": [
                  {
                    "name": "ECR_REPOSITORY_URL",
                    "type": "PLAINTEXT",
                    "value": "344367180480.dkr.ecr.ap-south-1.amazonaws.com/coworking-platform-be"
                  }
                ],
                "fleet": [],
                "image": "aws/codebuild/amazonlinux2-x86_64-standard:5.0",
                "image_pull_credentials_type": "CODEBUILD",
                "privileged_mode": true,
                "registry_credential": [],
                "type": "LINUX_CONTAINER"
              }
            ],
            "file_system_locations": [],
            "id": "arn:aws:codebuild:ap-south-1:344367180480:project/coworking-platform-be-pipeline-build",
            "logs_config": [
              {
                "cloudwatch_logs": [
                  {
                    "group_name": "",
                    "status": "ENABLED",
                    "stream_name": ""
                  }
                ],
                "s3_logs": [
                  {
                    "bucket_owner_access": "",
                    "encryption_disabled": false,
                    "location": "",
                    "status": "DISABLED"
                  }
                ]
              }
            ],
            "name": "coworking-platform-be-pipeline-build",
            "project_visibility": "PRIVATE",
            "public_project_alias": "",
            "queued_timeout": 480,
            "region": "ap-south-1",
            "resource_access_role": "",
            "secondary_artifacts": [],
            "secondary_source_version": [],
            "secondary_sources": [],
            "service_role": "arn:aws:iam::344367180480:role/coworking-platform-be-pipeline-build-role",
            "source": [
              {
                "auth": [],
                "build_status_config": [],
                "buildspec": "\"artifacts\":\n  \"files\":\n  - \"imagedefinitions.json\"\n\"phases\":\n  \"build\":\n    \"commands\":\n    - \"echo Build started on `date`\"\n    - \"echo Building the Docker image...\"\n    - \"docker build  -t $REPOS_URL:latest .\"\n    - \"docker tag $REPOS_URL:latest $REPOS_URL:$IMAGE_TAG\"\n  \"post_build\":\n    \"commands\":\n    - \"echo Build completed on `date`\"\n    - \"echo Pushing the Docker images...\"\n    - \"docker push $REPOS_URL:latest\"\n    - \"docker push $REPOS_URL:$IMAGE_TAG\"\n    - \"echo Writing image definitions file...\"\n    - \"printf '[{\\\"name\\\":\\\"container-name\\\",\\\"imageUri\\\":\\\"%s\\\"}]' $REPOS_URL:$IMAGE_TAG\n      \u003e imagedefinitions.json\"\n    - \"echo Setting up SSH key for manifest repo push...\"\n    - \"mkdir -p ~/.ssh\"\n    - \"aws secretsmanager get-secret-value --secret-id lawyered/github/token --query\n      SecretString --output text \u003e ~/.ssh/id_rsa\"\n    - \"chmod 600 ~/.ssh/id_rsa\"\n    - \"ssh-keyscan github.com \u003e\u003e ~/.ssh/known_hosts\"\n    - \"echo Cloning k8s-manifest repo...\"\n    - \"git clone git@github.com:Lawyered-in/k8s-manifest.git /tmp/k8s-manifest\"\n    - \"cd /tmp/k8s-manifest \u0026\u0026 git checkout staging\"\n    - \"cd /tmp/k8s-manifest \u0026\u0026 sed -i \\\"s|image: .*$(basename $REPOS_URL):.*|image:\n      $REPOS_URL:$IMAGE_TAG|g\\\" deployments/stg-coworking-platform-be/deployment.yaml\"\n    - \"cd /tmp/k8s-manifest \u0026\u0026 git config user.email 'ci@lawyered.in' \u0026\u0026 git config\n      user.name 'CodeBuild CI'\"\n    - \"cd /tmp/k8s-manifest \u0026\u0026 git add deployments/stg-coworking-platform-be/deployment.yaml\"\n    - \"cd /tmp/k8s-manifest \u0026\u0026 (git diff --cached --quiet || git commit -m '[Devops\n      Team Auto Updated] $(basename $REPOS_URL) image to $IMAGE_TAG [skip ci]')\"\n    - \"cd /tmp/k8s-manifest \u0026\u0026 git push origin staging\"\n  \"pre_build\":\n    \"commands\":\n    - \"echo Logging in to Amazon ECR...\"\n    - \"aws ecr get-login-password --region ap-south-1 | docker login --username AWS\n      --password-stdin $ECR_REPOSITORY_URL\"\n    - \"echo Pre-fetching images from ECR Public to avoid Docker Hub rate limits...\"\n    - \"for image in node:20-alpine; do echo Pulling ${image}...; docker pull public.ecr.aws/docker/library/${image};\n      docker tag public.ecr.aws/docker/library/${image} ${image}; done\"\n    - \"REPOS_URL=$ECR_REPOSITORY_URL\"\n    - \"COMMIT_HASH=$(echo $CODEBUILD_RESOLVED_SOURCE_VERSION | cut -c 1-7)\"\n    - \"IMAGE_TAG=${COMMIT_HASH:=latest}\"\n\"version\": 0.2\n",
                "git_clone_depth": 0,
                "git_submodules_config": [],
                "insecure_ssl": false,
                "location": "",
                "report_build_status": false,
                "type": "CODEPIPELINE"
              }
            ],
            "source_version": "",
            "tags": {
              "Environment": "stage",
              "Project": "lawyered",
              "Service": "pipeline"
            },
            "tags_all": {
              "Environment": "stage",
              "Project": "lawyered",
              "Service": "pipeline"
            },
            "vpc_config": []
          },
          "sensitive_attributes": [],
          "identity_schema_version": 0,
          "identity": {
            "arn": "arn:aws:codebuild:ap-south-1:344367180480:project/coworking-platform-be-pipeline-build"
          },
          "private": "bnVsbA==",
          "dependencies": [
            "module.codepipeline.aws_iam_role.build",
            "module.ecr.aws_ecr_lifecycle_policy.this",
            "module.ecr.aws_ecr_repository.this"
          ]
        }
      ]
    },
    {
      "module": "module.codepipeline[\"coworking-platform-be\"]",
      "mode": "managed",
      "type": "aws_codepipeline",
      "name": "this",
      "provider": "provider[\"registry.terraform.io/hashicorp/aws\"]",
      "instances": [
        {
          "schema_version": 0,
          "attributes": {
            "arn": "arn:aws:codepipeline:ap-south-1:344367180480:coworking-platform-be-pipeline",
            "artifact_store": [
              {
                "encryption_key": [],
                "location": "coworking-platform-be-pipeline-artifacts-344367180480",
                "region": "",
                "type": "S3"
              }
            ],
            "execution_mode": "SUPERSEDED",
            "id": "coworking-platform-be-pipeline",
            "name": "coworking-platform-be-pipeline",
            "pipeline_type": "V1",
            "region": "ap-south-1",
            "role_arn": "arn:aws:iam::344367180480:role/coworking-platform-be-pipeline-pipeline-role",
            "stage": [
              {
                "action": [
                  {
                    "category": "Source",
                    "configuration": {
                      "BranchName": "develop",
                      "ConnectionArn": "arn:aws:codeconnections:ap-south-1:344367180480:connection/5fb5e82a-dcb4-4f0b-b5e5-10ab4496e9af",
                      "FullRepositoryId": "IA-COW/coworking-platform-be",
                      "OutputArtifactFormat": "CODE_ZIP"
                    },
                    "input_artifacts": [],
                    "name": "Source",
                    "namespace": "",
                    "output_artifacts": [
                      "source_output"
                    ],
                    "owner": "AWS",
                    "provider": "CodeStarSourceConnection",
                    "region": "ap-south-1",
                    "role_arn": "",
                    "run_order": 1,
                    "timeout_in_minutes": 0,
                    "version": "1"
                  }
                ],
                "before_entry": [],
                "name": "Source",
                "on_failure": [],
                "on_success": []
              },
              {
                "action": [
                  {
                    "category": "Build",
                    "configuration": {
                      "ProjectName": "coworking-platform-be-pipeline-build"
                    },
                    "input_artifacts": [
                      "source_output"
                    ],
                    "name": "Build",
                    "namespace": "",
                    "output_artifacts": [
                      "build_output"
                    ],
                    "owner": "AWS",
                    "provider": "CodeBuild",
                    "region": "",
                    "role_arn": "",
                    "run_order": 1,
                    "timeout_in_minutes": 0,
                    "version": "1"
                  }
                ],
                "before_entry": [],
                "name": "Build",
                "on_failure": [],
                "on_success": []
              }
            ],
            "tags": {
              "Environment": "stage",
              "Project": "lawyered",
              "Service": "pipeline"
            },
            "tags_all": {
              "Environment": "stage",
              "Project": "lawyered",
              "Service": "pipeline"
            },
            "trigger": [],
            "trigger_all": [],
            "variable": []
          },
          "sensitive_attributes": [],
          "identity_schema_version": 0,
          "private": "bnVsbA==",
          "dependencies": [
            "aws_codeconnections_connection.github",
            "aws_secretsmanager_secret.github_ssh_key",
            "module.codepipeline.aws_codebuild_project.this",
            "module.codepipeline.aws_iam_role.build",
            "module.codepipeline.aws_iam_role.pipeline",
            "module.codepipeline.aws_s3_bucket.artifacts",
            "module.codepipeline.data.aws_caller_identity.current",
            "module.ecr.aws_ecr_lifecycle_policy.this",
            "module.ecr.aws_ecr_repository.this"
          ]
        }
      ]
    },
    {
      "module": "module.codepipeline[\"coworking-platform-be\"]",
      "mode": "managed",
      "type": "aws_iam_role",
      "name": "build",
      "provider": "provider[\"registry.terraform.io/hashicorp/aws\"]",
      "instances": [
        {
          "schema_version": 0,
          "attributes": {
            "arn": "arn:aws:iam::344367180480:role/coworking-platform-be-pipeline-build-role",
            "assume_role_policy": "{\"Statement\":[{\"Action\":\"sts:AssumeRole\",\"Effect\":\"Allow\",\"Principal\":{\"Service\":\"codebuild.amazonaws.com\"}}],\"Version\":\"2012-10-17\"}",
            "create_date": "2026-04-28T08:37:01Z",
            "description": "",
            "force_detach_policies": false,
            "id": "coworking-platform-be-pipeline-build-role",
            "inline_policy": [
              {
                "name": "coworking-platform-be-pipeline-build-policy",
                "policy": "{\"Version\":\"2012-10-17\",\"Statement\":[{\"Action\":[\"logs:CreateLogGroup\",\"logs:CreateLogStream\",\"logs:PutLogEvents\"],\"Effect\":\"Allow\",\"Resource\":\"*\"},{\"Action\":[\"s3:GetObject\",\"s3:GetObjectVersion\",\"s3:GetBucketVersioning\",\"s3:PutObject\"],\"Effect\":\"Allow\",\"Resource\":[\"arn:aws:s3:::coworking-platform-be-pipeline-artifacts-344367180480\",\"arn:aws:s3:::coworking-platform-be-pipeline-artifacts-344367180480/*\"]},{\"Action\":[\"ecr:GetAuthorizationToken\"],\"Effect\":\"Allow\",\"Resource\":\"*\"},{\"Action\":[\"ecr:BatchCheckLayerAvailability\",\"ecr:GetDownloadUrlForLayer\",\"ecr:BatchGetImage\",\"ecr:PutImage\",\"ecr:InitiateLayerUpload\",\"ecr:UploadLayerPart\",\"ecr:CompleteLayerUpload\"],\"Effect\":\"Allow\",\"Resource\":\"*\"},{\"Action\":[\"secretsmanager:GetSecretValue\"],\"Effect\":\"Allow\",\"Resource\":\"*\"}]}"
              }
            ],
            "managed_policy_arns": [
              "arn:aws:iam::344367180480:policy/service-role/CodeBuildBasePolicy-coworking-platform-be-pipeline-build-role-ap-south-1"
            ],
            "max_session_duration": 3600,
            "name": "coworking-platform-be-pipeline-build-role",
            "name_prefix": "",
            "path": "/",
            "permissions_boundary": "",
            "tags": {},
            "tags_all": {},
            "unique_id": "AROAVALPCFLAMPFALKRBC"
          },
          "sensitive_attributes": [],
          "identity_schema_version": 0,
          "identity": {
            "account_id": "344367180480",
            "name": "coworking-platform-be-pipeline-build-role"
          },
          "private": "bnVsbA==",
          "dependencies": [
            "module.ecr.aws_ecr_lifecycle_policy.this",
            "module.ecr.aws_ecr_repository.this"
          ]
        }
      ]
    },
    {
      "module": "module.codepipeline[\"coworking-platform-be\"]",
      "mode": "managed",
      "type": "aws_iam_role",
      "name": "pipeline",
      "provider": "provider[\"registry.terraform.io/hashicorp/aws\"]",
      "instances": [
        {
          "schema_version": 0,
          "attributes": {
            "arn": "arn:aws:iam::344367180480:role/coworking-platform-be-pipeline-pipeline-role",
            "assume_role_policy": "{\"Statement\":[{\"Action\":\"sts:AssumeRole\",\"Effect\":\"Allow\",\"Principal\":{\"Service\":\"codepipeline.amazonaws.com\"}}],\"Version\":\"2012-10-17\"}",
            "create_date": "2026-04-28T08:37:01Z",
            "description": "",
            "force_detach_policies": false,
            "id": "coworking-platform-be-pipeline-pipeline-role",
            "inline_policy": [
              {
                "name": "coworking-platform-be-pipeline-pipeline-policy",
                "policy": "{\"Version\":\"2012-10-17\",\"Statement\":[{\"Action\":[\"s3:GetObject\",\"s3:GetObjectVersion\",\"s3:GetBucketVersioning\",\"s3:PutObjectAcl\",\"s3:PutObject\"],\"Effect\":\"Allow\",\"Resource\":[\"arn:aws:s3:::coworking-platform-be-pipeline-artifacts-344367180480\",\"arn:aws:s3:::coworking-platform-be-pipeline-artifacts-344367180480/*\"]},{\"Action\":[\"codestar-connections:UseConnection\"],\"Effect\":\"Allow\",\"Resource\":\"*\"},{\"Action\":[\"codebuild:BatchGetBuilds\",\"codebuild:StartBuild\"],\"Effect\":\"Allow\",\"Resource\":\"*\"}]}"
              }
            ],
            "managed_policy_arns": [],
            "max_session_duration": 3600,
            "name": "coworking-platform-be-pipeline-pipeline-role",
            "name_prefix": "",
            "path": "/",
            "permissions_boundary": "",
            "tags": {},
            "tags_all": {},
            "unique_id": "AROAVALPCFLAIHDNTWIJC"
          },
          "sensitive_attributes": [],
          "identity_schema_version": 0,
          "identity": {
            "account_id": "344367180480",
            "name": "coworking-platform-be-pipeline-pipeline-role"
          },
          "private": "bnVsbA==",
          "dependencies": [
            "module.ecr.aws_ecr_lifecycle_policy.this",
            "module.ecr.aws_ecr_repository.this"
          ]
        }
      ]
    },
    {
      "module": "module.codepipeline[\"coworking-platform-be\"]",
      "mode": "managed",
      "type": "aws_iam_role_policy",
      "name": "build",
      "provider": "provider[\"registry.terraform.io/hashicorp/aws\"]",
      "instances": [
        {
          "schema_version": 0,
          "attributes": {
            "id": "coworking-platform-be-pipeline-build-role:coworking-platform-be-pipeline-build-policy",
            "name": "coworking-platform-be-pipeline-build-policy",
            "name_prefix": "",
            "policy": "{\"Version\":\"2012-10-17\",\"Statement\":[{\"Action\":[\"logs:CreateLogGroup\",\"logs:CreateLogStream\",\"logs:PutLogEvents\"],\"Effect\":\"Allow\",\"Resource\":\"*\"},{\"Action\":[\"s3:GetObject\",\"s3:GetObjectVersion\",\"s3:GetBucketVersioning\",\"s3:PutObject\"],\"Effect\":\"Allow\",\"Resource\":[\"arn:aws:s3:::coworking-platform-be-pipeline-artifacts-344367180480\",\"arn:aws:s3:::coworking-platform-be-pipeline-artifacts-344367180480/*\"]},{\"Action\":[\"ecr:GetAuthorizationToken\"],\"Effect\":\"Allow\",\"Resource\":\"*\"},{\"Action\":[\"ecr:BatchCheckLayerAvailability\",\"ecr:GetDownloadUrlForLayer\",\"ecr:BatchGetImage\",\"ecr:PutImage\",\"ecr:InitiateLayerUpload\",\"ecr:UploadLayerPart\",\"ecr:CompleteLayerUpload\"],\"Effect\":\"Allow\",\"Resource\":\"*\"},{\"Action\":[\"secretsmanager:GetSecretValue\"],\"Effect\":\"Allow\",\"Resource\":\"*\"}]}",
            "role": "coworking-platform-be-pipeline-build-role"
          },
          "sensitive_attributes": [],
          "identity_schema_version": 0,
          "identity": {
            "account_id": "344367180480",
            "name": "coworking-platform-be-pipeline-build-policy",
            "role": "coworking-platform-be-pipeline-build-role"
          },
          "private": "bnVsbA==",
          "dependencies": [
            "module.codepipeline.aws_iam_role.build",
            "module.codepipeline.aws_s3_bucket.artifacts",
            "module.codepipeline.data.aws_caller_identity.current",
            "module.ecr.aws_ecr_lifecycle_policy.this",
            "module.ecr.aws_ecr_repository.this"
          ]
        }
      ]
    },
    {
      "module": "module.codepipeline[\"coworking-platform-be\"]",
      "mode": "managed",
      "type": "aws_iam_role_policy",
      "name": "pipeline",
      "provider": "provider[\"registry.terraform.io/hashicorp/aws\"]",
      "instances": [
        {
          "schema_version": 0,
          "attributes": {
            "id": "coworking-platform-be-pipeline-pipeline-role:coworking-platform-be-pipeline-pipeline-policy",
            "name": "coworking-platform-be-pipeline-pipeline-policy",
            "name_prefix": "",
            "policy": "{\"Version\":\"2012-10-17\",\"Statement\":[{\"Action\":[\"s3:GetObject\",\"s3:GetObjectVersion\",\"s3:GetBucketVersioning\",\"s3:PutObjectAcl\",\"s3:PutObject\"],\"Effect\":\"Allow\",\"Resource\":[\"arn:aws:s3:::coworking-platform-be-pipeline-artifacts-344367180480\",\"arn:aws:s3:::coworking-platform-be-pipeline-artifacts-344367180480/*\"]},{\"Action\":[\"codestar-connections:UseConnection\"],\"Effect\":\"Allow\",\"Resource\":\"*\"},{\"Action\":[\"codebuild:BatchGetBuilds\",\"codebuild:StartBuild\"],\"Effect\":\"Allow\",\"Resource\":\"*\"}]}",
            "role": "coworking-platform-be-pipeline-pipeline-role"
          },
          "sensitive_attributes": [],
          "identity_schema_version": 0,
          "identity": {
            "account_id": "344367180480",
            "name": "coworking-platform-be-pipeline-pipeline-policy",
            "role": "coworking-platform-be-pipeline-pipeline-role"
          },
          "private": "bnVsbA==",
          "dependencies": [
            "aws_codeconnections_connection.github",
            "module.codepipeline.aws_iam_role.pipeline",
            "module.codepipeline.aws_s3_bucket.artifacts",
            "module.codepipeline.data.aws_caller_identity.current",
            "module.ecr.aws_ecr_lifecycle_policy.this",
            "module.ecr.aws_ecr_repository.this"
          ]
        }
      ]
    },
    {
      "module": "module.codepipeline[\"coworking-platform-be\"]",
      "mode": "managed",
      "type": "aws_s3_bucket",
      "name": "artifacts",
      "provider": "provider[\"registry.terraform.io/hashicorp/aws\"]",
      "instances": [
        {
          "status": "tainted",
          "schema_version": 0,
          "attributes": {
            "acceleration_status": "",
            "acl": null,
            "arn": "arn:aws:s3:::coworking-platform-be-pipeline-artifacts-344367180480",
            "bucket": "coworking-platform-be-pipeline-artifacts-344367180480",
            "bucket_domain_name": "coworking-platform-be-pipeline-artifacts-344367180480.s3.amazonaws.com",
            "bucket_namespace": "global",
            "bucket_prefix": "",
            "bucket_region": null,
            "bucket_regional_domain_name": "coworking-platform-be-pipeline-artifacts-344367180480.s3.ap-south-1.amazonaws.com",
            "cors_rule": [],
            "force_destroy": true,
            "grant": [
              {
                "id": "d7aefb4459ffc9ad51581490baa99470819bea5f81b9bc6e5fdeed217082fb2a",
                "permissions": [
                  "FULL_CONTROL"
                ],
                "type": "CanonicalUser",
                "uri": ""
              }
            ],
            "hosted_zone_id": "Z11RGJOFQNVJUP",
            "id": "coworking-platform-be-pipeline-artifacts-344367180480",
            "lifecycle_rule": null,
            "logging": [],
            "object_lock_configuration": null,
            "object_lock_enabled": null,
            "policy": "",
            "region": "ap-south-1",
            "replication_configuration": null,
            "request_payer": "BucketOwner",
            "server_side_encryption_configuration": null,
            "tags": {
              "Environment": "stage",
              "Project": "lawyered",
              "Service": "pipeline"
            },
            "tags_all": {
              "Environment": "stage",
              "Project": "lawyered",
              "Service": "pipeline"
            },
            "timeouts": null,
            "versioning": [
              {
                "enabled": false,
                "mfa_delete": false
              }
            ],
            "website": [],
            "website_domain": null,
            "website_endpoint": null
          },
          "sensitive_attributes": [],
          "identity_schema_version": 0,
          "private": "eyJlMmJmYjczMC1lY2FhLTExZTYtOGY4OC0zNDM2M2JjN2M0YzAiOnsiY3JlYXRlIjoxMjAwMDAwMDAwMDAwLCJkZWxldGUiOjM2MDAwMDAwMDAwMDAsInJlYWQiOjEyMDAwMDAwMDAwMDAsInVwZGF0ZSI6MTIwMDAwMDAwMDAwMH19",
          "dependencies": [
            "module.codepipeline.data.aws_caller_identity.current",
            "module.ecr.aws_ecr_lifecycle_policy.this",
            "module.ecr.aws_ecr_repository.this"
          ]
        }
      ]
    },
    {
      "module": "module.codepipeline[\"coworking-platform-fe\"]",
      "mode": "data",
      "type": "aws_caller_identity",
      "name": "current",
      "provider": "provider[\"registry.terraform.io/hashicorp/aws\"]",
      "instances": [
        {
          "schema_version": 0,
          "attributes": {
            "account_id": "344367180480",
            "arn": "arn:aws:sts::344367180480:assumed-role/AWSReservedSSO_AdministratorAccess_d713c9f4a0bbb717/pavan",
            "id": "344367180480",
            "user_id": "AROAVALPCFLAIU3Q7U5OZ:pavan"
          },
          "sensitive_attributes": [],
          "identity_schema_version": 0
        }
      ]
    },
    {
      "module": "module.codepipeline[\"coworking-platform-fe\"]",
      "mode": "managed",
      "type": "aws_codebuild_project",
      "name": "this",
      "provider": "provider[\"registry.terraform.io/hashicorp/aws\"]",
      "instances": [
        {
          "schema_version": 0,
          "attributes": {
            "arn": "arn:aws:codebuild:ap-south-1:344367180480:project/coworking-platform-fe-pipeline-build",
            "artifacts": [
              {
                "artifact_identifier": "",
                "bucket_owner_access": "",
                "encryption_disabled": false,
                "location": "",
                "name": "coworking-platform-fe-pipeline-build",
                "namespace_type": "",
                "override_artifact_name": false,
                "packaging": "NONE",
                "path": "",
                "type": "CODEPIPELINE"
              }
            ],
            "auto_retry_limit": 0,
            "badge_enabled": false,
            "badge_url": "",
            "build_batch_config": [],
            "build_timeout": 60,
            "cache": [
              {
                "cache_namespace": "",
                "location": "",
                "modes": [],
                "type": "NO_CACHE"
              }
            ],
            "concurrent_build_limit": 0,
            "description": "Docker build project for coworking-platform-fe-pipeline",
            "encryption_key": "arn:aws:kms:ap-south-1:344367180480:alias/aws/s3",
            "environment": [
              {
                "certificate": "",
                "compute_type": "BUILD_GENERAL1_SMALL",
                "docker_server": [],
                "environment_variable": [
                  {
                    "name": "ECR_REPOSITORY_URL",
                    "type": "PLAINTEXT",
                    "value": "344367180480.dkr.ecr.ap-south-1.amazonaws.com/coworking-platform-fe"
                  }
                ],
                "fleet": [],
                "image": "aws/codebuild/amazonlinux2-x86_64-standard:5.0",
                "image_pull_credentials_type": "CODEBUILD",
                "privileged_mode": true,
                "registry_credential": [],
                "type": "LINUX_CONTAINER"
              }
            ],
            "file_system_locations": [],
            "id": "arn:aws:codebuild:ap-south-1:344367180480:project/coworking-platform-fe-pipeline-build",
            "logs_config": [
              {
                "cloudwatch_logs": [
                  {
                    "group_name": "",
                    "status": "ENABLED",
                    "stream_name": ""
                  }
                ],
                "s3_logs": [
                  {
                    "bucket_owner_access": "",
                    "encryption_disabled": false,
                    "location": "",
                    "status": "DISABLED"
                  }
                ]
              }
            ],
            "name": "coworking-platform-fe-pipeline-build",
            "project_visibility": "PRIVATE",
            "public_project_alias": "",
            "queued_timeout": 480,
            "region": "ap-south-1",
            "resource_access_role": "",
            "secondary_artifacts": [],
            "secondary_source_version": [],
            "secondary_sources": [],
            "service_role": "arn:aws:iam::344367180480:role/coworking-platform-fe-pipeline-build-role",
            "source": [
              {
                "auth": [],
                "build_status_config": [],
                "buildspec": "\"artifacts\":\n  \"files\":\n  - \"imagedefinitions.json\"\n\"phases\":\n  \"build\":\n    \"commands\":\n    - \"echo Build started on `date`\"\n    - \"echo Building the Docker image...\"\n    - \"docker build  -t $REPOS_URL:latest .\"\n    - \"docker tag $REPOS_URL:latest $REPOS_URL:$IMAGE_TAG\"\n  \"post_build\":\n    \"commands\":\n    - \"echo Build completed on `date`\"\n    - \"echo Pushing the Docker images...\"\n    - \"docker push $REPOS_URL:latest\"\n    - \"docker push $REPOS_URL:$IMAGE_TAG\"\n    - \"echo Writing image definitions file...\"\n    - \"printf '[{\\\"name\\\":\\\"container-name\\\",\\\"imageUri\\\":\\\"%s\\\"}]' $REPOS_URL:$IMAGE_TAG\n      \u003e imagedefinitions.json\"\n    - \"echo Setting up SSH key for manifest repo push...\"\n    - \"mkdir -p ~/.ssh\"\n    - \"aws secretsmanager get-secret-value --secret-id lawyered/github/token --query\n      SecretString --output text \u003e ~/.ssh/id_rsa\"\n    - \"chmod 600 ~/.ssh/id_rsa\"\n    - \"ssh-keyscan github.com \u003e\u003e ~/.ssh/known_hosts\"\n    - \"echo Cloning k8s-manifest repo...\"\n    - \"git clone git@github.com:Lawyered-in/k8s-manifest.git /tmp/k8s-manifest\"\n    - \"cd /tmp/k8s-manifest \u0026\u0026 git checkout staging\"\n    - \"cd /tmp/k8s-manifest \u0026\u0026 sed -i \\\"s|image: .*$(basename $REPOS_URL):.*|image:\n      $REPOS_URL:$IMAGE_TAG|g\\\" deployments/stg-coworking-platform-fe/deployment.yaml\"\n    - \"cd /tmp/k8s-manifest \u0026\u0026 git config user.email 'ci@lawyered.in' \u0026\u0026 git config\n      user.name 'CodeBuild CI'\"\n    - \"cd /tmp/k8s-manifest \u0026\u0026 git add deployments/stg-coworking-platform-fe/deployment.yaml\"\n    - \"cd /tmp/k8s-manifest \u0026\u0026 (git diff --cached --quiet || git commit -m '[Devops\n      Team Auto Updated] $(basename $REPOS_URL) image to $IMAGE_TAG [skip ci]')\"\n    - \"cd /tmp/k8s-manifest \u0026\u0026 git push origin staging\"\n  \"pre_build\":\n    \"commands\":\n    - \"echo Logging in to Amazon ECR...\"\n    - \"aws ecr get-login-password --region ap-south-1 | docker login --username AWS\n      --password-stdin $ECR_REPOSITORY_URL\"\n    - \"echo Pre-fetching images from ECR Public to avoid Docker Hub rate limits...\"\n    - \"for image in node:20-alpine; do echo Pulling ${image}...; docker pull public.ecr.aws/docker/library/${image};\n      docker tag public.ecr.aws/docker/library/${image} ${image}; done\"\n    - \"REPOS_URL=$ECR_REPOSITORY_URL\"\n    - \"COMMIT_HASH=$(echo $CODEBUILD_RESOLVED_SOURCE_VERSION | cut -c 1-7)\"\n    - \"IMAGE_TAG=${COMMIT_HASH:=latest}\"\n\"version\": 0.2\n",
                "git_clone_depth": 0,
                "git_submodules_config": [],
                "insecure_ssl": false,
                "location": "",
                "report_build_status": false,
                "type": "CODEPIPELINE"
              }
            ],
            "source_version": "",
            "tags": {
              "Environment": "stage",
              "Project": "lawyered",
              "Service": "pipeline"
            },
            "tags_all": {
              "Environment": "stage",
              "Project": "lawyered",
              "Service": "pipeline"
            },
            "vpc_config": []
          },
          "sensitive_attributes": [],
          "identity_schema_version": 0,
          "identity": {
            "arn": "arn:aws:codebuild:ap-south-1:344367180480:project/coworking-platform-fe-pipeline-build"
          },
          "private": "bnVsbA==",
          "dependencies": [
            "module.codepipeline.aws_iam_role.build",
            "module.ecr.aws_ecr_lifecycle_policy.this",
            "module.ecr.aws_ecr_repository.this"
          ]
        }
      ]
    },
    {
      "module": "module.codepipeline[\"coworking-platform-fe\"]",
      "mode": "managed",
      "type": "aws_codepipeline",
      "name": "this",
      "provider": "provider[\"registry.terraform.io/hashicorp/aws\"]",
      "instances": [
        {
          "schema_version": 0,
          "attributes": {
            "arn": "arn:aws:codepipeline:ap-south-1:344367180480:coworking-platform-fe-pipeline",
            "artifact_store": [
              {
                "encryption_key": [],
                "location": "coworking-platform-fe-pipeline-artifacts-344367180480",
                "region": "",
                "type": "S3"
              }
            ],
            "execution_mode": "SUPERSEDED",
            "id": "coworking-platform-fe-pipeline",
            "name": "coworking-platform-fe-pipeline",
            "pipeline_type": "V1",
            "region": "ap-south-1",
            "role_arn": "arn:aws:iam::344367180480:role/coworking-platform-fe-pipeline-pipeline-role",
            "stage": [
              {
                "action": [
                  {
                    "category": "Source",
                    "configuration": {
                      "BranchName": "main",
                      "ConnectionArn": "arn:aws:codeconnections:ap-south-1:344367180480:connection/57bb41a6-94e5-4be9-9364-73bc9da899d3",
                      "FullRepositoryId": "IA-COW/coworking-platform-fe"
                    },
                    "input_artifacts": [],
                    "name": "Source",
                    "namespace": "",
                    "output_artifacts": [
                      "source_output"
                    ],
                    "owner": "AWS",
                    "provider": "CodeStarSourceConnection",
                    "region": "",
                    "role_arn": "",
                    "run_order": 1,
                    "timeout_in_minutes": 0,
                    "version": "1"
                  }
                ],
                "before_entry": [],
                "name": "Source",
                "on_failure": [],
                "on_success": []
              },
              {
                "action": [
                  {
                    "category": "Build",
                    "configuration": {
                      "ProjectName": "coworking-platform-fe-pipeline-build"
                    },
                    "input_artifacts": [
                      "source_output"
                    ],
                    "name": "Build",
                    "namespace": "",
                    "output_artifacts": [
                      "build_output"
                    ],
                    "owner": "AWS",
                    "provider": "CodeBuild",
                    "region": "",
                    "role_arn": "",
                    "run_order": 1,
                    "timeout_in_minutes": 0,
                    "version": "1"
                  }
                ],
                "before_entry": [],
                "name": "Build",
                "on_failure": [],
                "on_success": []
              }
            ],
            "tags": {
              "Environment": "stage",
              "Project": "lawyered",
              "Service": "pipeline"
            },
            "tags_all": {
              "Environment": "stage",
              "Project": "lawyered",
              "Service": "pipeline"
            },
            "trigger": [],
            "trigger_all": [],
            "variable": []
          },
          "sensitive_attributes": [],
          "identity_schema_version": 0,
          "private": "bnVsbA==",
          "dependencies": [
            "aws_codeconnections_connection.github",
            "aws_secretsmanager_secret.github_ssh_key",
            "module.codepipeline.aws_codebuild_project.this",
            "module.codepipeline.aws_iam_role.build",
            "module.codepipeline.aws_iam_role.pipeline",
            "module.codepipeline.aws_s3_bucket.artifacts",
            "module.codepipeline.data.aws_caller_identity.current",
            "module.ecr.aws_ecr_lifecycle_policy.this",
            "module.ecr.aws_ecr_repository.this"
          ]
        }
      ]
    },
    {
      "module": "module.codepipeline[\"coworking-platform-fe\"]",
      "mode": "managed",
      "type": "aws_iam_role",
      "name": "build",
      "provider": "provider[\"registry.terraform.io/hashicorp/aws\"]",
      "instances": [
        {
          "schema_version": 0,
          "attributes": {
            "arn": "arn:aws:iam::344367180480:role/coworking-platform-fe-pipeline-build-role",
            "assume_role_policy": "{\"Statement\":[{\"Action\":\"sts:AssumeRole\",\"Effect\":\"Allow\",\"Principal\":{\"Service\":\"codebuild.amazonaws.com\"}}],\"Version\":\"2012-10-17\"}",
            "create_date": "2026-04-28T08:37:02Z",
            "description": "",
            "force_detach_policies": false,
            "id": "coworking-platform-fe-pipeline-build-role",
            "inline_policy": [
              {
                "name": "coworking-platform-fe-pipeline-build-policy",
                "policy": "{\"Version\":\"2012-10-17\",\"Statement\":[{\"Action\":[\"logs:CreateLogGroup\",\"logs:CreateLogStream\",\"logs:PutLogEvents\"],\"Effect\":\"Allow\",\"Resource\":\"*\"},{\"Action\":[\"s3:GetObject\",\"s3:GetObjectVersion\",\"s3:GetBucketVersioning\",\"s3:PutObject\"],\"Effect\":\"Allow\",\"Resource\":[\"arn:aws:s3:::coworking-platform-fe-pipeline-artifacts-344367180480\",\"arn:aws:s3:::coworking-platform-fe-pipeline-artifacts-344367180480/*\"]},{\"Action\":[\"ecr:GetAuthorizationToken\"],\"Effect\":\"Allow\",\"Resource\":\"*\"},{\"Action\":[\"ecr:BatchCheckLayerAvailability\",\"ecr:GetDownloadUrlForLayer\",\"ecr:BatchGetImage\",\"ecr:PutImage\",\"ecr:InitiateLayerUpload\",\"ecr:UploadLayerPart\",\"ecr:CompleteLayerUpload\"],\"Effect\":\"Allow\",\"Resource\":\"*\"},{\"Action\":[\"secretsmanager:GetSecretValue\"],\"Effect\":\"Allow\",\"Resource\":\"*\"}]}"
              }
            ],
            "managed_policy_arns": [],
            "max_session_duration": 3600,
            "name": "coworking-platform-fe-pipeline-build-role",
            "name_prefix": "",
            "path": "/",
            "permissions_boundary": "",
            "tags": {},
            "tags_all": {},
            "unique_id": "AROAVALPCFLAB3QCBJ3ZF"
          },
          "sensitive_attributes": [],
          "identity_schema_version": 0,
          "identity": {
            "account_id": "344367180480",
            "name": "coworking-platform-fe-pipeline-build-role"
          },
          "private": "bnVsbA==",
          "dependencies": [
            "module.ecr.aws_ecr_lifecycle_policy.this",
            "module.ecr.aws_ecr_repository.this"
          ]
        }
      ]
    },
    {
      "module": "module.codepipeline[\"coworking-platform-fe\"]",
      "mode": "managed",
      "type": "aws_iam_role",
      "name": "pipeline",
      "provider": "provider[\"registry.terraform.io/hashicorp/aws\"]",
      "instances": [
        {
          "schema_version": 0,
          "attributes": {
            "arn": "arn:aws:iam::344367180480:role/coworking-platform-fe-pipeline-pipeline-role",
            "assume_role_policy": "{\"Statement\":[{\"Action\":\"sts:AssumeRole\",\"Effect\":\"Allow\",\"Principal\":{\"Service\":\"codepipeline.amazonaws.com\"}}],\"Version\":\"2012-10-17\"}",
            "create_date": "2026-04-28T08:37:01Z",
            "description": "",
            "force_detach_policies": false,
            "id": "coworking-platform-fe-pipeline-pipeline-role",
            "inline_policy": [
              {
                "name": "coworking-platform-fe-pipeline-pipeline-policy",
                "policy": "{\"Version\":\"2012-10-17\",\"Statement\":[{\"Action\":[\"s3:GetObject\",\"s3:GetObjectVersion\",\"s3:GetBucketVersioning\",\"s3:PutObjectAcl\",\"s3:PutObject\"],\"Effect\":\"Allow\",\"Resource\":[\"arn:aws:s3:::coworking-platform-fe-pipeline-artifacts-344367180480\",\"arn:aws:s3:::coworking-platform-fe-pipeline-artifacts-344367180480/*\"]},{\"Action\":[\"codestar-connections:UseConnection\"],\"Effect\":\"Allow\",\"Resource\":\"arn:aws:codeconnections:ap-south-1:344367180480:connection/57bb41a6-94e5-4be9-9364-73bc9da899d3\"},{\"Action\":[\"codebuild:BatchGetBuilds\",\"codebuild:StartBuild\"],\"Effect\":\"Allow\",\"Resource\":\"*\"}]}"
              }
            ],
            "managed_policy_arns": [],
            "max_session_duration": 3600,
            "name": "coworking-platform-fe-pipeline-pipeline-role",
            "name_prefix": "",
            "path": "/",
            "permissions_boundary": "",
            "tags": {},
            "tags_all": {},
            "unique_id": "AROAVALPCFLAHU7H55C7G"
          },
          "sensitive_attributes": [],
          "identity_schema_version": 0,
          "identity": {
            "account_id": "344367180480",
            "name": "coworking-platform-fe-pipeline-pipeline-role"
          },
          "private": "bnVsbA==",
          "dependencies": [
            "module.ecr.aws_ecr_lifecycle_policy.this",
            "module.ecr.aws_ecr_repository.this"
          ]
        }
      ]
    },
    {
      "module": "module.codepipeline[\"coworking-platform-fe\"]",
      "mode": "managed",
      "type": "aws_iam_role_policy",
      "name": "build",
      "provider": "provider[\"registry.terraform.io/hashicorp/aws\"]",
      "instances": [
        {
          "schema_version": 0,
          "attributes": {
            "id": "coworking-platform-fe-pipeline-build-role:coworking-platform-fe-pipeline-build-policy",
            "name": "coworking-platform-fe-pipeline-build-policy",
            "name_prefix": "",
            "policy": "{\"Version\":\"2012-10-17\",\"Statement\":[{\"Action\":[\"logs:CreateLogGroup\",\"logs:CreateLogStream\",\"logs:PutLogEvents\"],\"Effect\":\"Allow\",\"Resource\":\"*\"},{\"Action\":[\"s3:GetObject\",\"s3:GetObjectVersion\",\"s3:GetBucketVersioning\",\"s3:PutObject\"],\"Effect\":\"Allow\",\"Resource\":[\"arn:aws:s3:::coworking-platform-fe-pipeline-artifacts-344367180480\",\"arn:aws:s3:::coworking-platform-fe-pipeline-artifacts-344367180480/*\"]},{\"Action\":[\"ecr:GetAuthorizationToken\"],\"Effect\":\"Allow\",\"Resource\":\"*\"},{\"Action\":[\"ecr:BatchCheckLayerAvailability\",\"ecr:GetDownloadUrlForLayer\",\"ecr:BatchGetImage\",\"ecr:PutImage\",\"ecr:InitiateLayerUpload\",\"ecr:UploadLayerPart\",\"ecr:CompleteLayerUpload\"],\"Effect\":\"Allow\",\"Resource\":\"*\"},{\"Action\":[\"secretsmanager:GetSecretValue\"],\"Effect\":\"Allow\",\"Resource\":\"*\"}]}",
            "role": "coworking-platform-fe-pipeline-build-role"
          },
          "sensitive_attributes": [],
          "identity_schema_version": 0,
          "identity": {
            "account_id": "344367180480",
            "name": "coworking-platform-fe-pipeline-build-policy",
            "role": "coworking-platform-fe-pipeline-build-role"
          },
          "private": "bnVsbA==",
          "dependencies": [
            "module.codepipeline.aws_iam_role.build",
            "module.codepipeline.aws_s3_bucket.artifacts",
            "module.codepipeline.data.aws_caller_identity.current",
            "module.ecr.aws_ecr_lifecycle_policy.this",
            "module.ecr.aws_ecr_repository.this"
          ]
        }
      ]
    },
    {
      "module": "module.codepipeline[\"coworking-platform-fe\"]",
      "mode": "managed",
      "type": "aws_iam_role_policy",
      "name": "pipeline",
      "provider": "provider[\"registry.terraform.io/hashicorp/aws\"]",
      "instances": [
        {
          "schema_version": 0,
          "attributes": {
            "id": "coworking-platform-fe-pipeline-pipeline-role:coworking-platform-fe-pipeline-pipeline-policy",
            "name": "coworking-platform-fe-pipeline-pipeline-policy",
            "name_prefix": "",
            "policy": "{\"Version\":\"2012-10-17\",\"Statement\":[{\"Action\":[\"s3:GetObject\",\"s3:GetObjectVersion\",\"s3:GetBucketVersioning\",\"s3:PutObjectAcl\",\"s3:PutObject\"],\"Effect\":\"Allow\",\"Resource\":[\"arn:aws:s3:::coworking-platform-fe-pipeline-artifacts-344367180480\",\"arn:aws:s3:::coworking-platform-fe-pipeline-artifacts-344367180480/*\"]},{\"Action\":[\"codestar-connections:UseConnection\"],\"Effect\":\"Allow\",\"Resource\":\"arn:aws:codeconnections:ap-south-1:344367180480:connection/57bb41a6-94e5-4be9-9364-73bc9da899d3\"},{\"Action\":[\"codebuild:BatchGetBuilds\",\"codebuild:StartBuild\"],\"Effect\":\"Allow\",\"Resource\":\"*\"}]}",
            "role": "coworking-platform-fe-pipeline-pipeline-role"
          },
          "sensitive_attributes": [],
          "identity_schema_version": 0,
          "identity": {
            "account_id": "344367180480",
            "name": "coworking-platform-fe-pipeline-pipeline-policy",
            "role": "coworking-platform-fe-pipeline-pipeline-role"
          },
          "private": "bnVsbA==",
          "dependencies": [
            "aws_codeconnections_connection.github",
            "module.codepipeline.aws_iam_role.pipeline",
            "module.codepipeline.aws_s3_bucket.artifacts",
            "module.codepipeline.data.aws_caller_identity.current",
            "module.ecr.aws_ecr_lifecycle_policy.this",
            "module.ecr.aws_ecr_repository.this"
          ]
        }
      ]
    },
    {
      "module": "module.codepipeline[\"coworking-platform-fe\"]",
      "mode": "managed",
      "type": "aws_s3_bucket",
      "name": "artifacts",
      "provider": "provider[\"registry.terraform.io/hashicorp/aws\"]",
      "instances": [
        {
          "status": "tainted",
          "schema_version": 0,
          "attributes": {
            "acceleration_status": "",
            "acl": null,
            "arn": "arn:aws:s3:::coworking-platform-fe-pipeline-artifacts-344367180480",
            "bucket": "coworking-platform-fe-pipeline-artifacts-344367180480",
            "bucket_domain_name": "coworking-platform-fe-pipeline-artifacts-344367180480.s3.amazonaws.com",
            "bucket_namespace": "global",
            "bucket_prefix": "",
            "bucket_region": null,
            "bucket_regional_domain_name": "coworking-platform-fe-pipeline-artifacts-344367180480.s3.ap-south-1.amazonaws.com",
            "cors_rule": [],
            "force_destroy": true,
            "grant": [
              {
                "id": "d7aefb4459ffc9ad51581490baa99470819bea5f81b9bc6e5fdeed217082fb2a",
                "permissions": [
                  "FULL_CONTROL"
                ],
                "type": "CanonicalUser",
                "uri": ""
              }
            ],
            "hosted_zone_id": "Z11RGJOFQNVJUP",
            "id": "coworking-platform-fe-pipeline-artifacts-344367180480",
            "lifecycle_rule": [],
            "logging": [],
            "object_lock_configuration": null,
            "object_lock_enabled": null,
            "policy": "",
            "region": "ap-south-1",
            "replication_configuration": null,
            "request_payer": "BucketOwner",
            "server_side_encryption_configuration": null,
            "tags": {
              "Environment": "stage",
              "Project": "lawyered",
              "Service": "pipeline"
            },
            "tags_all": {
              "Environment": "stage",
              "Project": "lawyered",
              "Service": "pipeline"
            },
            "timeouts": null,
            "versioning": [
              {
                "enabled": false,
                "mfa_delete": false
              }
            ],
            "website": [],
            "website_domain": null,
            "website_endpoint": null
          },
          "sensitive_attributes": [],
          "identity_schema_version": 0,
          "private": "eyJlMmJmYjczMC1lY2FhLTExZTYtOGY4OC0zNDM2M2JjN2M0YzAiOnsiY3JlYXRlIjoxMjAwMDAwMDAwMDAwLCJkZWxldGUiOjM2MDAwMDAwMDAwMDAsInJlYWQiOjEyMDAwMDAwMDAwMDAsInVwZGF0ZSI6MTIwMDAwMDAwMDAwMH19",
          "dependencies": [
            "module.codepipeline.data.aws_caller_identity.current",
            "module.ecr.aws_ecr_lifecycle_policy.this",
            "module.ecr.aws_ecr_repository.this"
          ]
        }
      ]
    },
    {
      "module": "module.codepipeline[\"lawyered-in-website\"]",
      "mode": "data",
      "type": "aws_caller_identity",
      "name": "current",
      "provider": "provider[\"registry.terraform.io/hashicorp/aws\"]",
      "instances": [
        {
          "schema_version": 0,
          "attributes": {
            "account_id": "344367180480",
            "arn": "arn:aws:sts::344367180480:assumed-role/AWSReservedSSO_AdministratorAccess_d713c9f4a0bbb717/pavan",
            "id": "344367180480",
            "user_id": "AROAVALPCFLAIU3Q7U5OZ:pavan"
          },
          "sensitive_attributes": [],
          "identity_schema_version": 0
        }
      ]
    },
    {
      "module": "module.codepipeline[\"lawyered-in-website\"]",
      "mode": "managed",
      "type": "aws_codebuild_project",
      "name": "this",
      "provider": "provider[\"registry.terraform.io/hashicorp/aws\"]",
      "instances": [
        {
          "schema_version": 0,
          "attributes": {
            "arn": "arn:aws:codebuild:ap-south-1:344367180480:project/lawyered-in-website-pipeline-build",
            "artifacts": [
              {
                "artifact_identifier": "",
                "bucket_owner_access": "",
                "encryption_disabled": false,
                "location": "",
                "name": "lawyered-in-website-pipeline-build",
                "namespace_type": "",
                "override_artifact_name": false,
                "packaging": "NONE",
                "path": "",
                "type": "CODEPIPELINE"
              }
            ],
            "auto_retry_limit": 0,
            "badge_enabled": false,
            "badge_url": "",
            "build_batch_config": [],
            "build_timeout": 60,
            "cache": [
              {
                "cache_namespace": "",
                "location": "",
                "modes": [],
                "type": "NO_CACHE"
              }
            ],
            "concurrent_build_limit": 0,
            "description": "Docker build project for lawyered-in-website-pipeline",
            "encryption_key": "arn:aws:kms:ap-south-1:344367180480:alias/aws/s3",
            "environment": [
              {
                "certificate": "",
                "compute_type": "BUILD_GENERAL1_SMALL",
                "docker_server": [],
                "environment_variable": [
                  {
                    "name": "ECR_REPOSITORY_URL",
                    "type": "PLAINTEXT",
                    "value": "344367180480.dkr.ecr.ap-south-1.amazonaws.com/lawyered-in-website"
                  }
                ],
                "fleet": [],
                "image": "aws/codebuild/amazonlinux2-x86_64-standard:5.0",
                "image_pull_credentials_type": "CODEBUILD",
                "privileged_mode": true,
                "registry_credential": [],
                "type": "LINUX_CONTAINER"
              }
            ],
            "file_system_locations": [],
            "id": "arn:aws:codebuild:ap-south-1:344367180480:project/lawyered-in-website-pipeline-build",
            "logs_config": [
              {
                "cloudwatch_logs": [
                  {
                    "group_name": "",
                    "status": "ENABLED",
                    "stream_name": ""
                  }
                ],
                "s3_logs": [
                  {
                    "bucket_owner_access": "",
                    "encryption_disabled": false,
                    "location": "",
                    "status": "DISABLED"
                  }
                ]
              }
            ],
            "name": "lawyered-in-website-pipeline-build",
            "project_visibility": "PRIVATE",
            "public_project_alias": "",
            "queued_timeout": 480,
            "region": "ap-south-1",
            "resource_access_role": "",
            "secondary_artifacts": [],
            "secondary_source_version": [],
            "secondary_sources": [],
            "service_role": "arn:aws:iam::344367180480:role/lawyered-in-website-pipeline-build-role",
            "source": [
              {
                "auth": [],
                "build_status_config": [],
                "buildspec": "\"artifacts\":\n  \"files\":\n  - \"imagedefinitions.json\"\n\"phases\":\n  \"build\":\n    \"commands\":\n    - \"echo Build started on `date`\"\n    - \"echo Building the Docker image...\"\n    - \"docker build --build-arg NEXT_PUBLIC_R2_STORAGE_URL=\\\"https://pub-ac446d6e98cd462ba35be4f49108d1b8.r2.dev/lawyered-website-assets\\\"\n      -t $REPOS_URL:latest .\"\n    - \"docker tag $REPOS_URL:latest $REPOS_URL:$IMAGE_TAG\"\n  \"post_build\":\n    \"commands\":\n    - \"echo Build completed on `date`\"\n    - \"echo Pushing the Docker images...\"\n    - \"docker push $REPOS_URL:latest\"\n    - \"docker push $REPOS_URL:$IMAGE_TAG\"\n    - \"echo Writing image definitions file...\"\n    - \"printf '[{\\\"name\\\":\\\"container-name\\\",\\\"imageUri\\\":\\\"%s\\\"}]' $REPOS_URL:$IMAGE_TAG\n      \u003e imagedefinitions.json\"\n    - \"echo Setting up SSH key for manifest repo push...\"\n    - \"mkdir -p ~/.ssh\"\n    - \"aws secretsmanager get-secret-value --secret-id lawyered/github/token --query\n      SecretString --output text \u003e ~/.ssh/id_rsa\"\n    - \"chmod 600 ~/.ssh/id_rsa\"\n    - \"ssh-keyscan github.com \u003e\u003e ~/.ssh/known_hosts\"\n    - \"echo Cloning k8s-manifest repo...\"\n    - \"git clone git@github.com:Lawyered-in/k8s-manifest.git /tmp/k8s-manifest\"\n    - \"cd /tmp/k8s-manifest \u0026\u0026 git checkout staging\"\n    - \"cd /tmp/k8s-manifest \u0026\u0026 sed -i \\\"s|image: .*$(basename $REPOS_URL):.*|image:\n      $REPOS_URL:$IMAGE_TAG|g\\\" deployments/stg-lawyered-in-website/deployment.yaml\"\n    - \"cd /tmp/k8s-manifest \u0026\u0026 git config user.email 'ci@lawyered.in' \u0026\u0026 git config\n      user.name 'CodeBuild CI'\"\n    - \"cd /tmp/k8s-manifest \u0026\u0026 git add deployments/stg-lawyered-in-website/deployment.yaml\"\n    - \"cd /tmp/k8s-manifest \u0026\u0026 (git diff --cached --quiet || git commit -m '[Devops\n      Team Auto Updated] $(basename $REPOS_URL) image to $IMAGE_TAG [skip ci]')\"\n    - \"cd /tmp/k8s-manifest \u0026\u0026 git push origin staging\"\n  \"pre_build\":\n    \"commands\":\n    - \"echo Logging in to Amazon ECR...\"\n    - \"aws ecr get-login-password --region ap-south-1 | docker login --username AWS\n      --password-stdin $ECR_REPOSITORY_URL\"\n    - \"echo Pre-fetching images from ECR Public to avoid Docker Hub rate limits...\"\n    - \"for image in node:20-alpine; do echo Pulling ${image}...; docker pull public.ecr.aws/docker/library/${image};\n      docker tag public.ecr.aws/docker/library/${image} ${image}; done\"\n    - \"REPOS_URL=$ECR_REPOSITORY_URL\"\n    - \"COMMIT_HASH=$(echo $CODEBUILD_RESOLVED_SOURCE_VERSION | cut -c 1-7)\"\n    - \"IMAGE_TAG=${COMMIT_HASH:=latest}\"\n\"version\": 0.2\n",
                "git_clone_depth": 0,
                "git_submodules_config": [],
                "insecure_ssl": false,
                "location": "",
                "report_build_status": false,
                "type": "CODEPIPELINE"
              }
            ],
            "source_version": "",
            "tags": {
              "Environment": "stage",
              "Project": "lawyered",
              "Service": "pipeline"
            },
            "tags_all": {
              "Environment": "stage",
              "Project": "lawyered",
              "Service": "pipeline"
            },
            "vpc_config": []
          },
          "sensitive_attributes": [],
          "identity_schema_version": 0,
          "identity": {
            "arn": "arn:aws:codebuild:ap-south-1:344367180480:project/lawyered-in-website-pipeline-build"
          },
          "private": "bnVsbA==",
          "dependencies": [
            "module.codepipeline.aws_iam_role.build",
            "module.ecr.aws_ecr_lifecycle_policy.this",
            "module.ecr.aws_ecr_repository.this"
          ]
        }
      ]
    },
    {
      "module": "module.codepipeline[\"lawyered-in-website\"]",
      "mode": "managed",
      "type": "aws_codepipeline",
      "name": "this",
      "provider": "provider[\"registry.terraform.io/hashicorp/aws\"]",
      "instances": [
        {
          "schema_version": 0,
          "attributes": {
            "arn": "arn:aws:codepipeline:ap-south-1:344367180480:lawyered-in-website-pipeline",
            "artifact_store": [
              {
                "encryption_key": [],
                "location": "lawyered-in-website-pipeline-artifacts-344367180480",
                "region": "",
                "type": "S3"
              }
            ],
            "execution_mode": "SUPERSEDED",
            "id": "lawyered-in-website-pipeline",
            "name": "lawyered-in-website-pipeline",
            "pipeline_type": "V1",
            "region": "ap-south-1",
            "role_arn": "arn:aws:iam::344367180480:role/lawyered-in-website-pipeline-pipeline-role",
            "stage": [
              {
                "action": [
                  {
                    "category": "Source",
                    "configuration": {
                      "BranchName": "staging",
                      "ConnectionArn": "arn:aws:codeconnections:ap-south-1:344367180480:connection/57bb41a6-94e5-4be9-9364-73bc9da899d3",
                      "FullRepositoryId": "Lawyered-in/lawyered.in-website"
                    },
                    "input_artifacts": [],
                    "name": "Source",
                    "namespace": "",
                    "output_artifacts": [
                      "source_output"
                    ],
                    "owner": "AWS",
                    "provider": "CodeStarSourceConnection",
                    "region": "ap-south-1",
                    "role_arn": "",
                    "run_order": 1,
                    "timeout_in_minutes": 0,
                    "version": "1"
                  }
                ],
                "before_entry": [],
                "name": "Source",
                "on_failure": [],
                "on_success": []
              },
              {
                "action": [
                  {
                    "category": "Build",
                    "configuration": {
                      "ProjectName": "lawyered-in-website-pipeline-build"
                    },
                    "input_artifacts": [
                      "source_output"
                    ],
                    "name": "Build",
                    "namespace": "",
                    "output_artifacts": [
                      "build_output"
                    ],
                    "owner": "AWS",
                    "provider": "CodeBuild",
                    "region": "",
                    "role_arn": "",
                    "run_order": 1,
                    "timeout_in_minutes": 0,
                    "version": "1"
                  }
                ],
                "before_entry": [],
                "name": "Build",
                "on_failure": [],
                "on_success": []
              }
            ],
            "tags": {
              "Environment": "stage",
              "Project": "lawyered",
              "Service": "pipeline"
            },
            "tags_all": {
              "Environment": "stage",
              "Project": "lawyered",
              "Service": "pipeline"
            },
            "trigger": [],
            "trigger_all": [],
            "variable": []
          },
          "sensitive_attributes": [],
          "identity_schema_version": 0,
          "private": "bnVsbA==",
          "dependencies": [
            "aws_codeconnections_connection.github",
            "module.codepipeline.aws_codebuild_project.this",
            "module.codepipeline.aws_iam_role.build",
            "module.codepipeline.aws_iam_role.pipeline",
            "module.codepipeline.aws_s3_bucket.artifacts",
            "module.codepipeline.data.aws_caller_identity.current",
            "module.ecr.aws_ecr_lifecycle_policy.this",
            "module.ecr.aws_ecr_repository.this"
          ]
        }
      ]
    },
    {
      "module": "module.codepipeline[\"lawyered-in-website\"]",
      "mode": "managed",
      "type": "aws_iam_role",
      "name": "build",
      "provider": "provider[\"registry.terraform.io/hashicorp/aws\"]",
      "instances": [
        {
          "schema_version": 0,
          "attributes": {
            "arn": "arn:aws:iam::344367180480:role/lawyered-in-website-pipeline-build-role",
            "assume_role_policy": "{\"Statement\":[{\"Action\":\"sts:AssumeRole\",\"Effect\":\"Allow\",\"Principal\":{\"Service\":\"codebuild.amazonaws.com\"}}],\"Version\":\"2012-10-17\"}",
            "create_date": "2026-04-22T13:35:01Z",
            "description": "",
            "force_detach_policies": false,
            "id": "lawyered-in-website-pipeline-build-role",
            "inline_policy": [
              {
                "name": "lawyered-in-website-pipeline-build-policy",
                "policy": "{\"Version\":\"2012-10-17\",\"Statement\":[{\"Action\":[\"logs:CreateLogGroup\",\"logs:CreateLogStream\",\"logs:PutLogEvents\"],\"Effect\":\"Allow\",\"Resource\":\"*\"},{\"Action\":[\"s3:GetObject\",\"s3:GetObjectVersion\",\"s3:GetBucketVersioning\",\"s3:PutObject\"],\"Effect\":\"Allow\",\"Resource\":[\"arn:aws:s3:::lawyered-in-website-pipeline-artifacts-344367180480\",\"arn:aws:s3:::lawyered-in-website-pipeline-artifacts-344367180480/*\"]},{\"Action\":[\"ecr:GetAuthorizationToken\"],\"Effect\":\"Allow\",\"Resource\":\"*\"},{\"Action\":[\"ecr:BatchCheckLayerAvailability\",\"ecr:GetDownloadUrlForLayer\",\"ecr:BatchGetImage\",\"ecr:PutImage\",\"ecr:InitiateLayerUpload\",\"ecr:UploadLayerPart\",\"ecr:CompleteLayerUpload\"],\"Effect\":\"Allow\",\"Resource\":\"*\"},{\"Action\":[\"secretsmanager:GetSecretValue\"],\"Effect\":\"Allow\",\"Resource\":\"*\"}]}"
              }
            ],
            "managed_policy_arns": [
              "arn:aws:iam::344367180480:policy/service-role/CodeBuildBasePolicy-lawyered-in-website-pipeline-build-role-ap-south-1"
            ],
            "max_session_duration": 3600,
            "name": "lawyered-in-website-pipeline-build-role",
            "name_prefix": "",
            "path": "/",
            "permissions_boundary": "",
            "tags": {},
            "tags_all": {},
            "unique_id": "AROAVALPCFLAATKHFDEIR"
          },
          "sensitive_attributes": [],
          "identity_schema_version": 0,
          "identity": {
            "account_id": "344367180480",
            "name": "lawyered-in-website-pipeline-build-role"
          },
          "private": "bnVsbA==",
          "dependencies": [
            "module.ecr.aws_ecr_lifecycle_policy.this",
            "module.ecr.aws_ecr_repository.this"
          ]
        }
      ]
    },
    {
      "module": "module.codepipeline[\"lawyered-in-website\"]",
      "mode": "managed",
      "type": "aws_iam_role",
      "name": "pipeline",
      "provider": "provider[\"registry.terraform.io/hashicorp/aws\"]",
      "instances": [
        {
          "schema_version": 0,
          "attributes": {
            "arn": "arn:aws:iam::344367180480:role/lawyered-in-website-pipeline-pipeline-role",
            "assume_role_policy": "{\"Statement\":[{\"Action\":\"sts:AssumeRole\",\"Effect\":\"Allow\",\"Principal\":{\"Service\":\"codepipeline.amazonaws.com\"}}],\"Version\":\"2012-10-17\"}",
            "create_date": "2026-04-22T13:35:00Z",
            "description": "",
            "force_detach_policies": false,
            "id": "lawyered-in-website-pipeline-pipeline-role",
            "inline_policy": [
              {
                "name": "lawyered-in-website-pipeline-pipeline-policy",
                "policy": "{\"Version\":\"2012-10-17\",\"Statement\":[{\"Action\":[\"s3:GetObject\",\"s3:GetObjectVersion\",\"s3:GetBucketVersioning\",\"s3:PutObjectAcl\",\"s3:PutObject\"],\"Effect\":\"Allow\",\"Resource\":[\"arn:aws:s3:::lawyered-in-website-pipeline-artifacts-344367180480\",\"arn:aws:s3:::lawyered-in-website-pipeline-artifacts-344367180480/*\"]},{\"Action\":[\"codestar-connections:UseConnection\"],\"Effect\":\"Allow\",\"Resource\":\"arn:aws:codeconnections:ap-south-1:344367180480:connection/57bb41a6-94e5-4be9-9364-73bc9da899d3\"},{\"Action\":[\"codebuild:BatchGetBuilds\",\"codebuild:StartBuild\"],\"Effect\":\"Allow\",\"Resource\":\"*\"}]}"
              }
            ],
            "managed_policy_arns": [],
            "max_session_duration": 3600,
            "name": "lawyered-in-website-pipeline-pipeline-role",
            "name_prefix": "",
            "path": "/",
            "permissions_boundary": "",
            "tags": {},
            "tags_all": {},
            "unique_id": "AROAVALPCFLAOD2CERLO7"
          },
          "sensitive_attributes": [],
          "identity_schema_version": 0,
          "identity": {
            "account_id": "344367180480",
            "name": "lawyered-in-website-pipeline-pipeline-role"
          },
          "private": "bnVsbA==",
          "dependencies": [
            "module.ecr.aws_ecr_lifecycle_policy.this",
            "module.ecr.aws_ecr_repository.this"
          ]
        }
      ]
    },
    {
      "module": "module.codepipeline[\"lawyered-in-website\"]",
      "mode": "managed",
      "type": "aws_iam_role_policy",
      "name": "build",
      "provider": "provider[\"registry.terraform.io/hashicorp/aws\"]",
      "instances": [
        {
          "schema_version": 0,
          "attributes": {
            "id": "lawyered-in-website-pipeline-build-role:lawyered-in-website-pipeline-build-policy",
            "name": "lawyered-in-website-pipeline-build-policy",
            "name_prefix": "",
            "policy": "{\"Version\":\"2012-10-17\",\"Statement\":[{\"Action\":[\"logs:CreateLogGroup\",\"logs:CreateLogStream\",\"logs:PutLogEvents\"],\"Effect\":\"Allow\",\"Resource\":\"*\"},{\"Action\":[\"s3:GetObject\",\"s3:GetObjectVersion\",\"s3:GetBucketVersioning\",\"s3:PutObject\"],\"Effect\":\"Allow\",\"Resource\":[\"arn:aws:s3:::lawyered-in-website-pipeline-artifacts-344367180480\",\"arn:aws:s3:::lawyered-in-website-pipeline-artifacts-344367180480/*\"]},{\"Action\":[\"ecr:GetAuthorizationToken\"],\"Effect\":\"Allow\",\"Resource\":\"*\"},{\"Action\":[\"ecr:BatchCheckLayerAvailability\",\"ecr:GetDownloadUrlForLayer\",\"ecr:BatchGetImage\",\"ecr:PutImage\",\"ecr:InitiateLayerUpload\",\"ecr:UploadLayerPart\",\"ecr:CompleteLayerUpload\"],\"Effect\":\"Allow\",\"Resource\":\"*\"},{\"Action\":[\"secretsmanager:GetSecretValue\"],\"Effect\":\"Allow\",\"Resource\":\"*\"}]}",
            "role": "lawyered-in-website-pipeline-build-role"
          },
          "sensitive_attributes": [],
          "identity_schema_version": 0,
          "identity": {
            "account_id": "344367180480",
            "name": "lawyered-in-website-pipeline-build-policy",
            "role": "lawyered-in-website-pipeline-build-role"
          },
          "private": "bnVsbA==",
          "dependencies": [
            "module.codepipeline.aws_iam_role.build",
            "module.codepipeline.aws_s3_bucket.artifacts",
            "module.codepipeline.data.aws_caller_identity.current",
            "module.ecr.aws_ecr_lifecycle_policy.this",
            "module.ecr.aws_ecr_repository.this"
          ]
        }
      ]
    },
    {
      "module": "module.codepipeline[\"lawyered-in-website\"]",
      "mode": "managed",
      "type": "aws_iam_role_policy",
      "name": "pipeline",
      "provider": "provider[\"registry.terraform.io/hashicorp/aws\"]",
      "instances": [
        {
          "schema_version": 0,
          "attributes": {
            "id": "lawyered-in-website-pipeline-pipeline-role:lawyered-in-website-pipeline-pipeline-policy",
            "name": "lawyered-in-website-pipeline-pipeline-policy",
            "name_prefix": "",
            "policy": "{\"Version\":\"2012-10-17\",\"Statement\":[{\"Action\":[\"s3:GetObject\",\"s3:GetObjectVersion\",\"s3:GetBucketVersioning\",\"s3:PutObjectAcl\",\"s3:PutObject\"],\"Effect\":\"Allow\",\"Resource\":[\"arn:aws:s3:::lawyered-in-website-pipeline-artifacts-344367180480\",\"arn:aws:s3:::lawyered-in-website-pipeline-artifacts-344367180480/*\"]},{\"Action\":[\"codestar-connections:UseConnection\"],\"Effect\":\"Allow\",\"Resource\":\"arn:aws:codeconnections:ap-south-1:344367180480:connection/57bb41a6-94e5-4be9-9364-73bc9da899d3\"},{\"Action\":[\"codebuild:BatchGetBuilds\",\"codebuild:StartBuild\"],\"Effect\":\"Allow\",\"Resource\":\"*\"}]}",
            "role": "lawyered-in-website-pipeline-pipeline-role"
          },
          "sensitive_attributes": [],
          "identity_schema_version": 0,
          "identity": {
            "account_id": "344367180480",
            "name": "lawyered-in-website-pipeline-pipeline-policy",
            "role": "lawyered-in-website-pipeline-pipeline-role"
          },
          "private": "bnVsbA==",
          "dependencies": [
            "aws_codeconnections_connection.github",
            "module.codepipeline.aws_iam_role.pipeline",
            "module.codepipeline.aws_s3_bucket.artifacts",
            "module.codepipeline.data.aws_caller_identity.current",
            "module.ecr.aws_ecr_lifecycle_policy.this",
            "module.ecr.aws_ecr_repository.this"
          ]
        }
      ]
    },
    {
      "module": "module.codepipeline[\"lawyered-in-website\"]",
      "mode": "managed",
      "type": "aws_s3_bucket",
      "name": "artifacts",
      "provider": "provider[\"registry.terraform.io/hashicorp/aws\"]",
      "instances": [
        {
          "schema_version": 0,
          "attributes": {
            "acceleration_status": "",
            "acl": null,
            "arn": "arn:aws:s3:::lawyered-in-website-pipeline-artifacts-344367180480",
            "bucket": "lawyered-in-website-pipeline-artifacts-344367180480",
            "bucket_domain_name": "lawyered-in-website-pipeline-artifacts-344367180480.s3.amazonaws.com",
            "bucket_namespace": "global",
            "bucket_prefix": "",
            "bucket_region": "ap-south-1",
            "bucket_regional_domain_name": "lawyered-in-website-pipeline-artifacts-344367180480.s3.ap-south-1.amazonaws.com",
            "cors_rule": [],
            "force_destroy": true,
            "grant": [
              {
                "id": "d7aefb4459ffc9ad51581490baa99470819bea5f81b9bc6e5fdeed217082fb2a",
                "permissions": [
                  "FULL_CONTROL"
                ],
                "type": "CanonicalUser",
                "uri": ""
              }
            ],
            "hosted_zone_id": "Z11RGJOFQNVJUP",
            "id": "lawyered-in-website-pipeline-artifacts-344367180480",
            "lifecycle_rule": [],
            "logging": [],
            "object_lock_configuration": [],
            "object_lock_enabled": false,
            "policy": "",
            "region": "ap-south-1",
            "replication_configuration": [],
            "request_payer": "BucketOwner",
            "server_side_encryption_configuration": [
              {
                "rule": [
                  {
                    "apply_server_side_encryption_by_default": [
                      {
                        "kms_master_key_id": "",
                        "sse_algorithm": "AES256"
                      }
                    ],
                    "bucket_key_enabled": false
                  }
                ]
              }
            ],
            "tags": {
              "Environment": "stage",
              "Project": "lawyered",
              "Service": "pipeline"
            },
            "tags_all": {
              "Environment": "stage",
              "Project": "lawyered",
              "Service": "pipeline"
            },
            "timeouts": null,
            "versioning": [
              {
                "enabled": false,
                "mfa_delete": false
              }
            ],
            "website": [],
            "website_domain": null,
            "website_endpoint": null
          },
          "sensitive_attributes": [],
          "identity_schema_version": 0,
          "identity": {
            "account_id": "344367180480",
            "bucket": "lawyered-in-website-pipeline-artifacts-344367180480",
            "region": "ap-south-1"
          },
          "private": "eyJlMmJmYjczMC1lY2FhLTExZTYtOGY4OC0zNDM2M2JjN2M0YzAiOnsiY3JlYXRlIjoxMjAwMDAwMDAwMDAwLCJkZWxldGUiOjM2MDAwMDAwMDAwMDAsInJlYWQiOjEyMDAwMDAwMDAwMDAsInVwZGF0ZSI6MTIwMDAwMDAwMDAwMH19",
          "dependencies": [
            "module.codepipeline.data.aws_caller_identity.current",
            "module.ecr.aws_ecr_lifecycle_policy.this",
            "module.ecr.aws_ecr_repository.this"
          ]
        }
      ]
    },
    {
      "module": "module.codepipeline[\"partners-portal-fe\"]",
      "mode": "data",
      "type": "aws_caller_identity",
      "name": "current",
      "provider": "provider[\"registry.terraform.io/hashicorp/aws\"]",
      "instances": [
        {
          "schema_version": 0,
          "attributes": {
            "account_id": "344367180480",
            "arn": "arn:aws:sts::344367180480:assumed-role/AWSReservedSSO_AdministratorAccess_d713c9f4a0bbb717/pavan",
            "id": "344367180480",
            "user_id": "AROAVALPCFLAIU3Q7U5OZ:pavan"
          },
          "sensitive_attributes": [],
          "identity_schema_version": 0
        }
      ]
    },
    {
      "module": "module.codepipeline[\"partners-portal-fe\"]",
      "mode": "managed",
      "type": "aws_codebuild_project",
      "name": "this",
      "provider": "provider[\"registry.terraform.io/hashicorp/aws\"]",
      "instances": [
        {
          "schema_version": 0,
          "attributes": {
            "arn": "arn:aws:codebuild:ap-south-1:344367180480:project/partners-portal-fe-pipeline-build",
            "artifacts": [
              {
                "artifact_identifier": "",
                "bucket_owner_access": "",
                "encryption_disabled": false,
                "location": "",
                "name": "partners-portal-fe-pipeline-build",
                "namespace_type": "",
                "override_artifact_name": false,
                "packaging": "NONE",
                "path": "",
                "type": "CODEPIPELINE"
              }
            ],
            "auto_retry_limit": 0,
            "badge_enabled": false,
            "badge_url": "",
            "build_batch_config": [],
            "build_timeout": 60,
            "cache": [
              {
                "cache_namespace": "",
                "location": "",
                "modes": [],
                "type": "NO_CACHE"
              }
            ],
            "concurrent_build_limit": 0,
            "description": "Docker build project for partners-portal-fe-pipeline",
            "encryption_key": "arn:aws:kms:ap-south-1:344367180480:alias/aws/s3",
            "environment": [
              {
                "certificate": "",
                "compute_type": "BUILD_GENERAL1_SMALL",
                "docker_server": [],
                "environment_variable": [
                  {
                    "name": "ECR_REPOSITORY_URL",
                    "type": "PLAINTEXT",
                    "value": "344367180480.dkr.ecr.ap-south-1.amazonaws.com/partners-portal-fe"
                  }
                ],
                "fleet": [],
                "image": "aws/codebuild/amazonlinux2-x86_64-standard:5.0",
                "image_pull_credentials_type": "CODEBUILD",
                "privileged_mode": true,
                "registry_credential": [],
                "type": "LINUX_CONTAINER"
              }
            ],
            "file_system_locations": [],
            "id": "arn:aws:codebuild:ap-south-1:344367180480:project/partners-portal-fe-pipeline-build",
            "logs_config": [
              {
                "cloudwatch_logs": [
                  {
                    "group_name": "",
                    "status": "ENABLED",
                    "stream_name": ""
                  }
                ],
                "s3_logs": [
                  {
                    "bucket_owner_access": "",
                    "encryption_disabled": false,
                    "location": "",
                    "status": "DISABLED"
                  }
                ]
              }
            ],
            "name": "partners-portal-fe-pipeline-build",
            "project_visibility": "PRIVATE",
            "public_project_alias": "",
            "queued_timeout": 480,
            "region": "ap-south-1",
            "resource_access_role": "",
            "secondary_artifacts": [],
            "secondary_source_version": [],
            "secondary_sources": [],
            "service_role": "arn:aws:iam::344367180480:role/partners-portal-fe-pipeline-build-role",
            "source": [
              {
                "auth": [],
                "build_status_config": [],
                "buildspec": "\"artifacts\":\n  \"files\":\n  - \"imagedefinitions.json\"\n\"phases\":\n  \"build\":\n    \"commands\":\n    - \"echo Build started on `date`\"\n    - \"echo Building the Docker image...\"\n    - \"docker build  -t $REPOS_URL:latest .\"\n    - \"docker tag $REPOS_URL:latest $REPOS_URL:$IMAGE_TAG\"\n  \"post_build\":\n    \"commands\":\n    - \"echo Build completed on `date`\"\n    - \"echo Pushing the Docker images...\"\n    - \"docker push $REPOS_URL:latest\"\n    - \"docker push $REPOS_URL:$IMAGE_TAG\"\n    - \"echo Writing image definitions file...\"\n    - \"printf '[{\\\"name\\\":\\\"container-name\\\",\\\"imageUri\\\":\\\"%s\\\"}]' $REPOS_URL:$IMAGE_TAG\n      \u003e imagedefinitions.json\"\n    - \"echo Setting up SSH key for manifest repo push...\"\n    - \"mkdir -p ~/.ssh\"\n    - \"aws secretsmanager get-secret-value --secret-id lawyered/github/token --query\n      SecretString --output text \u003e ~/.ssh/id_rsa\"\n    - \"chmod 600 ~/.ssh/id_rsa\"\n    - \"ssh-keyscan github.com \u003e\u003e ~/.ssh/known_hosts\"\n    - \"echo Cloning k8s-manifest repo...\"\n    - \"git clone git@github.com:Lawyered-in/k8s-manifest.git /tmp/k8s-manifest\"\n    - \"cd /tmp/k8s-manifest \u0026\u0026 git checkout staging\"\n    - \"cd /tmp/k8s-manifest \u0026\u0026 sed -i \\\"s|image: .*$(basename $REPOS_URL):.*|image:\n      $REPOS_URL:$IMAGE_TAG|g\\\" deployments/stg-partners-portal-fe/deployment.yaml\"\n    - \"cd /tmp/k8s-manifest \u0026\u0026 git config user.email 'ci@lawyered.in' \u0026\u0026 git config\n      user.name 'CodeBuild CI'\"\n    - \"cd /tmp/k8s-manifest \u0026\u0026 git add deployments/stg-partners-portal-fe/deployment.yaml\"\n    - \"cd /tmp/k8s-manifest \u0026\u0026 (git diff --cached --quiet || git commit -m '[Devops\n      Team Auto Updated] $(basename $REPOS_URL) image to $IMAGE_TAG [skip ci]')\"\n    - \"cd /tmp/k8s-manifest \u0026\u0026 git push origin staging\"\n  \"pre_build\":\n    \"commands\":\n    - \"echo Logging in to Amazon ECR...\"\n    - \"aws ecr get-login-password --region ap-south-1 | docker login --username AWS\n      --password-stdin $ECR_REPOSITORY_URL\"\n    - \"echo Pre-fetching images from ECR Public to avoid Docker Hub rate limits...\"\n    - \"for image in node:20-alpine; do echo Pulling ${image}...; docker pull public.ecr.aws/docker/library/${image};\n      docker tag public.ecr.aws/docker/library/${image} ${image}; done\"\n    - \"REPOS_URL=$ECR_REPOSITORY_URL\"\n    - \"COMMIT_HASH=$(echo $CODEBUILD_RESOLVED_SOURCE_VERSION | cut -c 1-7)\"\n    - \"IMAGE_TAG=${COMMIT_HASH:=latest}\"\n\"version\": 0.2\n",
                "git_clone_depth": 0,
                "git_submodules_config": [],
                "insecure_ssl": false,
                "location": "",
                "report_build_status": false,
                "type": "CODEPIPELINE"
              }
            ],
            "source_version": "",
            "tags": {
              "Environment": "stage",
              "Project": "lawyered",
              "Service": "pipeline"
            },
            "tags_all": {
              "Environment": "stage",
              "Project": "lawyered",
              "Service": "pipeline"
            },
            "vpc_config": []
          },
          "sensitive_attributes": [],
          "identity_schema_version": 0,
          "identity": {
            "arn": "arn:aws:codebuild:ap-south-1:344367180480:project/partners-portal-fe-pipeline-build"
          },
          "private": "bnVsbA==",
          "dependencies": [
            "module.codepipeline.aws_iam_role.build",
            "module.ecr.aws_ecr_lifecycle_policy.this",
            "module.ecr.aws_ecr_repository.this"
          ]
        }
      ]
    },
    {
      "module": "module.codepipeline[\"partners-portal-fe\"]",
      "mode": "managed",
      "type": "aws_codepipeline",
      "name": "this",
      "provider": "provider[\"registry.terraform.io/hashicorp/aws\"]",
      "instances": [
        {
          "schema_version": 0,
          "attributes": {
            "arn": "arn:aws:codepipeline:ap-south-1:344367180480:partners-portal-fe-pipeline",
            "artifact_store": [
              {
                "encryption_key": [],
                "location": "partners-portal-fe-pipeline-artifacts-344367180480",
                "region": "",
                "type": "S3"
              }
            ],
            "execution_mode": "SUPERSEDED",
            "id": "partners-portal-fe-pipeline",
            "name": "partners-portal-fe-pipeline",
            "pipeline_type": "V1",
            "region": "ap-south-1",
            "role_arn": "arn:aws:iam::344367180480:role/partners-portal-fe-pipeline-pipeline-role",
            "stage": [
              {
                "action": [
                  {
                    "category": "Source",
                    "configuration": {
                      "BranchName": "staging",
                      "ConnectionArn": "arn:aws:codeconnections:ap-south-1:344367180480:connection/57bb41a6-94e5-4be9-9364-73bc9da899d3",
                      "FullRepositoryId": "Lawyered-in/partners-portal-fe"
                    },
                    "input_artifacts": [],
                    "name": "Source",
                    "namespace": "",
                    "output_artifacts": [
                      "source_output"
                    ],
                    "owner": "AWS",
                    "provider": "CodeStarSourceConnection",
                    "region": "",
                    "role_arn": "",
                    "run_order": 1,
                    "timeout_in_minutes": 0,
                    "version": "1"
                  }
                ],
                "before_entry": [],
                "name": "Source",
                "on_failure": [],
                "on_success": []
              },
              {
                "action": [
                  {
                    "category": "Build",
                    "configuration": {
                      "ProjectName": "partners-portal-fe-pipeline-build"
                    },
                    "input_artifacts": [
                      "source_output"
                    ],
                    "name": "Build",
                    "namespace": "",
                    "output_artifacts": [
                      "build_output"
                    ],
                    "owner": "AWS",
                    "provider": "CodeBuild",
                    "region": "",
                    "role_arn": "",
                    "run_order": 1,
                    "timeout_in_minutes": 0,
                    "version": "1"
                  }
                ],
                "before_entry": [],
                "name": "Build",
                "on_failure": [],
                "on_success": []
              }
            ],
            "tags": {
              "Environment": "stage",
              "Project": "lawyered",
              "Service": "pipeline"
            },
            "tags_all": {
              "Environment": "stage",
              "Project": "lawyered",
              "Service": "pipeline"
            },
            "trigger": [],
            "trigger_all": [],
            "variable": []
          },
          "sensitive_attributes": [],
          "identity_schema_version": 0,
          "private": "bnVsbA==",
          "dependencies": [
            "aws_codeconnections_connection.github",
            "module.codepipeline.aws_codebuild_project.this",
            "module.codepipeline.aws_iam_role.build",
            "module.codepipeline.aws_iam_role.pipeline",
            "module.codepipeline.aws_s3_bucket.artifacts",
            "module.codepipeline.data.aws_caller_identity.current",
            "module.ecr.aws_ecr_lifecycle_policy.this",
            "module.ecr.aws_ecr_repository.this"
          ]
        }
      ]
    },
    {
      "module": "module.codepipeline[\"partners-portal-fe\"]",
      "mode": "managed",
      "type": "aws_iam_role",
      "name": "build",
      "provider": "provider[\"registry.terraform.io/hashicorp/aws\"]",
      "instances": [
        {
          "schema_version": 0,
          "attributes": {
            "arn": "arn:aws:iam::344367180480:role/partners-portal-fe-pipeline-build-role",
            "assume_role_policy": "{\"Statement\":[{\"Action\":\"sts:AssumeRole\",\"Effect\":\"Allow\",\"Principal\":{\"Service\":\"codebuild.amazonaws.com\"}}],\"Version\":\"2012-10-17\"}",
            "create_date": "2026-04-22T13:35:01Z",
            "description": "",
            "force_detach_policies": false,
            "id": "partners-portal-fe-pipeline-build-role",
            "inline_policy": [
              {
                "name": "partners-portal-fe-pipeline-build-policy",
                "policy": "{\"Version\":\"2012-10-17\",\"Statement\":[{\"Action\":[\"logs:CreateLogGroup\",\"logs:CreateLogStream\",\"logs:PutLogEvents\"],\"Effect\":\"Allow\",\"Resource\":\"*\"},{\"Action\":[\"s3:GetObject\",\"s3:GetObjectVersion\",\"s3:GetBucketVersioning\",\"s3:PutObject\"],\"Effect\":\"Allow\",\"Resource\":[\"arn:aws:s3:::partners-portal-fe-pipeline-artifacts-344367180480\",\"arn:aws:s3:::partners-portal-fe-pipeline-artifacts-344367180480/*\"]},{\"Action\":[\"ecr:GetAuthorizationToken\"],\"Effect\":\"Allow\",\"Resource\":\"*\"},{\"Action\":[\"ecr:BatchCheckLayerAvailability\",\"ecr:GetDownloadUrlForLayer\",\"ecr:BatchGetImage\",\"ecr:PutImage\",\"ecr:InitiateLayerUpload\",\"ecr:UploadLayerPart\",\"ecr:CompleteLayerUpload\"],\"Effect\":\"Allow\",\"Resource\":\"*\"},{\"Action\":[\"secretsmanager:GetSecretValue\"],\"Effect\":\"Allow\",\"Resource\":\"*\"}]}"
              }
            ],
            "managed_policy_arns": [],
            "max_session_duration": 3600,
            "name": "partners-portal-fe-pipeline-build-role",
            "name_prefix": "",
            "path": "/",
            "permissions_boundary": "",
            "tags": {},
            "tags_all": {},
            "unique_id": "AROAVALPCFLAC25PHGF56"
          },
          "sensitive_attributes": [],
          "identity_schema_version": 0,
          "identity": {
            "account_id": "344367180480",
            "name": "partners-portal-fe-pipeline-build-role"
          },
          "private": "bnVsbA==",
          "dependencies": [
            "module.ecr.aws_ecr_lifecycle_policy.this",
            "module.ecr.aws_ecr_repository.this"
          ]
        }
      ]
    },
    {
      "module": "module.codepipeline[\"partners-portal-fe\"]",
      "mode": "managed",
      "type": "aws_iam_role",
      "name": "pipeline",
      "provider": "provider[\"registry.terraform.io/hashicorp/aws\"]",
      "instances": [
        {
          "schema_version": 0,
          "attributes": {
            "arn": "arn:aws:iam::344367180480:role/partners-portal-fe-pipeline-pipeline-role",
            "assume_role_policy": "{\"Statement\":[{\"Action\":\"sts:AssumeRole\",\"Effect\":\"Allow\",\"Principal\":{\"Service\":\"codepipeline.amazonaws.com\"}}],\"Version\":\"2012-10-17\"}",
            "create_date": "2026-04-22T13:35:00Z",
            "description": "",
            "force_detach_policies": false,
            "id": "partners-portal-fe-pipeline-pipeline-role",
            "inline_policy": [
              {
                "name": "partners-portal-fe-pipeline-pipeline-policy",
                "policy": "{\"Version\":\"2012-10-17\",\"Statement\":[{\"Action\":[\"s3:GetObject\",\"s3:GetObjectVersion\",\"s3:GetBucketVersioning\",\"s3:PutObjectAcl\",\"s3:PutObject\"],\"Effect\":\"Allow\",\"Resource\":[\"arn:aws:s3:::partners-portal-fe-pipeline-artifacts-344367180480\",\"arn:aws:s3:::partners-portal-fe-pipeline-artifacts-344367180480/*\"]},{\"Action\":[\"codestar-connections:UseConnection\"],\"Effect\":\"Allow\",\"Resource\":\"arn:aws:codeconnections:ap-south-1:344367180480:connection/57bb41a6-94e5-4be9-9364-73bc9da899d3\"},{\"Action\":[\"codebuild:BatchGetBuilds\",\"codebuild:StartBuild\"],\"Effect\":\"Allow\",\"Resource\":\"*\"}]}"
              }
            ],
            "managed_policy_arns": [],
            "max_session_duration": 3600,
            "name": "partners-portal-fe-pipeline-pipeline-role",
            "name_prefix": "",
            "path": "/",
            "permissions_boundary": "",
            "tags": {},
            "tags_all": {},
            "unique_id": "AROAVALPCFLAOYBGV7AIN"
          },
          "sensitive_attributes": [],
          "identity_schema_version": 0,
          "identity": {
            "account_id": "344367180480",
            "name": "partners-portal-fe-pipeline-pipeline-role"
          },
          "private": "bnVsbA==",
          "dependencies": [
            "module.ecr.aws_ecr_lifecycle_policy.this",
            "module.ecr.aws_ecr_repository.this"
          ]
        }
      ]
    },
    {
      "module": "module.codepipeline[\"partners-portal-fe\"]",
      "mode": "managed",
      "type": "aws_iam_role_policy",
      "name": "build",
      "provider": "provider[\"registry.terraform.io/hashicorp/aws\"]",
      "instances": [
        {
          "schema_version": 0,
          "attributes": {
            "id": "partners-portal-fe-pipeline-build-role:partners-portal-fe-pipeline-build-policy",
            "name": "partners-portal-fe-pipeline-build-policy",
            "name_prefix": "",
            "policy": "{\"Version\":\"2012-10-17\",\"Statement\":[{\"Action\":[\"logs:CreateLogGroup\",\"logs:CreateLogStream\",\"logs:PutLogEvents\"],\"Effect\":\"Allow\",\"Resource\":\"*\"},{\"Action\":[\"s3:GetObject\",\"s3:GetObjectVersion\",\"s3:GetBucketVersioning\",\"s3:PutObject\"],\"Effect\":\"Allow\",\"Resource\":[\"arn:aws:s3:::partners-portal-fe-pipeline-artifacts-344367180480\",\"arn:aws:s3:::partners-portal-fe-pipeline-artifacts-344367180480/*\"]},{\"Action\":[\"ecr:GetAuthorizationToken\"],\"Effect\":\"Allow\",\"Resource\":\"*\"},{\"Action\":[\"ecr:BatchCheckLayerAvailability\",\"ecr:GetDownloadUrlForLayer\",\"ecr:BatchGetImage\",\"ecr:PutImage\",\"ecr:InitiateLayerUpload\",\"ecr:UploadLayerPart\",\"ecr:CompleteLayerUpload\"],\"Effect\":\"Allow\",\"Resource\":\"*\"},{\"Action\":[\"secretsmanager:GetSecretValue\"],\"Effect\":\"Allow\",\"Resource\":\"*\"}]}",
            "role": "partners-portal-fe-pipeline-build-role"
          },
          "sensitive_attributes": [],
          "identity_schema_version": 0,
          "identity": {
            "account_id": "344367180480",
            "name": "partners-portal-fe-pipeline-build-policy",
            "role": "partners-portal-fe-pipeline-build-role"
          },
          "private": "bnVsbA==",
          "dependencies": [
            "module.codepipeline.aws_iam_role.build",
            "module.codepipeline.aws_s3_bucket.artifacts",
            "module.codepipeline.data.aws_caller_identity.current",
            "module.ecr.aws_ecr_lifecycle_policy.this",
            "module.ecr.aws_ecr_repository.this"
          ]
        }
      ]
    },
    {
      "module": "module.codepipeline[\"partners-portal-fe\"]",
      "mode": "managed",
      "type": "aws_iam_role_policy",
      "name": "pipeline",
      "provider": "provider[\"registry.terraform.io/hashicorp/aws\"]",
      "instances": [
        {
          "schema_version": 0,
          "attributes": {
            "id": "partners-portal-fe-pipeline-pipeline-role:partners-portal-fe-pipeline-pipeline-policy",
            "name": "partners-portal-fe-pipeline-pipeline-policy",
            "name_prefix": "",
            "policy": "{\"Version\":\"2012-10-17\",\"Statement\":[{\"Action\":[\"s3:GetObject\",\"s3:GetObjectVersion\",\"s3:GetBucketVersioning\",\"s3:PutObjectAcl\",\"s3:PutObject\"],\"Effect\":\"Allow\",\"Resource\":[\"arn:aws:s3:::partners-portal-fe-pipeline-artifacts-344367180480\",\"arn:aws:s3:::partners-portal-fe-pipeline-artifacts-344367180480/*\"]},{\"Action\":[\"codestar-connections:UseConnection\"],\"Effect\":\"Allow\",\"Resource\":\"arn:aws:codeconnections:ap-south-1:344367180480:connection/57bb41a6-94e5-4be9-9364-73bc9da899d3\"},{\"Action\":[\"codebuild:BatchGetBuilds\",\"codebuild:StartBuild\"],\"Effect\":\"Allow\",\"Resource\":\"*\"}]}",
            "role": "partners-portal-fe-pipeline-pipeline-role"
          },
          "sensitive_attributes": [],
          "identity_schema_version": 0,
          "identity": {
            "account_id": "344367180480",
            "name": "partners-portal-fe-pipeline-pipeline-policy",
            "role": "partners-portal-fe-pipeline-pipeline-role"
          },
          "private": "bnVsbA==",
          "dependencies": [
            "aws_codeconnections_connection.github",
            "module.codepipeline.aws_iam_role.pipeline",
            "module.codepipeline.aws_s3_bucket.artifacts",
            "module.codepipeline.data.aws_caller_identity.current",
            "module.ecr.aws_ecr_lifecycle_policy.this",
            "module.ecr.aws_ecr_repository.this"
          ]
        }
      ]
    },
    {
      "module": "module.codepipeline[\"partners-portal-fe\"]",
      "mode": "managed",
      "type": "aws_s3_bucket",
      "name": "artifacts",
      "provider": "provider[\"registry.terraform.io/hashicorp/aws\"]",
      "instances": [
        {
          "schema_version": 0,
          "attributes": {
            "acceleration_status": "",
            "acl": null,
            "arn": "arn:aws:s3:::partners-portal-fe-pipeline-artifacts-344367180480",
            "bucket": "partners-portal-fe-pipeline-artifacts-344367180480",
            "bucket_domain_name": "partners-portal-fe-pipeline-artifacts-344367180480.s3.amazonaws.com",
            "bucket_namespace": "global",
            "bucket_prefix": "",
            "bucket_region": "ap-south-1",
            "bucket_regional_domain_name": "partners-portal-fe-pipeline-artifacts-344367180480.s3.ap-south-1.amazonaws.com",
            "cors_rule": [],
            "force_destroy": true,
            "grant": [
              {
                "id": "d7aefb4459ffc9ad51581490baa99470819bea5f81b9bc6e5fdeed217082fb2a",
                "permissions": [
                  "FULL_CONTROL"
                ],
                "type": "CanonicalUser",
                "uri": ""
              }
            ],
            "hosted_zone_id": "Z11RGJOFQNVJUP",
            "id": "partners-portal-fe-pipeline-artifacts-344367180480",
            "lifecycle_rule": [],
            "logging": [],
            "object_lock_configuration": [],
            "object_lock_enabled": false,
            "policy": "",
            "region": "ap-south-1",
            "replication_configuration": [],
            "request_payer": "BucketOwner",
            "server_side_encryption_configuration": [
              {
                "rule": [
                  {
                    "apply_server_side_encryption_by_default": [
                      {
                        "kms_master_key_id": "",
                        "sse_algorithm": "AES256"
                      }
                    ],
                    "bucket_key_enabled": false
                  }
                ]
              }
            ],
            "tags": {
              "Environment": "stage",
              "Project": "lawyered",
              "Service": "pipeline"
            },
            "tags_all": {
              "Environment": "stage",
              "Project": "lawyered",
              "Service": "pipeline"
            },
            "timeouts": null,
            "versioning": [
              {
                "enabled": false,
                "mfa_delete": false
              }
            ],
            "website": [],
            "website_domain": null,
            "website_endpoint": null
          },
          "sensitive_attributes": [],
          "identity_schema_version": 0,
          "identity": {
            "account_id": "344367180480",
            "bucket": "partners-portal-fe-pipeline-artifacts-344367180480",
            "region": "ap-south-1"
          },
          "private": "eyJlMmJmYjczMC1lY2FhLTExZTYtOGY4OC0zNDM2M2JjN2M0YzAiOnsiY3JlYXRlIjoxMjAwMDAwMDAwMDAwLCJkZWxldGUiOjM2MDAwMDAwMDAwMDAsInJlYWQiOjEyMDAwMDAwMDAwMDAsInVwZGF0ZSI6MTIwMDAwMDAwMDAwMH19",
          "dependencies": [
            "module.codepipeline.data.aws_caller_identity.current",
            "module.ecr.aws_ecr_lifecycle_policy.this",
            "module.ecr.aws_ecr_repository.this"
          ]
        }
      ]
    },
    {
      "module": "module.codepipeline[\"prosper-be\"]",
      "mode": "data",
      "type": "aws_caller_identity",
      "name": "current",
      "provider": "provider[\"registry.terraform.io/hashicorp/aws\"]",
      "instances": [
        {
          "schema_version": 0,
          "attributes": {
            "account_id": "344367180480",
            "arn": "arn:aws:sts::344367180480:assumed-role/AWSReservedSSO_AdministratorAccess_d713c9f4a0bbb717/pavan",
            "id": "344367180480",
            "user_id": "AROAVALPCFLAIU3Q7U5OZ:pavan"
          },
          "sensitive_attributes": [],
          "identity_schema_version": 0
        }
      ]
    },
    {
      "module": "module.codepipeline[\"prosper-be\"]",
      "mode": "managed",
      "type": "aws_iam_role",
      "name": "build",
      "provider": "provider[\"registry.terraform.io/hashicorp/aws\"]",
      "instances": [
        {
          "schema_version": 0,
          "attributes": {
            "arn": "arn:aws:iam::344367180480:role/prosper-be-pipeline-build-role",
            "assume_role_policy": "{\"Statement\":[{\"Action\":\"sts:AssumeRole\",\"Effect\":\"Allow\",\"Principal\":{\"Service\":\"codebuild.amazonaws.com\"}}],\"Version\":\"2012-10-17\"}",
            "create_date": "2026-04-30T15:49:16Z",
            "description": "",
            "force_detach_policies": false,
            "id": "prosper-be-pipeline-build-role",
            "inline_policy": [],
            "managed_policy_arns": [],
            "max_session_duration": 3600,
            "name": "prosper-be-pipeline-build-role",
            "name_prefix": "",
            "path": "/",
            "permissions_boundary": "",
            "tags": null,
            "tags_all": {},
            "unique_id": "AROAVALPCFLAEBGV7OACA"
          },
          "sensitive_attributes": [],
          "identity_schema_version": 0,
          "identity": {
            "account_id": "344367180480",
            "name": "prosper-be-pipeline-build-role"
          },
          "private": "bnVsbA==",
          "dependencies": [
            "module.ecr.aws_ecr_lifecycle_policy.this",
            "module.ecr.aws_ecr_repository.this"
          ]
        }
      ]
    },
    {
      "module": "module.codepipeline[\"prosper-be\"]",
      "mode": "managed",
      "type": "aws_iam_role",
      "name": "pipeline",
      "provider": "provider[\"registry.terraform.io/hashicorp/aws\"]",
      "instances": [
        {
          "schema_version": 0,
          "attributes": {
            "arn": "arn:aws:iam::344367180480:role/prosper-be-pipeline-pipeline-role",
            "assume_role_policy": "{\"Statement\":[{\"Action\":\"sts:AssumeRole\",\"Effect\":\"Allow\",\"Principal\":{\"Service\":\"codepipeline.amazonaws.com\"}}],\"Version\":\"2012-10-17\"}",
            "create_date": "2026-04-30T15:49:16Z",
            "description": "",
            "force_detach_policies": false,
            "id": "prosper-be-pipeline-pipeline-role",
            "inline_policy": [],
            "managed_policy_arns": [],
            "max_session_duration": 3600,
            "name": "prosper-be-pipeline-pipeline-role",
            "name_prefix": "",
            "path": "/",
            "permissions_boundary": "",
            "tags": null,
            "tags_all": {},
            "unique_id": "AROAVALPCFLAHHN7USBNI"
          },
          "sensitive_attributes": [],
          "identity_schema_version": 0,
          "identity": {
            "account_id": "344367180480",
            "name": "prosper-be-pipeline-pipeline-role"
          },
          "private": "bnVsbA==",
          "dependencies": [
            "module.ecr.aws_ecr_lifecycle_policy.this",
            "module.ecr.aws_ecr_repository.this"
          ]
        }
      ]
    },
    {
      "module": "module.codepipeline[\"prosper-be\"]",
      "mode": "managed",
      "type": "aws_s3_bucket",
      "name": "artifacts",
      "provider": "provider[\"registry.terraform.io/hashicorp/aws\"]",
      "instances": [
        {
          "schema_version": 0,
          "attributes": {
            "acceleration_status": "",
            "acl": null,
            "arn": "arn:aws:s3:::prosper-be-pipeline-artifacts-344367180480",
            "bucket": "prosper-be-pipeline-artifacts-344367180480",
            "bucket_domain_name": "prosper-be-pipeline-artifacts-344367180480.s3.amazonaws.com",
            "bucket_namespace": "global",
            "bucket_prefix": "",
            "bucket_region": "ap-south-1",
            "bucket_regional_domain_name": "prosper-be-pipeline-artifacts-344367180480.s3.ap-south-1.amazonaws.com",
            "cors_rule": [],
            "force_destroy": true,
            "grant": [
              {
                "id": "d7aefb4459ffc9ad51581490baa99470819bea5f81b9bc6e5fdeed217082fb2a",
                "permissions": [
                  "FULL_CONTROL"
                ],
                "type": "CanonicalUser",
                "uri": ""
              }
            ],
            "hosted_zone_id": "Z11RGJOFQNVJUP",
            "id": "prosper-be-pipeline-artifacts-344367180480",
            "lifecycle_rule": [],
            "logging": [],
            "object_lock_configuration": [],
            "object_lock_enabled": false,
            "policy": "",
            "region": "ap-south-1",
            "replication_configuration": [],
            "request_payer": "BucketOwner",
            "server_side_encryption_configuration": [
              {
                "rule": [
                  {
                    "apply_server_side_encryption_by_default": [
                      {
                        "kms_master_key_id": "",
                        "sse_algorithm": "AES256"
                      }
                    ],
                    "bucket_key_enabled": false
                  }
                ]
              }
            ],
            "tags": {
              "Environment": "stage",
              "Project": "prosper-wealth",
              "Service": "pipeline"
            },
            "tags_all": {
              "Environment": "stage",
              "Project": "prosper-wealth",
              "Service": "pipeline"
            },
            "timeouts": null,
            "versioning": [
              {
                "enabled": false,
                "mfa_delete": false
              }
            ],
            "website": [],
            "website_domain": null,
            "website_endpoint": null
          },
          "sensitive_attributes": [],
          "identity_schema_version": 0,
          "identity": {
            "account_id": "344367180480",
            "bucket": "prosper-be-pipeline-artifacts-344367180480",
            "region": "ap-south-1"
          },
          "private": "eyJlMmJmYjczMC1lY2FhLTExZTYtOGY4OC0zNDM2M2JjN2M0YzAiOnsiY3JlYXRlIjoxMjAwMDAwMDAwMDAwLCJkZWxldGUiOjM2MDAwMDAwMDAwMDAsInJlYWQiOjEyMDAwMDAwMDAwMDAsInVwZGF0ZSI6MTIwMDAwMDAwMDAwMH19",
          "dependencies": [
            "module.codepipeline.data.aws_caller_identity.current",
            "module.ecr.aws_ecr_lifecycle_policy.this",
            "module.ecr.aws_ecr_repository.this"
          ]
        }
      ]
    },
    {
      "module": "module.codepipeline[\"prosper-fe\"]",
      "mode": "data",
      "type": "aws_caller_identity",
      "name": "current",
      "provider": "provider[\"registry.terraform.io/hashicorp/aws\"]",
      "instances": [
        {
          "schema_version": 0,
          "attributes": {
            "account_id": "344367180480",
            "arn": "arn:aws:sts::344367180480:assumed-role/AWSReservedSSO_AdministratorAccess_d713c9f4a0bbb717/pavan",
            "id": "344367180480",
            "user_id": "AROAVALPCFLAIU3Q7U5OZ:pavan"
          },
          "sensitive_attributes": [],
          "identity_schema_version": 0
        }
      ]
    },
    {
      "module": "module.codepipeline[\"prosper-fe\"]",
      "mode": "managed",
      "type": "aws_iam_role",
      "name": "build",
      "provider": "provider[\"registry.terraform.io/hashicorp/aws\"]",
      "instances": [
        {
          "schema_version": 0,
          "attributes": {
            "arn": "arn:aws:iam::344367180480:role/prosper-fe-pipeline-build-role",
            "assume_role_policy": "{\"Statement\":[{\"Action\":\"sts:AssumeRole\",\"Effect\":\"Allow\",\"Principal\":{\"Service\":\"codebuild.amazonaws.com\"}}],\"Version\":\"2012-10-17\"}",
            "create_date": "2026-04-30T15:49:16Z",
            "description": "",
            "force_detach_policies": false,
            "id": "prosper-fe-pipeline-build-role",
            "inline_policy": [],
            "managed_policy_arns": [],
            "max_session_duration": 3600,
            "name": "prosper-fe-pipeline-build-role",
            "name_prefix": "",
            "path": "/",
            "permissions_boundary": "",
            "tags": null,
            "tags_all": {},
            "unique_id": "AROAVALPCFLAFEPOZHTBT"
          },
          "sensitive_attributes": [],
          "identity_schema_version": 0,
          "identity": {
            "account_id": "344367180480",
            "name": "prosper-fe-pipeline-build-role"
          },
          "private": "bnVsbA==",
          "dependencies": [
            "module.ecr.aws_ecr_lifecycle_policy.this",
            "module.ecr.aws_ecr_repository.this"
          ]
        }
      ]
    },
    {
      "module": "module.codepipeline[\"prosper-fe\"]",
      "mode": "managed",
      "type": "aws_iam_role",
      "name": "pipeline",
      "provider": "provider[\"registry.terraform.io/hashicorp/aws\"]",
      "instances": [
        {
          "schema_version": 0,
          "attributes": {
            "arn": "arn:aws:iam::344367180480:role/prosper-fe-pipeline-pipeline-role",
            "assume_role_policy": "{\"Statement\":[{\"Action\":\"sts:AssumeRole\",\"Effect\":\"Allow\",\"Principal\":{\"Service\":\"codepipeline.amazonaws.com\"}}],\"Version\":\"2012-10-17\"}",
            "create_date": "2026-04-30T15:49:16Z",
            "description": "",
            "force_detach_policies": false,
            "id": "prosper-fe-pipeline-pipeline-role",
            "inline_policy": [],
            "managed_policy_arns": [],
            "max_session_duration": 3600,
            "name": "prosper-fe-pipeline-pipeline-role",
            "name_prefix": "",
            "path": "/",
            "permissions_boundary": "",
            "tags": null,
            "tags_all": {},
            "unique_id": "AROAVALPCFLAEY3S4EK6D"
          },
          "sensitive_attributes": [],
          "identity_schema_version": 0,
          "identity": {
            "account_id": "344367180480",
            "name": "prosper-fe-pipeline-pipeline-role"
          },
          "private": "bnVsbA==",
          "dependencies": [
            "module.ecr.aws_ecr_lifecycle_policy.this",
            "module.ecr.aws_ecr_repository.this"
          ]
        }
      ]
    },
    {
      "module": "module.codepipeline[\"prosper-fe\"]",
      "mode": "managed",
      "type": "aws_s3_bucket",
      "name": "artifacts",
      "provider": "provider[\"registry.terraform.io/hashicorp/aws\"]",
      "instances": [
        {
          "schema_version": 0,
          "attributes": {
            "acceleration_status": "",
            "acl": null,
            "arn": "arn:aws:s3:::prosper-fe-pipeline-artifacts-344367180480",
            "bucket": "prosper-fe-pipeline-artifacts-344367180480",
            "bucket_domain_name": "prosper-fe-pipeline-artifacts-344367180480.s3.amazonaws.com",
            "bucket_namespace": "global",
            "bucket_prefix": "",
            "bucket_region": "ap-south-1",
            "bucket_regional_domain_name": "prosper-fe-pipeline-artifacts-344367180480.s3.ap-south-1.amazonaws.com",
            "cors_rule": [],
            "force_destroy": true,
            "grant": [
              {
                "id": "d7aefb4459ffc9ad51581490baa99470819bea5f81b9bc6e5fdeed217082fb2a",
                "permissions": [
                  "FULL_CONTROL"
                ],
                "type": "CanonicalUser",
                "uri": ""
              }
            ],
            "hosted_zone_id": "Z11RGJOFQNVJUP",
            "id": "prosper-fe-pipeline-artifacts-344367180480",
            "lifecycle_rule": [],
            "logging": [],
            "object_lock_configuration": [],
            "object_lock_enabled": false,
            "policy": "",
            "region": "ap-south-1",
            "replication_configuration": [],
            "request_payer": "BucketOwner",
            "server_side_encryption_configuration": [
              {
                "rule": [
                  {
                    "apply_server_side_encryption_by_default": [
                      {
                        "kms_master_key_id": "",
                        "sse_algorithm": "AES256"
                      }
                    ],
                    "bucket_key_enabled": false
                  }
                ]
              }
            ],
            "tags": {
              "Environment": "stage",
              "Project": "prosper-wealth",
              "Service": "pipeline"
            },
            "tags_all": {
              "Environment": "stage",
              "Project": "prosper-wealth",
              "Service": "pipeline"
            },
            "timeouts": null,
            "versioning": [
              {
                "enabled": false,
                "mfa_delete": false
              }
            ],
            "website": [],
            "website_domain": null,
            "website_endpoint": null
          },
          "sensitive_attributes": [],
          "identity_schema_version": 0,
          "identity": {
            "account_id": "344367180480",
            "bucket": "prosper-fe-pipeline-artifacts-344367180480",
            "region": "ap-south-1"
          },
          "private": "eyJlMmJmYjczMC1lY2FhLTExZTYtOGY4OC0zNDM2M2JjN2M0YzAiOnsiY3JlYXRlIjoxMjAwMDAwMDAwMDAwLCJkZWxldGUiOjM2MDAwMDAwMDAwMDAsInJlYWQiOjEyMDAwMDAwMDAwMDAsInVwZGF0ZSI6MTIwMDAwMDAwMDAwMH19",
          "dependencies": [
            "module.codepipeline.data.aws_caller_identity.current",
            "module.ecr.aws_ecr_lifecycle_policy.this",
            "module.ecr.aws_ecr_repository.this"
          ]
        }
      ]
    },
    {
      "module": "module.codepipeline[\"qr-api\"]",
      "mode": "data",
      "type": "aws_caller_identity",
      "name": "current",
      "provider": "provider[\"registry.terraform.io/hashicorp/aws\"]",
      "instances": [
        {
          "schema_version": 0,
          "attributes": {
            "account_id": "344367180480",
            "arn": "arn:aws:sts::344367180480:assumed-role/AWSReservedSSO_AdministratorAccess_d713c9f4a0bbb717/pavan",
            "id": "344367180480",
            "user_id": "AROAVALPCFLAIU3Q7U5OZ:pavan"
          },
          "sensitive_attributes": [],
          "identity_schema_version": 0
        }
      ]
    },
    {
      "module": "module.codepipeline[\"qr-api\"]",
      "mode": "managed",
      "type": "aws_codebuild_project",
      "name": "this",
      "provider": "provider[\"registry.terraform.io/hashicorp/aws\"]",
      "instances": [
        {
          "schema_version": 0,
          "attributes": {
            "arn": "arn:aws:codebuild:ap-south-1:344367180480:project/qr-api-pipeline-build",
            "artifacts": [
              {
                "artifact_identifier": "",
                "bucket_owner_access": "",
                "encryption_disabled": false,
                "location": "",
                "name": "qr-api-pipeline-build",
                "namespace_type": "",
                "override_artifact_name": false,
                "packaging": "NONE",
                "path": "",
                "type": "CODEPIPELINE"
              }
            ],
            "auto_retry_limit": 0,
            "badge_enabled": false,
            "badge_url": "",
            "build_batch_config": [],
            "build_timeout": 60,
            "cache": [
              {
                "cache_namespace": "",
                "location": "",
                "modes": [],
                "type": "NO_CACHE"
              }
            ],
            "concurrent_build_limit": 0,
            "description": "Docker build project for qr-api-pipeline",
            "encryption_key": "arn:aws:kms:ap-south-1:344367180480:alias/aws/s3",
            "environment": [
              {
                "certificate": "",
                "compute_type": "BUILD_GENERAL1_SMALL",
                "docker_server": [],
                "environment_variable": [
                  {
                    "name": "ECR_REPOSITORY_URL",
                    "type": "PLAINTEXT",
                    "value": "344367180480.dkr.ecr.ap-south-1.amazonaws.com/qr-api"
                  }
                ],
                "fleet": [],
                "image": "aws/codebuild/amazonlinux2-x86_64-standard:5.0",
                "image_pull_credentials_type": "CODEBUILD",
                "privileged_mode": true,
                "registry_credential": [],
                "type": "LINUX_CONTAINER"
              }
            ],
            "file_system_locations": [],
            "id": "arn:aws:codebuild:ap-south-1:344367180480:project/qr-api-pipeline-build",
            "logs_config": [
              {
                "cloudwatch_logs": [
                  {
                    "group_name": "",
                    "status": "ENABLED",
                    "stream_name": ""
                  }
                ],
                "s3_logs": [
                  {
                    "bucket_owner_access": "",
                    "encryption_disabled": false,
                    "location": "",
                    "status": "DISABLED"
                  }
                ]
              }
            ],
            "name": "qr-api-pipeline-build",
            "project_visibility": "PRIVATE",
            "public_project_alias": "",
            "queued_timeout": 480,
            "region": "ap-south-1",
            "resource_access_role": "",
            "secondary_artifacts": [],
            "secondary_source_version": [],
            "secondary_sources": [],
            "service_role": "arn:aws:iam::344367180480:role/qr-api-pipeline-build-role",
            "source": [
              {
                "auth": [],
                "build_status_config": [],
                "buildspec": "\"artifacts\":\n  \"files\":\n  - \"imagedefinitions.json\"\n\"phases\":\n  \"build\":\n    \"commands\":\n    - \"echo Build started on `date`\"\n    - \"echo Building the Docker image...\"\n    - \"docker build  -t $REPOS_URL:latest .\"\n    - \"docker tag $REPOS_URL:latest $REPOS_URL:$IMAGE_TAG\"\n  \"post_build\":\n    \"commands\":\n    - \"echo Build completed on `date`\"\n    - \"echo Pushing the Docker images...\"\n    - \"docker push $REPOS_URL:latest\"\n    - \"docker push $REPOS_URL:$IMAGE_TAG\"\n    - \"echo Writing image definitions file...\"\n    - \"printf '[{\\\"name\\\":\\\"container-name\\\",\\\"imageUri\\\":\\\"%s\\\"}]' $REPOS_URL:$IMAGE_TAG\n      \u003e imagedefinitions.json\"\n    - \"echo Setting up SSH key for manifest repo push...\"\n    - \"mkdir -p ~/.ssh\"\n    - \"aws secretsmanager get-secret-value --secret-id lawyered/github/token --query\n      SecretString --output text \u003e ~/.ssh/id_rsa\"\n    - \"chmod 600 ~/.ssh/id_rsa\"\n    - \"ssh-keyscan github.com \u003e\u003e ~/.ssh/known_hosts\"\n    - \"echo Cloning k8s-manifest repo...\"\n    - \"git clone git@github.com:Lawyered-in/k8s-manifest.git /tmp/k8s-manifest\"\n    - \"cd /tmp/k8s-manifest \u0026\u0026 git checkout staging\"\n    - \"cd /tmp/k8s-manifest \u0026\u0026 sed -i \\\"s|image: .*$(basename $REPOS_URL):.*|image:\n      $REPOS_URL:$IMAGE_TAG|g\\\" deployments/stg-qr-api/deployment.yaml\"\n    - \"cd /tmp/k8s-manifest \u0026\u0026 git config user.email 'ci@lawyered.in' \u0026\u0026 git config\n      user.name 'CodeBuild CI'\"\n    - \"cd /tmp/k8s-manifest \u0026\u0026 git add deployments/stg-qr-api/deployment.yaml\"\n    - \"cd /tmp/k8s-manifest \u0026\u0026 (git diff --cached --quiet || git commit -m '[Devops\n      Team Auto Updated] $(basename $REPOS_URL) image to $IMAGE_TAG [skip ci]')\"\n    - \"cd /tmp/k8s-manifest \u0026\u0026 git push origin staging\"\n  \"pre_build\":\n    \"commands\":\n    - \"echo Logging in to Amazon ECR...\"\n    - \"aws ecr get-login-password --region ap-south-1 | docker login --username AWS\n      --password-stdin $ECR_REPOSITORY_URL\"\n    - \"echo Pre-fetching images from ECR Public to avoid Docker Hub rate limits...\"\n    - \"for image in node:20-alpine; do echo Pulling ${image}...; docker pull public.ecr.aws/docker/library/${image};\n      docker tag public.ecr.aws/docker/library/${image} ${image}; done\"\n    - \"REPOS_URL=$ECR_REPOSITORY_URL\"\n    - \"COMMIT_HASH=$(echo $CODEBUILD_RESOLVED_SOURCE_VERSION | cut -c 1-7)\"\n    - \"IMAGE_TAG=${COMMIT_HASH:=latest}\"\n\"version\": 0.2\n",
                "git_clone_depth": 0,
                "git_submodules_config": [],
                "insecure_ssl": false,
                "location": "",
                "report_build_status": false,
                "type": "CODEPIPELINE"
              }
            ],
            "source_version": "",
            "tags": {
              "Environment": "stage",
              "Project": "lawyered",
              "Service": "pipeline"
            },
            "tags_all": {
              "Environment": "stage",
              "Project": "lawyered",
              "Service": "pipeline"
            },
            "vpc_config": []
          },
          "sensitive_attributes": [],
          "identity_schema_version": 0,
          "identity": {
            "arn": "arn:aws:codebuild:ap-south-1:344367180480:project/qr-api-pipeline-build"
          },
          "private": "bnVsbA==",
          "dependencies": [
            "module.codepipeline.aws_iam_role.build",
            "module.ecr.aws_ecr_lifecycle_policy.this",
            "module.ecr.aws_ecr_repository.this"
          ]
        }
      ]
    },
    {
      "module": "module.codepipeline[\"qr-api\"]",
      "mode": "managed",
      "type": "aws_codepipeline",
      "name": "this",
      "provider": "provider[\"registry.terraform.io/hashicorp/aws\"]",
      "instances": [
        {
          "schema_version": 0,
          "attributes": {
            "arn": "arn:aws:codepipeline:ap-south-1:344367180480:qr-api-pipeline",
            "artifact_store": [
              {
                "encryption_key": [],
                "location": "qr-api-pipeline-artifacts-344367180480",
                "region": "",
                "type": "S3"
              }
            ],
            "execution_mode": "SUPERSEDED",
            "id": "qr-api-pipeline",
            "name": "qr-api-pipeline",
            "pipeline_type": "V1",
            "region": "ap-south-1",
            "role_arn": "arn:aws:iam::344367180480:role/qr-api-pipeline-pipeline-role",
            "stage": [
              {
                "action": [
                  {
                    "category": "Source",
                    "configuration": {
                      "BranchName": "staging",
                      "ConnectionArn": "arn:aws:codeconnections:ap-south-1:344367180480:connection/57bb41a6-94e5-4be9-9364-73bc9da899d3",
                      "FullRepositoryId": "Lawyered-in/qr-api",
                      "OutputArtifactFormat": "CODE_ZIP"
                    },
                    "input_artifacts": [],
                    "name": "Source",
                    "namespace": "",
                    "output_artifacts": [
                      "source_output"
                    ],
                    "owner": "AWS",
                    "provider": "CodeStarSourceConnection",
                    "region": "ap-south-1",
                    "role_arn": "",
                    "run_order": 1,
                    "timeout_in_minutes": 0,
                    "version": "1"
                  }
                ],
                "before_entry": [],
                "name": "Source",
                "on_failure": [],
                "on_success": []
              },
              {
                "action": [
                  {
                    "category": "Build",
                    "configuration": {
                      "ProjectName": "qr-api-pipeline-build"
                    },
                    "input_artifacts": [
                      "source_output"
                    ],
                    "name": "Build",
                    "namespace": "",
                    "output_artifacts": [
                      "build_output"
                    ],
                    "owner": "AWS",
                    "provider": "CodeBuild",
                    "region": "",
                    "role_arn": "",
                    "run_order": 1,
                    "timeout_in_minutes": 0,
                    "version": "1"
                  }
                ],
                "before_entry": [],
                "name": "Build",
                "on_failure": [],
                "on_success": []
              }
            ],
            "tags": {
              "Environment": "stage",
              "Project": "lawyered",
              "Service": "pipeline"
            },
            "tags_all": {
              "Environment": "stage",
              "Project": "lawyered",
              "Service": "pipeline"
            },
            "trigger": [],
            "trigger_all": [],
            "variable": []
          },
          "sensitive_attributes": [],
          "identity_schema_version": 0,
          "private": "bnVsbA==",
          "dependencies": [
            "aws_codeconnections_connection.github",
            "aws_secretsmanager_secret.github_ssh_key",
            "module.codepipeline.aws_codebuild_project.this",
            "module.codepipeline.aws_iam_role.build",
            "module.codepipeline.aws_iam_role.pipeline",
            "module.codepipeline.aws_s3_bucket.artifacts",
            "module.codepipeline.data.aws_caller_identity.current",
            "module.ecr.aws_ecr_lifecycle_policy.this",
            "module.ecr.aws_ecr_repository.this"
          ]
        }
      ]
    },
    {
      "module": "module.codepipeline[\"qr-api\"]",
      "mode": "managed",
      "type": "aws_iam_role",
      "name": "build",
      "provider": "provider[\"registry.terraform.io/hashicorp/aws\"]",
      "instances": [
        {
          "schema_version": 0,
          "attributes": {
            "arn": "arn:aws:iam::344367180480:role/qr-api-pipeline-build-role",
            "assume_role_policy": "{\"Statement\":[{\"Action\":\"sts:AssumeRole\",\"Effect\":\"Allow\",\"Principal\":{\"Service\":\"codebuild.amazonaws.com\"}}],\"Version\":\"2012-10-17\"}",
            "create_date": "2026-04-22T13:35:01Z",
            "description": "",
            "force_detach_policies": false,
            "id": "qr-api-pipeline-build-role",
            "inline_policy": [
              {
                "name": "qr-api-pipeline-build-policy",
                "policy": "{\"Version\":\"2012-10-17\",\"Statement\":[{\"Action\":[\"logs:CreateLogGroup\",\"logs:CreateLogStream\",\"logs:PutLogEvents\"],\"Effect\":\"Allow\",\"Resource\":\"*\"},{\"Action\":[\"s3:GetObject\",\"s3:GetObjectVersion\",\"s3:GetBucketVersioning\",\"s3:PutObject\"],\"Effect\":\"Allow\",\"Resource\":[\"arn:aws:s3:::qr-api-pipeline-artifacts-344367180480\",\"arn:aws:s3:::qr-api-pipeline-artifacts-344367180480/*\"]},{\"Action\":[\"ecr:GetAuthorizationToken\"],\"Effect\":\"Allow\",\"Resource\":\"*\"},{\"Action\":[\"ecr:BatchCheckLayerAvailability\",\"ecr:GetDownloadUrlForLayer\",\"ecr:BatchGetImage\",\"ecr:PutImage\",\"ecr:InitiateLayerUpload\",\"ecr:UploadLayerPart\",\"ecr:CompleteLayerUpload\"],\"Effect\":\"Allow\",\"Resource\":\"*\"},{\"Action\":[\"secretsmanager:GetSecretValue\"],\"Effect\":\"Allow\",\"Resource\":\"*\"}]}"
              }
            ],
            "managed_policy_arns": [],
            "max_session_duration": 3600,
            "name": "qr-api-pipeline-build-role",
            "name_prefix": "",
            "path": "/",
            "permissions_boundary": "",
            "tags": {},
            "tags_all": {},
            "unique_id": "AROAVALPCFLAHJSHBEW5V"
          },
          "sensitive_attributes": [],
          "identity_schema_version": 0,
          "identity": {
            "account_id": "344367180480",
            "name": "qr-api-pipeline-build-role"
          },
          "private": "bnVsbA==",
          "dependencies": [
            "module.ecr.aws_ecr_lifecycle_policy.this",
            "module.ecr.aws_ecr_repository.this"
          ]
        }
      ]
    },
    {
      "module": "module.codepipeline[\"qr-api\"]",
      "mode": "managed",
      "type": "aws_iam_role",
      "name": "pipeline",
      "provider": "provider[\"registry.terraform.io/hashicorp/aws\"]",
      "instances": [
        {
          "schema_version": 0,
          "attributes": {
            "arn": "arn:aws:iam::344367180480:role/qr-api-pipeline-pipeline-role",
            "assume_role_policy": "{\"Statement\":[{\"Action\":\"sts:AssumeRole\",\"Effect\":\"Allow\",\"Principal\":{\"Service\":\"codepipeline.amazonaws.com\"}}],\"Version\":\"2012-10-17\"}",
            "create_date": "2026-04-22T13:35:00Z",
            "description": "",
            "force_detach_policies": false,
            "id": "qr-api-pipeline-pipeline-role",
            "inline_policy": [
              {
                "name": "qr-api-pipeline-pipeline-policy",
                "policy": "{\"Version\":\"2012-10-17\",\"Statement\":[{\"Action\":[\"s3:GetObject\",\"s3:GetObjectVersion\",\"s3:GetBucketVersioning\",\"s3:PutObjectAcl\",\"s3:PutObject\"],\"Effect\":\"Allow\",\"Resource\":[\"arn:aws:s3:::qr-api-pipeline-artifacts-344367180480\",\"arn:aws:s3:::qr-api-pipeline-artifacts-344367180480/*\"]},{\"Action\":[\"codestar-connections:UseConnection\"],\"Effect\":\"Allow\",\"Resource\":\"arn:aws:codeconnections:ap-south-1:344367180480:connection/57bb41a6-94e5-4be9-9364-73bc9da899d3\"},{\"Action\":[\"codebuild:BatchGetBuilds\",\"codebuild:StartBuild\"],\"Effect\":\"Allow\",\"Resource\":\"*\"}]}"
              }
            ],
            "managed_policy_arns": [],
            "max_session_duration": 3600,
            "name": "qr-api-pipeline-pipeline-role",
            "name_prefix": "",
            "path": "/",
            "permissions_boundary": "",
            "tags": {},
            "tags_all": {},
            "unique_id": "AROAVALPCFLALDWKSRTSW"
          },
          "sensitive_attributes": [],
          "identity_schema_version": 0,
          "identity": {
            "account_id": "344367180480",
            "name": "qr-api-pipeline-pipeline-role"
          },
          "private": "bnVsbA==",
          "dependencies": [
            "module.ecr.aws_ecr_lifecycle_policy.this",
            "module.ecr.aws_ecr_repository.this"
          ]
        }
      ]
    },
    {
      "module": "module.codepipeline[\"qr-api\"]",
      "mode": "managed",
      "type": "aws_iam_role_policy",
      "name": "build",
      "provider": "provider[\"registry.terraform.io/hashicorp/aws\"]",
      "instances": [
        {
          "schema_version": 0,
          "attributes": {
            "id": "qr-api-pipeline-build-role:qr-api-pipeline-build-policy",
            "name": "qr-api-pipeline-build-policy",
            "name_prefix": "",
            "policy": "{\"Version\":\"2012-10-17\",\"Statement\":[{\"Action\":[\"logs:CreateLogGroup\",\"logs:CreateLogStream\",\"logs:PutLogEvents\"],\"Effect\":\"Allow\",\"Resource\":\"*\"},{\"Action\":[\"s3:GetObject\",\"s3:GetObjectVersion\",\"s3:GetBucketVersioning\",\"s3:PutObject\"],\"Effect\":\"Allow\",\"Resource\":[\"arn:aws:s3:::qr-api-pipeline-artifacts-344367180480\",\"arn:aws:s3:::qr-api-pipeline-artifacts-344367180480/*\"]},{\"Action\":[\"ecr:GetAuthorizationToken\"],\"Effect\":\"Allow\",\"Resource\":\"*\"},{\"Action\":[\"ecr:BatchCheckLayerAvailability\",\"ecr:GetDownloadUrlForLayer\",\"ecr:BatchGetImage\",\"ecr:PutImage\",\"ecr:InitiateLayerUpload\",\"ecr:UploadLayerPart\",\"ecr:CompleteLayerUpload\"],\"Effect\":\"Allow\",\"Resource\":\"*\"},{\"Action\":[\"secretsmanager:GetSecretValue\"],\"Effect\":\"Allow\",\"Resource\":\"*\"}]}",
            "role": "qr-api-pipeline-build-role"
          },
          "sensitive_attributes": [],
          "identity_schema_version": 0,
          "identity": {
            "account_id": "344367180480",
            "name": "qr-api-pipeline-build-policy",
            "role": "qr-api-pipeline-build-role"
          },
          "private": "bnVsbA==",
          "dependencies": [
            "module.codepipeline.aws_iam_role.build",
            "module.codepipeline.aws_s3_bucket.artifacts",
            "module.codepipeline.data.aws_caller_identity.current",
            "module.ecr.aws_ecr_lifecycle_policy.this",
            "module.ecr.aws_ecr_repository.this"
          ]
        }
      ]
    },
    {
      "module": "module.codepipeline[\"qr-api\"]",
      "mode": "managed",
      "type": "aws_iam_role_policy",
      "name": "pipeline",
      "provider": "provider[\"registry.terraform.io/hashicorp/aws\"]",
      "instances": [
        {
          "schema_version": 0,
          "attributes": {
            "id": "qr-api-pipeline-pipeline-role:qr-api-pipeline-pipeline-policy",
            "name": "qr-api-pipeline-pipeline-policy",
            "name_prefix": "",
            "policy": "{\"Version\":\"2012-10-17\",\"Statement\":[{\"Action\":[\"s3:GetObject\",\"s3:GetObjectVersion\",\"s3:GetBucketVersioning\",\"s3:PutObjectAcl\",\"s3:PutObject\"],\"Effect\":\"Allow\",\"Resource\":[\"arn:aws:s3:::qr-api-pipeline-artifacts-344367180480\",\"arn:aws:s3:::qr-api-pipeline-artifacts-344367180480/*\"]},{\"Action\":[\"codestar-connections:UseConnection\"],\"Effect\":\"Allow\",\"Resource\":\"arn:aws:codeconnections:ap-south-1:344367180480:connection/57bb41a6-94e5-4be9-9364-73bc9da899d3\"},{\"Action\":[\"codebuild:BatchGetBuilds\",\"codebuild:StartBuild\"],\"Effect\":\"Allow\",\"Resource\":\"*\"}]}",
            "role": "qr-api-pipeline-pipeline-role"
          },
          "sensitive_attributes": [],
          "identity_schema_version": 0,
          "identity": {
            "account_id": "344367180480",
            "name": "qr-api-pipeline-pipeline-policy",
            "role": "qr-api-pipeline-pipeline-role"
          },
          "private": "bnVsbA==",
          "dependencies": [
            "aws_codeconnections_connection.github",
            "module.codepipeline.aws_iam_role.pipeline",
            "module.codepipeline.aws_s3_bucket.artifacts",
            "module.codepipeline.data.aws_caller_identity.current",
            "module.ecr.aws_ecr_lifecycle_policy.this",
            "module.ecr.aws_ecr_repository.this"
          ]
        }
      ]
    },
    {
      "module": "module.codepipeline[\"qr-api\"]",
      "mode": "managed",
      "type": "aws_s3_bucket",
      "name": "artifacts",
      "provider": "provider[\"registry.terraform.io/hashicorp/aws\"]",
      "instances": [
        {
          "status": "tainted",
          "schema_version": 0,
          "attributes": {
            "acceleration_status": "",
            "acl": null,
            "arn": "arn:aws:s3:::qr-api-pipeline-artifacts-344367180480",
            "bucket": "qr-api-pipeline-artifacts-344367180480",
            "bucket_domain_name": "qr-api-pipeline-artifacts-344367180480.s3.amazonaws.com",
            "bucket_namespace": "global",
            "bucket_prefix": "",
            "bucket_region": null,
            "bucket_regional_domain_name": "qr-api-pipeline-artifacts-344367180480.s3.ap-south-1.amazonaws.com",
            "cors_rule": [],
            "force_destroy": true,
            "grant": [
              {
                "id": "d7aefb4459ffc9ad51581490baa99470819bea5f81b9bc6e5fdeed217082fb2a",
                "permissions": [
                  "FULL_CONTROL"
                ],
                "type": "CanonicalUser",
                "uri": ""
              }
            ],
            "hosted_zone_id": "Z11RGJOFQNVJUP",
            "id": "qr-api-pipeline-artifacts-344367180480",
            "lifecycle_rule": null,
            "logging": null,
            "object_lock_configuration": null,
            "object_lock_enabled": null,
            "policy": "",
            "region": "ap-south-1",
            "replication_configuration": null,
            "request_payer": "BucketOwner",
            "server_side_encryption_configuration": null,
            "tags": {
              "Environment": "stage",
              "Project": "lawyered",
              "Service": "pipeline"
            },
            "tags_all": {
              "Environment": "stage",
              "Project": "lawyered",
              "Service": "pipeline"
            },
            "timeouts": null,
            "versioning": [
              {
                "enabled": false,
                "mfa_delete": false
              }
            ],
            "website": [],
            "website_domain": null,
            "website_endpoint": null
          },
          "sensitive_attributes": [],
          "identity_schema_version": 0,
          "private": "eyJlMmJmYjczMC1lY2FhLTExZTYtOGY4OC0zNDM2M2JjN2M0YzAiOnsiY3JlYXRlIjoxMjAwMDAwMDAwMDAwLCJkZWxldGUiOjM2MDAwMDAwMDAwMDAsInJlYWQiOjEyMDAwMDAwMDAwMDAsInVwZGF0ZSI6MTIwMDAwMDAwMDAwMH19",
          "dependencies": [
            "module.codepipeline.data.aws_caller_identity.current",
            "module.ecr.aws_ecr_lifecycle_policy.this",
            "module.ecr.aws_ecr_repository.this"
          ]
        }
      ]
    },
    {
      "module": "module.ec2[\"eks-bastion-jumpbox\"]",
      "mode": "managed",
      "type": "aws_instance",
      "name": "this",
      "provider": "provider[\"registry.terraform.io/hashicorp/aws\"]",
      "instances": [
        {
          "schema_version": 2,
          "attributes": {
            "ami": "ami-0f11fb0f6d8b520d4",
            "arn": "arn:aws:ec2:ap-south-1:344367180480:instance/i-0bdd7be4291bab7bb",
            "associate_public_ip_address": false,
            "availability_zone": "ap-south-1a",
            "capacity_reservation_specification": [
              {
                "capacity_reservation_preference": "none",
                "capacity_reservation_target": []
              }
            ],
            "cpu_options": [
              {
                "amd_sev_snp": "",
                "core_count": 1,
                "nested_virtualization": "",
                "threads_per_core": 2
              }
            ],
            "credit_specification": [
              {
                "cpu_credits": "unlimited"
              }
            ],
            "disable_api_stop": false,
            "disable_api_termination": false,
            "ebs_block_device": [
              {
                "delete_on_termination": false,
                "device_name": "/dev/sdd",
                "encrypted": false,
                "iops": 3000,
                "kms_key_id": "",
                "snapshot_id": "",
                "tags": {},
                "tags_all": {},
                "throughput": 125,
                "volume_id": "vol-055fa0e3c367391c5",
                "volume_size": 50,
                "volume_type": "gp3"
              }
            ],
            "ebs_optimized": false,
            "enable_primary_ipv6": null,
            "enclave_options": [
              {
                "enabled": false
              }
            ],
            "ephemeral_block_device": [],
            "force_destroy": false,
            "get_password_data": false,
            "hibernation": false,
            "host_id": "",
            "host_resource_group_arn": null,
            "iam_instance_profile": "eks-bastion-jumpbox-role-instance-profile",
            "id": "i-0bdd7be4291bab7bb",
            "instance_initiated_shutdown_behavior": "stop",
            "instance_lifecycle": "",
            "instance_market_options": [],
            "instance_state": "running",
            "instance_type": "t3a.medium",
            "ipv6_address_count": 0,
            "ipv6_addresses": [],
            "key_name": "stg-mb-eks-bastion",
            "launch_template": [],
            "maintenance_options": [
              {
                "auto_recovery": "default"
              }
            ],
            "metadata_options": [
              {
                "http_endpoint": "enabled",
                "http_protocol_ipv6": "disabled",
                "http_put_response_hop_limit": 2,
                "http_tokens": "required",
                "instance_metadata_tags": "disabled"
              }
            ],
            "monitoring": false,
            "network_interface": [],
            "outpost_arn": "",
            "password_data": "",
            "placement_group": "",
            "placement_group_id": "",
            "placement_partition_number": 0,
            "primary_network_interface": [
              {
                "delete_on_termination": true,
                "network_interface_id": "eni-034101a51a405e4fb"
              }
            ],
            "primary_network_interface_id": "eni-034101a51a405e4fb",
            "private_dns": "ip-10-100-49-215.ap-south-1.compute.internal",
            "private_dns_name_options": [
              {
                "enable_resource_name_dns_a_record": false,
                "enable_resource_name_dns_aaaa_record": false,
                "hostname_type": "ip-name"
              }
            ],
            "private_ip": "10.100.49.215",
            "public_dns": "",
            "public_ip": "",
            "region": "ap-south-1",
            "root_block_device": [
              {
                "delete_on_termination": true,
                "device_name": "/dev/sda1",
                "encrypted": true,
                "iops": 3000,
                "kms_key_id": "arn:aws:kms:ap-south-1:344367180480:key/4ba06c64-9003-4b11-be5b-c4b9642c8861",
                "tags": {},
                "tags_all": {},
                "throughput": 125,
                "volume_id": "vol-0e39725eb58c386f8",
                "volume_size": 30,
                "volume_type": "gp3"
              }
            ],
            "secondary_network_interface": [],
            "secondary_private_ips": [],
            "security_groups": [],
            "source_dest_check": true,
            "spot_instance_request_id": "",
            "subnet_id": "subnet-0f7fbc61426069409",
            "tags": {
              "Environment": "stage",
              "Name": "eks-bastion-jumpbox",
              "Project": "lawyered",
              "Purpose": "eks-administration"
            },
            "tags_all": {
              "Environment": "stage",
              "Name": "eks-bastion-jumpbox",
              "Project": "lawyered",
              "Purpose": "eks-administration"
            },
            "tenancy": "default",
            "timeouts": null,
            "user_data": null,
            "user_data_base64": null,
            "user_data_replace_on_change": false,
            "volume_tags": null,
            "vpc_security_group_ids": [
              "sg-0882b5cdbc9f05688"
            ]
          },
          "sensitive_attributes": [],
          "identity_schema_version": 0,
          "identity": {
            "account_id": "344367180480",
            "id": "i-0bdd7be4291bab7bb",
            "region": "ap-south-1"
          },
          "private": "eyJlMmJmYjczMC1lY2FhLTExZTYtOGY4OC0zNDM2M2JjN2M0YzAiOnsiY3JlYXRlIjo2MDAwMDAwMDAwMDAsImRlbGV0ZSI6MTIwMDAwMDAwMDAwMCwicmVhZCI6OTAwMDAwMDAwMDAwLCJ1cGRhdGUiOjYwMDAwMDAwMDAwMH0sInNjaGVtYV92ZXJzaW9uIjoiMiJ9",
          "dependencies": [
            "aws_key_pair.keys",
            "module.ec2.aws_security_group.this",
            "module.ec2_iam_roles.aws_iam_instance_profile.this",
            "module.ec2_iam_roles.aws_iam_role.this",
            "module.ec2_iam_roles.aws_iam_role_policy.inline",
            "module.ec2_iam_roles.aws_iam_role_policy_attachment.additional",
            "module.ec2_iam_roles.aws_iam_role_policy_attachment.ssm_core",
            "module.vpc.aws_eip.nat",
            "module.vpc.aws_internet_gateway.this",
            "module.vpc.aws_nat_gateway.this",
            "module.vpc.aws_route_table.database",
            "module.vpc.aws_route_table.private",
            "module.vpc.aws_route_table.public",
            "module.vpc.aws_route_table_association.database",
            "module.vpc.aws_route_table_association.private",
            "module.vpc.aws_route_table_association.public",
            "module.vpc.aws_subnet.database",
            "module.vpc.aws_subnet.private",
            "module.vpc.aws_subnet.public",
            "module.vpc.aws_vpc.this",
            "tls_private_key.keys"
          ]
        }
      ]
    },
    {
      "module": "module.ec2[\"eks-bastion-jumpbox\"]",
      "mode": "managed",
      "type": "aws_security_group",
      "name": "this",
      "provider": "provider[\"registry.terraform.io/hashicorp/aws\"]",
      "instances": [
        {
          "schema_version": 1,
          "attributes": {
            "arn": "arn:aws:ec2:ap-south-1:344367180480:security-group/sg-0882b5cdbc9f05688",
            "description": "Security group for EC2 instance eks-bastion-jumpbox",
            "egress": [
              {
                "cidr_blocks": [
                  "0.0.0.0/0"
                ],
                "description": "Allow all outbound traffic",
                "from_port": 0,
                "ipv6_cidr_blocks": [],
                "prefix_list_ids": [],
                "protocol": "-1",
                "security_groups": [],
                "self": false,
                "to_port": 0
              }
            ],
            "id": "sg-0882b5cdbc9f05688",
            "ingress": [
              {
                "cidr_blocks": [],
                "description": "Allow SSH from EICE",
                "from_port": 22,
                "ipv6_cidr_blocks": [],
                "prefix_list_ids": [],
                "protocol": "tcp",
                "security_groups": [
                  "sg-04adbb48456a5bf50"
                ],
                "self": false,
                "to_port": 22
              }
            ],
            "name": "eks-bastion-jumpbox-sg1",
            "name_prefix": "",
            "owner_id": "344367180480",
            "region": "ap-south-1",
            "revoke_rules_on_delete": false,
            "tags": {
              "Environment": "stage",
              "Name": "ec2-sg",
              "Project": "lawyered",
              "Purpose": "eks-administration"
            },
            "tags_all": {
              "Environment": "stage",
              "Name": "ec2-sg",
              "Project": "lawyered",
              "Purpose": "eks-administration"
            },
            "timeouts": null,
            "vpc_id": "vpc-0658def16d58b8876"
          },
          "sensitive_attributes": [],
          "identity_schema_version": 0,
          "identity": {
            "account_id": "344367180480",
            "id": "sg-0882b5cdbc9f05688",
            "region": "ap-south-1"
          },
          "private": "eyJlMmJmYjczMC1lY2FhLTExZTYtOGY4OC0zNDM2M2JjN2M0YzAiOnsiY3JlYXRlIjo2MDAwMDAwMDAwMDAsImRlbGV0ZSI6OTAwMDAwMDAwMDAwfSwic2NoZW1hX3ZlcnNpb24iOiIxIn0=",
          "dependencies": [
            "aws_key_pair.keys",
            "module.vpc.aws_eip.nat",
            "module.vpc.aws_internet_gateway.this",
            "module.vpc.aws_nat_gateway.this",
            "module.vpc.aws_route_table.database",
            "module.vpc.aws_route_table.private",
            "module.vpc.aws_route_table.public",
            "module.vpc.aws_route_table_association.database",
            "module.vpc.aws_route_table_association.private",
            "module.vpc.aws_route_table_association.public",
            "module.vpc.aws_subnet.database",
            "module.vpc.aws_subnet.private",
            "module.vpc.aws_subnet.public",
            "module.vpc.aws_vpc.this",
            "tls_private_key.keys"
          ]
        }
      ]
    },
    {
      "module": "module.ec2_iam_roles[\"eks-bastion-jumpbox\"]",
      "mode": "managed",
      "type": "aws_iam_instance_profile",
      "name": "this",
      "provider": "provider[\"registry.terraform.io/hashicorp/aws\"]",
      "instances": [
        {
          "schema_version": 0,
          "attributes": {
            "arn": "arn:aws:iam::344367180480:instance-profile/eks-bastion-jumpbox-role-instance-profile",
            "create_date": "2026-04-16T09:55:57Z",
            "id": "eks-bastion-jumpbox-role-instance-profile",
            "name": "eks-bastion-jumpbox-role-instance-profile",
            "name_prefix": "",
            "path": "/",
            "role": "eks-bastion-jumpbox-role",
            "tags": {
              "Environment": "stage",
              "Name": "eks-bastion-jumpbox-role-instance-profile",
              "Project": "lawyered",
              "Purpose": "eks-administration"
            },
            "tags_all": {
              "Environment": "stage",
              "Name": "eks-bastion-jumpbox-role-instance-profile",
              "Project": "lawyered",
              "Purpose": "eks-administration"
            },
            "unique_id": "AIPAVALPCFLANE3FLBAN6"
          },
          "sensitive_attributes": [],
          "identity_schema_version": 0,
          "identity": {
            "account_id": "344367180480",
            "name": "eks-bastion-jumpbox-role-instance-profile"
          },
          "private": "bnVsbA==",
          "dependencies": [
            "module.ec2_iam_roles.aws_iam_role.this"
          ]
        }
      ]
    },
    {
      "module": "module.ec2_iam_roles[\"eks-bastion-jumpbox\"]",
      "mode": "managed",
      "type": "aws_iam_role",
      "name": "this",
      "provider": "provider[\"registry.terraform.io/hashicorp/aws\"]",
      "instances": [
        {
          "schema_version": 0,
          "attributes": {
            "arn": "arn:aws:iam::344367180480:role/eks-bastion-jumpbox-role",
            "assume_role_policy": "{\"Statement\":[{\"Action\":\"sts:AssumeRole\",\"Effect\":\"Allow\",\"Principal\":{\"Service\":\"ec2.amazonaws.com\"}}],\"Version\":\"2012-10-17\"}",
            "create_date": "2026-04-16T09:55:55Z",
            "description": "EC2 IAM role managed by Terraform",
            "force_detach_policies": false,
            "id": "eks-bastion-jumpbox-role",
            "inline_policy": [
              {
                "name": "eks_fullaccess",
                "policy": "{\"Version\":\"2012-10-17\",\"Statement\":[{\"Action\":[\"eks:*\"],\"Effect\":\"Allow\",\"Resource\":\"*\"}]}"
              }
            ],
            "managed_policy_arns": [
              "arn:aws:iam::aws:policy/AmazonEC2ContainerRegistryFullAccess",
              "arn:aws:iam::aws:policy/AmazonEKSClusterPolicy",
              "arn:aws:iam::aws:policy/AmazonSSMManagedInstanceCore"
            ],
            "max_session_duration": 3600,
            "name": "eks-bastion-jumpbox-role",
            "name_prefix": "",
            "path": "/",
            "permissions_boundary": "",
            "tags": {
              "Environment": "stage",
              "Name": "eks-bastion-jumpbox-role",
              "Project": "lawyered",
              "Purpose": "eks-administration"
            },
            "tags_all": {
              "Environment": "stage",
              "Name": "eks-bastion-jumpbox-role",
              "Project": "lawyered",
              "Purpose": "eks-administration"
            },
            "unique_id": "AROAVALPCFLAPEOAV3FEV"
          },
          "sensitive_attributes": [],
          "identity_schema_version": 0,
          "identity": {
            "account_id": "344367180480",
            "name": "eks-bastion-jumpbox-role"
          },
          "private": "bnVsbA=="
        }
      ]
    },
    {
      "module": "module.ec2_iam_roles[\"eks-bastion-jumpbox\"]",
      "mode": "managed",
      "type": "aws_iam_role_policy",
      "name": "inline",
      "provider": "provider[\"registry.terraform.io/hashicorp/aws\"]",
      "instances": []
    },
    {
      "module": "module.ec2_iam_roles[\"eks-bastion-jumpbox\"]",
      "mode": "managed",
      "type": "aws_iam_role_policy_attachment",
      "name": "additional",
      "provider": "provider[\"registry.terraform.io/hashicorp/aws\"]",
      "instances": [
        {
          "index_key": "arn:aws:iam::aws:policy/AmazonEKSClusterPolicy",
          "schema_version": 0,
          "attributes": {
            "id": "eks-bastion-jumpbox-role/arn:aws:iam::aws:policy/AmazonEKSClusterPolicy",
            "policy_arn": "arn:aws:iam::aws:policy/AmazonEKSClusterPolicy",
            "role": "eks-bastion-jumpbox-role"
          },
          "sensitive_attributes": [],
          "identity_schema_version": 0,
          "identity": {
            "account_id": "344367180480",
            "policy_arn": "arn:aws:iam::aws:policy/AmazonEKSClusterPolicy",
            "role": "eks-bastion-jumpbox-role"
          },
          "private": "bnVsbA==",
          "dependencies": [
            "module.ec2_iam_roles.aws_iam_role.this"
          ]
        },
        {
          "index_key": "arn:aws:iam::aws:policy/AmazonSSMManagedInstanceCore",
          "schema_version": 0,
          "attributes": {
            "id": "eks-bastion-jumpbox-role/arn:aws:iam::aws:policy/AmazonSSMManagedInstanceCore",
            "policy_arn": "arn:aws:iam::aws:policy/AmazonSSMManagedInstanceCore",
            "role": "eks-bastion-jumpbox-role"
          },
          "sensitive_attributes": [],
          "identity_schema_version": 0,
          "identity": {
            "account_id": "344367180480",
            "policy_arn": "arn:aws:iam::aws:policy/AmazonSSMManagedInstanceCore",
            "role": "eks-bastion-jumpbox-role"
          },
          "private": "bnVsbA==",
          "dependencies": [
            "module.ec2_iam_roles.aws_iam_role.this"
          ]
        }
      ]
    },
    {
      "module": "module.ec2_iam_roles[\"eks-bastion-jumpbox\"]",
      "mode": "managed",
      "type": "aws_iam_role_policy_attachment",
      "name": "ssm_core",
      "provider": "provider[\"registry.terraform.io/hashicorp/aws\"]",
      "instances": [
        {
          "schema_version": 0,
          "attributes": {
            "id": "eks-bastion-jumpbox-role/arn:aws:iam::aws:policy/AmazonSSMManagedInstanceCore",
            "policy_arn": "arn:aws:iam::aws:policy/AmazonSSMManagedInstanceCore",
            "role": "eks-bastion-jumpbox-role"
          },
          "sensitive_attributes": [],
          "identity_schema_version": 0,
          "identity": {
            "account_id": "344367180480",
            "policy_arn": "arn:aws:iam::aws:policy/AmazonSSMManagedInstanceCore",
            "role": "eks-bastion-jumpbox-role"
          },
          "private": "bnVsbA==",
          "dependencies": [
            "module.ec2_iam_roles.aws_iam_role.this"
          ]
        }
      ]
    },
    {
      "module": "module.ecr[\"admin-lawyered\"]",
      "mode": "managed",
      "type": "aws_ecr_lifecycle_policy",
      "name": "this",
      "provider": "provider[\"registry.terraform.io/hashicorp/aws\"]",
      "instances": [
        {
          "schema_version": 0,
          "attributes": {
            "id": "admin-lawyered",
            "policy": "{\"rules\":[{\"action\":{\"type\":\"expire\"},\"description\":\"Keep last 3 images\",\"rulePriority\":1,\"selection\":{\"countNumber\":3,\"countType\":\"imageCountMoreThan\",\"tagPrefixList\":[\"v\",\"prod\",\"stage\",\"test\"],\"tagStatus\":\"tagged\"}},{\"action\":{\"type\":\"expire\"},\"description\":\"Expire untagged images older than 14 days\",\"rulePriority\":2,\"selection\":{\"countNumber\":14,\"countType\":\"sinceImagePushed\",\"countUnit\":\"days\",\"tagStatus\":\"untagged\"}}]}",
            "region": "ap-south-1",
            "registry_id": "344367180480",
            "repository": "admin-lawyered"
          },
          "sensitive_attributes": [],
          "identity_schema_version": 0,
          "identity": {
            "account_id": "344367180480",
            "region": "ap-south-1",
            "repository": "admin-lawyered"
          },
          "private": "bnVsbA==",
          "dependencies": [
            "module.ecr.aws_ecr_repository.this"
          ]
        }
      ]
    },
    {
      "module": "module.ecr[\"admin-lawyered\"]",
      "mode": "managed",
      "type": "aws_ecr_repository",
      "name": "this",
      "provider": "provider[\"registry.terraform.io/hashicorp/aws\"]",
      "instances": [
        {
          "schema_version": 0,
          "attributes": {
            "arn": "arn:aws:ecr:ap-south-1:344367180480:repository/admin-lawyered",
            "encryption_configuration": [
              {
                "encryption_type": "AES256",
                "kms_key": ""
              }
            ],
            "force_delete": null,
            "id": "admin-lawyered",
            "image_scanning_configuration": [
              {
                "scan_on_push": true
              }
            ],
            "image_tag_mutability": "MUTABLE",
            "image_tag_mutability_exclusion_filter": [],
            "name": "admin-lawyered",
            "region": "ap-south-1",
            "registry_id": "344367180480",
            "repository_url": "344367180480.dkr.ecr.ap-south-1.amazonaws.com/admin-lawyered",
            "tags": {
              "Environment": "stage",
              "Owner": "infra-team",
              "Project": "lawyered"
            },
            "tags_all": {
              "Environment": "stage",
              "Owner": "infra-team",
              "Project": "lawyered"
            },
            "timeouts": null
          },
          "sensitive_attributes": [],
          "identity_schema_version": 0,
          "identity": {
            "account_id": "344367180480",
            "name": "admin-lawyered",
            "region": "ap-south-1"
          },
          "private": "eyJlMmJmYjczMC1lY2FhLTExZTYtOGY4OC0zNDM2M2JjN2M0YzAiOnsiZGVsZXRlIjoxMjAwMDAwMDAwMDAwfX0="
        }
      ]
    },
    {
      "module": "module.ecr[\"admin-lawyered-fe\"]",
      "mode": "managed",
      "type": "aws_ecr_lifecycle_policy",
      "name": "this",
      "provider": "provider[\"registry.terraform.io/hashicorp/aws\"]",
      "instances": [
        {
          "schema_version": 0,
          "attributes": {
            "id": "admin-lawyered-fe",
            "policy": "{\"rules\":[{\"action\":{\"type\":\"expire\"},\"description\":\"Keep last 3 images\",\"rulePriority\":1,\"selection\":{\"countNumber\":3,\"countType\":\"imageCountMoreThan\",\"tagPrefixList\":[\"v\",\"prod\",\"stage\",\"test\"],\"tagStatus\":\"tagged\"}},{\"action\":{\"type\":\"expire\"},\"description\":\"Expire untagged images older than 14 days\",\"rulePriority\":2,\"selection\":{\"countNumber\":14,\"countType\":\"sinceImagePushed\",\"countUnit\":\"days\",\"tagStatus\":\"untagged\"}}]}",
            "region": "ap-south-1",
            "registry_id": "344367180480",
            "repository": "admin-lawyered-fe"
          },
          "sensitive_attributes": [],
          "identity_schema_version": 0,
          "identity": {
            "account_id": "344367180480",
            "region": "ap-south-1",
            "repository": "admin-lawyered-fe"
          },
          "private": "bnVsbA==",
          "dependencies": [
            "module.ecr.aws_ecr_repository.this"
          ]
        }
      ]
    },
    {
      "module": "module.ecr[\"admin-lawyered-fe\"]",
      "mode": "managed",
      "type": "aws_ecr_repository",
      "name": "this",
      "provider": "provider[\"registry.terraform.io/hashicorp/aws\"]",
      "instances": [
        {
          "schema_version": 0,
          "attributes": {
            "arn": "arn:aws:ecr:ap-south-1:344367180480:repository/admin-lawyered-fe",
            "encryption_configuration": [
              {
                "encryption_type": "AES256",
                "kms_key": ""
              }
            ],
            "force_delete": null,
            "id": "admin-lawyered-fe",
            "image_scanning_configuration": [
              {
                "scan_on_push": true
              }
            ],
            "image_tag_mutability": "MUTABLE",
            "image_tag_mutability_exclusion_filter": [],
            "name": "admin-lawyered-fe",
            "region": "ap-south-1",
            "registry_id": "344367180480",
            "repository_url": "344367180480.dkr.ecr.ap-south-1.amazonaws.com/admin-lawyered-fe",
            "tags": {
              "Environment": "stage",
              "Owner": "infra-team",
              "Project": "lawyered"
            },
            "tags_all": {
              "Environment": "stage",
              "Owner": "infra-team",
              "Project": "lawyered"
            },
            "timeouts": null
          },
          "sensitive_attributes": [],
          "identity_schema_version": 0,
          "identity": {
            "account_id": "344367180480",
            "name": "admin-lawyered-fe",
            "region": "ap-south-1"
          },
          "private": "eyJlMmJmYjczMC1lY2FhLTExZTYtOGY4OC0zNDM2M2JjN2M0YzAiOnsiZGVsZXRlIjoxMjAwMDAwMDAwMDAwfX0="
        }
      ]
    },
    {
      "module": "module.ecr[\"api-challans\"]",
      "mode": "managed",
      "type": "aws_ecr_lifecycle_policy",
      "name": "this",
      "provider": "provider[\"registry.terraform.io/hashicorp/aws\"]",
      "instances": [
        {
          "schema_version": 0,
          "attributes": {
            "id": "api-challans",
            "policy": "{\"rules\":[{\"action\":{\"type\":\"expire\"},\"description\":\"Keep last 3 images\",\"rulePriority\":1,\"selection\":{\"countNumber\":3,\"countType\":\"imageCountMoreThan\",\"tagPrefixList\":[\"v\",\"prod\",\"stage\",\"test\"],\"tagStatus\":\"tagged\"}},{\"action\":{\"type\":\"expire\"},\"description\":\"Expire untagged images older than 14 days\",\"rulePriority\":2,\"selection\":{\"countNumber\":14,\"countType\":\"sinceImagePushed\",\"countUnit\":\"days\",\"tagStatus\":\"untagged\"}}]}",
            "region": "ap-south-1",
            "registry_id": "344367180480",
            "repository": "api-challans"
          },
          "sensitive_attributes": [],
          "identity_schema_version": 0,
          "identity": {
            "account_id": "344367180480",
            "region": "ap-south-1",
            "repository": "api-challans"
          },
          "private": "bnVsbA==",
          "dependencies": [
            "module.ecr.aws_ecr_repository.this"
          ]
        }
      ]
    },
    {
      "module": "module.ecr[\"api-challans\"]",
      "mode": "managed",
      "type": "aws_ecr_repository",
      "name": "this",
      "provider": "provider[\"registry.terraform.io/hashicorp/aws\"]",
      "instances": [
        {
          "schema_version": 0,
          "attributes": {
            "arn": "arn:aws:ecr:ap-south-1:344367180480:repository/api-challans",
            "encryption_configuration": [
              {
                "encryption_type": "AES256",
                "kms_key": ""
              }
            ],
            "force_delete": null,
            "id": "api-challans",
            "image_scanning_configuration": [
              {
                "scan_on_push": true
              }
            ],
            "image_tag_mutability": "MUTABLE",
            "image_tag_mutability_exclusion_filter": [],
            "name": "api-challans",
            "region": "ap-south-1",
            "registry_id": "344367180480",
            "repository_url": "344367180480.dkr.ecr.ap-south-1.amazonaws.com/api-challans",
            "tags": {
              "Environment": "stage",
              "Owner": "infra-team",
              "Project": "lawyered"
            },
            "tags_all": {
              "Environment": "stage",
              "Owner": "infra-team",
              "Project": "lawyered"
            },
            "timeouts": null
          },
          "sensitive_attributes": [],
          "identity_schema_version": 0,
          "identity": {
            "account_id": "344367180480",
            "name": "api-challans",
            "region": "ap-south-1"
          },
          "private": "eyJlMmJmYjczMC1lY2FhLTExZTYtOGY4OC0zNDM2M2JjN2M0YzAiOnsiZGVsZXRlIjoxMjAwMDAwMDAwMDAwfX0="
        }
      ]
    },
    {
      "module": "module.ecr[\"challanpay-fe-next\"]",
      "mode": "managed",
      "type": "aws_ecr_lifecycle_policy",
      "name": "this",
      "provider": "provider[\"registry.terraform.io/hashicorp/aws\"]",
      "instances": [
        {
          "schema_version": 0,
          "attributes": {
            "id": "challanpay-fe-next",
            "policy": "{\"rules\":[{\"action\":{\"type\":\"expire\"},\"description\":\"Keep last 3 images\",\"rulePriority\":1,\"selection\":{\"countNumber\":3,\"countType\":\"imageCountMoreThan\",\"tagPrefixList\":[\"v\",\"prod\",\"stage\",\"test\"],\"tagStatus\":\"tagged\"}},{\"action\":{\"type\":\"expire\"},\"description\":\"Expire untagged images older than 14 days\",\"rulePriority\":2,\"selection\":{\"countNumber\":14,\"countType\":\"sinceImagePushed\",\"countUnit\":\"days\",\"tagStatus\":\"untagged\"}}]}",
            "region": "ap-south-1",
            "registry_id": "344367180480",
            "repository": "challanpay-fe-next"
          },
          "sensitive_attributes": [],
          "identity_schema_version": 0,
          "identity": {
            "account_id": "344367180480",
            "region": "ap-south-1",
            "repository": "challanpay-fe-next"
          },
          "private": "bnVsbA==",
          "dependencies": [
            "module.ecr.aws_ecr_repository.this"
          ]
        }
      ]
    },
    {
      "module": "module.ecr[\"challanpay-fe-next\"]",
      "mode": "managed",
      "type": "aws_ecr_repository",
      "name": "this",
      "provider": "provider[\"registry.terraform.io/hashicorp/aws\"]",
      "instances": [
        {
          "schema_version": 0,
          "attributes": {
            "arn": "arn:aws:ecr:ap-south-1:344367180480:repository/challanpay-fe-next",
            "encryption_configuration": [
              {
                "encryption_type": "AES256",
                "kms_key": ""
              }
            ],
            "force_delete": null,
            "id": "challanpay-fe-next",
            "image_scanning_configuration": [
              {
                "scan_on_push": true
              }
            ],
            "image_tag_mutability": "MUTABLE",
            "image_tag_mutability_exclusion_filter": [],
            "name": "challanpay-fe-next",
            "region": "ap-south-1",
            "registry_id": "344367180480",
            "repository_url": "344367180480.dkr.ecr.ap-south-1.amazonaws.com/challanpay-fe-next",
            "tags": {
              "Environment": "stage",
              "Owner": "infra-team",
              "Project": "lawyered"
            },
            "tags_all": {
              "Environment": "stage",
              "Owner": "infra-team",
              "Project": "lawyered"
            },
            "timeouts": null
          },
          "sensitive_attributes": [],
          "identity_schema_version": 0,
          "identity": {
            "account_id": "344367180480",
            "name": "challanpay-fe-next",
            "region": "ap-south-1"
          },
          "private": "eyJlMmJmYjczMC1lY2FhLTExZTYtOGY4OC0zNDM2M2JjN2M0YzAiOnsiZGVsZXRlIjoxMjAwMDAwMDAwMDAwfX0="
        }
      ]
    },
    {
      "module": "module.ecr[\"core-platform-be\"]",
      "mode": "managed",
      "type": "aws_ecr_lifecycle_policy",
      "name": "this",
      "provider": "provider[\"registry.terraform.io/hashicorp/aws\"]",
      "instances": [
        {
          "schema_version": 0,
          "attributes": {
            "id": "core-platform-be",
            "policy": "{\"rules\":[{\"action\":{\"type\":\"expire\"},\"description\":\"Keep last 3 images\",\"rulePriority\":1,\"selection\":{\"countNumber\":3,\"countType\":\"imageCountMoreThan\",\"tagPrefixList\":[\"v\",\"prod\",\"stage\",\"test\"],\"tagStatus\":\"tagged\"}},{\"action\":{\"type\":\"expire\"},\"description\":\"Expire untagged images older than 14 days\",\"rulePriority\":2,\"selection\":{\"countNumber\":14,\"countType\":\"sinceImagePushed\",\"countUnit\":\"days\",\"tagStatus\":\"untagged\"}}]}",
            "region": "ap-south-1",
            "registry_id": "344367180480",
            "repository": "core-platform-be"
          },
          "sensitive_attributes": [],
          "identity_schema_version": 0,
          "identity": {
            "account_id": "344367180480",
            "region": "ap-south-1",
            "repository": "core-platform-be"
          },
          "private": "bnVsbA==",
          "dependencies": [
            "module.ecr.aws_ecr_repository.this"
          ]
        }
      ]
    },
    {
      "module": "module.ecr[\"core-platform-be\"]",
      "mode": "managed",
      "type": "aws_ecr_repository",
      "name": "this",
      "provider": "provider[\"registry.terraform.io/hashicorp/aws\"]",
      "instances": [
        {
          "schema_version": 0,
          "attributes": {
            "arn": "arn:aws:ecr:ap-south-1:344367180480:repository/core-platform-be",
            "encryption_configuration": [
              {
                "encryption_type": "AES256",
                "kms_key": ""
              }
            ],
            "force_delete": null,
            "id": "core-platform-be",
            "image_scanning_configuration": [
              {
                "scan_on_push": true
              }
            ],
            "image_tag_mutability": "MUTABLE",
            "image_tag_mutability_exclusion_filter": [],
            "name": "core-platform-be",
            "region": "ap-south-1",
            "registry_id": "344367180480",
            "repository_url": "344367180480.dkr.ecr.ap-south-1.amazonaws.com/core-platform-be",
            "tags": {
              "Environment": "stage",
              "Owner": "infra-team",
              "Project": "lawyered"
            },
            "tags_all": {
              "Environment": "stage",
              "Owner": "infra-team",
              "Project": "lawyered"
            },
            "timeouts": null
          },
          "sensitive_attributes": [],
          "identity_schema_version": 0,
          "identity": {
            "account_id": "344367180480",
            "name": "core-platform-be",
            "region": "ap-south-1"
          },
          "private": "eyJlMmJmYjczMC1lY2FhLTExZTYtOGY4OC0zNDM2M2JjN2M0YzAiOnsiZGVsZXRlIjoxMjAwMDAwMDAwMDAwfX0="
        }
      ]
    },
    {
      "module": "module.ecr[\"core-platform-fe\"]",
      "mode": "managed",
      "type": "aws_ecr_lifecycle_policy",
      "name": "this",
      "provider": "provider[\"registry.terraform.io/hashicorp/aws\"]",
      "instances": [
        {
          "schema_version": 0,
          "attributes": {
            "id": "core-platform-fe",
            "policy": "{\"rules\":[{\"action\":{\"type\":\"expire\"},\"description\":\"Keep last 3 images\",\"rulePriority\":1,\"selection\":{\"countNumber\":3,\"countType\":\"imageCountMoreThan\",\"tagPrefixList\":[\"v\",\"prod\",\"stage\",\"test\"],\"tagStatus\":\"tagged\"}},{\"action\":{\"type\":\"expire\"},\"description\":\"Expire untagged images older than 14 days\",\"rulePriority\":2,\"selection\":{\"countNumber\":14,\"countType\":\"sinceImagePushed\",\"countUnit\":\"days\",\"tagStatus\":\"untagged\"}}]}",
            "region": "ap-south-1",
            "registry_id": "344367180480",
            "repository": "core-platform-fe"
          },
          "sensitive_attributes": [],
          "identity_schema_version": 0,
          "identity": {
            "account_id": "344367180480",
            "region": "ap-south-1",
            "repository": "core-platform-fe"
          },
          "private": "bnVsbA==",
          "dependencies": [
            "module.ecr.aws_ecr_repository.this"
          ]
        }
      ]
    },
    {
      "module": "module.ecr[\"core-platform-fe\"]",
      "mode": "managed",
      "type": "aws_ecr_repository",
      "name": "this",
      "provider": "provider[\"registry.terraform.io/hashicorp/aws\"]",
      "instances": [
        {
          "schema_version": 0,
          "attributes": {
            "arn": "arn:aws:ecr:ap-south-1:344367180480:repository/core-platform-fe",
            "encryption_configuration": [
              {
                "encryption_type": "AES256",
                "kms_key": ""
              }
            ],
            "force_delete": null,
            "id": "core-platform-fe",
            "image_scanning_configuration": [
              {
                "scan_on_push": true
              }
            ],
            "image_tag_mutability": "MUTABLE",
            "image_tag_mutability_exclusion_filter": [],
            "name": "core-platform-fe",
            "region": "ap-south-1",
            "registry_id": "344367180480",
            "repository_url": "344367180480.dkr.ecr.ap-south-1.amazonaws.com/core-platform-fe",
            "tags": {
              "Environment": "stage",
              "Owner": "infra-team",
              "Project": "lawyered"
            },
            "tags_all": {
              "Environment": "stage",
              "Owner": "infra-team",
              "Project": "lawyered"
            },
            "timeouts": null
          },
          "sensitive_attributes": [],
          "identity_schema_version": 0,
          "identity": {
            "account_id": "344367180480",
            "name": "core-platform-fe",
            "region": "ap-south-1"
          },
          "private": "eyJlMmJmYjczMC1lY2FhLTExZTYtOGY4OC0zNDM2M2JjN2M0YzAiOnsiZGVsZXRlIjoxMjAwMDAwMDAwMDAwfX0="
        }
      ]
    },
    {
      "module": "module.ecr[\"coworking-platform-be\"]",
      "mode": "managed",
      "type": "aws_ecr_lifecycle_policy",
      "name": "this",
      "provider": "provider[\"registry.terraform.io/hashicorp/aws\"]",
      "instances": [
        {
          "schema_version": 0,
          "attributes": {
            "id": "coworking-platform-be",
            "policy": "{\"rules\":[{\"action\":{\"type\":\"expire\"},\"description\":\"Keep last 3 images\",\"rulePriority\":1,\"selection\":{\"countNumber\":3,\"countType\":\"imageCountMoreThan\",\"tagPrefixList\":[\"v\",\"prod\",\"stage\",\"test\"],\"tagStatus\":\"tagged\"}},{\"action\":{\"type\":\"expire\"},\"description\":\"Expire untagged images older than 14 days\",\"rulePriority\":2,\"selection\":{\"countNumber\":14,\"countType\":\"sinceImagePushed\",\"countUnit\":\"days\",\"tagStatus\":\"untagged\"}}]}",
            "region": "ap-south-1",
            "registry_id": "344367180480",
            "repository": "coworking-platform-be"
          },
          "sensitive_attributes": [],
          "identity_schema_version": 0,
          "identity": {
            "account_id": "344367180480",
            "region": "ap-south-1",
            "repository": "coworking-platform-be"
          },
          "private": "bnVsbA==",
          "dependencies": [
            "module.ecr.aws_ecr_repository.this"
          ]
        }
      ]
    },
    {
      "module": "module.ecr[\"coworking-platform-be\"]",
      "mode": "managed",
      "type": "aws_ecr_repository",
      "name": "this",
      "provider": "provider[\"registry.terraform.io/hashicorp/aws\"]",
      "instances": [
        {
          "schema_version": 0,
          "attributes": {
            "arn": "arn:aws:ecr:ap-south-1:344367180480:repository/coworking-platform-be",
            "encryption_configuration": [
              {
                "encryption_type": "AES256",
                "kms_key": ""
              }
            ],
            "force_delete": null,
            "id": "coworking-platform-be",
            "image_scanning_configuration": [
              {
                "scan_on_push": true
              }
            ],
            "image_tag_mutability": "MUTABLE",
            "image_tag_mutability_exclusion_filter": [],
            "name": "coworking-platform-be",
            "region": "ap-south-1",
            "registry_id": "344367180480",
            "repository_url": "344367180480.dkr.ecr.ap-south-1.amazonaws.com/coworking-platform-be",
            "tags": {
              "Environment": "stage",
              "Owner": "infra-team",
              "Project": "lawyered"
            },
            "tags_all": {
              "Environment": "stage",
              "Owner": "infra-team",
              "Project": "lawyered"
            },
            "timeouts": null
          },
          "sensitive_attributes": [],
          "identity_schema_version": 0,
          "identity": {
            "account_id": "344367180480",
            "name": "coworking-platform-be",
            "region": "ap-south-1"
          },
          "private": "eyJlMmJmYjczMC1lY2FhLTExZTYtOGY4OC0zNDM2M2JjN2M0YzAiOnsiZGVsZXRlIjoxMjAwMDAwMDAwMDAwfX0="
        }
      ]
    },
    {
      "module": "module.ecr[\"coworking-platform-fe\"]",
      "mode": "managed",
      "type": "aws_ecr_lifecycle_policy",
      "name": "this",
      "provider": "provider[\"registry.terraform.io/hashicorp/aws\"]",
      "instances": [
        {
          "schema_version": 0,
          "attributes": {
            "id": "coworking-platform-fe",
            "policy": "{\"rules\":[{\"action\":{\"type\":\"expire\"},\"description\":\"Keep last 3 images\",\"rulePriority\":1,\"selection\":{\"countNumber\":3,\"countType\":\"imageCountMoreThan\",\"tagPrefixList\":[\"v\",\"prod\",\"stage\",\"test\"],\"tagStatus\":\"tagged\"}},{\"action\":{\"type\":\"expire\"},\"description\":\"Expire untagged images older than 14 days\",\"rulePriority\":2,\"selection\":{\"countNumber\":14,\"countType\":\"sinceImagePushed\",\"countUnit\":\"days\",\"tagStatus\":\"untagged\"}}]}",
            "region": "ap-south-1",
            "registry_id": "344367180480",
            "repository": "coworking-platform-fe"
          },
          "sensitive_attributes": [],
          "identity_schema_version": 0,
          "identity": {
            "account_id": "344367180480",
            "region": "ap-south-1",
            "repository": "coworking-platform-fe"
          },
          "private": "bnVsbA==",
          "dependencies": [
            "module.ecr.aws_ecr_repository.this"
          ]
        }
      ]
    },
    {
      "module": "module.ecr[\"coworking-platform-fe\"]",
      "mode": "managed",
      "type": "aws_ecr_repository",
      "name": "this",
      "provider": "provider[\"registry.terraform.io/hashicorp/aws\"]",
      "instances": [
        {
          "schema_version": 0,
          "attributes": {
            "arn": "arn:aws:ecr:ap-south-1:344367180480:repository/coworking-platform-fe",
            "encryption_configuration": [
              {
                "encryption_type": "AES256",
                "kms_key": ""
              }
            ],
            "force_delete": null,
            "id": "coworking-platform-fe",
            "image_scanning_configuration": [
              {
                "scan_on_push": true
              }
            ],
            "image_tag_mutability": "MUTABLE",
            "image_tag_mutability_exclusion_filter": [],
            "name": "coworking-platform-fe",
            "region": "ap-south-1",
            "registry_id": "344367180480",
            "repository_url": "344367180480.dkr.ecr.ap-south-1.amazonaws.com/coworking-platform-fe",
            "tags": {
              "Environment": "stage",
              "Owner": "infra-team",
              "Project": "lawyered"
            },
            "tags_all": {
              "Environment": "stage",
              "Owner": "infra-team",
              "Project": "lawyered"
            },
            "timeouts": null
          },
          "sensitive_attributes": [],
          "identity_schema_version": 0,
          "identity": {
            "account_id": "344367180480",
            "name": "coworking-platform-fe",
            "region": "ap-south-1"
          },
          "private": "eyJlMmJmYjczMC1lY2FhLTExZTYtOGY4OC0zNDM2M2JjN2M0YzAiOnsiZGVsZXRlIjoxMjAwMDAwMDAwMDAwfX0="
        }
      ]
    },
    {
      "module": "module.ecr[\"lawyered-in-website\"]",
      "mode": "managed",
      "type": "aws_ecr_lifecycle_policy",
      "name": "this",
      "provider": "provider[\"registry.terraform.io/hashicorp/aws\"]",
      "instances": [
        {
          "schema_version": 0,
          "attributes": {
            "id": "lawyered-in-website",
            "policy": "{\"rules\":[{\"action\":{\"type\":\"expire\"},\"description\":\"Keep last 3 images\",\"rulePriority\":1,\"selection\":{\"countNumber\":3,\"countType\":\"imageCountMoreThan\",\"tagPrefixList\":[\"v\",\"prod\",\"stage\",\"test\"],\"tagStatus\":\"tagged\"}},{\"action\":{\"type\":\"expire\"},\"description\":\"Expire untagged images older than 14 days\",\"rulePriority\":2,\"selection\":{\"countNumber\":14,\"countType\":\"sinceImagePushed\",\"countUnit\":\"days\",\"tagStatus\":\"untagged\"}}]}",
            "region": "ap-south-1",
            "registry_id": "344367180480",
            "repository": "lawyered-in-website"
          },
          "sensitive_attributes": [],
          "identity_schema_version": 0,
          "identity": {
            "account_id": "344367180480",
            "region": "ap-south-1",
            "repository": "lawyered-in-website"
          },
          "private": "bnVsbA==",
          "dependencies": [
            "module.ecr.aws_ecr_repository.this"
          ]
        }
      ]
    },
    {
      "module": "module.ecr[\"lawyered-in-website\"]",
      "mode": "managed",
      "type": "aws_ecr_repository",
      "name": "this",
      "provider": "provider[\"registry.terraform.io/hashicorp/aws\"]",
      "instances": [
        {
          "schema_version": 0,
          "attributes": {
            "arn": "arn:aws:ecr:ap-south-1:344367180480:repository/lawyered-in-website",
            "encryption_configuration": [
              {
                "encryption_type": "AES256",
                "kms_key": ""
              }
            ],
            "force_delete": null,
            "id": "lawyered-in-website",
            "image_scanning_configuration": [
              {
                "scan_on_push": true
              }
            ],
            "image_tag_mutability": "MUTABLE",
            "image_tag_mutability_exclusion_filter": [],
            "name": "lawyered-in-website",
            "region": "ap-south-1",
            "registry_id": "344367180480",
            "repository_url": "344367180480.dkr.ecr.ap-south-1.amazonaws.com/lawyered-in-website",
            "tags": {
              "Environment": "stage",
              "Owner": "infra-team",
              "Project": "lawyered"
            },
            "tags_all": {
              "Environment": "stage",
              "Owner": "infra-team",
              "Project": "lawyered"
            },
            "timeouts": null
          },
          "sensitive_attributes": [],
          "identity_schema_version": 0,
          "identity": {
            "account_id": "344367180480",
            "name": "lawyered-in-website",
            "region": "ap-south-1"
          },
          "private": "eyJlMmJmYjczMC1lY2FhLTExZTYtOGY4OC0zNDM2M2JjN2M0YzAiOnsiZGVsZXRlIjoxMjAwMDAwMDAwMDAwfX0="
        }
      ]
    },
    {
      "module": "module.ecr[\"partners-portal-fe\"]",
      "mode": "managed",
      "type": "aws_ecr_lifecycle_policy",
      "name": "this",
      "provider": "provider[\"registry.terraform.io/hashicorp/aws\"]",
      "instances": [
        {
          "schema_version": 0,
          "attributes": {
            "id": "partners-portal-fe",
            "policy": "{\"rules\":[{\"action\":{\"type\":\"expire\"},\"description\":\"Keep last 3 images\",\"rulePriority\":1,\"selection\":{\"countNumber\":3,\"countType\":\"imageCountMoreThan\",\"tagPrefixList\":[\"v\",\"prod\",\"stage\",\"test\"],\"tagStatus\":\"tagged\"}},{\"action\":{\"type\":\"expire\"},\"description\":\"Expire untagged images older than 14 days\",\"rulePriority\":2,\"selection\":{\"countNumber\":14,\"countType\":\"sinceImagePushed\",\"countUnit\":\"days\",\"tagStatus\":\"untagged\"}}]}",
            "region": "ap-south-1",
            "registry_id": "344367180480",
            "repository": "partners-portal-fe"
          },
          "sensitive_attributes": [],
          "identity_schema_version": 0,
          "identity": {
            "account_id": "344367180480",
            "region": "ap-south-1",
            "repository": "partners-portal-fe"
          },
          "private": "bnVsbA==",
          "dependencies": [
            "module.ecr.aws_ecr_repository.this"
          ]
        }
      ]
    },
    {
      "module": "module.ecr[\"partners-portal-fe\"]",
      "mode": "managed",
      "type": "aws_ecr_repository",
      "name": "this",
      "provider": "provider[\"registry.terraform.io/hashicorp/aws\"]",
      "instances": [
        {
          "schema_version": 0,
          "attributes": {
            "arn": "arn:aws:ecr:ap-south-1:344367180480:repository/partners-portal-fe",
            "encryption_configuration": [
              {
                "encryption_type": "AES256",
                "kms_key": ""
              }
            ],
            "force_delete": null,
            "id": "partners-portal-fe",
            "image_scanning_configuration": [
              {
                "scan_on_push": true
              }
            ],
            "image_tag_mutability": "MUTABLE",
            "image_tag_mutability_exclusion_filter": [],
            "name": "partners-portal-fe",
            "region": "ap-south-1",
            "registry_id": "344367180480",
            "repository_url": "344367180480.dkr.ecr.ap-south-1.amazonaws.com/partners-portal-fe",
            "tags": {
              "Environment": "stage",
              "Owner": "infra-team",
              "Project": "lawyered"
            },
            "tags_all": {
              "Environment": "stage",
              "Owner": "infra-team",
              "Project": "lawyered"
            },
            "timeouts": null
          },
          "sensitive_attributes": [],
          "identity_schema_version": 0,
          "identity": {
            "account_id": "344367180480",
            "name": "partners-portal-fe",
            "region": "ap-south-1"
          },
          "private": "eyJlMmJmYjczMC1lY2FhLTExZTYtOGY4OC0zNDM2M2JjN2M0YzAiOnsiZGVsZXRlIjoxMjAwMDAwMDAwMDAwfX0="
        }
      ]
    },
    {
      "module": "module.ecr[\"prosper-be\"]",
      "mode": "managed",
      "type": "aws_ecr_lifecycle_policy",
      "name": "this",
      "provider": "provider[\"registry.terraform.io/hashicorp/aws\"]",
      "instances": [
        {
          "schema_version": 0,
          "attributes": {
            "id": "prosper-be",
            "policy": "{\"rules\":[{\"action\":{\"type\":\"expire\"},\"description\":\"Keep last 3 images\",\"rulePriority\":1,\"selection\":{\"countNumber\":3,\"countType\":\"imageCountMoreThan\",\"tagPrefixList\":[\"v\",\"prod\",\"stage\",\"test\"],\"tagStatus\":\"tagged\"}},{\"action\":{\"type\":\"expire\"},\"description\":\"Expire untagged images older than 14 days\",\"rulePriority\":2,\"selection\":{\"countNumber\":14,\"countType\":\"sinceImagePushed\",\"countUnit\":\"days\",\"tagStatus\":\"untagged\"}}]}",
            "region": "ap-south-1",
            "registry_id": "344367180480",
            "repository": "prosper-be"
          },
          "sensitive_attributes": [],
          "identity_schema_version": 0,
          "identity": {
            "account_id": "344367180480",
            "region": "ap-south-1",
            "repository": "prosper-be"
          },
          "private": "bnVsbA==",
          "dependencies": [
            "module.ecr.aws_ecr_repository.this"
          ]
        }
      ]
    },
    {
      "module": "module.ecr[\"prosper-be\"]",
      "mode": "managed",
      "type": "aws_ecr_repository",
      "name": "this",
      "provider": "provider[\"registry.terraform.io/hashicorp/aws\"]",
      "instances": [
        {
          "schema_version": 0,
          "attributes": {
            "arn": "arn:aws:ecr:ap-south-1:344367180480:repository/prosper-be",
            "encryption_configuration": [
              {
                "encryption_type": "AES256",
                "kms_key": ""
              }
            ],
            "force_delete": null,
            "id": "prosper-be",
            "image_scanning_configuration": [
              {
                "scan_on_push": true
              }
            ],
            "image_tag_mutability": "MUTABLE",
            "image_tag_mutability_exclusion_filter": [],
            "name": "prosper-be",
            "region": "ap-south-1",
            "registry_id": "344367180480",
            "repository_url": "344367180480.dkr.ecr.ap-south-1.amazonaws.com/prosper-be",
            "tags": {
              "Environment": "stage",
              "Owner": "infra-team",
              "Project": "prosper-wealth"
            },
            "tags_all": {
              "Environment": "stage",
              "Owner": "infra-team",
              "Project": "prosper-wealth"
            },
            "timeouts": null
          },
          "sensitive_attributes": [],
          "identity_schema_version": 0,
          "identity": {
            "account_id": "344367180480",
            "name": "prosper-be",
            "region": "ap-south-1"
          },
          "private": "eyJlMmJmYjczMC1lY2FhLTExZTYtOGY4OC0zNDM2M2JjN2M0YzAiOnsiZGVsZXRlIjoxMjAwMDAwMDAwMDAwfX0="
        }
      ]
    },
    {
      "module": "module.ecr[\"prosper-fe\"]",
      "mode": "managed",
      "type": "aws_ecr_lifecycle_policy",
      "name": "this",
      "provider": "provider[\"registry.terraform.io/hashicorp/aws\"]",
      "instances": [
        {
          "schema_version": 0,
          "attributes": {
            "id": "prosper-fe",
            "policy": "{\"rules\":[{\"action\":{\"type\":\"expire\"},\"description\":\"Keep last 3 images\",\"rulePriority\":1,\"selection\":{\"countNumber\":3,\"countType\":\"imageCountMoreThan\",\"tagPrefixList\":[\"v\",\"prod\",\"stage\",\"test\"],\"tagStatus\":\"tagged\"}},{\"action\":{\"type\":\"expire\"},\"description\":\"Expire untagged images older than 14 days\",\"rulePriority\":2,\"selection\":{\"countNumber\":14,\"countType\":\"sinceImagePushed\",\"countUnit\":\"days\",\"tagStatus\":\"untagged\"}}]}",
            "region": "ap-south-1",
            "registry_id": "344367180480",
            "repository": "prosper-fe"
          },
          "sensitive_attributes": [],
          "identity_schema_version": 0,
          "identity": {
            "account_id": "344367180480",
            "region": "ap-south-1",
            "repository": "prosper-fe"
          },
          "private": "bnVsbA==",
          "dependencies": [
            "module.ecr.aws_ecr_repository.this"
          ]
        }
      ]
    },
    {
      "module": "module.ecr[\"prosper-fe\"]",
      "mode": "managed",
      "type": "aws_ecr_repository",
      "name": "this",
      "provider": "provider[\"registry.terraform.io/hashicorp/aws\"]",
      "instances": [
        {
          "schema_version": 0,
          "attributes": {
            "arn": "arn:aws:ecr:ap-south-1:344367180480:repository/prosper-fe",
            "encryption_configuration": [
              {
                "encryption_type": "AES256",
                "kms_key": ""
              }
            ],
            "force_delete": null,
            "id": "prosper-fe",
            "image_scanning_configuration": [
              {
                "scan_on_push": true
              }
            ],
            "image_tag_mutability": "MUTABLE",
            "image_tag_mutability_exclusion_filter": [],
            "name": "prosper-fe",
            "region": "ap-south-1",
            "registry_id": "344367180480",
            "repository_url": "344367180480.dkr.ecr.ap-south-1.amazonaws.com/prosper-fe",
            "tags": {
              "Environment": "stage",
              "Owner": "infra-team",
              "Project": "prosper-wealth"
            },
            "tags_all": {
              "Environment": "stage",
              "Owner": "infra-team",
              "Project": "prosper-wealth"
            },
            "timeouts": null
          },
          "sensitive_attributes": [],
          "identity_schema_version": 0,
          "identity": {
            "account_id": "344367180480",
            "name": "prosper-fe",
            "region": "ap-south-1"
          },
          "private": "eyJlMmJmYjczMC1lY2FhLTExZTYtOGY4OC0zNDM2M2JjN2M0YzAiOnsiZGVsZXRlIjoxMjAwMDAwMDAwMDAwfX0="
        }
      ]
    },
    {
      "module": "module.ecr[\"qr-api\"]",
      "mode": "managed",
      "type": "aws_ecr_lifecycle_policy",
      "name": "this",
      "provider": "provider[\"registry.terraform.io/hashicorp/aws\"]",
      "instances": [
        {
          "schema_version": 0,
          "attributes": {
            "id": "qr-api",
            "policy": "{\"rules\":[{\"action\":{\"type\":\"expire\"},\"description\":\"Keep last 3 images\",\"rulePriority\":1,\"selection\":{\"countNumber\":3,\"countType\":\"imageCountMoreThan\",\"tagPrefixList\":[\"v\",\"prod\",\"stage\",\"test\"],\"tagStatus\":\"tagged\"}},{\"action\":{\"type\":\"expire\"},\"description\":\"Expire untagged images older than 14 days\",\"rulePriority\":2,\"selection\":{\"countNumber\":14,\"countType\":\"sinceImagePushed\",\"countUnit\":\"days\",\"tagStatus\":\"untagged\"}}]}",
            "region": "ap-south-1",
            "registry_id": "344367180480",
            "repository": "qr-api"
          },
          "sensitive_attributes": [],
          "identity_schema_version": 0,
          "identity": {
            "account_id": "344367180480",
            "region": "ap-south-1",
            "repository": "qr-api"
          },
          "private": "bnVsbA==",
          "dependencies": [
            "module.ecr.aws_ecr_repository.this"
          ]
        }
      ]
    },
    {
      "module": "module.ecr[\"qr-api\"]",
      "mode": "managed",
      "type": "aws_ecr_repository",
      "name": "this",
      "provider": "provider[\"registry.terraform.io/hashicorp/aws\"]",
      "instances": [
        {
          "schema_version": 0,
          "attributes": {
            "arn": "arn:aws:ecr:ap-south-1:344367180480:repository/qr-api",
            "encryption_configuration": [
              {
                "encryption_type": "AES256",
                "kms_key": ""
              }
            ],
            "force_delete": null,
            "id": "qr-api",
            "image_scanning_configuration": [
              {
                "scan_on_push": true
              }
            ],
            "image_tag_mutability": "MUTABLE",
            "image_tag_mutability_exclusion_filter": [],
            "name": "qr-api",
            "region": "ap-south-1",
            "registry_id": "344367180480",
            "repository_url": "344367180480.dkr.ecr.ap-south-1.amazonaws.com/qr-api",
            "tags": {
              "Environment": "stage",
              "Owner": "infra-team",
              "Project": "lawyered"
            },
            "tags_all": {
              "Environment": "stage",
              "Owner": "infra-team",
              "Project": "lawyered"
            },
            "timeouts": null
          },
          "sensitive_attributes": [],
          "identity_schema_version": 0,
          "identity": {
            "account_id": "344367180480",
            "name": "qr-api",
            "region": "ap-south-1"
          },
          "private": "eyJlMmJmYjczMC1lY2FhLTExZTYtOGY4OC0zNDM2M2JjN2M0YzAiOnsiZGVsZXRlIjoxMjAwMDAwMDAwMDAwfX0="
        }
      ]
    },
    {
      "module": "module.eks[\"eks-cluster-np\"]",
      "mode": "data",
      "type": "tls_certificate",
      "name": "this",
      "provider": "provider[\"registry.terraform.io/hashicorp/tls\"]",
      "instances": [
        {
          "schema_version": 0,
          "attributes": {
            "certificates": [
              {
                "cert_pem": "-----BEGIN CERTIFICATE-----\nMIIEkjCCA3qgAwIBAgITBn+USionzfP6wq4rAfkI7rnExjANBgkqhkiG9w0BAQsF\nADCBmDELMAkGA1UEBhMCVVMxEDAOBgNVBAgTB0FyaXpvbmExEzARBgNVBAcTClNj\nb3R0c2RhbGUxJTAjBgNVBAoTHFN0YXJmaWVsZCBUZWNobm9sb2dpZXMsIEluYy4x\nOzA5BgNVBAMTMlN0YXJmaWVsZCBTZXJ2aWNlcyBSb290IENlcnRpZmljYXRlIEF1\ndGhvcml0eSAtIEcyMB4XDTE1MDUyNTEyMDAwMFoXDTM3MTIzMTAxMDAwMFowOTEL\nMAkGA1UEBhMCVVMxDzANBgNVBAoTBkFtYXpvbjEZMBcGA1UEAxMQQW1hem9uIFJv\nb3QgQ0EgMTCCASIwDQYJKoZIhvcNAQEBBQADggEPADCCAQoCggEBALJ4gHHKeNXj\nca9HgFB0fW7Y14h29Jlo91ghYPl0hAEvrAIthtOgQ3pOsqTQNroBvo3bSMgHFzZM\n9O6II8c+6zf1tRn4SWiw3te5djgdYZ6k/oI2peVKVuRF4fn9tBb6dNqcmzU5L/qw\nIFAGbHrQgLKm+a/sRxmPUDgH3KKHOVj4utWp+UhnMJbulHheb4mjUcAwhmahRWa6\nVOujw5H5SNz/0egwLX0tdHA114gk957EWW67c4cX8jJGKLhD+rcdqsq08p8kDi1L\n93FcXmn/6pUCyziKrlA4b9v7LWIbxcceVOF34GfID5yHI9Y/QCB/IIDEgEw+OyQm\njgSubJrIqg0CAwEAAaOCATEwggEtMA8GA1UdEwEB/wQFMAMBAf8wDgYDVR0PAQH/\nBAQDAgGGMB0GA1UdDgQWBBSEGMyFNOy8DJSULghZnMeyEE4KCDAfBgNVHSMEGDAW\ngBScXwDfqgHXMCs4iKK4bUqc8hGRgzB4BggrBgEFBQcBAQRsMGowLgYIKwYBBQUH\nMAGGImh0dHA6Ly9vY3NwLnJvb3RnMi5hbWF6b250cnVzdC5jb20wOAYIKwYBBQUH\nMAKGLGh0dHA6Ly9jcnQucm9vdGcyLmFtYXpvbnRydXN0LmNvbS9yb290ZzIuY2Vy\nMD0GA1UdHwQ2MDQwMqAwoC6GLGh0dHA6Ly9jcmwucm9vdGcyLmFtYXpvbnRydXN0\nLmNvbS9yb290ZzIuY3JsMBEGA1UdIAQKMAgwBgYEVR0gADANBgkqhkiG9w0BAQsF\nAAOCAQEAYjdCXLwQtT6LLOkMm2xF4gcAevnFWAu5CIw+7bMlPLVvUOTNNWqnkzSW\nMiGpSESrnO09tKpzbeR/FoCJbM8oAxiDR3mjEH4wW6w7sGDgd9QIpuEdfF7Au/ma\neyKdpwAJfqxGF4PcnCZXmTA5YpaP7dreqsXMGz7KQ2hsVxa81Q4gLv7/wmpdLqBK\nbRRYh5TmOTFffHPLkIhqhBGWJ6bt2YFGpn6jcgAKUj6DiAdjd4lpFw85hdKrCEVN\n0FE6/V1dN2RMfjCyVSRCnTawXZwXgWHxyvkQAiSr6w10kY17RSlQOYiypok1JR4U\nakcjMS9cmvqtmg5iUaQqqcT5NJ0hGA==\n-----END CERTIFICATE-----\n",
                "is_ca": true,
                "issuer": "CN=Starfield Services Root Certificate Authority - G2,O=Starfield Technologies\\, Inc.,L=Scottsdale,ST=Arizona,C=US",
                "max_path_length": -1,
                "not_after": "2037-12-31T01:00:00Z",
                "not_before": "2015-05-25T12:00:00Z",
                "public_key_algorithm": "RSA",
                "serial_number": "144918191876577076464031512351042010504348870",
                "sha1_fingerprint": "06b25927c42a721631c1efd9431e648fa62e1e39",
                "signature_algorithm": "SHA256-RSA",
                "subject": "CN=Amazon Root CA 1,O=Amazon,C=US",
                "version": 3
              },
              {
                "cert_pem": "-----BEGIN CERTIFICATE-----\nMIIEXjCCA0agAwIBAgITB3MSOAudZoijOx7Zv5zNpo4ODzANBgkqhkiG9w0BAQsF\nADA5MQswCQYDVQQGEwJVUzEPMA0GA1UEChMGQW1hem9uMRkwFwYDVQQDExBBbWF6\nb24gUm9vdCBDQSAxMB4XDTIyMDgyMzIyMjEyOFoXDTMwMDgyMzIyMjEyOFowPDEL\nMAkGA1UEBhMCVVMxDzANBgNVBAoTBkFtYXpvbjEcMBoGA1UEAxMTQW1hem9uIFJT\nQSAyMDQ4IE0wMTCCASIwDQYJKoZIhvcNAQEBBQADggEPADCCAQoCggEBAOtxLKnL\nH4gokjIwr4pXD3i3NyWVVYesZ1yX0yLI2qIUZ2t88Gfa4gMqs1YSXca1R/lnCKeT\nepWSGA+0+fkQNpp/L4C2T7oTTsddUx7g3ZYzByDTlrwS5HRQQqEFE3O1T5tEJP4t\nf+28IoXsNiEzl3UGzicYgtzj2cWCB41eJgEmJmcf2T8TzzK6a614ZPyq/w4CPAff\nnAV4coz96nW3AyiE2uhuB4zQUIXvgVSycW7sbWLvj5TDXunEpNCRwC4kkZjK7rol\njtT2cbb7W2s4Bkg3R42G3PLqBvt2N32e/0JOTViCk8/iccJ4sXqrS1uUN4iB5Nmv\nJK74csVl+0u0UecCAwEAAaOCAVowggFWMBIGA1UdEwEB/wQIMAYBAf8CAQAwDgYD\nVR0PAQH/BAQDAgGGMB0GA1UdJQQWMBQGCCsGAQUFBwMBBggrBgEFBQcDAjAdBgNV\nHQ4EFgQUgbgOY4qJEhjl+js7UJWf5uWQE4UwHwYDVR0jBBgwFoAUhBjMhTTsvAyU\nlC4IWZzHshBOCggwewYIKwYBBQUHAQEEbzBtMC8GCCsGAQUFBzABhiNodHRwOi8v\nb2NzcC5yb290Y2ExLmFtYXpvbnRydXN0LmNvbTA6BggrBgEFBQcwAoYuaHR0cDov\nL2NydC5yb290Y2ExLmFtYXpvbnRydXN0LmNvbS9yb290Y2ExLmNlcjA/BgNVHR8E\nODA2MDSgMqAwhi5odHRwOi8vY3JsLnJvb3RjYTEuYW1hem9udHJ1c3QuY29tL3Jv\nb3RjYTEuY3JsMBMGA1UdIAQMMAowCAYGZ4EMAQIBMA0GCSqGSIb3DQEBCwUAA4IB\nAQCtAN4CBSMuBjJitGuxlBbkEUDeK/pZwTXv4KqPK0G50fOHOQAd8j21p0cMBgbG\nkfMHVwLU7b0XwZCav0h1ogdPMN1KakK1DT0VwA/+hFvGPJnMV1Kx2G4S1ZaSk0uU\n5QfoiYIIano01J5k4T2HapKQmmOhS/iPtuo00wW+IMLeBuKMn3OLn005hcrOGTad\nhcmeyfhQP7Z+iKHvyoQGi1C0ClymHETx/chhQGDyYSWqB/THwnN15AwLQo0E5V9E\nSJlbe4mBlqeInUsNYugExNf+tOiybcrswBy8OFsd34XOW3rjSUtsuafd9AWySa3h\nxRRrwszrzX/WWGm6wyB+f7C4\n-----END CERTIFICATE-----\n",
                "is_ca": true,
                "issuer": "CN=Amazon Root CA 1,O=Amazon,C=US",
                "max_path_length": 0,
                "not_after": "2030-08-23T22:21:28Z",
                "not_before": "2022-08-23T22:21:28Z",
                "public_key_algorithm": "RSA",
                "serial_number": "166129328851546858514271303855646110030630415",
                "sha1_fingerprint": "2ad974a775f73cbdbbd8f5ac3a49255fa8fb1f8c",
                "signature_algorithm": "SHA256-RSA",
                "subject": "CN=Amazon RSA 2048 M01,O=Amazon,C=US",
                "version": 3
              },
              {
                "cert_pem": "-----BEGIN CERTIFICATE-----\nMIIF3TCCBMWgAwIBAgIQC4PYfnn7viYTJoWfANxTuTANBgkqhkiG9w0BAQsFADA8\nMQswCQYDVQQGEwJVUzEPMA0GA1UEChMGQW1hem9uMRwwGgYDVQQDExNBbWF6b24g\nUlNBIDIwNDggTTAxMB4XDTI2MDEyNzAwMDAwMFoXDTI3MDIyNTIzNTk1OVowKTEn\nMCUGA1UEAwweKi5la3MuYXAtc291dGgtMS5hbWF6b25hd3MuY29tMIIBIjANBgkq\nhkiG9w0BAQEFAAOCAQ8AMIIBCgKCAQEAhv5NQzOW57AibZtdURJXq/91G3oMa70K\no7Xrhq4XAD0nG6OiN/NImJ3lFP7uxWWSSnN5hAc9xcuDc/77ne9IjfxgNToosF8C\nUvHNnQ13y7pEqvYg0dosz6tM134cZkwyImGP8OeLaKV4FsHYVxIXEnQdI0bC3Qiv\nyjv5mcJuAaKpm+n3/m/qBUiyL4s82W4+LGHI1hCUum3iIGA2ip6Hp7BwVGMoKecs\njqAYiXKjdfBmN6FJIQ+RIxbEgPT+o1Kidfik/1PFH2im76CefXY0HXBoWDQmWZn5\nZ6WrQ3Fu+qI0R/HgHtEb1fa7KqcsWs07rOfnrJZaB5FQVeydUV1ElwIDAQABo4IC\n7DCCAugwHwYDVR0jBBgwFoAUgbgOY4qJEhjl+js7UJWf5uWQE4UwHQYDVR0OBBYE\nFFbaD6c98vgjLUjXSFaf8SPmFLeAMCkGA1UdEQQiMCCCHiouZWtzLmFwLXNvdXRo\nLTEuYW1hem9uYXdzLmNvbTATBgNVHSAEDDAKMAgGBmeBDAECATAOBgNVHQ8BAf8E\nBAMCBaAwEwYDVR0lBAwwCgYIKwYBBQUHAwEwOwYDVR0fBDQwMjAwoC6gLIYqaHR0\ncDovL2NybC5yMm0wMS5hbWF6b250cnVzdC5jb20vcjJtMDEuY3JsMHUGCCsGAQUF\nBwEBBGkwZzAtBggrBgEFBQcwAYYhaHR0cDovL29jc3AucjJtMDEuYW1hem9udHJ1\nc3QuY29tMDYGCCsGAQUFBzAChipodHRwOi8vY3J0LnIybTAxLmFtYXpvbnRydXN0\nLmNvbS9yMm0wMS5jZXIwDAYDVR0TAQH/BAIwADCCAX0GCisGAQQB1nkCBAIEggFt\nBIIBaQFnAHYATGPcmOWcHauI9h6KPd6uj6tEozd7X5uUw/uhnPzBviYAAAGb/M85\ngwAABAMARzBFAiEA1YKhCfg9RgldH6IFIowiYiRs1Addi8oMUCIQ2pBXG/QCIDQs\nuHxMlYyoJ8LFzGLKuDLeaCFypNISBk2B4qJMapD1AHUAHJ9oLOn68EVpUPgbloqH\n3dsyENhM5siy44JSSsTPWZ8AAAGb/M85mQAABAMARjBEAiB0syZumJQByPaA1tqz\nfyZqtCV1iIwQefAGuEHFV6wxcwIgRcOL6BTii+Y/9u/ZGQBOlfDxftwa/4Widc2t\nWDuVsUoAdgBgTJqven93XwHUBvySDciZ6wscffjJUhv6+hd3O5eLyQAAAZv8zzpe\nAAAEAwBHMEUCIHgL0hy9AdNqPvNbTd8wfUUWVAcVRLgTZNCPKX+9nBuaAiEAulm6\ngP+wgjr9cyefY98pksM9Yy19ZoCHaQXTZkQmkv4wDQYJKoZIhvcNAQELBQADggEB\nAKXbVJ9K5wYRv93nW9febVCXN4txei0vG1tsp+1RRtBlKb0n1QoxfY/QHY1aS+KS\n4iZWVqd/45PJBO6ETnGA26dBOzQEmIQaHXlzHmf7ChoQ/IAzGnv1b7zSz1WJ+dHI\nQCRcxud0g7zOsJLZ1E4w3tAIHCWnjBHheAPCPhoKm7ou2Uyg+lAb4R+mjMoAt+tI\nfIs1dL5XZzShQxP92SykI0R2CAuLpluRK+9xTm03tqu9zaVENWTwlLe6ZFXl/G5a\nCA8DoejDqXx5rhT/W3fQ/0wtLULz5253CN20wlNMY9M7rS0UABfxMnTj8tr21ikl\nXqThadIz4H6dg8PDUGq6xbg=\n-----END CERTIFICATE-----\n",
                "is_ca": false,
                "issuer": "CN=Amazon RSA 2048 M01,O=Amazon,C=US",
                "max_path_length": -1,
                "not_after": "2027-02-25T23:59:59Z",
                "not_before": "2026-01-27T00:00:00Z",
                "public_key_algorithm": "RSA",
                "serial_number": "15306089863077027100491464600926835641",
                "sha1_fingerprint": "9540116bb56e8ea19f0b4a08e845a17f827c131e",
                "signature_algorithm": "SHA256-RSA",
                "subject": "CN=*.eks.ap-south-1.amazonaws.com",
                "version": 3
              }
            ],
            "content": null,
            "id": "1e3a331631939a1ae4a625cd4244a4963dabbfa2",
            "url": "https://oidc.eks.ap-south-1.amazonaws.com/id/77586BABBD937DB9B577603121ED53F0",
            "verify_chain": true
          },
          "sensitive_attributes": [],
          "identity_schema_version": 0
        }
      ]
    },
    {
      "module": "module.eks[\"eks-cluster-np\"]",
      "mode": "managed",
      "type": "aws_eks_cluster",
      "name": "this",
      "provider": "provider[\"registry.terraform.io/hashicorp/aws\"]",
      "instances": [
        {
          "schema_version": 1,
          "attributes": {
            "access_config": [
              {
                "authentication_mode": "CONFIG_MAP",
                "bootstrap_cluster_creator_admin_permissions": true
              }
            ],
            "arn": "arn:aws:eks:ap-south-1:344367180480:cluster/eks-cluster-np",
            "bootstrap_self_managed_addons": true,
            "certificate_authority": [
              {
                "data": "LS0tLS1CRUdJTiBDRVJUSUZJQ0FURS0tLS0tCk1JSURCVENDQWUyZ0F3SUJBZ0lJVnlMT0E0L1F2blV3RFFZSktvWklodmNOQVFFTEJRQXdGVEVUTUJFR0ExVUUKQXhNS2EzVmlaWEp1WlhSbGN6QWVGdzB5TmpBME1UVXhNakl6TURSYUZ3MHpOakEwTVRJeE1qSTRNRFJhTUJVeApFekFSQmdOVkJBTVRDbXQxWW1WeWJtVjBaWE13Z2dFaU1BMEdDU3FHU0liM0RRRUJBUVVBQTRJQkR3QXdnZ0VLCkFvSUJBUURFNmNGR0ZiSXc1M1NkRUFqYVR4NWZtbVM1WkVjbDErOXh0MklQSVpjWUhKeDFlSzlBNnRqdGVVVWgKSjVLMUJ2eHVuajNYdTZCbzVGTEs2QitHd0QrVnBxeUtpU1dHSGMrRjBSREdLTy9BaFo1M2RZVDY3eXRmZUlsZgpjOHVGN1hKcXFUeXl1TytqMHBTTHJhaG40VmlKWHlBYzdZN3VxQlowRXpoRVNvMUpFcFdzelFpZ0N3QloxclNHClQ5cFpxczh0cWtnK0J4MFk2SjBVbFRxZHBaTzQ0RkYzbFBVNjJHNUZYVU9tSHJ6eUxqNWVlenVNZjRLWDZGR20KV1RiQ2V4eUhIeGM0c1NmTXVnbDNCNWEycGJTOVFwRWppd2ZYVWUzRVl2bUZpeGp6OWN3SE9vZVJzS0xqR3hyWApyeDQyOVlROUcwcEwvc2UyV0tQbFJPRmREazJ4QWdNQkFBR2pXVEJYTUE0R0ExVWREd0VCL3dRRUF3SUNwREFQCkJnTlZIUk1CQWY4RUJUQURBUUgvTUIwR0ExVWREZ1FXQkJUL0hCRmRmbFFrQkp4dzNMZ2VIOUpraHNBaUVqQVYKQmdOVkhSRUVEakFNZ2dwcmRXSmxjbTVsZEdWek1BMEdDU3FHU0liM0RRRUJDd1VBQTRJQkFRQjFvL0ZVTFpXbgoyUnR6dUhheGtIUmUwSzZSdU1tWXdGNXZVTUhjUjhjTnpiVHNoR1dsTXpRYldKeTBlQTRRUUxmQ254WVo5SXFIClcxNldwTnVNaWkzeHd6ajdZNDIyZ2taSjhuVUpzQmdNRk84eno5TkhMMDQ2aFRLTncxU1ZoY2oxc0FENVhqQmMKU2xORlBCVS85cW90bkNrZVZsd1hzSzRIL0c0WkF3b3RvOG1XZ3JjUTBrTWt5K2RlUWZYeEQ5S3Z5KzJFZzJMTQpLcGNCVzlxK0lYOEJYcUZBMU5VTjdOaGozY0lRUXdCZWRXand4T3o3TVR2TXhMR3ptUXZ4cTFCaFM4QXhMUittClRBRXJJZEwzUmpyd3R0MTdNVW5MdG1mMWNpSlNFTjkySnZ5aDFpbjR2UDBJbjRvdFdDNGViNEZPU3BuR2ZRMFUKQUxzT1hOWldROFR2Ci0tLS0tRU5EIENFUlRJRklDQVRFLS0tLS0K"
              }
            ],
            "cluster_id": null,
            "compute_config": [
              {
                "enabled": false,
                "node_pools": [],
                "node_role_arn": ""
              }
            ],
            "control_plane_scaling_config": [
              {
                "tier": "standard"
              }
            ],
            "created_at": "2026-04-15T12:24:08Z",
            "deletion_protection": true,
            "enabled_cluster_log_types": [
              "api",
              "audit",
              "authenticator",
              "controllerManager",
              "scheduler"
            ],
            "encryption_config": [],
            "endpoint": "https://77586BABBD937DB9B577603121ED53F0.gr7.ap-south-1.eks.amazonaws.com",
            "force_update_version": null,
            "id": "eks-cluster-np",
            "identity": [
              {
                "oidc": [
                  {
                    "issuer": "https://oidc.eks.ap-south-1.amazonaws.com/id/77586BABBD937DB9B577603121ED53F0"
                  }
                ]
              }
            ],
            "kubernetes_network_config": [
              {
                "elastic_load_balancing": [
                  {
                    "enabled": false
                  }
                ],
                "ip_family": "ipv4",
                "service_ipv4_cidr": "172.20.0.0/16",
                "service_ipv6_cidr": ""
              }
            ],
            "name": "eks-cluster-np",
            "outpost_config": [],
            "platform_version": "eks.9",
            "region": "ap-south-1",
            "remote_network_config": [],
            "role_arn": "arn:aws:iam::344367180480:role/eks-cluster-np-cluster-role",
            "status": "ACTIVE",
            "storage_config": [
              {
                "block_storage": [
                  {
                    "enabled": false
                  }
                ]
              }
            ],
            "tags": {
              "Name": "eks-cluster-np"
            },
            "tags_all": {
              "Name": "eks-cluster-np"
            },
            "timeouts": null,
            "upgrade_policy": [
              {
                "support_type": "EXTENDED"
              }
            ],
            "version": "1.35",
            "vpc_config": [
              {
                "cluster_security_group_id": "sg-0152074f63a943cd6",
                "endpoint_private_access": true,
                "endpoint_public_access": true,
                "public_access_cidrs": [
                  "0.0.0.0/0"
                ],
                "security_group_ids": [],
                "subnet_ids": [
                  "subnet-07c2d8ed75e016bce",
                  "subnet-0e0a91564b4e98ecb",
                  "subnet-0f7fbc61426069409"
                ],
                "vpc_id": "vpc-0658def16d58b8876"
              }
            ],
            "zonal_shift_config": []
          },
          "sensitive_attributes": [],
          "identity_schema_version": 0,
          "identity": {
            "account_id": "344367180480",
            "name": "eks-cluster-np",
            "region": "ap-south-1"
          },
          "private": "eyJlMmJmYjczMC1lY2FhLTExZTYtOGY4OC0zNDM2M2JjN2M0YzAiOnsiY3JlYXRlIjoxODAwMDAwMDAwMDAwLCJkZWxldGUiOjkwMDAwMDAwMDAwMCwidXBkYXRlIjozNjAwMDAwMDAwMDAwfSwic2NoZW1hX3ZlcnNpb24iOiIxIn0=",
          "dependencies": [
            "module.eks.aws_iam_role.cluster",
            "module.eks.aws_iam_role_policy_attachment.cluster_policy",
            "module.eks.aws_iam_role_policy_attachment.cluster_vpc_resource_controller",
            "module.vpc.aws_eip.nat",
            "module.vpc.aws_internet_gateway.this",
            "module.vpc.aws_nat_gateway.this",
            "module.vpc.aws_route_table.database",
            "module.vpc.aws_route_table.private",
            "module.vpc.aws_route_table.public",
            "module.vpc.aws_route_table_association.database",
            "module.vpc.aws_route_table_association.private",
            "module.vpc.aws_route_table_association.public",
            "module.vpc.aws_subnet.database",
            "module.vpc.aws_subnet.private",
            "module.vpc.aws_subnet.public",
            "module.vpc.aws_vpc.this"
          ]
        }
      ]
    },
    {
      "module": "module.eks[\"eks-cluster-np\"]",
      "mode": "managed",
      "type": "aws_eks_node_group",
      "name": "this",
      "provider": "provider[\"registry.terraform.io/hashicorp/aws\"]",
      "instances": [
        {
          "index_key": "eks-nodegroup-np",
          "schema_version": 0,
          "attributes": {
            "ami_type": "AL2023_x86_64_STANDARD",
            "arn": "arn:aws:eks:ap-south-1:344367180480:nodegroup/eks-cluster-np/eks-nodegroup-np/c0ceca98-0da3-f8b3-8dc8-036abd038795",
            "capacity_type": "ON_DEMAND",
            "cluster_name": "eks-cluster-np",
            "disk_size": 0,
            "force_update_version": null,
            "id": "eks-cluster-np:eks-nodegroup-np",
            "instance_types": [
              "m6a.large"
            ],
            "labels": {},
            "launch_template": [
              {
                "id": "lt-0f2afb7b08061ee9f",
                "name": "eks-cluster-np-eks-nodegroup-np-20260416062005905900000001",
                "version": "2"
              }
            ],
            "node_group_name": "eks-nodegroup-np",
            "node_group_name_prefix": "",
            "node_repair_config": [],
            "node_role_arn": "arn:aws:iam::344367180480:role/eks-cluster-np-node-role",
            "region": "ap-south-1",
            "release_version": "1.35.3-20260409",
            "remote_access": [],
            "resources": [
              {
                "autoscaling_groups": [
                  {
                    "name": "eks-eks-nodegroup-np-c0ceca98-0da3-f8b3-8dc8-036abd038795"
                  }
                ],
                "remote_access_security_group_id": ""
              }
            ],
            "scaling_config": [
              {
                "desired_size": 3,
                "max_size": 5,
                "min_size": 1
              }
            ],
            "status": "ACTIVE",
            "subnet_ids": [
              "subnet-07c2d8ed75e016bce",
              "subnet-0e0a91564b4e98ecb",
              "subnet-0f7fbc61426069409"
            ],
            "tags": {
              "Environment": "stage",
              "Name": "eks-node-1",
              "Project": "lawyered",
              "Service": "eks",
              "k8s.io/cluster-autoscaler/eks-cluster-np": "owned",
              "k8s.io/cluster-autoscaler/enabled": "true"
            },
            "tags_all": {
              "Environment": "stage",
              "Name": "eks-node-1",
              "Project": "lawyered",
              "Service": "eks",
              "k8s.io/cluster-autoscaler/eks-cluster-np": "owned",
              "k8s.io/cluster-autoscaler/enabled": "true"
            },
            "taint": [],
            "timeouts": null,
            "update_config": [
              {
                "max_unavailable": 1,
                "max_unavailable_percentage": 0,
                "update_strategy": ""
              }
            ],
            "version": "1.35"
          },
          "sensitive_attributes": [],
          "identity_schema_version": 0,
          "identity": {
            "account_id": "344367180480",
            "cluster_name": "eks-cluster-np",
            "node_group_name": "eks-nodegroup-np",
            "region": "ap-south-1"
          },
          "private": "eyJlMmJmYjczMC1lY2FhLTExZTYtOGY4OC0zNDM2M2JjN2M0YzAiOnsiY3JlYXRlIjozNjAwMDAwMDAwMDAwLCJkZWxldGUiOjM2MDAwMDAwMDAwMDAsInVwZGF0ZSI6MzYwMDAwMDAwMDAwMH19",
          "dependencies": [
            "module.eks.aws_eks_cluster.this",
            "module.eks.aws_iam_role.cluster",
            "module.eks.aws_iam_role.node",
            "module.eks.aws_iam_role_policy_attachment.cluster_policy",
            "module.eks.aws_iam_role_policy_attachment.cluster_vpc_resource_controller",
            "module.eks.aws_iam_role_policy_attachment.node_cni_policy",
            "module.eks.aws_iam_role_policy_attachment.node_ecr_readonly",
            "module.eks.aws_iam_role_policy_attachment.node_worker_policy",
            "module.eks.aws_launch_template.node_group",
            "module.vpc.aws_eip.nat",
            "module.vpc.aws_internet_gateway.this",
            "module.vpc.aws_nat_gateway.this",
            "module.vpc.aws_route_table.database",
            "module.vpc.aws_route_table.private",
            "module.vpc.aws_route_table.public",
            "module.vpc.aws_route_table_association.database",
            "module.vpc.aws_route_table_association.private",
            "module.vpc.aws_route_table_association.public",
            "module.vpc.aws_subnet.database",
            "module.vpc.aws_subnet.private",
            "module.vpc.aws_subnet.public",
            "module.vpc.aws_vpc.this"
          ]
        }
      ]
    },
    {
      "module": "module.eks[\"eks-cluster-np\"]",
      "mode": "managed",
      "type": "aws_iam_openid_connect_provider",
      "name": "this",
      "provider": "provider[\"registry.terraform.io/hashicorp/aws\"]",
      "instances": [
        {
          "schema_version": 0,
          "attributes": {
            "arn": "arn:aws:iam::344367180480:oidc-provider/oidc.eks.ap-south-1.amazonaws.com/id/77586BABBD937DB9B577603121ED53F0",
            "client_id_list": [
              "sts.amazonaws.com"
            ],
            "id": "arn:aws:iam::344367180480:oidc-provider/oidc.eks.ap-south-1.amazonaws.com/id/77586BABBD937DB9B577603121ED53F0",
            "tags": {
              "Name": "eks-cluster-np-oidc-provider"
            },
            "tags_all": {
              "Name": "eks-cluster-np-oidc-provider"
            },
            "thumbprint_list": [
              "06b25927c42a721631c1efd9431e648fa62e1e39"
            ],
            "url": "oidc.eks.ap-south-1.amazonaws.com/id/77586BABBD937DB9B577603121ED53F0"
          },
          "sensitive_attributes": [],
          "identity_schema_version": 0,
          "identity": {
            "arn": "arn:aws:iam::344367180480:oidc-provider/oidc.eks.ap-south-1.amazonaws.com/id/77586BABBD937DB9B577603121ED53F0"
          },
          "private": "bnVsbA==",
          "dependencies": [
            "module.eks.aws_eks_cluster.this",
            "module.eks.aws_iam_role.cluster",
            "module.eks.aws_iam_role_policy_attachment.cluster_policy",
            "module.eks.aws_iam_role_policy_attachment.cluster_vpc_resource_controller",
            "module.eks.data.tls_certificate.this",
            "module.vpc.aws_eip.nat",
            "module.vpc.aws_internet_gateway.this",
            "module.vpc.aws_nat_gateway.this",
            "module.vpc.aws_route_table.database",
            "module.vpc.aws_route_table.private",
            "module.vpc.aws_route_table.public",
            "module.vpc.aws_route_table_association.database",
            "module.vpc.aws_route_table_association.private",
            "module.vpc.aws_route_table_association.public",
            "module.vpc.aws_subnet.database",
            "module.vpc.aws_subnet.private",
            "module.vpc.aws_subnet.public",
            "module.vpc.aws_vpc.this"
          ]
        }
      ]
    },
    {
      "module": "module.eks[\"eks-cluster-np\"]",
      "mode": "managed",
      "type": "aws_iam_policy",
      "name": "cluster_autoscaler",
      "provider": "provider[\"registry.terraform.io/hashicorp/aws\"]",
      "instances": [
        {
          "schema_version": 0,
          "attributes": {
            "arn": "arn:aws:iam::344367180480:policy/eks-cluster-np-cluster-autoscaler-policy",
            "attachment_count": 1,
            "delay_after_policy_creation_in_ms": null,
            "description": "IAM policy for EKS Cluster Autoscaler",
            "id": "arn:aws:iam::344367180480:policy/eks-cluster-np-cluster-autoscaler-policy",
            "name": "eks-cluster-np-cluster-autoscaler-policy",
            "name_prefix": "",
            "path": "/",
            "policy": "{\"Statement\":[{\"Action\":[\"autoscaling:DescribeAutoScalingGroups\",\"autoscaling:DescribeAutoScalingInstances\",\"autoscaling:DescribeLaunchConfigurations\",\"autoscaling:DescribeTags\",\"autoscaling:SetDesiredCapacity\",\"autoscaling:TerminateInstanceInAutoScalingGroup\",\"ec2:DescribeLaunchTemplateVersions\",\"ec2:DescribeInstanceTypes\"],\"Effect\":\"Allow\",\"Resource\":\"*\"}],\"Version\":\"2012-10-17\"}",
            "policy_id": "ANPAVALPCFLADQCN5G6KL",
            "tags": {},
            "tags_all": {}
          },
          "sensitive_attributes": [],
          "identity_schema_version": 0,
          "identity": {
            "arn": "arn:aws:iam::344367180480:policy/eks-cluster-np-cluster-autoscaler-policy"
          },
          "private": "bnVsbA==",
          "dependencies": [
            "module.vpc.aws_eip.nat",
            "module.vpc.aws_internet_gateway.this",
            "module.vpc.aws_nat_gateway.this",
            "module.vpc.aws_route_table.database",
            "module.vpc.aws_route_table.private",
            "module.vpc.aws_route_table.public",
            "module.vpc.aws_route_table_association.database",
            "module.vpc.aws_route_table_association.private",
            "module.vpc.aws_route_table_association.public",
            "module.vpc.aws_subnet.database",
            "module.vpc.aws_subnet.private",
            "module.vpc.aws_subnet.public",
            "module.vpc.aws_vpc.this"
          ]
        }
      ]
    },
    {
      "module": "module.eks[\"eks-cluster-np\"]",
      "mode": "managed",
      "type": "aws_iam_role",
      "name": "cluster",
      "provider": "provider[\"registry.terraform.io/hashicorp/aws\"]",
      "instances": [
        {
          "schema_version": 0,
          "attributes": {
            "arn": "arn:aws:iam::344367180480:role/eks-cluster-np-cluster-role",
            "assume_role_policy": "{\"Statement\":[{\"Action\":\"sts:AssumeRole\",\"Effect\":\"Allow\",\"Principal\":{\"Service\":\"eks.amazonaws.com\"}}],\"Version\":\"2012-10-17\"}",
            "create_date": "2026-04-15T12:24:04Z",
            "description": "",
            "force_detach_policies": false,
            "id": "eks-cluster-np-cluster-role",
            "inline_policy": [],
            "managed_policy_arns": [
              "arn:aws:iam::aws:policy/AmazonEKSClusterPolicy",
              "arn:aws:iam::aws:policy/AmazonEKSVPCResourceController"
            ],
            "max_session_duration": 3600,
            "name": "eks-cluster-np-cluster-role",
            "name_prefix": "",
            "path": "/",
            "permissions_boundary": "",
            "tags": {
              "Name": "eks-cluster-np-cluster-role"
            },
            "tags_all": {
              "Name": "eks-cluster-np-cluster-role"
            },
            "unique_id": "AROAVALPCFLAOQAHBWXYZ"
          },
          "sensitive_attributes": [],
          "identity_schema_version": 0,
          "identity": {
            "account_id": "344367180480",
            "name": "eks-cluster-np-cluster-role"
          },
          "private": "bnVsbA==",
          "dependencies": [
            "module.vpc.aws_eip.nat",
            "module.vpc.aws_internet_gateway.this",
            "module.vpc.aws_nat_gateway.this",
            "module.vpc.aws_route_table.database",
            "module.vpc.aws_route_table.private",
            "module.vpc.aws_route_table.public",
            "module.vpc.aws_route_table_association.database",
            "module.vpc.aws_route_table_association.private",
            "module.vpc.aws_route_table_association.public",
            "module.vpc.aws_subnet.database",
            "module.vpc.aws_subnet.private",
            "module.vpc.aws_subnet.public",
            "module.vpc.aws_vpc.this"
          ]
        }
      ]
    },
    {
      "module": "module.eks[\"eks-cluster-np\"]",
      "mode": "managed",
      "type": "aws_iam_role",
      "name": "cluster_autoscaler",
      "provider": "provider[\"registry.terraform.io/hashicorp/aws\"]",
      "instances": [
        {
          "schema_version": 0,
          "attributes": {
            "arn": "arn:aws:iam::344367180480:role/eks-cluster-np-cluster-autoscaler-role",
            "assume_role_policy": "{\"Statement\":[{\"Action\":\"sts:AssumeRoleWithWebIdentity\",\"Condition\":{\"StringEquals\":{\"oidc.eks.ap-south-1.amazonaws.com/id/77586BABBD937DB9B577603121ED53F0:aud\":\"sts.amazonaws.com\",\"oidc.eks.ap-south-1.amazonaws.com/id/77586BABBD937DB9B577603121ED53F0:sub\":\"system:serviceaccount:kube-system:cluster-autoscaler\"}},\"Effect\":\"Allow\",\"Principal\":{\"Federated\":\"arn:aws:iam::344367180480:oidc-provider/oidc.eks.ap-south-1.amazonaws.com/id/77586BABBD937DB9B577603121ED53F0\"}}],\"Version\":\"2012-10-17\"}",
            "create_date": "2026-04-21T07:26:04Z",
            "description": "",
            "force_detach_policies": false,
            "id": "eks-cluster-np-cluster-autoscaler-role",
            "inline_policy": [],
            "managed_policy_arns": [
              "arn:aws:iam::344367180480:policy/eks-cluster-np-cluster-autoscaler-policy"
            ],
            "max_session_duration": 3600,
            "name": "eks-cluster-np-cluster-autoscaler-role",
            "name_prefix": "",
            "path": "/",
            "permissions_boundary": "",
            "tags": {},
            "tags_all": {},
            "unique_id": "AROAVALPCFLAOKGV3TZAU"
          },
          "sensitive_attributes": [],
          "identity_schema_version": 0,
          "identity": {
            "account_id": "344367180480",
            "name": "eks-cluster-np-cluster-autoscaler-role"
          },
          "private": "bnVsbA==",
          "dependencies": [
            "module.eks.aws_eks_cluster.this",
            "module.eks.aws_iam_openid_connect_provider.this",
            "module.eks.aws_iam_role.cluster",
            "module.eks.aws_iam_role_policy_attachment.cluster_policy",
            "module.eks.aws_iam_role_policy_attachment.cluster_vpc_resource_controller",
            "module.eks.data.tls_certificate.this",
            "module.vpc.aws_eip.nat",
            "module.vpc.aws_internet_gateway.this",
            "module.vpc.aws_nat_gateway.this",
            "module.vpc.aws_route_table.database",
            "module.vpc.aws_route_table.private",
            "module.vpc.aws_route_table.public",
            "module.vpc.aws_route_table_association.database",
            "module.vpc.aws_route_table_association.private",
            "module.vpc.aws_route_table_association.public",
            "module.vpc.aws_subnet.database",
            "module.vpc.aws_subnet.private",
            "module.vpc.aws_subnet.public",
            "module.vpc.aws_vpc.this"
          ]
        }
      ]
    },
    {
      "module": "module.eks[\"eks-cluster-np\"]",
      "mode": "managed",
      "type": "aws_iam_role",
      "name": "node",
      "provider": "provider[\"registry.terraform.io/hashicorp/aws\"]",
      "instances": [
        {
          "schema_version": 0,
          "attributes": {
            "arn": "arn:aws:iam::344367180480:role/eks-cluster-np-node-role",
            "assume_role_policy": "{\"Statement\":[{\"Action\":\"sts:AssumeRole\",\"Effect\":\"Allow\",\"Principal\":{\"Service\":\"ec2.amazonaws.com\"}}],\"Version\":\"2012-10-17\"}",
            "create_date": "2026-04-15T12:24:03Z",
            "description": "",
            "force_detach_policies": false,
            "id": "eks-cluster-np-node-role",
            "inline_policy": [],
            "managed_policy_arns": [
              "arn:aws:iam::aws:policy/AmazonEC2ContainerRegistryReadOnly",
              "arn:aws:iam::aws:policy/AmazonEKSWorkerNodePolicy",
              "arn:aws:iam::aws:policy/AmazonEKS_CNI_Policy"
            ],
            "max_session_duration": 3600,
            "name": "eks-cluster-np-node-role",
            "name_prefix": "",
            "path": "/",
            "permissions_boundary": "",
            "tags": {
              "Name": "eks-cluster-np-node-role"
            },
            "tags_all": {
              "Name": "eks-cluster-np-node-role"
            },
            "unique_id": "AROAVALPCFLAAA3FSJ5NE"
          },
          "sensitive_attributes": [],
          "identity_schema_version": 0,
          "identity": {
            "account_id": "344367180480",
            "name": "eks-cluster-np-node-role"
          },
          "private": "bnVsbA==",
          "dependencies": [
            "module.vpc.aws_eip.nat",
            "module.vpc.aws_internet_gateway.this",
            "module.vpc.aws_nat_gateway.this",
            "module.vpc.aws_route_table.database",
            "module.vpc.aws_route_table.private",
            "module.vpc.aws_route_table.public",
            "module.vpc.aws_route_table_association.database",
            "module.vpc.aws_route_table_association.private",
            "module.vpc.aws_route_table_association.public",
            "module.vpc.aws_subnet.database",
            "module.vpc.aws_subnet.private",
            "module.vpc.aws_subnet.public",
            "module.vpc.aws_vpc.this"
          ]
        }
      ]
    },
    {
      "module": "module.eks[\"eks-cluster-np\"]",
      "mode": "managed",
      "type": "aws_iam_role_policy_attachment",
      "name": "cluster_autoscaler_attach",
      "provider": "provider[\"registry.terraform.io/hashicorp/aws\"]",
      "instances": [
        {
          "schema_version": 0,
          "attributes": {
            "id": "eks-cluster-np-cluster-autoscaler-role/arn:aws:iam::344367180480:policy/eks-cluster-np-cluster-autoscaler-policy",
            "policy_arn": "arn:aws:iam::344367180480:policy/eks-cluster-np-cluster-autoscaler-policy",
            "role": "eks-cluster-np-cluster-autoscaler-role"
          },
          "sensitive_attributes": [],
          "identity_schema_version": 0,
          "identity": {
            "account_id": "344367180480",
            "policy_arn": "arn:aws:iam::344367180480:policy/eks-cluster-np-cluster-autoscaler-policy",
            "role": "eks-cluster-np-cluster-autoscaler-role"
          },
          "private": "bnVsbA==",
          "dependencies": [
            "module.eks.aws_eks_cluster.this",
            "module.eks.aws_iam_openid_connect_provider.this",
            "module.eks.aws_iam_policy.cluster_autoscaler",
            "module.eks.aws_iam_role.cluster",
            "module.eks.aws_iam_role.cluster_autoscaler",
            "module.eks.aws_iam_role_policy_attachment.cluster_policy",
            "module.eks.aws_iam_role_policy_attachment.cluster_vpc_resource_controller",
            "module.eks.data.tls_certificate.this",
            "module.vpc.aws_eip.nat",
            "module.vpc.aws_internet_gateway.this",
            "module.vpc.aws_nat_gateway.this",
            "module.vpc.aws_route_table.database",
            "module.vpc.aws_route_table.private",
            "module.vpc.aws_route_table.public",
            "module.vpc.aws_route_table_association.database",
            "module.vpc.aws_route_table_association.private",
            "module.vpc.aws_route_table_association.public",
            "module.vpc.aws_subnet.database",
            "module.vpc.aws_subnet.private",
            "module.vpc.aws_subnet.public",
            "module.vpc.aws_vpc.this"
          ]
        }
      ]
    },
    {
      "module": "module.eks[\"eks-cluster-np\"]",
      "mode": "managed",
      "type": "aws_iam_role_policy_attachment",
      "name": "cluster_policy",
      "provider": "provider[\"registry.terraform.io/hashicorp/aws\"]",
      "instances": [
        {
          "schema_version": 0,
          "attributes": {
            "id": "eks-cluster-np-cluster-role/arn:aws:iam::aws:policy/AmazonEKSClusterPolicy",
            "policy_arn": "arn:aws:iam::aws:policy/AmazonEKSClusterPolicy",
            "role": "eks-cluster-np-cluster-role"
          },
          "sensitive_attributes": [],
          "identity_schema_version": 0,
          "identity": {
            "account_id": "344367180480",
            "policy_arn": "arn:aws:iam::aws:policy/AmazonEKSClusterPolicy",
            "role": "eks-cluster-np-cluster-role"
          },
          "private": "bnVsbA==",
          "dependencies": [
            "module.eks.aws_iam_role.cluster",
            "module.vpc.aws_eip.nat",
            "module.vpc.aws_internet_gateway.this",
            "module.vpc.aws_nat_gateway.this",
            "module.vpc.aws_route_table.database",
            "module.vpc.aws_route_table.private",
            "module.vpc.aws_route_table.public",
            "module.vpc.aws_route_table_association.database",
            "module.vpc.aws_route_table_association.private",
            "module.vpc.aws_route_table_association.public",
            "module.vpc.aws_subnet.database",
            "module.vpc.aws_subnet.private",
            "module.vpc.aws_subnet.public",
            "module.vpc.aws_vpc.this"
          ]
        }
      ]
    },
    {
      "module": "module.eks[\"eks-cluster-np\"]",
      "mode": "managed",
      "type": "aws_iam_role_policy_attachment",
      "name": "cluster_vpc_resource_controller",
      "provider": "provider[\"registry.terraform.io/hashicorp/aws\"]",
      "instances": [
        {
          "schema_version": 0,
          "attributes": {
            "id": "eks-cluster-np-cluster-role/arn:aws:iam::aws:policy/AmazonEKSVPCResourceController",
            "policy_arn": "arn:aws:iam::aws:policy/AmazonEKSVPCResourceController",
            "role": "eks-cluster-np-cluster-role"
          },
          "sensitive_attributes": [],
          "identity_schema_version": 0,
          "identity": {
            "account_id": "344367180480",
            "policy_arn": "arn:aws:iam::aws:policy/AmazonEKSVPCResourceController",
            "role": "eks-cluster-np-cluster-role"
          },
          "private": "bnVsbA==",
          "dependencies": [
            "module.eks.aws_iam_role.cluster",
            "module.vpc.aws_eip.nat",
            "module.vpc.aws_internet_gateway.this",
            "module.vpc.aws_nat_gateway.this",
            "module.vpc.aws_route_table.database",
            "module.vpc.aws_route_table.private",
            "module.vpc.aws_route_table.public",
            "module.vpc.aws_route_table_association.database",
            "module.vpc.aws_route_table_association.private",
            "module.vpc.aws_route_table_association.public",
            "module.vpc.aws_subnet.database",
            "module.vpc.aws_subnet.private",
            "module.vpc.aws_subnet.public",
            "module.vpc.aws_vpc.this"
          ]
        }
      ]
    },
    {
      "module": "module.eks[\"eks-cluster-np\"]",
      "mode": "managed",
      "type": "aws_iam_role_policy_attachment",
      "name": "node_cni_policy",
      "provider": "provider[\"registry.terraform.io/hashicorp/aws\"]",
      "instances": [
        {
          "schema_version": 0,
          "attributes": {
            "id": "eks-cluster-np-node-role/arn:aws:iam::aws:policy/AmazonEKS_CNI_Policy",
            "policy_arn": "arn:aws:iam::aws:policy/AmazonEKS_CNI_Policy",
            "role": "eks-cluster-np-node-role"
          },
          "sensitive_attributes": [],
          "identity_schema_version": 0,
          "identity": {
            "account_id": "344367180480",
            "policy_arn": "arn:aws:iam::aws:policy/AmazonEKS_CNI_Policy",
            "role": "eks-cluster-np-node-role"
          },
          "private": "bnVsbA==",
          "dependencies": [
            "module.eks.aws_iam_role.node",
            "module.vpc.aws_eip.nat",
            "module.vpc.aws_internet_gateway.this",
            "module.vpc.aws_nat_gateway.this",
            "module.vpc.aws_route_table.database",
            "module.vpc.aws_route_table.private",
            "module.vpc.aws_route_table.public",
            "module.vpc.aws_route_table_association.database",
            "module.vpc.aws_route_table_association.private",
            "module.vpc.aws_route_table_association.public",
            "module.vpc.aws_subnet.database",
            "module.vpc.aws_subnet.private",
            "module.vpc.aws_subnet.public",
            "module.vpc.aws_vpc.this"
          ]
        }
      ]
    },
    {
      "module": "module.eks[\"eks-cluster-np\"]",
      "mode": "managed",
      "type": "aws_iam_role_policy_attachment",
      "name": "node_ecr_readonly",
      "provider": "provider[\"registry.terraform.io/hashicorp/aws\"]",
      "instances": [
        {
          "schema_version": 0,
          "attributes": {
            "id": "eks-cluster-np-node-role/arn:aws:iam::aws:policy/AmazonEC2ContainerRegistryReadOnly",
            "policy_arn": "arn:aws:iam::aws:policy/AmazonEC2ContainerRegistryReadOnly",
            "role": "eks-cluster-np-node-role"
          },
          "sensitive_attributes": [],
          "identity_schema_version": 0,
          "identity": {
            "account_id": "344367180480",
            "policy_arn": "arn:aws:iam::aws:policy/AmazonEC2ContainerRegistryReadOnly",
            "role": "eks-cluster-np-node-role"
          },
          "private": "bnVsbA==",
          "dependencies": [
            "module.eks.aws_iam_role.node",
            "module.vpc.aws_eip.nat",
            "module.vpc.aws_internet_gateway.this",
            "module.vpc.aws_nat_gateway.this",
            "module.vpc.aws_route_table.database",
            "module.vpc.aws_route_table.private",
            "module.vpc.aws_route_table.public",
            "module.vpc.aws_route_table_association.database",
            "module.vpc.aws_route_table_association.private",
            "module.vpc.aws_route_table_association.public",
            "module.vpc.aws_subnet.database",
            "module.vpc.aws_subnet.private",
            "module.vpc.aws_subnet.public",
            "module.vpc.aws_vpc.this"
          ]
        }
      ]
    },
    {
      "module": "module.eks[\"eks-cluster-np\"]",
      "mode": "managed",
      "type": "aws_iam_role_policy_attachment",
      "name": "node_worker_policy",
      "provider": "provider[\"registry.terraform.io/hashicorp/aws\"]",
      "instances": [
        {
          "schema_version": 0,
          "attributes": {
            "id": "eks-cluster-np-node-role/arn:aws:iam::aws:policy/AmazonEKSWorkerNodePolicy",
            "policy_arn": "arn:aws:iam::aws:policy/AmazonEKSWorkerNodePolicy",
            "role": "eks-cluster-np-node-role"
          },
          "sensitive_attributes": [],
          "identity_schema_version": 0,
          "identity": {
            "account_id": "344367180480",
            "policy_arn": "arn:aws:iam::aws:policy/AmazonEKSWorkerNodePolicy",
            "role": "eks-cluster-np-node-role"
          },
          "private": "bnVsbA==",
          "dependencies": [
            "module.eks.aws_iam_role.node",
            "module.vpc.aws_eip.nat",
            "module.vpc.aws_internet_gateway.this",
            "module.vpc.aws_nat_gateway.this",
            "module.vpc.aws_route_table.database",
            "module.vpc.aws_route_table.private",
            "module.vpc.aws_route_table.public",
            "module.vpc.aws_route_table_association.database",
            "module.vpc.aws_route_table_association.private",
            "module.vpc.aws_route_table_association.public",
            "module.vpc.aws_subnet.database",
            "module.vpc.aws_subnet.private",
            "module.vpc.aws_subnet.public",
            "module.vpc.aws_vpc.this"
          ]
        }
      ]
    },
    {
      "module": "module.eks[\"eks-cluster-np\"]",
      "mode": "managed",
      "type": "aws_launch_template",
      "name": "node_group",
      "provider": "provider[\"registry.terraform.io/hashicorp/aws\"]",
      "instances": [
        {
          "index_key": "eks-nodegroup-np",
          "schema_version": 1,
          "attributes": {
            "arn": "arn:aws:ec2:ap-south-1:344367180480:launch-template/lt-0f2afb7b08061ee9f",
            "block_device_mappings": [
              {
                "device_name": "/dev/xvda",
                "ebs": [
                  {
                    "delete_on_termination": "",
                    "encrypted": "",
                    "iops": 0,
                    "kms_key_id": "",
                    "snapshot_id": "",
                    "throughput": 0,
                    "volume_initialization_rate": 0,
                    "volume_size": 50,
                    "volume_type": "gp3"
                  }
                ],
                "no_device": "",
                "virtual_name": ""
              }
            ],
            "capacity_reservation_specification": [],
            "cpu_options": [],
            "credit_specification": [],
            "default_version": 1,
            "description": "",
            "disable_api_stop": false,
            "disable_api_termination": false,
            "ebs_optimized": "",
            "enclave_options": [],
            "hibernation_options": [],
            "iam_instance_profile": [],
            "id": "lt-0f2afb7b08061ee9f",
            "image_id": "",
            "instance_initiated_shutdown_behavior": "",
            "instance_market_options": [],
            "instance_requirements": [],
            "instance_type": "",
            "kernel_id": "",
            "key_name": "",
            "latest_version": 2,
            "license_specification": [],
            "maintenance_options": [],
            "metadata_options": [],
            "monitoring": [],
            "name": "eks-cluster-np-eks-nodegroup-np-20260416062005905900000001",
            "name_prefix": "eks-cluster-np-eks-nodegroup-np-",
            "network_interfaces": [],
            "network_performance_options": [],
            "placement": [],
            "private_dns_name_options": [],
            "ram_disk_id": "",
            "region": "ap-south-1",
            "secondary_interfaces": [],
            "security_group_names": [],
            "tag_specifications": [
              {
                "resource_type": "instance",
                "tags": {
                  "Environment": "stage",
                  "Name": "eks-node-1",
                  "Project": "lawyered",
                  "Service": "eks"
                }
              },
              {
                "resource_type": "volume",
                "tags": {
                  "Environment": "stage",
                  "Name": "eks-node-1",
                  "Project": "lawyered",
                  "Service": "eks"
                }
              }
            ],
            "tags": {},
            "tags_all": {},
            "update_default_version": null,
            "user_data": "",
            "vpc_security_group_ids": []
          },
          "sensitive_attributes": [],
          "identity_schema_version": 0,
          "identity": {
            "account_id": "344367180480",
            "id": "lt-0f2afb7b08061ee9f",
            "region": "ap-south-1"
          },
          "private": "eyJzY2hlbWFfdmVyc2lvbiI6IjEifQ==",
          "dependencies": [
            "module.vpc.aws_eip.nat",
            "module.vpc.aws_internet_gateway.this",
            "module.vpc.aws_nat_gateway.this",
            "module.vpc.aws_route_table.database",
            "module.vpc.aws_route_table.private",
            "module.vpc.aws_route_table.public",
            "module.vpc.aws_route_table_association.database",
            "module.vpc.aws_route_table_association.private",
            "module.vpc.aws_route_table_association.public",
            "module.vpc.aws_subnet.database",
            "module.vpc.aws_subnet.private",
            "module.vpc.aws_subnet.public",
            "module.vpc.aws_vpc.this"
          ],
          "create_before_destroy": true
        }
      ]
    },
    {
      "module": "module.eks_addons[\"eks-cluster-np\"]",
      "mode": "managed",
      "type": "aws_eks_addon",
      "name": "coredns",
      "provider": "provider[\"registry.terraform.io/hashicorp/aws\"]",
      "instances": [
        {
          "schema_version": 0,
          "attributes": {
            "addon_name": "coredns",
            "addon_version": "v1.13.2-eksbuild.3",
            "arn": "arn:aws:eks:ap-south-1:344367180480:addon/eks-cluster-np/coredns/82ced769-d570-70bb-707d-e200e265bd12",
            "cluster_name": "eks-cluster-np",
            "configuration_values": "",
            "created_at": "2026-04-21T06:56:40Z",
            "id": "eks-cluster-np:coredns",
            "modified_at": "2026-04-21T06:56:54Z",
            "namespace_config": [
              {
                "namespace": "kube-system"
              }
            ],
            "pod_identity_association": [],
            "preserve": null,
            "region": "ap-south-1",
            "resolve_conflicts_on_create": null,
            "resolve_conflicts_on_update": null,
            "service_account_role_arn": "",
            "tags": {},
            "tags_all": {},
            "timeouts": null
          },
          "sensitive_attributes": [],
          "identity_schema_version": 0,
          "identity": {
            "account_id": "344367180480",
            "addon_name": "coredns",
            "cluster_name": "eks-cluster-np",
            "region": "ap-south-1"
          },
          "private": "eyJlMmJmYjczMC1lY2FhLTExZTYtOGY4OC0zNDM2M2JjN2M0YzAiOnsiY3JlYXRlIjoxMjAwMDAwMDAwMDAwLCJkZWxldGUiOjI0MDAwMDAwMDAwMDAsInVwZGF0ZSI6MTIwMDAwMDAwMDAwMH19",
          "dependencies": [
            "module.eks.aws_eks_cluster.this",
            "module.eks.aws_eks_node_group.this",
            "module.eks.aws_iam_openid_connect_provider.this",
            "module.eks.aws_iam_policy.cluster_autoscaler",
            "module.eks.aws_iam_role.cluster",
            "module.eks.aws_iam_role.cluster_autoscaler",
            "module.eks.aws_iam_role.node",
            "module.eks.aws_iam_role_policy_attachment.cluster_autoscaler_attach",
            "module.eks.aws_iam_role_policy_attachment.cluster_policy",
            "module.eks.aws_iam_role_policy_attachment.cluster_vpc_resource_controller",
            "module.eks.aws_iam_role_policy_attachment.node_cni_policy",
            "module.eks.aws_iam_role_policy_attachment.node_ecr_readonly",
            "module.eks.aws_iam_role_policy_attachment.node_worker_policy",
            "module.eks.aws_launch_template.node_group",
            "module.eks.data.tls_certificate.this",
            "module.vpc.aws_eip.nat",
            "module.vpc.aws_internet_gateway.this",
            "module.vpc.aws_nat_gateway.this",
            "module.vpc.aws_route_table.database",
            "module.vpc.aws_route_table.private",
            "module.vpc.aws_route_table.public",
            "module.vpc.aws_route_table_association.database",
            "module.vpc.aws_route_table_association.private",
            "module.vpc.aws_route_table_association.public",
            "module.vpc.aws_subnet.database",
            "module.vpc.aws_subnet.private",
            "module.vpc.aws_subnet.public",
            "module.vpc.aws_vpc.this"
          ]
        }
      ]
    },
    {
      "module": "module.eks_addons[\"eks-cluster-np\"]",
      "mode": "managed",
      "type": "aws_eks_addon",
      "name": "ebs_csi",
      "provider": "provider[\"registry.terraform.io/hashicorp/aws\"]",
      "instances": [
        {
          "schema_version": 0,
          "attributes": {
            "addon_name": "aws-ebs-csi-driver",
            "addon_version": "v1.59.0-eksbuild.1",
            "arn": "arn:aws:eks:ap-south-1:344367180480:addon/eks-cluster-np/aws-ebs-csi-driver/90cedf8c-4889-c1c2-a035-d4464159eb61",
            "cluster_name": "eks-cluster-np",
            "configuration_values": "",
            "created_at": "2026-04-24T10:45:51Z",
            "id": "eks-cluster-np:aws-ebs-csi-driver",
            "modified_at": "2026-04-24T10:46:32Z",
            "namespace_config": [
              {
                "namespace": "kube-system"
              }
            ],
            "pod_identity_association": [],
            "preserve": null,
            "region": "ap-south-1",
            "resolve_conflicts_on_create": null,
            "resolve_conflicts_on_update": null,
            "service_account_role_arn": "arn:aws:iam::344367180480:role/eks-cluster-np-ebs-csi-role",
            "tags": {},
            "tags_all": {},
            "timeouts": null
          },
          "sensitive_attributes": [],
          "identity_schema_version": 0,
          "identity": {
            "account_id": "344367180480",
            "addon_name": "aws-ebs-csi-driver",
            "cluster_name": "eks-cluster-np",
            "region": "ap-south-1"
          },
          "private": "eyJlMmJmYjczMC1lY2FhLTExZTYtOGY4OC0zNDM2M2JjN2M0YzAiOnsiY3JlYXRlIjoxMjAwMDAwMDAwMDAwLCJkZWxldGUiOjI0MDAwMDAwMDAwMDAsInVwZGF0ZSI6MTIwMDAwMDAwMDAwMH19",
          "dependencies": [
            "module.eks.aws_eks_cluster.this",
            "module.eks.aws_eks_node_group.this",
            "module.eks.aws_iam_openid_connect_provider.this",
            "module.eks.aws_iam_policy.cluster_autoscaler",
            "module.eks.aws_iam_role.cluster",
            "module.eks.aws_iam_role.cluster_autoscaler",
            "module.eks.aws_iam_role.node",
            "module.eks.aws_iam_role_policy_attachment.cluster_autoscaler_attach",
            "module.eks.aws_iam_role_policy_attachment.cluster_policy",
            "module.eks.aws_iam_role_policy_attachment.cluster_vpc_resource_controller",
            "module.eks.aws_iam_role_policy_attachment.node_cni_policy",
            "module.eks.aws_iam_role_policy_attachment.node_ecr_readonly",
            "module.eks.aws_iam_role_policy_attachment.node_worker_policy",
            "module.eks.aws_launch_template.node_group",
            "module.eks.data.tls_certificate.this",
            "module.eks_addons.aws_iam_role.ebs_csi",
            "module.vpc.aws_eip.nat",
            "module.vpc.aws_internet_gateway.this",
            "module.vpc.aws_nat_gateway.this",
            "module.vpc.aws_route_table.database",
            "module.vpc.aws_route_table.private",
            "module.vpc.aws_route_table.public",
            "module.vpc.aws_route_table_association.database",
            "module.vpc.aws_route_table_association.private",
            "module.vpc.aws_route_table_association.public",
            "module.vpc.aws_subnet.database",
            "module.vpc.aws_subnet.private",
            "module.vpc.aws_subnet.public",
            "module.vpc.aws_vpc.this"
          ]
        }
      ]
    },
    {
      "module": "module.eks_addons[\"eks-cluster-np\"]",
      "mode": "managed",
      "type": "aws_eks_addon",
      "name": "kube_proxy",
      "provider": "provider[\"registry.terraform.io/hashicorp/aws\"]",
      "instances": [
        {
          "schema_version": 0,
          "attributes": {
            "addon_name": "kube-proxy",
            "addon_version": "v1.35.0-eksbuild.2",
            "arn": "arn:aws:eks:ap-south-1:344367180480:addon/eks-cluster-np/kube-proxy/7cced769-d573-56a2-05e4-db4aa9659958",
            "cluster_name": "eks-cluster-np",
            "configuration_values": "",
            "created_at": "2026-04-21T06:56:40Z",
            "id": "eks-cluster-np:kube-proxy",
            "modified_at": "2026-04-21T06:56:58Z",
            "namespace_config": [
              {
                "namespace": "kube-system"
              }
            ],
            "pod_identity_association": [],
            "preserve": null,
            "region": "ap-south-1",
            "resolve_conflicts_on_create": null,
            "resolve_conflicts_on_update": null,
            "service_account_role_arn": "",
            "tags": {},
            "tags_all": {},
            "timeouts": null
          },
          "sensitive_attributes": [],
          "identity_schema_version": 0,
          "identity": {
            "account_id": "344367180480",
            "addon_name": "kube-proxy",
            "cluster_name": "eks-cluster-np",
            "region": "ap-south-1"
          },
          "private": "eyJlMmJmYjczMC1lY2FhLTExZTYtOGY4OC0zNDM2M2JjN2M0YzAiOnsiY3JlYXRlIjoxMjAwMDAwMDAwMDAwLCJkZWxldGUiOjI0MDAwMDAwMDAwMDAsInVwZGF0ZSI6MTIwMDAwMDAwMDAwMH19",
          "dependencies": [
            "module.eks.aws_eks_cluster.this",
            "module.eks.aws_eks_node_group.this",
            "module.eks.aws_iam_openid_connect_provider.this",
            "module.eks.aws_iam_policy.cluster_autoscaler",
            "module.eks.aws_iam_role.cluster",
            "module.eks.aws_iam_role.cluster_autoscaler",
            "module.eks.aws_iam_role.node",
            "module.eks.aws_iam_role_policy_attachment.cluster_autoscaler_attach",
            "module.eks.aws_iam_role_policy_attachment.cluster_policy",
            "module.eks.aws_iam_role_policy_attachment.cluster_vpc_resource_controller",
            "module.eks.aws_iam_role_policy_attachment.node_cni_policy",
            "module.eks.aws_iam_role_policy_attachment.node_ecr_readonly",
            "module.eks.aws_iam_role_policy_attachment.node_worker_policy",
            "module.eks.aws_launch_template.node_group",
            "module.eks.data.tls_certificate.this",
            "module.vpc.aws_eip.nat",
            "module.vpc.aws_internet_gateway.this",
            "module.vpc.aws_nat_gateway.this",
            "module.vpc.aws_route_table.database",
            "module.vpc.aws_route_table.private",
            "module.vpc.aws_route_table.public",
            "module.vpc.aws_route_table_association.database",
            "module.vpc.aws_route_table_association.private",
            "module.vpc.aws_route_table_association.public",
            "module.vpc.aws_subnet.database",
            "module.vpc.aws_subnet.private",
            "module.vpc.aws_subnet.public",
            "module.vpc.aws_vpc.this"
          ]
        }
      ]
    },
    {
      "module": "module.eks_addons[\"eks-cluster-np\"]",
      "mode": "managed",
      "type": "aws_eks_addon",
      "name": "metrics_server",
      "provider": "provider[\"registry.terraform.io/hashicorp/aws\"]",
      "instances": [
        {
          "schema_version": 0,
          "attributes": {
            "addon_name": "metrics-server",
            "addon_version": "v0.8.1-eksbuild.6",
            "arn": "arn:aws:eks:ap-south-1:344367180480:addon/eks-cluster-np/metrics-server/40ced769-d573-781b-9766-8d856c4cbd69",
            "cluster_name": "eks-cluster-np",
            "configuration_values": "",
            "created_at": "2026-04-21T06:56:40Z",
            "id": "eks-cluster-np:metrics-server",
            "modified_at": "2026-04-21T06:57:26Z",
            "namespace_config": [
              {
                "namespace": "kube-system"
              }
            ],
            "pod_identity_association": [],
            "preserve": null,
            "region": "ap-south-1",
            "resolve_conflicts_on_create": null,
            "resolve_conflicts_on_update": null,
            "service_account_role_arn": "",
            "tags": {},
            "tags_all": {},
            "timeouts": null
          },
          "sensitive_attributes": [],
          "identity_schema_version": 0,
          "identity": {
            "account_id": "344367180480",
            "addon_name": "metrics-server",
            "cluster_name": "eks-cluster-np",
            "region": "ap-south-1"
          },
          "private": "eyJlMmJmYjczMC1lY2FhLTExZTYtOGY4OC0zNDM2M2JjN2M0YzAiOnsiY3JlYXRlIjoxMjAwMDAwMDAwMDAwLCJkZWxldGUiOjI0MDAwMDAwMDAwMDAsInVwZGF0ZSI6MTIwMDAwMDAwMDAwMH19",
          "dependencies": [
            "module.eks.aws_eks_cluster.this",
            "module.eks.aws_eks_node_group.this",
            "module.eks.aws_iam_openid_connect_provider.this",
            "module.eks.aws_iam_policy.cluster_autoscaler",
            "module.eks.aws_iam_role.cluster",
            "module.eks.aws_iam_role.cluster_autoscaler",
            "module.eks.aws_iam_role.node",
            "module.eks.aws_iam_role_policy_attachment.cluster_autoscaler_attach",
            "module.eks.aws_iam_role_policy_attachment.cluster_policy",
            "module.eks.aws_iam_role_policy_attachment.cluster_vpc_resource_controller",
            "module.eks.aws_iam_role_policy_attachment.node_cni_policy",
            "module.eks.aws_iam_role_policy_attachment.node_ecr_readonly",
            "module.eks.aws_iam_role_policy_attachment.node_worker_policy",
            "module.eks.aws_launch_template.node_group",
            "module.eks.data.tls_certificate.this",
            "module.vpc.aws_eip.nat",
            "module.vpc.aws_internet_gateway.this",
            "module.vpc.aws_nat_gateway.this",
            "module.vpc.aws_route_table.database",
            "module.vpc.aws_route_table.private",
            "module.vpc.aws_route_table.public",
            "module.vpc.aws_route_table_association.database",
            "module.vpc.aws_route_table_association.private",
            "module.vpc.aws_route_table_association.public",
            "module.vpc.aws_subnet.database",
            "module.vpc.aws_subnet.private",
            "module.vpc.aws_subnet.public",
            "module.vpc.aws_vpc.this"
          ]
        }
      ]
    },
    {
      "module": "module.eks_addons[\"eks-cluster-np\"]",
      "mode": "managed",
      "type": "aws_eks_addon",
      "name": "vpc_cni",
      "provider": "provider[\"registry.terraform.io/hashicorp/aws\"]",
      "instances": [
        {
          "schema_version": 0,
          "attributes": {
            "addon_name": "vpc-cni",
            "addon_version": "v1.21.1-eksbuild.1",
            "arn": "arn:aws:eks:ap-south-1:344367180480:addon/eks-cluster-np/vpc-cni/ceced769-d8b3-39ce-0d7e-181170906b89",
            "cluster_name": "eks-cluster-np",
            "configuration_values": "",
            "created_at": "2026-04-21T06:56:42Z",
            "id": "eks-cluster-np:vpc-cni",
            "modified_at": "2026-04-21T06:57:00Z",
            "namespace_config": [
              {
                "namespace": "kube-system"
              }
            ],
            "pod_identity_association": [],
            "preserve": null,
            "region": "ap-south-1",
            "resolve_conflicts_on_create": null,
            "resolve_conflicts_on_update": null,
            "service_account_role_arn": "arn:aws:iam::344367180480:role/eks-cluster-np-vpc-cni-role",
            "tags": {},
            "tags_all": {},
            "timeouts": null
          },
          "sensitive_attributes": [],
          "identity_schema_version": 0,
          "identity": {
            "account_id": "344367180480",
            "addon_name": "vpc-cni",
            "cluster_name": "eks-cluster-np",
            "region": "ap-south-1"
          },
          "private": "eyJlMmJmYjczMC1lY2FhLTExZTYtOGY4OC0zNDM2M2JjN2M0YzAiOnsiY3JlYXRlIjoxMjAwMDAwMDAwMDAwLCJkZWxldGUiOjI0MDAwMDAwMDAwMDAsInVwZGF0ZSI6MTIwMDAwMDAwMDAwMH19",
          "dependencies": [
            "module.eks.aws_eks_cluster.this",
            "module.eks.aws_eks_node_group.this",
            "module.eks.aws_iam_openid_connect_provider.this",
            "module.eks.aws_iam_policy.cluster_autoscaler",
            "module.eks.aws_iam_role.cluster",
            "module.eks.aws_iam_role.cluster_autoscaler",
            "module.eks.aws_iam_role.node",
            "module.eks.aws_iam_role_policy_attachment.cluster_autoscaler_attach",
            "module.eks.aws_iam_role_policy_attachment.cluster_policy",
            "module.eks.aws_iam_role_policy_attachment.cluster_vpc_resource_controller",
            "module.eks.aws_iam_role_policy_attachment.node_cni_policy",
            "module.eks.aws_iam_role_policy_attachment.node_ecr_readonly",
            "module.eks.aws_iam_role_policy_attachment.node_worker_policy",
            "module.eks.aws_launch_template.node_group",
            "module.eks.data.tls_certificate.this",
            "module.eks_addons.aws_iam_role.vpc_cni",
            "module.vpc.aws_eip.nat",
            "module.vpc.aws_internet_gateway.this",
            "module.vpc.aws_nat_gateway.this",
            "module.vpc.aws_route_table.database",
            "module.vpc.aws_route_table.private",
            "module.vpc.aws_route_table.public",
            "module.vpc.aws_route_table_association.database",
            "module.vpc.aws_route_table_association.private",
            "module.vpc.aws_route_table_association.public",
            "module.vpc.aws_subnet.database",
            "module.vpc.aws_subnet.private",
            "module.vpc.aws_subnet.public",
            "module.vpc.aws_vpc.this"
          ]
        }
      ]
    },
    {
      "module": "module.eks_addons[\"eks-cluster-np\"]",
      "mode": "managed",
      "type": "aws_iam_role",
      "name": "ebs_csi",
      "provider": "provider[\"registry.terraform.io/hashicorp/aws\"]",
      "instances": [
        {
          "schema_version": 0,
          "attributes": {
            "arn": "arn:aws:iam::344367180480:role/eks-cluster-np-ebs-csi-role",
            "assume_role_policy": "{\"Statement\":[{\"Action\":\"sts:AssumeRoleWithWebIdentity\",\"Condition\":{\"StringEquals\":{\"oidc.eks.ap-south-1.amazonaws.com/id/77586BABBD937DB9B577603121ED53F0:aud\":\"sts.amazonaws.com\",\"oidc.eks.ap-south-1.amazonaws.com/id/77586BABBD937DB9B577603121ED53F0:sub\":\"system:serviceaccount:kube-system:ebs-csi-controller-sa\"}},\"Effect\":\"Allow\",\"Principal\":{\"Federated\":\"arn:aws:iam::344367180480:oidc-provider/oidc.eks.ap-south-1.amazonaws.com/id/77586BABBD937DB9B577603121ED53F0\"}}],\"Version\":\"2012-10-17\"}",
            "create_date": "2026-04-24T10:45:50Z",
            "description": "",
            "force_detach_policies": false,
            "id": "eks-cluster-np-ebs-csi-role",
            "inline_policy": [],
            "managed_policy_arns": [
              "arn:aws:iam::aws:policy/service-role/AmazonEBSCSIDriverPolicy"
            ],
            "max_session_duration": 3600,
            "name": "eks-cluster-np-ebs-csi-role",
            "name_prefix": "",
            "path": "/",
            "permissions_boundary": "",
            "tags": {
              "Name": "eks-cluster-np-ebs-csi-role"
            },
            "tags_all": {
              "Name": "eks-cluster-np-ebs-csi-role"
            },
            "unique_id": "AROAVALPCFLANACAZHYKU"
          },
          "sensitive_attributes": [],
          "identity_schema_version": 0,
          "identity": {
            "account_id": "344367180480",
            "name": "eks-cluster-np-ebs-csi-role"
          },
          "private": "bnVsbA==",
          "dependencies": [
            "module.eks.aws_eks_cluster.this",
            "module.eks.aws_eks_node_group.this",
            "module.eks.aws_iam_openid_connect_provider.this",
            "module.eks.aws_iam_policy.cluster_autoscaler",
            "module.eks.aws_iam_role.cluster",
            "module.eks.aws_iam_role.cluster_autoscaler",
            "module.eks.aws_iam_role.node",
            "module.eks.aws_iam_role_policy_attachment.cluster_autoscaler_attach",
            "module.eks.aws_iam_role_policy_attachment.cluster_policy",
            "module.eks.aws_iam_role_policy_attachment.cluster_vpc_resource_controller",
            "module.eks.aws_iam_role_policy_attachment.node_cni_policy",
            "module.eks.aws_iam_role_policy_attachment.node_ecr_readonly",
            "module.eks.aws_iam_role_policy_attachment.node_worker_policy",
            "module.eks.aws_launch_template.node_group",
            "module.eks.data.tls_certificate.this",
            "module.vpc.aws_eip.nat",
            "module.vpc.aws_internet_gateway.this",
            "module.vpc.aws_nat_gateway.this",
            "module.vpc.aws_route_table.database",
            "module.vpc.aws_route_table.private",
            "module.vpc.aws_route_table.public",
            "module.vpc.aws_route_table_association.database",
            "module.vpc.aws_route_table_association.private",
            "module.vpc.aws_route_table_association.public",
            "module.vpc.aws_subnet.database",
            "module.vpc.aws_subnet.private",
            "module.vpc.aws_subnet.public",
            "module.vpc.aws_vpc.this"
          ]
        }
      ]
    },
    {
      "module": "module.eks_addons[\"eks-cluster-np\"]",
      "mode": "managed",
      "type": "aws_iam_role",
      "name": "vpc_cni",
      "provider": "provider[\"registry.terraform.io/hashicorp/aws\"]",
      "instances": [
        {
          "schema_version": 0,
          "attributes": {
            "arn": "arn:aws:iam::344367180480:role/eks-cluster-np-vpc-cni-role",
            "assume_role_policy": "{\"Statement\":[{\"Action\":\"sts:AssumeRoleWithWebIdentity\",\"Condition\":{\"StringEquals\":{\"oidc.eks.ap-south-1.amazonaws.com/id/77586BABBD937DB9B577603121ED53F0:aud\":\"sts.amazonaws.com\",\"oidc.eks.ap-south-1.amazonaws.com/id/77586BABBD937DB9B577603121ED53F0:sub\":\"system:serviceaccount:kube-system:aws-node\"}},\"Effect\":\"Allow\",\"Principal\":{\"Federated\":\"arn:aws:iam::344367180480:oidc-provider/oidc.eks.ap-south-1.amazonaws.com/id/77586BABBD937DB9B577603121ED53F0\"}}],\"Version\":\"2012-10-17\"}",
            "create_date": "2026-04-21T06:56:40Z",
            "description": "",
            "force_detach_policies": false,
            "id": "eks-cluster-np-vpc-cni-role",
            "inline_policy": [],
            "managed_policy_arns": [
              "arn:aws:iam::aws:policy/AmazonEKS_CNI_Policy"
            ],
            "max_session_duration": 3600,
            "name": "eks-cluster-np-vpc-cni-role",
            "name_prefix": "",
            "path": "/",
            "permissions_boundary": "",
            "tags": {
              "Name": "eks-cluster-np-vpc-cni-role"
            },
            "tags_all": {
              "Name": "eks-cluster-np-vpc-cni-role"
            },
            "unique_id": "AROAVALPCFLADKURS6T3E"
          },
          "sensitive_attributes": [],
          "identity_schema_version": 0,
          "identity": {
            "account_id": "344367180480",
            "name": "eks-cluster-np-vpc-cni-role"
          },
          "private": "bnVsbA==",
          "dependencies": [
            "module.eks.aws_eks_cluster.this",
            "module.eks.aws_eks_node_group.this",
            "module.eks.aws_iam_openid_connect_provider.this",
            "module.eks.aws_iam_policy.cluster_autoscaler",
            "module.eks.aws_iam_role.cluster",
            "module.eks.aws_iam_role.cluster_autoscaler",
            "module.eks.aws_iam_role.node",
            "module.eks.aws_iam_role_policy_attachment.cluster_autoscaler_attach",
            "module.eks.aws_iam_role_policy_attachment.cluster_policy",
            "module.eks.aws_iam_role_policy_attachment.cluster_vpc_resource_controller",
            "module.eks.aws_iam_role_policy_attachment.node_cni_policy",
            "module.eks.aws_iam_role_policy_attachment.node_ecr_readonly",
            "module.eks.aws_iam_role_policy_attachment.node_worker_policy",
            "module.eks.aws_launch_template.node_group",
            "module.eks.data.tls_certificate.this",
            "module.vpc.aws_eip.nat",
            "module.vpc.aws_internet_gateway.this",
            "module.vpc.aws_nat_gateway.this",
            "module.vpc.aws_route_table.database",
            "module.vpc.aws_route_table.private",
            "module.vpc.aws_route_table.public",
            "module.vpc.aws_route_table_association.database",
            "module.vpc.aws_route_table_association.private",
            "module.vpc.aws_route_table_association.public",
            "module.vpc.aws_subnet.database",
            "module.vpc.aws_subnet.private",
            "module.vpc.aws_subnet.public",
            "module.vpc.aws_vpc.this"
          ]
        }
      ]
    },
    {
      "module": "module.eks_addons[\"eks-cluster-np\"]",
      "mode": "managed",
      "type": "aws_iam_role_policy_attachment",
      "name": "ebs_csi_policy",
      "provider": "provider[\"registry.terraform.io/hashicorp/aws\"]",
      "instances": [
        {
          "schema_version": 0,
          "attributes": {
            "id": "eks-cluster-np-ebs-csi-role/arn:aws:iam::aws:policy/service-role/AmazonEBSCSIDriverPolicy",
            "policy_arn": "arn:aws:iam::aws:policy/service-role/AmazonEBSCSIDriverPolicy",
            "role": "eks-cluster-np-ebs-csi-role"
          },
          "sensitive_attributes": [],
          "identity_schema_version": 0,
          "identity": {
            "account_id": "344367180480",
            "policy_arn": "arn:aws:iam::aws:policy/service-role/AmazonEBSCSIDriverPolicy",
            "role": "eks-cluster-np-ebs-csi-role"
          },
          "private": "bnVsbA==",
          "dependencies": [
            "module.eks.aws_eks_cluster.this",
            "module.eks.aws_eks_node_group.this",
            "module.eks.aws_iam_openid_connect_provider.this",
            "module.eks.aws_iam_policy.cluster_autoscaler",
            "module.eks.aws_iam_role.cluster",
            "module.eks.aws_iam_role.cluster_autoscaler",
            "module.eks.aws_iam_role.node",
            "module.eks.aws_iam_role_policy_attachment.cluster_autoscaler_attach",
            "module.eks.aws_iam_role_policy_attachment.cluster_policy",
            "module.eks.aws_iam_role_policy_attachment.cluster_vpc_resource_controller",
            "module.eks.aws_iam_role_policy_attachment.node_cni_policy",
            "module.eks.aws_iam_role_policy_attachment.node_ecr_readonly",
            "module.eks.aws_iam_role_policy_attachment.node_worker_policy",
            "module.eks.aws_launch_template.node_group",
            "module.eks.data.tls_certificate.this",
            "module.eks_addons.aws_iam_role.ebs_csi",
            "module.vpc.aws_eip.nat",
            "module.vpc.aws_internet_gateway.this",
            "module.vpc.aws_nat_gateway.this",
            "module.vpc.aws_route_table.database",
            "module.vpc.aws_route_table.private",
            "module.vpc.aws_route_table.public",
            "module.vpc.aws_route_table_association.database",
            "module.vpc.aws_route_table_association.private",
            "module.vpc.aws_route_table_association.public",
            "module.vpc.aws_subnet.database",
            "module.vpc.aws_subnet.private",
            "module.vpc.aws_subnet.public",
            "module.vpc.aws_vpc.this"
          ]
        }
      ]
    },
    {
      "module": "module.eks_addons[\"eks-cluster-np\"]",
      "mode": "managed",
      "type": "aws_iam_role_policy_attachment",
      "name": "vpc_cni_policy",
      "provider": "provider[\"registry.terraform.io/hashicorp/aws\"]",
      "instances": [
        {
          "schema_version": 0,
          "attributes": {
            "id": "eks-cluster-np-vpc-cni-role/arn:aws:iam::aws:policy/AmazonEKS_CNI_Policy",
            "policy_arn": "arn:aws:iam::aws:policy/AmazonEKS_CNI_Policy",
            "role": "eks-cluster-np-vpc-cni-role"
          },
          "sensitive_attributes": [],
          "identity_schema_version": 0,
          "identity": {
            "account_id": "344367180480",
            "policy_arn": "arn:aws:iam::aws:policy/AmazonEKS_CNI_Policy",
            "role": "eks-cluster-np-vpc-cni-role"
          },
          "private": "bnVsbA==",
          "dependencies": [
            "module.eks.aws_eks_cluster.this",
            "module.eks.aws_eks_node_group.this",
            "module.eks.aws_iam_openid_connect_provider.this",
            "module.eks.aws_iam_policy.cluster_autoscaler",
            "module.eks.aws_iam_role.cluster",
            "module.eks.aws_iam_role.cluster_autoscaler",
            "module.eks.aws_iam_role.node",
            "module.eks.aws_iam_role_policy_attachment.cluster_autoscaler_attach",
            "module.eks.aws_iam_role_policy_attachment.cluster_policy",
            "module.eks.aws_iam_role_policy_attachment.cluster_vpc_resource_controller",
            "module.eks.aws_iam_role_policy_attachment.node_cni_policy",
            "module.eks.aws_iam_role_policy_attachment.node_ecr_readonly",
            "module.eks.aws_iam_role_policy_attachment.node_worker_policy",
            "module.eks.aws_launch_template.node_group",
            "module.eks.data.tls_certificate.this",
            "module.eks_addons.aws_iam_role.vpc_cni",
            "module.vpc.aws_eip.nat",
            "module.vpc.aws_internet_gateway.this",
            "module.vpc.aws_nat_gateway.this",
            "module.vpc.aws_route_table.database",
            "module.vpc.aws_route_table.private",
            "module.vpc.aws_route_table.public",
            "module.vpc.aws_route_table_association.database",
            "module.vpc.aws_route_table_association.private",
            "module.vpc.aws_route_table_association.public",
            "module.vpc.aws_subnet.database",
            "module.vpc.aws_subnet.private",
            "module.vpc.aws_subnet.public",
            "module.vpc.aws_vpc.this"
          ]
        }
      ]
    },
    {
      "module": "module.helm_scaling_addons[\"eks-cluster-np\"]",
      "mode": "managed",
      "type": "aws_iam_policy",
      "name": "lb_controller",
      "provider": "provider[\"registry.terraform.io/hashicorp/aws\"]",
      "instances": [
        {
          "schema_version": 0,
          "attributes": {
            "arn": "arn:aws:iam::344367180480:policy/eks-cluster-np-lb-controller-policy",
            "attachment_count": 1,
            "delay_after_policy_creation_in_ms": null,
            "description": "IAM policy for AWS Load Balancer Controller",
            "id": "arn:aws:iam::344367180480:policy/eks-cluster-np-lb-controller-policy",
            "name": "eks-cluster-np-lb-controller-policy",
            "name_prefix": "",
            "path": "/",
            "policy": "{\"Statement\":[{\"Action\":[\"iam:CreateServiceLinkedRole\"],\"Condition\":{\"StringEquals\":{\"iam:AWSServiceName\":\"elasticloadbalancing.amazonaws.com\"}},\"Effect\":\"Allow\",\"Resource\":\"*\"},{\"Action\":[\"ec2:DescribeAccountAttributes\",\"ec2:DescribeAddresses\",\"ec2:DescribeAvailabilityZones\",\"ec2:DescribeInternetGateways\",\"ec2:DescribeVpcs\",\"ec2:DescribeVpcPeeringConnections\",\"ec2:DescribeSubnets\",\"ec2:DescribeSecurityGroups\",\"ec2:DescribeInstances\",\"ec2:DescribeNetworkInterfaces\",\"ec2:DescribeTags\",\"ec2:GetCoipPoolUsage\",\"ec2:DescribeCoipPools\",\"ec2:GetSecurityGroupsForVpc\",\"ec2:DescribeIpamPools\",\"ec2:DescribeRouteTables\",\"elasticloadbalancing:DescribeLoadBalancers\",\"elasticloadbalancing:DescribeLoadBalancerAttributes\",\"elasticloadbalancing:DescribeListeners\",\"elasticloadbalancing:DescribeListenerCertificates\",\"elasticloadbalancing:DescribeSSLPolicies\",\"elasticloadbalancing:DescribeRules\",\"elasticloadbalancing:DescribeTargetGroups\",\"elasticloadbalancing:DescribeTargetGroupAttributes\",\"elasticloadbalancing:DescribeTargetHealth\",\"elasticloadbalancing:DescribeTags\",\"elasticloadbalancing:DescribeTrustStores\",\"elasticloadbalancing:DescribeListenerAttributes\",\"elasticloadbalancing:DescribeCapacityReservation\"],\"Effect\":\"Allow\",\"Resource\":\"*\"},{\"Action\":[\"cognito-idp:DescribeUserPoolClient\",\"acm:ListCertificates\",\"acm:DescribeCertificate\",\"iam:ListServerCertificates\",\"iam:GetServerCertificate\",\"waf-regional:GetWebACL\",\"waf-regional:GetWebACLForResource\",\"waf-regional:AssociateWebACL\",\"waf-regional:DisassociateWebACL\",\"wafv2:GetWebACL\",\"wafv2:GetWebACLForResource\",\"wafv2:AssociateWebACL\",\"wafv2:DisassociateWebACL\",\"shield:GetSubscriptionState\",\"shield:DescribeProtection\",\"shield:CreateProtection\",\"shield:DeleteProtection\"],\"Effect\":\"Allow\",\"Resource\":\"*\"},{\"Action\":[\"ec2:AuthorizeSecurityGroupIngress\",\"ec2:RevokeSecurityGroupIngress\"],\"Effect\":\"Allow\",\"Resource\":\"*\"},{\"Action\":[\"ec2:CreateSecurityGroup\"],\"Effect\":\"Allow\",\"Resource\":\"*\"},{\"Action\":[\"ec2:CreateTags\"],\"Condition\":{\"Null\":{\"aws:RequestTag/elbv2.k8s.aws/cluster\":\"false\"},\"StringEquals\":{\"ec2:CreateAction\":\"CreateSecurityGroup\"}},\"Effect\":\"Allow\",\"Resource\":\"arn:aws:ec2:*:*:security-group/*\"},{\"Action\":[\"ec2:CreateTags\",\"ec2:DeleteTags\"],\"Condition\":{\"Null\":{\"aws:RequestTag/elbv2.k8s.aws/cluster\":\"true\",\"aws:ResourceTag/elbv2.k8s.aws/cluster\":\"false\"}},\"Effect\":\"Allow\",\"Resource\":\"arn:aws:ec2:*:*:security-group/*\"},{\"Action\":[\"ec2:AuthorizeSecurityGroupIngress\",\"ec2:RevokeSecurityGroupIngress\",\"ec2:DeleteSecurityGroup\"],\"Condition\":{\"Null\":{\"aws:ResourceTag/elbv2.k8s.aws/cluster\":\"false\"}},\"Effect\":\"Allow\",\"Resource\":\"*\"},{\"Action\":[\"elasticloadbalancing:CreateLoadBalancer\",\"elasticloadbalancing:CreateTargetGroup\"],\"Condition\":{\"Null\":{\"aws:RequestTag/elbv2.k8s.aws/cluster\":\"false\"}},\"Effect\":\"Allow\",\"Resource\":\"*\"},{\"Action\":[\"elasticloadbalancing:CreateListener\",\"elasticloadbalancing:DeleteListener\",\"elasticloadbalancing:CreateRule\",\"elasticloadbalancing:DeleteRule\"],\"Effect\":\"Allow\",\"Resource\":\"*\"},{\"Action\":[\"elasticloadbalancing:AddTags\",\"elasticloadbalancing:RemoveTags\"],\"Condition\":{\"Null\":{\"aws:RequestTag/elbv2.k8s.aws/cluster\":\"true\",\"aws:ResourceTag/elbv2.k8s.aws/cluster\":\"false\"}},\"Effect\":\"Allow\",\"Resource\":[\"arn:aws:elasticloadbalancing:*:*:targetgroup/*/*\",\"arn:aws:elasticloadbalancing:*:*:loadbalancer/net/*/*\",\"arn:aws:elasticloadbalancing:*:*:loadbalancer/app/*/*\"]},{\"Action\":[\"elasticloadbalancing:AddTags\",\"elasticloadbalancing:RemoveTags\"],\"Effect\":\"Allow\",\"Resource\":[\"arn:aws:elasticloadbalancing:*:*:listener/net/*/*/*\",\"arn:aws:elasticloadbalancing:*:*:listener/app/*/*/*\",\"arn:aws:elasticloadbalancing:*:*:listener-rule/net/*/*/*\",\"arn:aws:elasticloadbalancing:*:*:listener-rule/app/*/*/*\"]},{\"Action\":[\"elasticloadbalancing:ModifyLoadBalancerAttributes\",\"elasticloadbalancing:SetIpAddressType\",\"elasticloadbalancing:SetSecurityGroups\",\"elasticloadbalancing:SetSubnets\",\"elasticloadbalancing:DeleteLoadBalancer\",\"elasticloadbalancing:ModifyTargetGroup\",\"elasticloadbalancing:ModifyTargetGroupAttributes\",\"elasticloadbalancing:DeleteTargetGroup\",\"elasticloadbalancing:ModifyListenerAttributes\",\"elasticloadbalancing:ModifyCapacityReservation\",\"elasticloadbalancing:ModifyIpPools\"],\"Condition\":{\"Null\":{\"aws:ResourceTag/elbv2.k8s.aws/cluster\":\"false\"}},\"Effect\":\"Allow\",\"Resource\":\"*\"},{\"Action\":[\"elasticloadbalancing:AddTags\"],\"Condition\":{\"Null\":{\"aws:RequestTag/elbv2.k8s.aws/cluster\":\"false\"},\"StringEquals\":{\"elasticloadbalancing:CreateAction\":[\"CreateTargetGroup\",\"CreateLoadBalancer\"]}},\"Effect\":\"Allow\",\"Resource\":[\"arn:aws:elasticloadbalancing:*:*:targetgroup/*/*\",\"arn:aws:elasticloadbalancing:*:*:loadbalancer/net/*/*\",\"arn:aws:elasticloadbalancing:*:*:loadbalancer/app/*/*\"]},{\"Action\":[\"elasticloadbalancing:RegisterTargets\",\"elasticloadbalancing:DeregisterTargets\"],\"Effect\":\"Allow\",\"Resource\":\"arn:aws:elasticloadbalancing:*:*:targetgroup/*/*\"},{\"Action\":[\"elasticloadbalancing:SetWebAcl\",\"elasticloadbalancing:ModifyListener\",\"elasticloadbalancing:AddListenerCertificates\",\"elasticloadbalancing:RemoveListenerCertificates\",\"elasticloadbalancing:ModifyRule\",\"elasticloadbalancing:SetRulePriorities\"],\"Effect\":\"Allow\",\"Resource\":\"*\"}],\"Version\":\"2012-10-17\"}",
            "policy_id": "ANPAVALPCFLACIPCUHSIU",
            "tags": {},
            "tags_all": {}
          },
          "sensitive_attributes": [],
          "identity_schema_version": 0,
          "identity": {
            "arn": "arn:aws:iam::344367180480:policy/eks-cluster-np-lb-controller-policy"
          },
          "private": "bnVsbA==",
          "dependencies": [
            "module.eks.aws_eks_cluster.this",
            "module.eks.aws_eks_node_group.this",
            "module.eks.aws_iam_openid_connect_provider.this",
            "module.eks.aws_iam_policy.cluster_autoscaler",
            "module.eks.aws_iam_role.cluster",
            "module.eks.aws_iam_role.cluster_autoscaler",
            "module.eks.aws_iam_role.node",
            "module.eks.aws_iam_role_policy_attachment.cluster_autoscaler_attach",
            "module.eks.aws_iam_role_policy_attachment.cluster_policy",
            "module.eks.aws_iam_role_policy_attachment.cluster_vpc_resource_controller",
            "module.eks.aws_iam_role_policy_attachment.node_cni_policy",
            "module.eks.aws_iam_role_policy_attachment.node_ecr_readonly",
            "module.eks.aws_iam_role_policy_attachment.node_worker_policy",
            "module.eks.aws_launch_template.node_group",
            "module.eks.data.tls_certificate.this",
            "module.vpc.aws_eip.nat",
            "module.vpc.aws_internet_gateway.this",
            "module.vpc.aws_nat_gateway.this",
            "module.vpc.aws_route_table.database",
            "module.vpc.aws_route_table.private",
            "module.vpc.aws_route_table.public",
            "module.vpc.aws_route_table_association.database",
            "module.vpc.aws_route_table_association.private",
            "module.vpc.aws_route_table_association.public",
            "module.vpc.aws_subnet.database",
            "module.vpc.aws_subnet.private",
            "module.vpc.aws_subnet.public",
            "module.vpc.aws_vpc.this"
          ]
        }
      ]
    },
    {
      "module": "module.helm_scaling_addons[\"eks-cluster-np\"]",
      "mode": "managed",
      "type": "aws_iam_role",
      "name": "lb_controller",
      "provider": "provider[\"registry.terraform.io/hashicorp/aws\"]",
      "instances": [
        {
          "schema_version": 0,
          "attributes": {
            "arn": "arn:aws:iam::344367180480:role/eks-cluster-np-lb-controller-role",
            "assume_role_policy": "{\"Statement\":[{\"Action\":\"sts:AssumeRoleWithWebIdentity\",\"Condition\":{\"StringEquals\":{\"oidc.eks.ap-south-1.amazonaws.com/id/77586BABBD937DB9B577603121ED53F0:sub\":\"system:serviceaccount:kube-system:aws-lb-controller-sa\"}},\"Effect\":\"Allow\",\"Principal\":{\"Federated\":\"arn:aws:iam::344367180480:oidc-provider/oidc.eks.ap-south-1.amazonaws.com/id/77586BABBD937DB9B577603121ED53F0\"}}],\"Version\":\"2012-10-17\"}",
            "create_date": "2026-04-21T12:16:34Z",
            "description": "",
            "force_detach_policies": false,
            "id": "eks-cluster-np-lb-controller-role",
            "inline_policy": [],
            "managed_policy_arns": [
              "arn:aws:iam::344367180480:policy/eks-cluster-np-lb-controller-policy"
            ],
            "max_session_duration": 3600,
            "name": "eks-cluster-np-lb-controller-role",
            "name_prefix": "",
            "path": "/",
            "permissions_boundary": "",
            "tags": {},
            "tags_all": {},
            "unique_id": "AROAVALPCFLAMQ5QL3A5J"
          },
          "sensitive_attributes": [],
          "identity_schema_version": 0,
          "identity": {
            "account_id": "344367180480",
            "name": "eks-cluster-np-lb-controller-role"
          },
          "private": "bnVsbA==",
          "dependencies": [
            "module.eks.aws_eks_cluster.this",
            "module.eks.aws_eks_node_group.this",
            "module.eks.aws_iam_openid_connect_provider.this",
            "module.eks.aws_iam_policy.cluster_autoscaler",
            "module.eks.aws_iam_role.cluster",
            "module.eks.aws_iam_role.cluster_autoscaler",
            "module.eks.aws_iam_role.node",
            "module.eks.aws_iam_role_policy_attachment.cluster_autoscaler_attach",
            "module.eks.aws_iam_role_policy_attachment.cluster_policy",
            "module.eks.aws_iam_role_policy_attachment.cluster_vpc_resource_controller",
            "module.eks.aws_iam_role_policy_attachment.node_cni_policy",
            "module.eks.aws_iam_role_policy_attachment.node_ecr_readonly",
            "module.eks.aws_iam_role_policy_attachment.node_worker_policy",
            "module.eks.aws_launch_template.node_group",
            "module.eks.data.tls_certificate.this",
            "module.vpc.aws_eip.nat",
            "module.vpc.aws_internet_gateway.this",
            "module.vpc.aws_nat_gateway.this",
            "module.vpc.aws_route_table.database",
            "module.vpc.aws_route_table.private",
            "module.vpc.aws_route_table.public",
            "module.vpc.aws_route_table_association.database",
            "module.vpc.aws_route_table_association.private",
            "module.vpc.aws_route_table_association.public",
            "module.vpc.aws_subnet.database",
            "module.vpc.aws_subnet.private",
            "module.vpc.aws_subnet.public",
            "module.vpc.aws_vpc.this"
          ]
        }
      ]
    },
    {
      "module": "module.helm_scaling_addons[\"eks-cluster-np\"]",
      "mode": "managed",
      "type": "aws_iam_role_policy_attachment",
      "name": "lb_controller_attach",
      "provider": "provider[\"registry.terraform.io/hashicorp/aws\"]",
      "instances": [
        {
          "schema_version": 0,
          "attributes": {
            "id": "eks-cluster-np-lb-controller-role/arn:aws:iam::344367180480:policy/eks-cluster-np-lb-controller-policy",
            "policy_arn": "arn:aws:iam::344367180480:policy/eks-cluster-np-lb-controller-policy",
            "role": "eks-cluster-np-lb-controller-role"
          },
          "sensitive_attributes": [],
          "identity_schema_version": 0,
          "identity": {
            "account_id": "344367180480",
            "policy_arn": "arn:aws:iam::344367180480:policy/eks-cluster-np-lb-controller-policy",
            "role": "eks-cluster-np-lb-controller-role"
          },
          "private": "bnVsbA==",
          "dependencies": [
            "module.eks.aws_eks_cluster.this",
            "module.eks.aws_eks_node_group.this",
            "module.eks.aws_iam_openid_connect_provider.this",
            "module.eks.aws_iam_policy.cluster_autoscaler",
            "module.eks.aws_iam_role.cluster",
            "module.eks.aws_iam_role.cluster_autoscaler",
            "module.eks.aws_iam_role.node",
            "module.eks.aws_iam_role_policy_attachment.cluster_autoscaler_attach",
            "module.eks.aws_iam_role_policy_attachment.cluster_policy",
            "module.eks.aws_iam_role_policy_attachment.cluster_vpc_resource_controller",
            "module.eks.aws_iam_role_policy_attachment.node_cni_policy",
            "module.eks.aws_iam_role_policy_attachment.node_ecr_readonly",
            "module.eks.aws_iam_role_policy_attachment.node_worker_policy",
            "module.eks.aws_launch_template.node_group",
            "module.eks.data.tls_certificate.this",
            "module.helm_scaling_addons.aws_iam_policy.lb_controller",
            "module.helm_scaling_addons.aws_iam_role.lb_controller",
            "module.vpc.aws_eip.nat",
            "module.vpc.aws_internet_gateway.this",
            "module.vpc.aws_nat_gateway.this",
            "module.vpc.aws_route_table.database",
            "module.vpc.aws_route_table.private",
            "module.vpc.aws_route_table.public",
            "module.vpc.aws_route_table_association.database",
            "module.vpc.aws_route_table_association.private",
            "module.vpc.aws_route_table_association.public",
            "module.vpc.aws_subnet.database",
            "module.vpc.aws_subnet.private",
            "module.vpc.aws_subnet.public",
            "module.vpc.aws_vpc.this"
          ]
        }
      ]
    },
    {
      "module": "module.helm_scaling_addons[\"eks-cluster-np\"]",
      "mode": "managed",
      "type": "helm_release",
      "name": "aws_lb_controller",
      "provider": "provider[\"registry.terraform.io/hashicorp/helm\"]",
      "instances": [
        {
          "schema_version": 1,
          "attributes": {
            "atomic": false,
            "chart": "aws-load-balancer-controller",
            "cleanup_on_fail": false,
            "create_namespace": false,
            "dependency_update": false,
            "description": null,
            "devel": null,
            "disable_crd_hooks": false,
            "disable_openapi_validation": false,
            "disable_webhooks": false,
            "force_update": false,
            "id": "aws-load-balancer-controller",
            "keyring": null,
            "lint": false,
            "manifest": null,
            "max_history": 0,
            "metadata": [
              {
                "app_version": "v3.2.1",
                "chart": "aws-load-balancer-controller",
                "first_deployed": 1776773920,
                "last_deployed": 1776774697,
                "name": "aws-load-balancer-controller",
                "namespace": "kube-system",
                "notes": "AWS Load Balancer controller installed!\n",
                "revision": 2,
                "values": "{\"clusterName\":\"eks-cluster-np\",\"region\":\"ap-south-1\",\"replicaCount\":1,\"serviceAccount\":{\"annotations\":{\"eks.amazonaws.com/role-arn\":\"arn:aws:iam::344367180480:role/eks-cluster-np-lb-controller-role\"},\"create\":true,\"name\":\"aws-lb-controller-sa\"},\"vpcId\":\"vpc-0658def16d58b8876\"}",
                "version": "3.2.1"
              }
            ],
            "name": "aws-load-balancer-controller",
            "namespace": "kube-system",
            "pass_credentials": false,
            "postrender": [],
            "recreate_pods": false,
            "render_subchart_notes": true,
            "replace": false,
            "repository": "https://aws.github.io/eks-charts",
            "repository_ca_file": null,
            "repository_cert_file": null,
            "repository_key_file": null,
            "repository_password": null,
            "repository_username": null,
            "reset_values": false,
            "reuse_values": false,
            "set": [
              {
                "name": "clusterName",
                "type": "",
                "value": "eks-cluster-np"
              },
              {
                "name": "region",
                "type": "",
                "value": "ap-south-1"
              },
              {
                "name": "serviceAccount.annotations.eks\\.amazonaws\\.com/role-arn",
                "type": "",
                "value": "arn:aws:iam::344367180480:role/eks-cluster-np-lb-controller-role"
              },
              {
                "name": "serviceAccount.create",
                "type": "",
                "value": "true"
              },
              {
                "name": "serviceAccount.name",
                "type": "",
                "value": "aws-lb-controller-sa"
              },
              {
                "name": "vpcId",
                "type": "",
                "value": "vpc-0658def16d58b8876"
              }
            ],
            "set_list": [],
            "set_sensitive": [],
            "skip_crds": false,
            "status": "deployed",
            "timeout": 300,
            "upgrade_install": null,
            "values": null,
            "verify": false,
            "version": "3.2.1",
            "wait": true,
            "wait_for_jobs": false
          },
          "sensitive_attributes": [
            [
              {
                "type": "get_attr",
                "value": "repository_password"
              }
            ]
          ],
          "identity_schema_version": 0,
          "private": "eyJzY2hlbWFfdmVyc2lvbiI6IjEifQ==",
          "dependencies": [
            "module.eks.aws_eks_cluster.this",
            "module.eks.aws_eks_node_group.this",
            "module.eks.aws_iam_openid_connect_provider.this",
            "module.eks.aws_iam_policy.cluster_autoscaler",
            "module.eks.aws_iam_role.cluster",
            "module.eks.aws_iam_role.cluster_autoscaler",
            "module.eks.aws_iam_role.node",
            "module.eks.aws_iam_role_policy_attachment.cluster_autoscaler_attach",
            "module.eks.aws_iam_role_policy_attachment.cluster_policy",
            "module.eks.aws_iam_role_policy_attachment.cluster_vpc_resource_controller",
            "module.eks.aws_iam_role_policy_attachment.node_cni_policy",
            "module.eks.aws_iam_role_policy_attachment.node_ecr_readonly",
            "module.eks.aws_iam_role_policy_attachment.node_worker_policy",
            "module.eks.aws_launch_template.node_group",
            "module.eks.data.tls_certificate.this",
            "module.helm_scaling_addons.aws_iam_policy.lb_controller",
            "module.helm_scaling_addons.aws_iam_role.lb_controller",
            "module.helm_scaling_addons.aws_iam_role_policy_attachment.lb_controller_attach",
            "module.vpc.aws_eip.nat",
            "module.vpc.aws_internet_gateway.this",
            "module.vpc.aws_nat_gateway.this",
            "module.vpc.aws_route_table.database",
            "module.vpc.aws_route_table.private",
            "module.vpc.aws_route_table.public",
            "module.vpc.aws_route_table_association.database",
            "module.vpc.aws_route_table_association.private",
            "module.vpc.aws_route_table_association.public",
            "module.vpc.aws_subnet.database",
            "module.vpc.aws_subnet.private",
            "module.vpc.aws_subnet.public",
            "module.vpc.aws_vpc.this"
          ]
        }
      ]
    },
    {
      "module": "module.helm_scaling_addons[\"eks-cluster-np\"]",
      "mode": "managed",
      "type": "helm_release",
      "name": "cluster_autoscaler",
      "provider": "provider[\"registry.terraform.io/hashicorp/helm\"]",
      "instances": [
        {
          "schema_version": 1,
          "attributes": {
            "atomic": false,
            "chart": "cluster-autoscaler",
            "cleanup_on_fail": false,
            "create_namespace": false,
            "dependency_update": false,
            "description": null,
            "devel": null,
            "disable_crd_hooks": false,
            "disable_openapi_validation": false,
            "disable_webhooks": false,
            "force_update": false,
            "id": "cluster-autoscaler",
            "keyring": null,
            "lint": false,
            "manifest": null,
            "max_history": 0,
            "metadata": [
              {
                "app_version": "1.32.0",
                "chart": "cluster-autoscaler",
                "first_deployed": 1776756847,
                "last_deployed": 1776756847,
                "name": "cluster-autoscaler",
                "namespace": "kube-system",
                "notes": "\n\nTo verify that cluster-autoscaler has started, run:\n\n  kubectl --namespace=kube-system get pods -l \"app.kubernetes.io/name=aws-cluster-autoscaler,app.kubernetes.io/instance=cluster-autoscaler\"",
                "revision": 1,
                "values": "{\"autoDiscovery\":{\"clusterName\":\"eks-cluster-np\"},\"awsRegion\":\"ap-south-1\",\"extraArgs\":{\"balance-similar-node-groups\":true,\"expander\":\"least-waste\",\"logtostderr\":true,\"skip-nodes-with-local-storage\":false,\"skip-nodes-with-system-pods\":false,\"stderrthreshold\":\"info\",\"v\":4},\"image\":{\"repository\":\"registry.k8s.io/autoscaling/cluster-autoscaler\",\"tag\":\"v1.35.0\"},\"rbac\":{\"create\":true,\"serviceAccount\":{\"annotations\":{\"eks.amazonaws.com/role-arn\":\"arn:aws:iam::344367180480:role/eks-cluster-np-cluster-autoscaler-role\"},\"name\":\"cluster-autoscaler\"}}}",
                "version": "9.45.0"
              }
            ],
            "name": "cluster-autoscaler",
            "namespace": "kube-system",
            "pass_credentials": false,
            "postrender": [],
            "recreate_pods": false,
            "render_subchart_notes": true,
            "replace": false,
            "repository": "https://kubernetes.github.io/autoscaler",
            "repository_ca_file": null,
            "repository_cert_file": null,
            "repository_key_file": null,
            "repository_password": null,
            "repository_username": null,
            "reset_values": false,
            "reuse_values": false,
            "set": [],
            "set_list": [],
            "set_sensitive": [],
            "skip_crds": false,
            "status": "deployed",
            "timeout": 300,
            "upgrade_install": null,
            "values": [
              "# Cluster Autoscaler configuration\nautoDiscovery:\n  clusterName: eks-cluster-np\n\nawsRegion: ap-south-1\n\nrbac:\n  create: true\n  serviceAccount:\n    name: cluster-autoscaler\n    annotations:\n      eks.amazonaws.com/role-arn: arn:aws:iam::344367180480:role/eks-cluster-np-cluster-autoscaler-role\n\nextraArgs:\n  v: 4\n  stderrthreshold: info\n  logtostderr: true\n  skip-nodes-with-local-storage: false\n  expander: least-waste\n  balance-similar-node-groups: true\n  skip-nodes-with-system-pods: false\n\nimage:\n  repository: registry.k8s.io/autoscaling/cluster-autoscaler\n  tag: v1.35.0\n"
            ],
            "verify": false,
            "version": "9.45.0",
            "wait": true,
            "wait_for_jobs": false
          },
          "sensitive_attributes": [
            [
              {
                "type": "get_attr",
                "value": "repository_password"
              }
            ]
          ],
          "identity_schema_version": 0,
          "private": "eyJzY2hlbWFfdmVyc2lvbiI6IjEifQ==",
          "dependencies": [
            "module.eks.aws_eks_cluster.this",
            "module.eks.aws_eks_node_group.this",
            "module.eks.aws_iam_openid_connect_provider.this",
            "module.eks.aws_iam_policy.cluster_autoscaler",
            "module.eks.aws_iam_role.cluster",
            "module.eks.aws_iam_role.cluster_autoscaler",
            "module.eks.aws_iam_role.node",
            "module.eks.aws_iam_role_policy_attachment.cluster_autoscaler_attach",
            "module.eks.aws_iam_role_policy_attachment.cluster_policy",
            "module.eks.aws_iam_role_policy_attachment.cluster_vpc_resource_controller",
            "module.eks.aws_iam_role_policy_attachment.node_cni_policy",
            "module.eks.aws_iam_role_policy_attachment.node_ecr_readonly",
            "module.eks.aws_iam_role_policy_attachment.node_worker_policy",
            "module.eks.aws_launch_template.node_group",
            "module.eks.data.tls_certificate.this",
            "module.vpc.aws_eip.nat",
            "module.vpc.aws_internet_gateway.this",
            "module.vpc.aws_nat_gateway.this",
            "module.vpc.aws_route_table.database",
            "module.vpc.aws_route_table.private",
            "module.vpc.aws_route_table.public",
            "module.vpc.aws_route_table_association.database",
            "module.vpc.aws_route_table_association.private",
            "module.vpc.aws_route_table_association.public",
            "module.vpc.aws_subnet.database",
            "module.vpc.aws_subnet.private",
            "module.vpc.aws_subnet.public",
            "module.vpc.aws_vpc.this"
          ]
        }
      ]
    },
    {
      "module": "module.rds[\"core-uat-db\"]",
      "mode": "managed",
      "type": "aws_db_instance",
      "name": "this",
      "provider": "provider[\"registry.terraform.io/hashicorp/aws\"]",
      "instances": [
        {
          "schema_version": 2,
          "attributes": {
            "address": "core-uat-db.cj446ammul0i.ap-south-1.rds.amazonaws.com",
            "allocated_storage": 30,
            "allow_major_version_upgrade": null,
            "apply_immediately": false,
            "arn": "arn:aws:rds:ap-south-1:344367180480:db:core-uat-db",
            "auto_minor_version_upgrade": true,
            "availability_zone": "ap-south-1a",
            "backup_retention_period": 7,
            "backup_target": "region",
            "backup_window": "16:59-17:29",
            "blue_green_update": [],
            "ca_cert_identifier": "rds-ca-rsa2048-g1",
            "character_set_name": "",
            "copy_tags_to_snapshot": false,
            "custom_iam_instance_profile": "",
            "customer_owned_ip_enabled": false,
            "database_insights_mode": "standard",
            "db_name": "core_uat_db",
            "db_subnet_group_name": "core-uat-db-subnet-group",
            "dedicated_log_volume": false,
            "delete_automated_backups": true,
            "deletion_protection": false,
            "domain": "",
            "domain_auth_secret_arn": "",
            "domain_dns_ips": [],
            "domain_fqdn": "",
            "domain_iam_role_name": "",
            "domain_ou": "",
            "enabled_cloudwatch_logs_exports": [],
            "endpoint": "core-uat-db.cj446ammul0i.ap-south-1.rds.amazonaws.com:5432",
            "engine": "postgres",
            "engine_lifecycle_support": "open-source-rds-extended-support",
            "engine_version": "15",
            "engine_version_actual": "15.17",
            "final_snapshot_identifier": null,
            "hosted_zone_id": "Z2VFMSZA74J7XZ",
            "iam_database_authentication_enabled": false,
            "id": "db-YU4E75KF2XWEEIGAMMYASKPATQ",
            "identifier": "core-uat-db",
            "identifier_prefix": "",
            "instance_class": "db.t4g.medium",
            "iops": 3000,
            "kms_key_id": "arn:aws:kms:ap-south-1:344367180480:key/994b8191-7949-433b-9632-ac51dfa853e8",
            "latest_restorable_time": "2026-04-30T15:43:47Z",
            "license_model": "postgresql-license",
            "listener_endpoint": [],
            "maintenance_window": "tue:09:59-tue:10:29",
            "manage_master_user_password": null,
            "master_user_secret": [],
            "master_user_secret_kms_key_id": null,
            "max_allocated_storage": 500,
            "monitoring_interval": 0,
            "monitoring_role_arn": "",
            "multi_az": false,
            "nchar_character_set_name": "",
            "network_type": "IPV4",
            "option_group_name": "default:postgres-15",
            "parameter_group_name": "default.postgres15",
            "password": "SecureTempPassword123!",
            "password_wo": null,
            "password_wo_version": null,
            "performance_insights_enabled": false,
            "performance_insights_kms_key_id": "",
            "performance_insights_retention_period": 0,
            "port": 5432,
            "publicly_accessible": false,
            "region": "ap-south-1",
            "replica_mode": "",
            "replicas": [],
            "replicate_source_db": "",
            "resource_id": "db-YU4E75KF2XWEEIGAMMYASKPATQ",
            "restore_to_point_in_time": [],
            "s3_import": [],
            "skip_final_snapshot": true,
            "snapshot_identifier": null,
            "status": "available",
            "storage_encrypted": true,
            "storage_throughput": 125,
            "storage_type": "gp3",
            "tags": {
              "Environment": "uat",
              "Name": "core-uat-db",
              "Project": "core",
              "Role": "database-rds"
            },
            "tags_all": {
              "Environment": "uat",
              "Name": "core-uat-db",
              "Project": "core",
              "Role": "database-rds"
            },
            "timeouts": null,
            "timezone": "",
            "upgrade_rollout_order": "second",
            "upgrade_storage_config": null,
            "username": "dbadmin",
            "vpc_security_group_ids": [
              "sg-0907821dddd9187be"
            ]
          },
          "sensitive_attributes": [
            [
              {
                "type": "get_attr",
                "value": "password"
              }
            ],
            [
              {
                "type": "get_attr",
                "value": "password_wo"
              }
            ]
          ],
          "identity_schema_version": 0,
          "private": "eyJlMmJmYjczMC1lY2FhLTExZTYtOGY4OC0zNDM2M2JjN2M0YzAiOnsiY3JlYXRlIjozMDAwMDAwMDAwMDAwLCJkZWxldGUiOjM2MDAwMDAwMDAwMDAsInVwZGF0ZSI6NDgwMDAwMDAwMDAwMH0sInNjaGVtYV92ZXJzaW9uIjoiMiJ9",
          "dependencies": [
            "module.rds.aws_db_subnet_group.this",
            "module.rds.aws_security_group.this",
            "module.vpc.aws_eip.nat",
            "module.vpc.aws_internet_gateway.this",
            "module.vpc.aws_nat_gateway.this",
            "module.vpc.aws_route_table.database",
            "module.vpc.aws_route_table.private",
            "module.vpc.aws_route_table.public",
            "module.vpc.aws_route_table_association.database",
            "module.vpc.aws_route_table_association.private",
            "module.vpc.aws_route_table_association.public",
            "module.vpc.aws_subnet.database",
            "module.vpc.aws_subnet.private",
            "module.vpc.aws_subnet.public",
            "module.vpc.aws_vpc.this"
          ]
        }
      ]
    },
    {
      "module": "module.rds[\"core-uat-db\"]",
      "mode": "managed",
      "type": "aws_db_subnet_group",
      "name": "this",
      "provider": "provider[\"registry.terraform.io/hashicorp/aws\"]",
      "instances": [
        {
          "schema_version": 0,
          "attributes": {
            "arn": "arn:aws:rds:ap-south-1:344367180480:subgrp:core-uat-db-subnet-group",
            "description": "DB subnet group for core-uat-db",
            "id": "core-uat-db-subnet-group",
            "name": "core-uat-db-subnet-group",
            "name_prefix": "",
            "region": "ap-south-1",
            "subnet_ids": [
              "subnet-00ea113a5f402edf3",
              "subnet-00f6f7d351e6cb377",
              "subnet-09ffbb3c87b784085"
            ],
            "supported_network_types": [
              "IPV4"
            ],
            "tags": {
              "Environment": "uat",
              "Name": "db-sub-grp",
              "Project": "core",
              "Role": "database-rds"
            },
            "tags_all": {
              "Environment": "uat",
              "Name": "db-sub-grp",
              "Project": "core",
              "Role": "database-rds"
            },
            "vpc_id": "vpc-0658def16d58b8876"
          },
          "sensitive_attributes": [],
          "identity_schema_version": 0,
          "private": "bnVsbA==",
          "dependencies": [
            "module.vpc.aws_eip.nat",
            "module.vpc.aws_internet_gateway.this",
            "module.vpc.aws_nat_gateway.this",
            "module.vpc.aws_route_table.database",
            "module.vpc.aws_route_table.private",
            "module.vpc.aws_route_table.public",
            "module.vpc.aws_route_table_association.database",
            "module.vpc.aws_route_table_association.private",
            "module.vpc.aws_route_table_association.public",
            "module.vpc.aws_subnet.database",
            "module.vpc.aws_subnet.private",
            "module.vpc.aws_subnet.public",
            "module.vpc.aws_vpc.this"
          ]
        }
      ]
    },
    {
      "module": "module.rds[\"core-uat-db\"]",
      "mode": "managed",
      "type": "aws_security_group",
      "name": "this",
      "provider": "provider[\"registry.terraform.io/hashicorp/aws\"]",
      "instances": [
        {
          "schema_version": 1,
          "attributes": {
            "arn": "arn:aws:ec2:ap-south-1:344367180480:security-group/sg-0907821dddd9187be",
            "description": "Security group for RDS instance core-uat-db",
            "egress": [
              {
                "cidr_blocks": [
                  "0.0.0.0/0"
                ],
                "description": "Allow all outbound traffic",
                "from_port": 0,
                "ipv6_cidr_blocks": [],
                "prefix_list_ids": [],
                "protocol": "-1",
                "security_groups": [],
                "self": false,
                "to_port": 0
              }
            ],
            "id": "sg-0907821dddd9187be",
            "ingress": [
              {
                "cidr_blocks": [
                  "10.100.49.215/32"
                ],
                "description": "bastion",
                "from_port": 5432,
                "ipv6_cidr_blocks": [],
                "prefix_list_ids": [],
                "protocol": "tcp",
                "security_groups": [],
                "self": false,
                "to_port": 5432
              }
            ],
            "name": "core-uat-db-SG",
            "name_prefix": "",
            "owner_id": "344367180480",
            "region": "ap-south-1",
            "revoke_rules_on_delete": false,
            "tags": {
              "Environment": "uat",
              "Name": "rds-sg",
              "Project": "core",
              "Role": "database-rds"
            },
            "tags_all": {
              "Environment": "uat",
              "Name": "rds-sg",
              "Project": "core",
              "Role": "database-rds"
            },
            "timeouts": null,
            "vpc_id": "vpc-0658def16d58b8876"
          },
          "sensitive_attributes": [],
          "identity_schema_version": 0,
          "identity": {
            "account_id": "344367180480",
            "id": "sg-0907821dddd9187be",
            "region": "ap-south-1"
          },
          "private": "eyJlMmJmYjczMC1lY2FhLTExZTYtOGY4OC0zNDM2M2JjN2M0YzAiOnsiY3JlYXRlIjo2MDAwMDAwMDAwMDAsImRlbGV0ZSI6OTAwMDAwMDAwMDAwfSwic2NoZW1hX3ZlcnNpb24iOiIxIn0=",
          "dependencies": [
            "module.vpc.aws_eip.nat",
            "module.vpc.aws_internet_gateway.this",
            "module.vpc.aws_nat_gateway.this",
            "module.vpc.aws_route_table.database",
            "module.vpc.aws_route_table.private",
            "module.vpc.aws_route_table.public",
            "module.vpc.aws_route_table_association.database",
            "module.vpc.aws_route_table_association.private",
            "module.vpc.aws_route_table_association.public",
            "module.vpc.aws_subnet.database",
            "module.vpc.aws_subnet.private",
            "module.vpc.aws_subnet.public",
            "module.vpc.aws_vpc.this"
          ]
        }
      ]
    },
    {
      "module": "module.s3[\"stg-mb-vpc01-flow-logs\"]",
      "mode": "managed",
      "type": "aws_s3_bucket",
      "name": "this",
      "provider": "provider[\"registry.terraform.io/hashicorp/aws\"]",
      "instances": [
        {
          "schema_version": 0,
          "attributes": {
            "acceleration_status": "",
            "acl": null,
            "arn": "arn:aws:s3:::stg-mb-vpc01-flow-logs",
            "bucket": "stg-mb-vpc01-flow-logs",
            "bucket_domain_name": "stg-mb-vpc01-flow-logs.s3.amazonaws.com",
            "bucket_namespace": "global",
            "bucket_prefix": "",
            "bucket_region": "ap-south-1",
            "bucket_regional_domain_name": "stg-mb-vpc01-flow-logs.s3.ap-south-1.amazonaws.com",
            "cors_rule": [],
            "force_destroy": true,
            "grant": [
              {
                "id": "d7aefb4459ffc9ad51581490baa99470819bea5f81b9bc6e5fdeed217082fb2a",
                "permissions": [
                  "FULL_CONTROL"
                ],
                "type": "CanonicalUser",
                "uri": ""
              }
            ],
            "hosted_zone_id": "Z11RGJOFQNVJUP",
            "id": "stg-mb-vpc01-flow-logs",
            "lifecycle_rule": [],
            "logging": [],
            "object_lock_configuration": [],
            "object_lock_enabled": false,
            "policy": "{\"Id\":\"AWSLogDeliveryWrite20150319\",\"Statement\":[{\"Action\":\"s3:PutObject\",\"Condition\":{\"ArnLike\":{\"aws:SourceArn\":\"arn:aws:logs:ap-south-1:344367180480:*\"},\"StringEquals\":{\"aws:SourceAccount\":\"344367180480\",\"s3:x-amz-acl\":\"bucket-owner-full-control\"}},\"Effect\":\"Allow\",\"Principal\":{\"Service\":\"delivery.logs.amazonaws.com\"},\"Resource\":\"arn:aws:s3:::stg-mb-vpc01-flow-logs/AWSLogs/344367180480/*\",\"Sid\":\"AWSLogDeliveryWrite1\"},{\"Action\":\"s3:GetBucketAcl\",\"Condition\":{\"ArnLike\":{\"aws:SourceArn\":\"arn:aws:logs:ap-south-1:344367180480:*\"},\"StringEquals\":{\"aws:SourceAccount\":\"344367180480\"}},\"Effect\":\"Allow\",\"Principal\":{\"Service\":\"delivery.logs.amazonaws.com\"},\"Resource\":\"arn:aws:s3:::stg-mb-vpc01-flow-logs\",\"Sid\":\"AWSLogDeliveryAclCheck1\"}],\"Version\":\"2012-10-17\"}",
            "region": "ap-south-1",
            "replication_configuration": [],
            "request_payer": "BucketOwner",
            "server_side_encryption_configuration": [
              {
                "rule": [
                  {
                    "apply_server_side_encryption_by_default": [
                      {
                        "kms_master_key_id": "",
                        "sse_algorithm": "AES256"
                      }
                    ],
                    "bucket_key_enabled": false
                  }
                ]
              }
            ],
            "tags": {
              "Environment": "stage",
              "Name": "stg-mb-vpc01-flow-logs",
              "Owner": "infra-team",
              "Project": "lawyered",
              "Role": "flow-logs"
            },
            "tags_all": {
              "Environment": "stage",
              "Name": "stg-mb-vpc01-flow-logs",
              "Owner": "infra-team",
              "Project": "lawyered",
              "Role": "flow-logs"
            },
            "timeouts": null,
            "versioning": [
              {
                "enabled": false,
                "mfa_delete": false
              }
            ],
            "website": [],
            "website_domain": null,
            "website_endpoint": null
          },
          "sensitive_attributes": [],
          "identity_schema_version": 0,
          "identity": {
            "account_id": "344367180480",
            "bucket": "stg-mb-vpc01-flow-logs",
            "region": "ap-south-1"
          },
          "private": "eyJlMmJmYjczMC1lY2FhLTExZTYtOGY4OC0zNDM2M2JjN2M0YzAiOnsiY3JlYXRlIjoxMjAwMDAwMDAwMDAwLCJkZWxldGUiOjM2MDAwMDAwMDAwMDAsInJlYWQiOjEyMDAwMDAwMDAwMDAsInVwZGF0ZSI6MTIwMDAwMDAwMDAwMH19",
          "dependencies": [
            "module.kms.aws_kms_alias.this",
            "module.kms.aws_kms_key.this"
          ]
        }
      ]
    },
    {
      "module": "module.s3[\"stg-mb-vpc01-flow-logs\"]",
      "mode": "managed",
      "type": "aws_s3_bucket_public_access_block",
      "name": "this",
      "provider": "provider[\"registry.terraform.io/hashicorp/aws\"]",
      "instances": [
        {
          "schema_version": 0,
          "attributes": {
            "block_public_acls": true,
            "block_public_policy": true,
            "bucket": "stg-mb-vpc01-flow-logs",
            "id": "stg-mb-vpc01-flow-logs",
            "ignore_public_acls": true,
            "region": "ap-south-1",
            "restrict_public_buckets": true,
            "skip_destroy": null
          },
          "sensitive_attributes": [],
          "identity_schema_version": 0,
          "identity": {
            "account_id": "344367180480",
            "bucket": "stg-mb-vpc01-flow-logs",
            "region": "ap-south-1"
          },
          "private": "bnVsbA==",
          "dependencies": [
            "module.kms.aws_kms_alias.this",
            "module.kms.aws_kms_key.this",
            "module.s3.aws_s3_bucket.this"
          ]
        }
      ]
    },
    {
      "module": "module.s3[\"stg-mb-vpc01-flow-logs\"]",
      "mode": "managed",
      "type": "aws_s3_bucket_server_side_encryption_configuration",
      "name": "this",
      "provider": "provider[\"registry.terraform.io/hashicorp/aws\"]",
      "instances": [
        {
          "schema_version": 0,
          "attributes": {
            "bucket": "stg-mb-vpc01-flow-logs",
            "expected_bucket_owner": "",
            "id": "stg-mb-vpc01-flow-logs",
            "region": "ap-south-1",
            "rule": [
              {
                "apply_server_side_encryption_by_default": [
                  {
                    "kms_master_key_id": "",
                    "sse_algorithm": "AES256"
                  }
                ],
                "blocked_encryption_types": [
                  "SSE-C"
                ],
                "bucket_key_enabled": false
              }
            ]
          },
          "sensitive_attributes": [],
          "identity_schema_version": 1,
          "identity": {
            "account_id": "344367180480",
            "bucket": "stg-mb-vpc01-flow-logs",
            "region": "ap-south-1"
          },
          "private": "bnVsbA==",
          "dependencies": [
            "module.kms.aws_kms_alias.this",
            "module.kms.aws_kms_key.this",
            "module.s3.aws_s3_bucket.this"
          ]
        }
      ]
    },
    {
      "module": "module.s3[\"stg-mb-vpc01-flow-logs\"]",
      "mode": "managed",
      "type": "aws_s3_bucket_versioning",
      "name": "this",
      "provider": "provider[\"registry.terraform.io/hashicorp/aws\"]",
      "instances": [
        {
          "schema_version": 0,
          "attributes": {
            "bucket": "stg-mb-vpc01-flow-logs",
            "expected_bucket_owner": "",
            "id": "stg-mb-vpc01-flow-logs",
            "mfa": null,
            "region": "ap-south-1",
            "versioning_configuration": [
              {
                "mfa_delete": "",
                "status": "Suspended"
              }
            ]
          },
          "sensitive_attributes": [],
          "identity_schema_version": 1,
          "identity": {
            "account_id": "344367180480",
            "bucket": "stg-mb-vpc01-flow-logs",
            "region": "ap-south-1"
          },
          "private": "bnVsbA==",
          "dependencies": [
            "module.kms.aws_kms_alias.this",
            "module.kms.aws_kms_key.this",
            "module.s3.aws_s3_bucket.this"
          ]
        }
      ]
    },
    {
      "module": "module.vpc[\"stg-mb-vpc01\"]",
      "mode": "managed",
      "type": "aws_eip",
      "name": "nat",
      "provider": "provider[\"registry.terraform.io/hashicorp/aws\"]",
      "instances": [
        {
          "schema_version": 0,
          "attributes": {
            "address": null,
            "allocation_id": "eipalloc-029898e0820697eb3",
            "arn": "arn:aws:ec2:ap-south-1:344367180480:elastic-ip/eipalloc-029898e0820697eb3",
            "associate_with_private_ip": null,
            "association_id": "eipassoc-0b665c228d1a09e3d",
            "carrier_ip": "",
            "customer_owned_ip": "",
            "customer_owned_ipv4_pool": "",
            "domain": "vpc",
            "id": "eipalloc-029898e0820697eb3",
            "instance": "",
            "ipam_pool_id": "",
            "network_border_group": "ap-south-1",
            "network_interface": "eni-0d6b079d8de797dd9",
            "private_dns": "ip-10-100-0-135.ap-south-1.compute.internal",
            "private_ip": "10.100.0.135",
            "ptr_record": "",
            "public_dns": "ec2-15-207-128-203.ap-south-1.compute.amazonaws.com",
            "public_ip": "15.207.128.203",
            "public_ipv4_pool": "amazon",
            "region": "ap-south-1",
            "tags": {
              "Environment": "stage",
              "Name": "nat-eip",
              "Owner": "infra-team",
              "Project": "lawyered",
              "Service": "vpc"
            },
            "tags_all": {
              "Environment": "stage",
              "Name": "nat-eip",
              "Owner": "infra-team",
              "Project": "lawyered",
              "Service": "vpc"
            },
            "timeouts": null
          },
          "sensitive_attributes": [],
          "identity_schema_version": 0,
          "identity": {
            "account_id": "344367180480",
            "id": "eipalloc-029898e0820697eb3",
            "region": "ap-south-1"
          },
          "private": "eyJlMmJmYjczMC1lY2FhLTExZTYtOGY4OC0zNDM2M2JjN2M0YzAiOnsiZGVsZXRlIjoxODAwMDAwMDAwMDAsInJlYWQiOjkwMDAwMDAwMDAwMCwidXBkYXRlIjozMDAwMDAwMDAwMDB9fQ==",
          "dependencies": [
            "module.vpc.aws_internet_gateway.this",
            "module.vpc.aws_vpc.this"
          ],
          "create_before_destroy": true
        }
      ]
    },
    {
      "module": "module.vpc[\"stg-mb-vpc01\"]",
      "mode": "managed",
      "type": "aws_internet_gateway",
      "name": "this",
      "provider": "provider[\"registry.terraform.io/hashicorp/aws\"]",
      "instances": [
        {
          "schema_version": 0,
          "attributes": {
            "arn": "arn:aws:ec2:ap-south-1:344367180480:internet-gateway/igw-09cfad1ead32e3301",
            "id": "igw-09cfad1ead32e3301",
            "owner_id": "344367180480",
            "region": "ap-south-1",
            "tags": {
              "Environment": "stage",
              "Name": "igw",
              "Owner": "infra-team",
              "Project": "lawyered",
              "Service": "vpc"
            },
            "tags_all": {
              "Environment": "stage",
              "Name": "igw",
              "Owner": "infra-team",
              "Project": "lawyered",
              "Service": "vpc"
            },
            "timeouts": null,
            "vpc_id": "vpc-0658def16d58b8876"
          },
          "sensitive_attributes": [],
          "identity_schema_version": 0,
          "identity": {
            "account_id": "344367180480",
            "id": "igw-09cfad1ead32e3301",
            "region": "ap-south-1"
          },
          "private": "eyJlMmJmYjczMC1lY2FhLTExZTYtOGY4OC0zNDM2M2JjN2M0YzAiOnsiY3JlYXRlIjoxMjAwMDAwMDAwMDAwLCJkZWxldGUiOjEyMDAwMDAwMDAwMDAsInVwZGF0ZSI6MTIwMDAwMDAwMDAwMH19",
          "dependencies": [
            "module.vpc.aws_vpc.this"
          ],
          "create_before_destroy": true
        }
      ]
    },
    {
      "module": "module.vpc[\"stg-mb-vpc01\"]",
      "mode": "managed",
      "type": "aws_nat_gateway",
      "name": "this",
      "provider": "provider[\"registry.terraform.io/hashicorp/aws\"]",
      "instances": [
        {
          "schema_version": 0,
          "attributes": {
            "allocation_id": "eipalloc-029898e0820697eb3",
            "association_id": "eipassoc-0b665c228d1a09e3d",
            "auto_provision_zones": null,
            "auto_scaling_ips": null,
            "availability_mode": "zonal",
            "availability_zone_address": [],
            "connectivity_type": "public",
            "id": "nat-09ffc2658ba3bcb84",
            "network_interface_id": "eni-0d6b079d8de797dd9",
            "private_ip": "10.100.0.135",
            "public_ip": "15.207.128.203",
            "region": "ap-south-1",
            "regional_nat_gateway_address": [],
            "regional_nat_gateway_auto_mode": null,
            "route_table_id": null,
            "secondary_allocation_ids": [],
            "secondary_private_ip_address_count": 0,
            "secondary_private_ip_addresses": [],
            "subnet_id": "subnet-09a9b60f41f14a028",
            "tags": {
              "Environment": "stage",
              "Name": "nat-gw",
              "Owner": "infra-team",
              "Project": "lawyered",
              "Service": "vpc"
            },
            "tags_all": {
              "Environment": "stage",
              "Name": "nat-gw",
              "Owner": "infra-team",
              "Project": "lawyered",
              "Service": "vpc"
            },
            "timeouts": null,
            "vpc_id": "vpc-0658def16d58b8876"
          },
          "sensitive_attributes": [],
          "identity_schema_version": 0,
          "identity": {
            "account_id": "344367180480",
            "id": "nat-09ffc2658ba3bcb84",
            "region": "ap-south-1"
          },
          "private": "eyJlMmJmYjczMC1lY2FhLTExZTYtOGY4OC0zNDM2M2JjN2M0YzAiOnsiY3JlYXRlIjo2MDAwMDAwMDAwMDAsImRlbGV0ZSI6MTgwMDAwMDAwMDAwMCwidXBkYXRlIjo2MDAwMDAwMDAwMDB9fQ==",
          "dependencies": [
            "module.vpc.aws_eip.nat",
            "module.vpc.aws_internet_gateway.this",
            "module.vpc.aws_subnet.public",
            "module.vpc.aws_vpc.this"
          ],
          "create_before_destroy": true
        }
      ]
    },
    {
      "module": "module.vpc[\"stg-mb-vpc01\"]",
      "mode": "managed",
      "type": "aws_route_table",
      "name": "database",
      "provider": "provider[\"registry.terraform.io/hashicorp/aws\"]",
      "instances": [
        {
          "schema_version": 0,
          "attributes": {
            "arn": "arn:aws:ec2:ap-south-1:344367180480:route-table/rtb-077c519dbf86e6bff",
            "id": "rtb-077c519dbf86e6bff",
            "owner_id": "344367180480",
            "propagating_vgws": [],
            "region": "ap-south-1",
            "route": [],
            "tags": {
              "Environment": "stage",
              "Name": "db-rt",
              "Owner": "infra-team",
              "Project": "lawyered",
              "Service": "vpc"
            },
            "tags_all": {
              "Environment": "stage",
              "Name": "db-rt",
              "Owner": "infra-team",
              "Project": "lawyered",
              "Service": "vpc"
            },
            "timeouts": null,
            "vpc_id": "vpc-0658def16d58b8876"
          },
          "sensitive_attributes": [],
          "identity_schema_version": 0,
          "identity": {
            "account_id": "344367180480",
            "id": "rtb-077c519dbf86e6bff",
            "region": "ap-south-1"
          },
          "private": "eyJlMmJmYjczMC1lY2FhLTExZTYtOGY4OC0zNDM2M2JjN2M0YzAiOnsiY3JlYXRlIjozMDAwMDAwMDAwMDAsImRlbGV0ZSI6MzAwMDAwMDAwMDAwLCJ1cGRhdGUiOjEyMDAwMDAwMDAwMH19",
          "dependencies": [
            "module.vpc.aws_vpc.this"
          ],
          "create_before_destroy": true
        }
      ]
    },
    {
      "module": "module.vpc[\"stg-mb-vpc01\"]",
      "mode": "managed",
      "type": "aws_route_table",
      "name": "private",
      "provider": "provider[\"registry.terraform.io/hashicorp/aws\"]",
      "instances": [
        {
          "schema_version": 0,
          "attributes": {
            "arn": "arn:aws:ec2:ap-south-1:344367180480:route-table/rtb-05709be78a3ca05c2",
            "id": "rtb-05709be78a3ca05c2",
            "owner_id": "344367180480",
            "propagating_vgws": [],
            "region": "ap-south-1",
            "route": [
              {
                "carrier_gateway_id": "",
                "cidr_block": "0.0.0.0/0",
                "core_network_arn": "",
                "destination_prefix_list_id": "",
                "egress_only_gateway_id": "",
                "gateway_id": "",
                "ipv6_cidr_block": "",
                "local_gateway_id": "",
                "nat_gateway_id": "nat-09ffc2658ba3bcb84",
                "network_interface_id": "",
                "transit_gateway_id": "",
                "vpc_endpoint_id": "",
                "vpc_peering_connection_id": ""
              }
            ],
            "tags": {
              "Environment": "stage",
              "Name": "pri-rt",
              "Owner": "infra-team",
              "Project": "lawyered",
              "Service": "vpc"
            },
            "tags_all": {
              "Environment": "stage",
              "Name": "pri-rt",
              "Owner": "infra-team",
              "Project": "lawyered",
              "Service": "vpc"
            },
            "timeouts": null,
            "vpc_id": "vpc-0658def16d58b8876"
          },
          "sensitive_attributes": [],
          "identity_schema_version": 0,
          "identity": {
            "account_id": "344367180480",
            "id": "rtb-05709be78a3ca05c2",
            "region": "ap-south-1"
          },
          "private": "eyJlMmJmYjczMC1lY2FhLTExZTYtOGY4OC0zNDM2M2JjN2M0YzAiOnsiY3JlYXRlIjozMDAwMDAwMDAwMDAsImRlbGV0ZSI6MzAwMDAwMDAwMDAwLCJ1cGRhdGUiOjEyMDAwMDAwMDAwMH19",
          "dependencies": [
            "module.vpc.aws_eip.nat",
            "module.vpc.aws_internet_gateway.this",
            "module.vpc.aws_nat_gateway.this",
            "module.vpc.aws_subnet.public",
            "module.vpc.aws_vpc.this"
          ],
          "create_before_destroy": true
        }
      ]
    },
    {
      "module": "module.vpc[\"stg-mb-vpc01\"]",
      "mode": "managed",
      "type": "aws_route_table",
      "name": "public",
      "provider": "provider[\"registry.terraform.io/hashicorp/aws\"]",
      "instances": [
        {
          "schema_version": 0,
          "attributes": {
            "arn": "arn:aws:ec2:ap-south-1:344367180480:route-table/rtb-07f2ce929fe623b43",
            "id": "rtb-07f2ce929fe623b43",
            "owner_id": "344367180480",
            "propagating_vgws": [],
            "region": "ap-south-1",
            "route": [
              {
                "carrier_gateway_id": "",
                "cidr_block": "0.0.0.0/0",
                "core_network_arn": "",
                "destination_prefix_list_id": "",
                "egress_only_gateway_id": "",
                "gateway_id": "igw-09cfad1ead32e3301",
                "ipv6_cidr_block": "",
                "local_gateway_id": "",
                "nat_gateway_id": "",
                "network_interface_id": "",
                "transit_gateway_id": "",
                "vpc_endpoint_id": "",
                "vpc_peering_connection_id": ""
              }
            ],
            "tags": {
              "Environment": "stage",
              "Name": "pub-rt",
              "Owner": "infra-team",
              "Project": "lawyered",
              "Service": "vpc"
            },
            "tags_all": {
              "Environment": "stage",
              "Name": "pub-rt",
              "Owner": "infra-team",
              "Project": "lawyered",
              "Service": "vpc"
            },
            "timeouts": null,
            "vpc_id": "vpc-0658def16d58b8876"
          },
          "sensitive_attributes": [],
          "identity_schema_version": 0,
          "identity": {
            "account_id": "344367180480",
            "id": "rtb-07f2ce929fe623b43",
            "region": "ap-south-1"
          },
          "private": "eyJlMmJmYjczMC1lY2FhLTExZTYtOGY4OC0zNDM2M2JjN2M0YzAiOnsiY3JlYXRlIjozMDAwMDAwMDAwMDAsImRlbGV0ZSI6MzAwMDAwMDAwMDAwLCJ1cGRhdGUiOjEyMDAwMDAwMDAwMH19",
          "dependencies": [
            "module.vpc.aws_internet_gateway.this",
            "module.vpc.aws_vpc.this"
          ],
          "create_before_destroy": true
        }
      ]
    },
    {
      "module": "module.vpc[\"stg-mb-vpc01\"]",
      "mode": "managed",
      "type": "aws_route_table_association",
      "name": "database",
      "provider": "provider[\"registry.terraform.io/hashicorp/aws\"]",
      "instances": [
        {
          "index_key": "stg-mb-database-subnet01",
          "schema_version": 0,
          "attributes": {
            "gateway_id": "",
            "id": "rtbassoc-0f11d42c30b6b3299",
            "region": "ap-south-1",
            "route_table_id": "rtb-077c519dbf86e6bff",
            "subnet_id": "subnet-09ffbb3c87b784085",
            "timeouts": null
          },
          "sensitive_attributes": [],
          "identity_schema_version": 0,
          "identity": {
            "account_id": "344367180480",
            "id": "rtbassoc-0f11d42c30b6b3299",
            "region": "ap-south-1"
          },
          "private": "eyJlMmJmYjczMC1lY2FhLTExZTYtOGY4OC0zNDM2M2JjN2M0YzAiOnsiY3JlYXRlIjozMDAwMDAwMDAwMDAsImRlbGV0ZSI6MzAwMDAwMDAwMDAwLCJ1cGRhdGUiOjEyMDAwMDAwMDAwMH19",
          "dependencies": [
            "module.vpc.aws_route_table.database",
            "module.vpc.aws_subnet.database",
            "module.vpc.aws_vpc.this"
          ],
          "create_before_destroy": true
        },
        {
          "index_key": "stg-mb-database-subnet02",
          "schema_version": 0,
          "attributes": {
            "gateway_id": "",
            "id": "rtbassoc-0ac112f807f2c8651",
            "region": "ap-south-1",
            "route_table_id": "rtb-077c519dbf86e6bff",
            "subnet_id": "subnet-00f6f7d351e6cb377",
            "timeouts": null
          },
          "sensitive_attributes": [],
          "identity_schema_version": 0,
          "identity": {
            "account_id": "344367180480",
            "id": "rtbassoc-0ac112f807f2c8651",
            "region": "ap-south-1"
          },
          "private": "eyJlMmJmYjczMC1lY2FhLTExZTYtOGY4OC0zNDM2M2JjN2M0YzAiOnsiY3JlYXRlIjozMDAwMDAwMDAwMDAsImRlbGV0ZSI6MzAwMDAwMDAwMDAwLCJ1cGRhdGUiOjEyMDAwMDAwMDAwMH19",
          "dependencies": [
            "module.vpc.aws_route_table.database",
            "module.vpc.aws_subnet.database",
            "module.vpc.aws_vpc.this"
          ],
          "create_before_destroy": true
        },
        {
          "index_key": "stg-mb-database-subnet03",
          "schema_version": 0,
          "attributes": {
            "gateway_id": "",
            "id": "rtbassoc-0205d81bae828fb4c",
            "region": "ap-south-1",
            "route_table_id": "rtb-077c519dbf86e6bff",
            "subnet_id": "subnet-00ea113a5f402edf3",
            "timeouts": null
          },
          "sensitive_attributes": [],
          "identity_schema_version": 0,
          "identity": {
            "account_id": "344367180480",
            "id": "rtbassoc-0205d81bae828fb4c",
            "region": "ap-south-1"
          },
          "private": "eyJlMmJmYjczMC1lY2FhLTExZTYtOGY4OC0zNDM2M2JjN2M0YzAiOnsiY3JlYXRlIjozMDAwMDAwMDAwMDAsImRlbGV0ZSI6MzAwMDAwMDAwMDAwLCJ1cGRhdGUiOjEyMDAwMDAwMDAwMH19",
          "dependencies": [
            "module.vpc.aws_route_table.database",
            "module.vpc.aws_subnet.database",
            "module.vpc.aws_vpc.this"
          ],
          "create_before_destroy": true
        }
      ]
    },
    {
      "module": "module.vpc[\"stg-mb-vpc01\"]",
      "mode": "managed",
      "type": "aws_route_table_association",
      "name": "private",
      "provider": "provider[\"registry.terraform.io/hashicorp/aws\"]",
      "instances": [
        {
          "index_key": "stg-mb-app-subnet01",
          "schema_version": 0,
          "attributes": {
            "gateway_id": "",
            "id": "rtbassoc-0376cec1a8a3d53c9",
            "region": "ap-south-1",
            "route_table_id": "rtb-05709be78a3ca05c2",
            "subnet_id": "subnet-0f7fbc61426069409",
            "timeouts": null
          },
          "sensitive_attributes": [],
          "identity_schema_version": 0,
          "identity": {
            "account_id": "344367180480",
            "id": "rtbassoc-0376cec1a8a3d53c9",
            "region": "ap-south-1"
          },
          "private": "eyJlMmJmYjczMC1lY2FhLTExZTYtOGY4OC0zNDM2M2JjN2M0YzAiOnsiY3JlYXRlIjozMDAwMDAwMDAwMDAsImRlbGV0ZSI6MzAwMDAwMDAwMDAwLCJ1cGRhdGUiOjEyMDAwMDAwMDAwMH19",
          "dependencies": [
            "module.vpc.aws_eip.nat",
            "module.vpc.aws_internet_gateway.this",
            "module.vpc.aws_nat_gateway.this",
            "module.vpc.aws_route_table.private",
            "module.vpc.aws_subnet.private",
            "module.vpc.aws_subnet.public",
            "module.vpc.aws_vpc.this"
          ],
          "create_before_destroy": true
        },
        {
          "index_key": "stg-mb-app-subnet02",
          "schema_version": 0,
          "attributes": {
            "gateway_id": "",
            "id": "rtbassoc-0078b28ec5527b5ee",
            "region": "ap-south-1",
            "route_table_id": "rtb-05709be78a3ca05c2",
            "subnet_id": "subnet-07c2d8ed75e016bce",
            "timeouts": null
          },
          "sensitive_attributes": [],
          "identity_schema_version": 0,
          "identity": {
            "account_id": "344367180480",
            "id": "rtbassoc-0078b28ec5527b5ee",
            "region": "ap-south-1"
          },
          "private": "eyJlMmJmYjczMC1lY2FhLTExZTYtOGY4OC0zNDM2M2JjN2M0YzAiOnsiY3JlYXRlIjozMDAwMDAwMDAwMDAsImRlbGV0ZSI6MzAwMDAwMDAwMDAwLCJ1cGRhdGUiOjEyMDAwMDAwMDAwMH19",
          "dependencies": [
            "module.vpc.aws_eip.nat",
            "module.vpc.aws_internet_gateway.this",
            "module.vpc.aws_nat_gateway.this",
            "module.vpc.aws_route_table.private",
            "module.vpc.aws_subnet.private",
            "module.vpc.aws_subnet.public",
            "module.vpc.aws_vpc.this"
          ],
          "create_before_destroy": true
        },
        {
          "index_key": "stg-mb-app-subnet03",
          "schema_version": 0,
          "attributes": {
            "gateway_id": "",
            "id": "rtbassoc-039ddbc5b1e57476d",
            "region": "ap-south-1",
            "route_table_id": "rtb-05709be78a3ca05c2",
            "subnet_id": "subnet-0e0a91564b4e98ecb",
            "timeouts": null
          },
          "sensitive_attributes": [],
          "identity_schema_version": 0,
          "identity": {
            "account_id": "344367180480",
            "id": "rtbassoc-039ddbc5b1e57476d",
            "region": "ap-south-1"
          },
          "private": "eyJlMmJmYjczMC1lY2FhLTExZTYtOGY4OC0zNDM2M2JjN2M0YzAiOnsiY3JlYXRlIjozMDAwMDAwMDAwMDAsImRlbGV0ZSI6MzAwMDAwMDAwMDAwLCJ1cGRhdGUiOjEyMDAwMDAwMDAwMH19",
          "dependencies": [
            "module.vpc.aws_eip.nat",
            "module.vpc.aws_internet_gateway.this",
            "module.vpc.aws_nat_gateway.this",
            "module.vpc.aws_route_table.private",
            "module.vpc.aws_subnet.private",
            "module.vpc.aws_subnet.public",
            "module.vpc.aws_vpc.this"
          ],
          "create_before_destroy": true
        }
      ]
    },
    {
      "module": "module.vpc[\"stg-mb-vpc01\"]",
      "mode": "managed",
      "type": "aws_route_table_association",
      "name": "public",
      "provider": "provider[\"registry.terraform.io/hashicorp/aws\"]",
      "instances": [
        {
          "index_key": "stg-mb-public-subnet01",
          "schema_version": 0,
          "attributes": {
            "gateway_id": "",
            "id": "rtbassoc-04277ceb1c1058483",
            "region": "ap-south-1",
            "route_table_id": "rtb-07f2ce929fe623b43",
            "subnet_id": "subnet-09a9b60f41f14a028",
            "timeouts": null
          },
          "sensitive_attributes": [],
          "identity_schema_version": 0,
          "identity": {
            "account_id": "344367180480",
            "id": "rtbassoc-04277ceb1c1058483",
            "region": "ap-south-1"
          },
          "private": "eyJlMmJmYjczMC1lY2FhLTExZTYtOGY4OC0zNDM2M2JjN2M0YzAiOnsiY3JlYXRlIjozMDAwMDAwMDAwMDAsImRlbGV0ZSI6MzAwMDAwMDAwMDAwLCJ1cGRhdGUiOjEyMDAwMDAwMDAwMH19",
          "dependencies": [
            "module.vpc.aws_internet_gateway.this",
            "module.vpc.aws_route_table.public",
            "module.vpc.aws_subnet.public",
            "module.vpc.aws_vpc.this"
          ],
          "create_before_destroy": true
        },
        {
          "index_key": "stg-mb-public-subnet02",
          "schema_version": 0,
          "attributes": {
            "gateway_id": "",
            "id": "rtbassoc-0c0b458bf29aaa90d",
            "region": "ap-south-1",
            "route_table_id": "rtb-07f2ce929fe623b43",
            "subnet_id": "subnet-0c43b5b02fcc44a09",
            "timeouts": null
          },
          "sensitive_attributes": [],
          "identity_schema_version": 0,
          "identity": {
            "account_id": "344367180480",
            "id": "rtbassoc-0c0b458bf29aaa90d",
            "region": "ap-south-1"
          },
          "private": "eyJlMmJmYjczMC1lY2FhLTExZTYtOGY4OC0zNDM2M2JjN2M0YzAiOnsiY3JlYXRlIjozMDAwMDAwMDAwMDAsImRlbGV0ZSI6MzAwMDAwMDAwMDAwLCJ1cGRhdGUiOjEyMDAwMDAwMDAwMH19",
          "dependencies": [
            "module.vpc.aws_internet_gateway.this",
            "module.vpc.aws_route_table.public",
            "module.vpc.aws_subnet.public",
            "module.vpc.aws_vpc.this"
          ],
          "create_before_destroy": true
        },
        {
          "index_key": "stg-mb-public-subnet03",
          "schema_version": 0,
          "attributes": {
            "gateway_id": "",
            "id": "rtbassoc-0f382d78dc3d769e1",
            "region": "ap-south-1",
            "route_table_id": "rtb-07f2ce929fe623b43",
            "subnet_id": "subnet-023031563998ff394",
            "timeouts": null
          },
          "sensitive_attributes": [],
          "identity_schema_version": 0,
          "identity": {
            "account_id": "344367180480",
            "id": "rtbassoc-0f382d78dc3d769e1",
            "region": "ap-south-1"
          },
          "private": "eyJlMmJmYjczMC1lY2FhLTExZTYtOGY4OC0zNDM2M2JjN2M0YzAiOnsiY3JlYXRlIjozMDAwMDAwMDAwMDAsImRlbGV0ZSI6MzAwMDAwMDAwMDAwLCJ1cGRhdGUiOjEyMDAwMDAwMDAwMH19",
          "dependencies": [
            "module.vpc.aws_internet_gateway.this",
            "module.vpc.aws_route_table.public",
            "module.vpc.aws_subnet.public",
            "module.vpc.aws_vpc.this"
          ],
          "create_before_destroy": true
        }
      ]
    },
    {
      "module": "module.vpc[\"stg-mb-vpc01\"]",
      "mode": "managed",
      "type": "aws_subnet",
      "name": "database",
      "provider": "provider[\"registry.terraform.io/hashicorp/aws\"]",
      "instances": [
        {
          "index_key": "stg-mb-database-subnet01",
          "schema_version": 1,
          "attributes": {
            "arn": "arn:aws:ec2:ap-south-1:344367180480:subnet/subnet-09ffbb3c87b784085",
            "assign_ipv6_address_on_creation": false,
            "availability_zone": "ap-south-1a",
            "availability_zone_id": "aps1-az1",
            "cidr_block": "10.100.96.0/24",
            "customer_owned_ipv4_pool": "",
            "enable_dns64": false,
            "enable_lni_at_device_index": 0,
            "enable_resource_name_dns_a_record_on_launch": false,
            "enable_resource_name_dns_aaaa_record_on_launch": false,
            "id": "subnet-09ffbb3c87b784085",
            "ipv4_ipam_pool_id": null,
            "ipv4_netmask_length": null,
            "ipv6_cidr_block": "",
            "ipv6_cidr_block_association_id": "",
            "ipv6_ipam_pool_id": null,
            "ipv6_native": false,
            "ipv6_netmask_length": null,
            "map_customer_owned_ip_on_launch": false,
            "map_public_ip_on_launch": false,
            "outpost_arn": "",
            "owner_id": "344367180480",
            "private_dns_hostname_type_on_launch": "ip-name",
            "region": "ap-south-1",
            "tags": {
              "Environment": "stage",
              "Name": "stg-mb-database-subnet01",
              "Owner": "infra-team",
              "Project": "lawyered",
              "Service": "vpc",
              "Tier": "database"
            },
            "tags_all": {
              "Environment": "stage",
              "Name": "stg-mb-database-subnet01",
              "Owner": "infra-team",
              "Project": "lawyered",
              "Service": "vpc",
              "Tier": "database"
            },
            "timeouts": null,
            "vpc_id": "vpc-0658def16d58b8876"
          },
          "sensitive_attributes": [],
          "identity_schema_version": 0,
          "identity": {
            "account_id": "344367180480",
            "id": "subnet-09ffbb3c87b784085",
            "region": "ap-south-1"
          },
          "private": "eyJlMmJmYjczMC1lY2FhLTExZTYtOGY4OC0zNDM2M2JjN2M0YzAiOnsiY3JlYXRlIjo2MDAwMDAwMDAwMDAsImRlbGV0ZSI6MTIwMDAwMDAwMDAwMH0sInNjaGVtYV92ZXJzaW9uIjoiMSJ9",
          "dependencies": [
            "module.vpc.aws_vpc.this"
          ],
          "create_before_destroy": true
        },
        {
          "index_key": "stg-mb-database-subnet02",
          "schema_version": 1,
          "attributes": {
            "arn": "arn:aws:ec2:ap-south-1:344367180480:subnet/subnet-00f6f7d351e6cb377",
            "assign_ipv6_address_on_creation": false,
            "availability_zone": "ap-south-1b",
            "availability_zone_id": "aps1-az3",
            "cidr_block": "10.100.112.0/24",
            "customer_owned_ipv4_pool": "",
            "enable_dns64": false,
            "enable_lni_at_device_index": 0,
            "enable_resource_name_dns_a_record_on_launch": false,
            "enable_resource_name_dns_aaaa_record_on_launch": false,
            "id": "subnet-00f6f7d351e6cb377",
            "ipv4_ipam_pool_id": null,
            "ipv4_netmask_length": null,
            "ipv6_cidr_block": "",
            "ipv6_cidr_block_association_id": "",
            "ipv6_ipam_pool_id": null,
            "ipv6_native": false,
            "ipv6_netmask_length": null,
            "map_customer_owned_ip_on_launch": false,
            "map_public_ip_on_launch": false,
            "outpost_arn": "",
            "owner_id": "344367180480",
            "private_dns_hostname_type_on_launch": "ip-name",
            "region": "ap-south-1",
            "tags": {
              "Environment": "stage",
              "Name": "stg-mb-database-subnet02",
              "Owner": "infra-team",
              "Project": "lawyered",
              "Service": "vpc",
              "Tier": "database"
            },
            "tags_all": {
              "Environment": "stage",
              "Name": "stg-mb-database-subnet02",
              "Owner": "infra-team",
              "Project": "lawyered",
              "Service": "vpc",
              "Tier": "database"
            },
            "timeouts": null,
            "vpc_id": "vpc-0658def16d58b8876"
          },
          "sensitive_attributes": [],
          "identity_schema_version": 0,
          "identity": {
            "account_id": "344367180480",
            "id": "subnet-00f6f7d351e6cb377",
            "region": "ap-south-1"
          },
          "private": "eyJlMmJmYjczMC1lY2FhLTExZTYtOGY4OC0zNDM2M2JjN2M0YzAiOnsiY3JlYXRlIjo2MDAwMDAwMDAwMDAsImRlbGV0ZSI6MTIwMDAwMDAwMDAwMH0sInNjaGVtYV92ZXJzaW9uIjoiMSJ9",
          "dependencies": [
            "module.vpc.aws_vpc.this"
          ],
          "create_before_destroy": true
        },
        {
          "index_key": "stg-mb-database-subnet03",
          "schema_version": 1,
          "attributes": {
            "arn": "arn:aws:ec2:ap-south-1:344367180480:subnet/subnet-00ea113a5f402edf3",
            "assign_ipv6_address_on_creation": false,
            "availability_zone": "ap-south-1c",
            "availability_zone_id": "aps1-az2",
            "cidr_block": "10.100.128.0/24",
            "customer_owned_ipv4_pool": "",
            "enable_dns64": false,
            "enable_lni_at_device_index": 0,
            "enable_resource_name_dns_a_record_on_launch": false,
            "enable_resource_name_dns_aaaa_record_on_launch": false,
            "id": "subnet-00ea113a5f402edf3",
            "ipv4_ipam_pool_id": null,
            "ipv4_netmask_length": null,
            "ipv6_cidr_block": "",
            "ipv6_cidr_block_association_id": "",
            "ipv6_ipam_pool_id": null,
            "ipv6_native": false,
            "ipv6_netmask_length": null,
            "map_customer_owned_ip_on_launch": false,
            "map_public_ip_on_launch": false,
            "outpost_arn": "",
            "owner_id": "344367180480",
            "private_dns_hostname_type_on_launch": "ip-name",
            "region": "ap-south-1",
            "tags": {
              "Environment": "stage",
              "Name": "stg-mb-database-subnet03",
              "Owner": "infra-team",
              "Project": "lawyered",
              "Service": "vpc",
              "Tier": "database"
            },
            "tags_all": {
              "Environment": "stage",
              "Name": "stg-mb-database-subnet03",
              "Owner": "infra-team",
              "Project": "lawyered",
              "Service": "vpc",
              "Tier": "database"
            },
            "timeouts": null,
            "vpc_id": "vpc-0658def16d58b8876"
          },
          "sensitive_attributes": [],
          "identity_schema_version": 0,
          "identity": {
            "account_id": "344367180480",
            "id": "subnet-00ea113a5f402edf3",
            "region": "ap-south-1"
          },
          "private": "eyJlMmJmYjczMC1lY2FhLTExZTYtOGY4OC0zNDM2M2JjN2M0YzAiOnsiY3JlYXRlIjo2MDAwMDAwMDAwMDAsImRlbGV0ZSI6MTIwMDAwMDAwMDAwMH0sInNjaGVtYV92ZXJzaW9uIjoiMSJ9",
          "dependencies": [
            "module.vpc.aws_vpc.this"
          ],
          "create_before_destroy": true
        }
      ]
    },
    {
      "module": "module.vpc[\"stg-mb-vpc01\"]",
      "mode": "managed",
      "type": "aws_subnet",
      "name": "private",
      "provider": "provider[\"registry.terraform.io/hashicorp/aws\"]",
      "instances": [
        {
          "index_key": "stg-mb-app-subnet01",
          "schema_version": 1,
          "attributes": {
            "arn": "arn:aws:ec2:ap-south-1:344367180480:subnet/subnet-0f7fbc61426069409",
            "assign_ipv6_address_on_creation": false,
            "availability_zone": "ap-south-1a",
            "availability_zone_id": "aps1-az1",
            "cidr_block": "10.100.48.0/23",
            "customer_owned_ipv4_pool": "",
            "enable_dns64": false,
            "enable_lni_at_device_index": 0,
            "enable_resource_name_dns_a_record_on_launch": false,
            "enable_resource_name_dns_aaaa_record_on_launch": false,
            "id": "subnet-0f7fbc61426069409",
            "ipv4_ipam_pool_id": null,
            "ipv4_netmask_length": null,
            "ipv6_cidr_block": "",
            "ipv6_cidr_block_association_id": "",
            "ipv6_ipam_pool_id": null,
            "ipv6_native": false,
            "ipv6_netmask_length": null,
            "map_customer_owned_ip_on_launch": false,
            "map_public_ip_on_launch": false,
            "outpost_arn": "",
            "owner_id": "344367180480",
            "private_dns_hostname_type_on_launch": "ip-name",
            "region": "ap-south-1",
            "tags": {
              "Environment": "stage",
              "Name": "stg-mb-app-subnet01",
              "Owner": "infra-team",
              "Project": "lawyered",
              "Service": "vpc",
              "Tier": "private",
              "kubernetes.io/role/internal-elb": "1"
            },
            "tags_all": {
              "Environment": "stage",
              "Name": "stg-mb-app-subnet01",
              "Owner": "infra-team",
              "Project": "lawyered",
              "Service": "vpc",
              "Tier": "private",
              "kubernetes.io/role/internal-elb": "1"
            },
            "timeouts": null,
            "vpc_id": "vpc-0658def16d58b8876"
          },
          "sensitive_attributes": [],
          "identity_schema_version": 0,
          "identity": {
            "account_id": "344367180480",
            "id": "subnet-0f7fbc61426069409",
            "region": "ap-south-1"
          },
          "private": "eyJlMmJmYjczMC1lY2FhLTExZTYtOGY4OC0zNDM2M2JjN2M0YzAiOnsiY3JlYXRlIjo2MDAwMDAwMDAwMDAsImRlbGV0ZSI6MTIwMDAwMDAwMDAwMH0sInNjaGVtYV92ZXJzaW9uIjoiMSJ9",
          "dependencies": [
            "module.vpc.aws_vpc.this"
          ],
          "create_before_destroy": true
        },
        {
          "index_key": "stg-mb-app-subnet02",
          "schema_version": 1,
          "attributes": {
            "arn": "arn:aws:ec2:ap-south-1:344367180480:subnet/subnet-07c2d8ed75e016bce",
            "assign_ipv6_address_on_creation": false,
            "availability_zone": "ap-south-1b",
            "availability_zone_id": "aps1-az3",
            "cidr_block": "10.100.64.0/23",
            "customer_owned_ipv4_pool": "",
            "enable_dns64": false,
            "enable_lni_at_device_index": 0,
            "enable_resource_name_dns_a_record_on_launch": false,
            "enable_resource_name_dns_aaaa_record_on_launch": false,
            "id": "subnet-07c2d8ed75e016bce",
            "ipv4_ipam_pool_id": null,
            "ipv4_netmask_length": null,
            "ipv6_cidr_block": "",
            "ipv6_cidr_block_association_id": "",
            "ipv6_ipam_pool_id": null,
            "ipv6_native": false,
            "ipv6_netmask_length": null,
            "map_customer_owned_ip_on_launch": false,
            "map_public_ip_on_launch": false,
            "outpost_arn": "",
            "owner_id": "344367180480",
            "private_dns_hostname_type_on_launch": "ip-name",
            "region": "ap-south-1",
            "tags": {
              "Environment": "stage",
              "Name": "stg-mb-app-subnet02",
              "Owner": "infra-team",
              "Project": "lawyered",
              "Service": "vpc",
              "Tier": "private",
              "kubernetes.io/role/internal-elb": "1"
            },
            "tags_all": {
              "Environment": "stage",
              "Name": "stg-mb-app-subnet02",
              "Owner": "infra-team",
              "Project": "lawyered",
              "Service": "vpc",
              "Tier": "private",
              "kubernetes.io/role/internal-elb": "1"
            },
            "timeouts": null,
            "vpc_id": "vpc-0658def16d58b8876"
          },
          "sensitive_attributes": [],
          "identity_schema_version": 0,
          "identity": {
            "account_id": "344367180480",
            "id": "subnet-07c2d8ed75e016bce",
            "region": "ap-south-1"
          },
          "private": "eyJlMmJmYjczMC1lY2FhLTExZTYtOGY4OC0zNDM2M2JjN2M0YzAiOnsiY3JlYXRlIjo2MDAwMDAwMDAwMDAsImRlbGV0ZSI6MTIwMDAwMDAwMDAwMH0sInNjaGVtYV92ZXJzaW9uIjoiMSJ9",
          "dependencies": [
            "module.vpc.aws_vpc.this"
          ],
          "create_before_destroy": true
        },
        {
          "index_key": "stg-mb-app-subnet03",
          "schema_version": 1,
          "attributes": {
            "arn": "arn:aws:ec2:ap-south-1:344367180480:subnet/subnet-0e0a91564b4e98ecb",
            "assign_ipv6_address_on_creation": false,
            "availability_zone": "ap-south-1c",
            "availability_zone_id": "aps1-az2",
            "cidr_block": "10.100.80.0/23",
            "customer_owned_ipv4_pool": "",
            "enable_dns64": false,
            "enable_lni_at_device_index": 0,
            "enable_resource_name_dns_a_record_on_launch": false,
            "enable_resource_name_dns_aaaa_record_on_launch": false,
            "id": "subnet-0e0a91564b4e98ecb",
            "ipv4_ipam_pool_id": null,
            "ipv4_netmask_length": null,
            "ipv6_cidr_block": "",
            "ipv6_cidr_block_association_id": "",
            "ipv6_ipam_pool_id": null,
            "ipv6_native": false,
            "ipv6_netmask_length": null,
            "map_customer_owned_ip_on_launch": false,
            "map_public_ip_on_launch": false,
            "outpost_arn": "",
            "owner_id": "344367180480",
            "private_dns_hostname_type_on_launch": "ip-name",
            "region": "ap-south-1",
            "tags": {
              "Environment": "stage",
              "Name": "stg-mb-app-subnet03",
              "Owner": "infra-team",
              "Project": "lawyered",
              "Service": "vpc",
              "Tier": "private",
              "kubernetes.io/role/internal-elb": "1"
            },
            "tags_all": {
              "Environment": "stage",
              "Name": "stg-mb-app-subnet03",
              "Owner": "infra-team",
              "Project": "lawyered",
              "Service": "vpc",
              "Tier": "private",
              "kubernetes.io/role/internal-elb": "1"
            },
            "timeouts": null,
            "vpc_id": "vpc-0658def16d58b8876"
          },
          "sensitive_attributes": [],
          "identity_schema_version": 0,
          "identity": {
            "account_id": "344367180480",
            "id": "subnet-0e0a91564b4e98ecb",
            "region": "ap-south-1"
          },
          "private": "eyJlMmJmYjczMC1lY2FhLTExZTYtOGY4OC0zNDM2M2JjN2M0YzAiOnsiY3JlYXRlIjo2MDAwMDAwMDAwMDAsImRlbGV0ZSI6MTIwMDAwMDAwMDAwMH0sInNjaGVtYV92ZXJzaW9uIjoiMSJ9",
          "dependencies": [
            "module.vpc.aws_vpc.this"
          ],
          "create_before_destroy": true
        }
      ]
    },
    {
      "module": "module.vpc[\"stg-mb-vpc01\"]",
      "mode": "managed",
      "type": "aws_subnet",
      "name": "public",
      "provider": "provider[\"registry.terraform.io/hashicorp/aws\"]",
      "instances": [
        {
          "index_key": "stg-mb-public-subnet01",
          "schema_version": 1,
          "attributes": {
            "arn": "arn:aws:ec2:ap-south-1:344367180480:subnet/subnet-09a9b60f41f14a028",
            "assign_ipv6_address_on_creation": false,
            "availability_zone": "ap-south-1a",
            "availability_zone_id": "aps1-az1",
            "cidr_block": "10.100.0.0/24",
            "customer_owned_ipv4_pool": "",
            "enable_dns64": false,
            "enable_lni_at_device_index": 0,
            "enable_resource_name_dns_a_record_on_launch": false,
            "enable_resource_name_dns_aaaa_record_on_launch": false,
            "id": "subnet-09a9b60f41f14a028",
            "ipv4_ipam_pool_id": null,
            "ipv4_netmask_length": null,
            "ipv6_cidr_block": "",
            "ipv6_cidr_block_association_id": "",
            "ipv6_ipam_pool_id": null,
            "ipv6_native": false,
            "ipv6_netmask_length": null,
            "map_customer_owned_ip_on_launch": false,
            "map_public_ip_on_launch": true,
            "outpost_arn": "",
            "owner_id": "344367180480",
            "private_dns_hostname_type_on_launch": "ip-name",
            "region": "ap-south-1",
            "tags": {
              "Environment": "stage",
              "Name": "stg-mb-public-subnet01",
              "Owner": "infra-team",
              "Project": "lawyered",
              "Service": "vpc",
              "Tier": "public",
              "kubernetes.io/role/elb": "1"
            },
            "tags_all": {
              "Environment": "stage",
              "Name": "stg-mb-public-subnet01",
              "Owner": "infra-team",
              "Project": "lawyered",
              "Service": "vpc",
              "Tier": "public",
              "kubernetes.io/role/elb": "1"
            },
            "timeouts": null,
            "vpc_id": "vpc-0658def16d58b8876"
          },
          "sensitive_attributes": [],
          "identity_schema_version": 0,
          "identity": {
            "account_id": "344367180480",
            "id": "subnet-09a9b60f41f14a028",
            "region": "ap-south-1"
          },
          "private": "eyJlMmJmYjczMC1lY2FhLTExZTYtOGY4OC0zNDM2M2JjN2M0YzAiOnsiY3JlYXRlIjo2MDAwMDAwMDAwMDAsImRlbGV0ZSI6MTIwMDAwMDAwMDAwMH0sInNjaGVtYV92ZXJzaW9uIjoiMSJ9",
          "dependencies": [
            "module.vpc.aws_vpc.this"
          ],
          "create_before_destroy": true
        },
        {
          "index_key": "stg-mb-public-subnet02",
          "schema_version": 1,
          "attributes": {
            "arn": "arn:aws:ec2:ap-south-1:344367180480:subnet/subnet-0c43b5b02fcc44a09",
            "assign_ipv6_address_on_creation": false,
            "availability_zone": "ap-south-1b",
            "availability_zone_id": "aps1-az3",
            "cidr_block": "10.100.16.0/24",
            "customer_owned_ipv4_pool": "",
            "enable_dns64": false,
            "enable_lni_at_device_index": 0,
            "enable_resource_name_dns_a_record_on_launch": false,
            "enable_resource_name_dns_aaaa_record_on_launch": false,
            "id": "subnet-0c43b5b02fcc44a09",
            "ipv4_ipam_pool_id": null,
            "ipv4_netmask_length": null,
            "ipv6_cidr_block": "",
            "ipv6_cidr_block_association_id": "",
            "ipv6_ipam_pool_id": null,
            "ipv6_native": false,
            "ipv6_netmask_length": null,
            "map_customer_owned_ip_on_launch": false,
            "map_public_ip_on_launch": true,
            "outpost_arn": "",
            "owner_id": "344367180480",
            "private_dns_hostname_type_on_launch": "ip-name",
            "region": "ap-south-1",
            "tags": {
              "Environment": "stage",
              "Name": "stg-mb-public-subnet02",
              "Owner": "infra-team",
              "Project": "lawyered",
              "Service": "vpc",
              "Tier": "public",
              "kubernetes.io/role/elb": "1"
            },
            "tags_all": {
              "Environment": "stage",
              "Name": "stg-mb-public-subnet02",
              "Owner": "infra-team",
              "Project": "lawyered",
              "Service": "vpc",
              "Tier": "public",
              "kubernetes.io/role/elb": "1"
            },
            "timeouts": null,
            "vpc_id": "vpc-0658def16d58b8876"
          },
          "sensitive_attributes": [],
          "identity_schema_version": 0,
          "identity": {
            "account_id": "344367180480",
            "id": "subnet-0c43b5b02fcc44a09",
            "region": "ap-south-1"
          },
          "private": "eyJlMmJmYjczMC1lY2FhLTExZTYtOGY4OC0zNDM2M2JjN2M0YzAiOnsiY3JlYXRlIjo2MDAwMDAwMDAwMDAsImRlbGV0ZSI6MTIwMDAwMDAwMDAwMH0sInNjaGVtYV92ZXJzaW9uIjoiMSJ9",
          "dependencies": [
            "module.vpc.aws_vpc.this"
          ],
          "create_before_destroy": true
        },
        {
          "index_key": "stg-mb-public-subnet03",
          "schema_version": 1,
          "attributes": {
            "arn": "arn:aws:ec2:ap-south-1:344367180480:subnet/subnet-023031563998ff394",
            "assign_ipv6_address_on_creation": false,
            "availability_zone": "ap-south-1c",
            "availability_zone_id": "aps1-az2",
            "cidr_block": "10.100.32.0/24",
            "customer_owned_ipv4_pool": "",
            "enable_dns64": false,
            "enable_lni_at_device_index": 0,
            "enable_resource_name_dns_a_record_on_launch": false,
            "enable_resource_name_dns_aaaa_record_on_launch": false,
            "id": "subnet-023031563998ff394",
            "ipv4_ipam_pool_id": null,
            "ipv4_netmask_length": null,
            "ipv6_cidr_block": "",
            "ipv6_cidr_block_association_id": "",
            "ipv6_ipam_pool_id": null,
            "ipv6_native": false,
            "ipv6_netmask_length": null,
            "map_customer_owned_ip_on_launch": false,
            "map_public_ip_on_launch": true,
            "outpost_arn": "",
            "owner_id": "344367180480",
            "private_dns_hostname_type_on_launch": "ip-name",
            "region": "ap-south-1",
            "tags": {
              "Environment": "stage",
              "Name": "stg-mb-public-subnet03",
              "Owner": "infra-team",
              "Project": "lawyered",
              "Service": "vpc",
              "Tier": "public",
              "kubernetes.io/role/elb": "1"
            },
            "tags_all": {
              "Environment": "stage",
              "Name": "stg-mb-public-subnet03",
              "Owner": "infra-team",
              "Project": "lawyered",
              "Service": "vpc",
              "Tier": "public",
              "kubernetes.io/role/elb": "1"
            },
            "timeouts": null,
            "vpc_id": "vpc-0658def16d58b8876"
          },
          "sensitive_attributes": [],
          "identity_schema_version": 0,
          "identity": {
            "account_id": "344367180480",
            "id": "subnet-023031563998ff394",
            "region": "ap-south-1"
          },
          "private": "eyJlMmJmYjczMC1lY2FhLTExZTYtOGY4OC0zNDM2M2JjN2M0YzAiOnsiY3JlYXRlIjo2MDAwMDAwMDAwMDAsImRlbGV0ZSI6MTIwMDAwMDAwMDAwMH0sInNjaGVtYV92ZXJzaW9uIjoiMSJ9",
          "dependencies": [
            "module.vpc.aws_vpc.this"
          ],
          "create_before_destroy": true
        }
      ]
    },
    {
      "module": "module.vpc[\"stg-mb-vpc01\"]",
      "mode": "managed",
      "type": "aws_vpc",
      "name": "this",
      "provider": "provider[\"registry.terraform.io/hashicorp/aws\"]",
      "instances": [
        {
          "schema_version": 1,
          "attributes": {
            "arn": "arn:aws:ec2:ap-south-1:344367180480:vpc/vpc-0658def16d58b8876",
            "assign_generated_ipv6_cidr_block": false,
            "cidr_block": "10.100.0.0/16",
            "default_network_acl_id": "acl-0f43726f84818102b",
            "default_route_table_id": "rtb-04e5cc9c2e2d17cfc",
            "default_security_group_id": "sg-0b9fde6c2680c50e1",
            "dhcp_options_id": "dopt-010bf5449b4b8391a",
            "enable_dns_hostnames": true,
            "enable_dns_support": true,
            "enable_network_address_usage_metrics": false,
            "id": "vpc-0658def16d58b8876",
            "instance_tenancy": "default",
            "ipv4_ipam_pool_id": null,
            "ipv4_netmask_length": null,
            "ipv6_association_id": "",
            "ipv6_cidr_block": "",
            "ipv6_cidr_block_network_border_group": "",
            "ipv6_ipam_pool_id": "",
            "ipv6_netmask_length": 0,
            "main_route_table_id": "rtb-04e5cc9c2e2d17cfc",
            "owner_id": "344367180480",
            "region": "ap-south-1",
            "tags": {
              "Environment": "stage",
              "Name": "stg-mb-vpc01",
              "Owner": "infra-team",
              "Project": "lawyered",
              "Service": "vpc"
            },
            "tags_all": {
              "Environment": "stage",
              "Name": "stg-mb-vpc01",
              "Owner": "infra-team",
              "Project": "lawyered",
              "Service": "vpc"
            }
          },
          "sensitive_attributes": [],
          "identity_schema_version": 0,
          "identity": {
            "account_id": "344367180480",
            "id": "vpc-0658def16d58b8876",
            "region": "ap-south-1"
          },
          "private": "eyJzY2hlbWFfdmVyc2lvbiI6IjEifQ==",
          "create_before_destroy": true
        }
      ]
    }
  ],
  "check_results": null
}
